{
  "version": 4,
  "terraform_version": "1.5.7",
  "serial": 295,
  "lineage": "dcbcc335-76b7-9e69-971c-4470100ef82a",
  "outputs": {
    "alb_arn": {
      "value": "arn:aws:elasticloadbalancing:us-east-2:233442448767:loadbalancer/app/checkguard-alb/e0635a73c66d882c",
      "type": "string"
    },
    "alb_dns_name": {
      "value": "checkguard-alb-1390527999.us-east-2.elb.amazonaws.com",
      "type": "string"
    },
    "alb_security_group_id": {
      "value": "sg-09829e42fe913a8f5",
      "type": "string"
    },
    "alb_url": {
      "value": "http://checkguard-alb-1390527999.us-east-2.elb.amazonaws.com",
      "type": "string"
    },
    "alb_zone_id": {
      "value": "Z3AADJGX6KTTL2",
      "type": "string"
    },
    "api_docs_url": {
      "value": "http://checkguard-alb-1390527999.us-east-2.elb.amazonaws.com/docs",
      "type": "string"
    },
    "api_url": {
      "value": "http://checkguard-alb-1390527999.us-east-2.elb.amazonaws.com/api",
      "type": "string"
    },
    "app_secret_arn": {
      "value": "arn:aws:secretsmanager:us-east-2:233442448767:secret:checkguard/app-secret-7xAq5e",
      "type": "string"
    },
    "application_url": {
      "value": "http://checkguard-alb-1390527999.us-east-2.elb.amazonaws.com",
      "type": "string"
    },
    "aws_account_id": {
      "value": "233442448767",
      "type": "string"
    },
    "aws_region": {
      "value": "us-east-2",
      "type": "string"
    },
    "backend_target_group_arn": {
      "value": "arn:aws:elasticloadbalancing:us-east-2:233442448767:targetgroup/checkguard-backend-tg/059a7165a8deb330",
      "type": "string"
    },
    "billing_protection_info": {
      "value": {
        "budget_role_arn": "arn:aws:iam::233442448767:role/checkguard-budget-actions-role",
        "cloudwatch_alarm": "checkguard-high-billing-alarm",
        "daily_budget_limit": 10,
        "monthly_budget_limit": 300,
        "sns_topic_arn": "arn:aws:sns:us-east-2:233442448767:checkguard-billing-alerts"
      },
      "type": [
        "object",
        {
          "budget_role_arn": "string",
          "cloudwatch_alarm": "string",
          "daily_budget_limit": "number",
          "monthly_budget_limit": "number",
          "sns_topic_arn": "string"
        }
      ]
    },
    "clerk_publishable_secret_arn": {
      "value": "arn:aws:secretsmanager:us-east-2:233442448767:secret:checkguard/clerk-publishable-Q7MRjx",
      "type": "string"
    },
    "clerk_secret_arn": {
      "value": "arn:aws:secretsmanager:us-east-2:233442448767:secret:checkguard/clerk-kiCPWF",
      "type": "string"
    },
    "database_secret_arn": {
      "value": "arn:aws:secretsmanager:us-east-2:233442448767:secret:checkguard/database-37qpTA",
      "type": "string"
    },
    "database_security_group_id": {
      "value": "sg-01a189c1d14102544",
      "type": "string"
    },
    "database_subnets": {
      "value": [
        "subnet-0fd27e04c7d0f4409",
        "subnet-003c036cf12f0c335",
        "subnet-0c1a3ee3e730a2b57"
      ],
      "type": [
        "tuple",
        [
          "string",
          "string",
          "string"
        ]
      ]
    },
    "deployment_info": {
      "value": {
        "api_docs_url": "http://checkguard-alb-1390527999.us-east-2.elb.amazonaws.com/docs",
        "api_url": "http://checkguard-alb-1390527999.us-east-2.elb.amazonaws.com/api",
        "application_url": "http://checkguard-alb-1390527999.us-east-2.elb.amazonaws.com",
        "aws_account_id": "233442448767",
        "aws_region": "us-east-2",
        "cluster_name": "checkguard-cluster",
        "environment": "production",
        "project_name": "checkguard",
        "vpc_id": "vpc-06a36e4fd06bc2eeb"
      },
      "type": [
        "object",
        {
          "api_docs_url": "string",
          "api_url": "string",
          "application_url": "string",
          "aws_account_id": "string",
          "aws_region": "string",
          "cluster_name": "string",
          "environment": "string",
          "project_name": "string",
          "vpc_id": "string"
        }
      ]
    },
    "ecr_backend_repository_arn": {
      "value": "arn:aws:ecr:us-east-2:233442448767:repository/checkguard-backend",
      "type": "string"
    },
    "ecr_backend_repository_url": {
      "value": "233442448767.dkr.ecr.us-east-2.amazonaws.com/checkguard-backend",
      "type": "string"
    },
    "ecr_frontend_repository_arn": {
      "value": "arn:aws:ecr:us-east-2:233442448767:repository/checkguard-frontend",
      "type": "string"
    },
    "ecr_frontend_repository_url": {
      "value": "233442448767.dkr.ecr.us-east-2.amazonaws.com/checkguard-frontend",
      "type": "string"
    },
    "ecs_cluster_arn": {
      "value": "arn:aws:ecs:us-east-2:233442448767:cluster/checkguard-cluster",
      "type": "string"
    },
    "ecs_cluster_id": {
      "value": "arn:aws:ecs:us-east-2:233442448767:cluster/checkguard-cluster",
      "type": "string"
    },
    "ecs_cluster_name": {
      "value": "checkguard-cluster",
      "type": "string"
    },
    "ecs_log_group_name": {
      "value": "/aws/ecs/checkguard",
      "type": "string"
    },
    "ecs_security_group_id": {
      "value": "sg-019c1f14f23825100",
      "type": "string"
    },
    "ecs_task_execution_role_arn": {
      "value": "arn:aws:iam::233442448767:role/checkguard-ecs-task-execution-role",
      "type": "string"
    },
    "ecs_task_role_arn": {
      "value": "arn:aws:iam::233442448767:role/checkguard-ecs-task-role",
      "type": "string"
    },
    "elasticache_kms_key_arn": {
      "value": "arn:aws:kms:us-east-2:233442448767:key/ca072664-cba5-4559-8945-055266622253",
      "type": "string"
    },
    "elasticache_log_group_name": {
      "value": "/aws/elasticache/checkguard",
      "type": "string"
    },
    "environment": {
      "value": "production",
      "type": "string"
    },
    "frontend_target_group_arn": {
      "value": "arn:aws:elasticloadbalancing:us-east-2:233442448767:targetgroup/checkguard-frontend-tg/a55a28cb95846ae2",
      "type": "string"
    },
    "gemini_secret_arn": {
      "value": "arn:aws:secretsmanager:us-east-2:233442448767:secret:checkguard/gemini-MkO8jH",
      "type": "string"
    },
    "github_actions_role_arn": {
      "value": "arn:aws:iam::233442448767:role/checkguard-github-actions-role",
      "type": "string"
    },
    "private_subnets": {
      "value": [
        "subnet-0ff46dd33e34137c0",
        "subnet-080e767110dd2796f",
        "subnet-05282f386915eed96"
      ],
      "type": [
        "tuple",
        [
          "string",
          "string",
          "string"
        ]
      ]
    },
    "project_name": {
      "value": "checkguard",
      "type": "string"
    },
    "public_subnets": {
      "value": [
        "subnet-0b6cc211688586f26",
        "subnet-004602b87fce0795c",
        "subnet-057bc60bb910aaa55"
      ],
      "type": [
        "tuple",
        [
          "string",
          "string",
          "string"
        ]
      ]
    },
    "rds_arn": {
      "value": "arn:aws:rds:us-east-2:233442448767:db:checkguard-db",
      "type": "string"
    },
    "rds_database_name": {
      "value": "checkguard",
      "type": "string"
    },
    "rds_endpoint": {
      "value": "checkguard-db.cbow6288en25.us-east-2.rds.amazonaws.com:5432",
      "type": "string",
      "sensitive": true
    },
    "rds_kms_key_arn": {
      "value": "arn:aws:kms:us-east-2:233442448767:key/42b35bf0-fd05-4a3f-812b-2622f8eec53f",
      "type": "string"
    },
    "rds_port": {
      "value": 5432,
      "type": "number"
    },
    "rds_username": {
      "value": "checkguard",
      "type": "string",
      "sensitive": true
    },
    "redis_port": {
      "value": 6379,
      "type": "number"
    },
    "redis_primary_endpoint": {
      "value": "master.checkguard-redis.yxlanp.use2.cache.amazonaws.com",
      "type": "string",
      "sensitive": true
    },
    "redis_reader_endpoint": {
      "value": "replica.checkguard-redis.yxlanp.use2.cache.amazonaws.com",
      "type": "string",
      "sensitive": true
    },
    "redis_replication_group_arn": {
      "value": "arn:aws:elasticache:us-east-2:233442448767:replicationgroup:checkguard-redis",
      "type": "string"
    },
    "redis_replication_group_id": {
      "value": "checkguard-redis",
      "type": "string"
    },
    "redis_secret_arn": {
      "value": "arn:aws:secretsmanager:us-east-2:233442448767:secret:checkguard/redis-OvzeDf",
      "type": "string"
    },
    "redis_security_group_id": {
      "value": "sg-0ffc4731061d4619a",
      "type": "string"
    },
    "s3_alb_logs_bucket_arn": {
      "value": "arn:aws:s3:::checkguard-alb-logs-ns7sgv5w",
      "type": "string"
    },
    "s3_alb_logs_bucket_name": {
      "value": "checkguard-alb-logs-ns7sgv5w",
      "type": "string"
    },
    "s3_uploads_bucket_arn": {
      "value": "arn:aws:s3:::checkguard-uploads-ksfo7dly",
      "type": "string"
    },
    "s3_uploads_bucket_name": {
      "value": "checkguard-uploads-ksfo7dly",
      "type": "string"
    },
    "secrets_kms_key_arn": {
      "value": "arn:aws:kms:us-east-2:233442448767:key/b59f0359-57dc-4420-a0de-c6210593810c",
      "type": "string"
    },
    "vpc_cidr_block": {
      "value": "10.0.0.0/16",
      "type": "string"
    },
    "vpc_id": {
      "value": "vpc-06a36e4fd06bc2eeb",
      "type": "string"
    }
  },
  "resources": [
    {
      "mode": "data",
      "type": "aws_availability_zones",
      "name": "available",
      "provider": "provider[\"registry.terraform.io/hashicorp/aws\"]",
      "instances": [
        {
          "schema_version": 0,
          "attributes": {
            "all_availability_zones": null,
            "exclude_names": null,
            "exclude_zone_ids": null,
            "filter": null,
            "group_names": [
              "us-east-2-zg-1"
            ],
            "id": "us-east-2",
            "names": [
              "us-east-2a",
              "us-east-2b",
              "us-east-2c"
            ],
            "region": "us-east-2",
            "state": "available",
            "timeouts": null,
            "zone_ids": [
              "use2-az1",
              "use2-az2",
              "use2-az3"
            ]
          },
          "sensitive_attributes": []
        }
      ]
    },
    {
      "mode": "data",
      "type": "aws_caller_identity",
      "name": "current",
      "provider": "provider[\"registry.terraform.io/hashicorp/aws\"]",
      "instances": [
        {
          "schema_version": 0,
          "attributes": {
            "account_id": "233442448767",
            "arn": "arn:aws:iam::233442448767:user/checkguard-deployer",
            "id": "233442448767",
            "user_id": "AIDATMWSBCV7TYMU3PKLM"
          },
          "sensitive_attributes": []
        }
      ]
    },
    {
      "mode": "data",
      "type": "aws_elb_service_account",
      "name": "main",
      "provider": "provider[\"registry.terraform.io/hashicorp/aws\"]",
      "instances": [
        {
          "schema_version": 0,
          "attributes": {
            "arn": "arn:aws:iam::033677994240:root",
            "id": "033677994240",
            "region": "us-east-2"
          },
          "sensitive_attributes": []
        }
      ]
    },
    {
      "mode": "managed",
      "type": "aws_budgets_budget",
      "name": "daily_limit",
      "provider": "provider[\"registry.terraform.io/hashicorp/aws\"]",
      "instances": [
        {
          "schema_version": 0,
          "attributes": {
            "account_id": "233442448767",
            "arn": "arn:aws:budgets::233442448767:budget/checkguard-daily-budget",
            "auto_adjust_data": [],
            "budget_type": "COST",
            "cost_filter": [
              {
                "name": "Service",
                "values": [
                  "Amazon Elastic Compute Cloud - Compute",
                  "Amazon Relational Database Service",
                  "Amazon Elastic Container Service",
                  "Amazon Elastic Container Registry (ECR)",
                  "Amazon Simple Storage Service",
                  "Amazon CloudWatch",
                  "Amazon Route 53",
                  "Elastic Load Balancing",
                  "AWS Certificate Manager",
                  "AWS Secrets Manager"
                ]
              }
            ],
            "cost_types": [
              {
                "include_credit": true,
                "include_discount": true,
                "include_other_subscription": true,
                "include_recurring": true,
                "include_refund": true,
                "include_subscription": true,
                "include_support": true,
                "include_tax": true,
                "include_upfront": true,
                "use_amortized": false,
                "use_blended": false
              }
            ],
            "id": "233442448767:checkguard-daily-budget",
            "limit_amount": "10.0",
            "limit_unit": "USD",
            "name": "checkguard-daily-budget",
            "name_prefix": "",
            "notification": [
              {
                "comparison_operator": "GREATER_THAN",
                "notification_type": "ACTUAL",
                "subscriber_email_addresses": [
                  "youssefmehili@gmail.com"
                ],
                "subscriber_sns_topic_arns": [
                  "arn:aws:sns:us-east-2:233442448767:checkguard-billing-alerts"
                ],
                "threshold": 100,
                "threshold_type": "PERCENTAGE"
              },
              {
                "comparison_operator": "GREATER_THAN",
                "notification_type": "ACTUAL",
                "subscriber_email_addresses": [
                  "youssefmehili@gmail.com"
                ],
                "subscriber_sns_topic_arns": [
                  "arn:aws:sns:us-east-2:233442448767:checkguard-billing-alerts"
                ],
                "threshold": 50,
                "threshold_type": "PERCENTAGE"
              },
              {
                "comparison_operator": "GREATER_THAN",
                "notification_type": "ACTUAL",
                "subscriber_email_addresses": [
                  "youssefmehili@gmail.com"
                ],
                "subscriber_sns_topic_arns": [
                  "arn:aws:sns:us-east-2:233442448767:checkguard-billing-alerts"
                ],
                "threshold": 80,
                "threshold_type": "PERCENTAGE"
              }
            ],
            "planned_limit": [],
            "tags": {
              "Environment": "production",
              "Project": "checkguard",
              "Purpose": "DailyBudgetLimit"
            },
            "tags_all": {
              "Environment": "production",
              "ManagedBy": "Terraform",
              "Owner": "CheckGuard Team",
              "Project": "checkguard",
              "Purpose": "DailyBudgetLimit"
            },
            "time_period_end": "2087-06-15_00:00",
            "time_period_start": "2025-01-01_00:00",
            "time_unit": "DAILY"
          },
          "sensitive_attributes": [],
          "private": "bnVsbA==",
          "dependencies": [
            "aws_sns_topic.billing_alerts"
          ]
        }
      ]
    },
    {
      "mode": "managed",
      "type": "aws_budgets_budget",
      "name": "monthly_limit",
      "provider": "provider[\"registry.terraform.io/hashicorp/aws\"]",
      "instances": [
        {
          "schema_version": 0,
          "attributes": {
            "account_id": "233442448767",
            "arn": "arn:aws:budgets::233442448767:budget/checkguard-monthly-budget",
            "auto_adjust_data": [],
            "budget_type": "COST",
            "cost_filter": [
              {
                "name": "Service",
                "values": [
                  "Amazon Elastic Compute Cloud - Compute",
                  "Amazon Relational Database Service",
                  "Amazon Elastic Container Service",
                  "Amazon Elastic Container Registry (ECR)",
                  "Amazon Simple Storage Service",
                  "Amazon CloudWatch",
                  "Amazon Route 53",
                  "Elastic Load Balancing",
                  "AWS Certificate Manager",
                  "AWS Secrets Manager"
                ]
              }
            ],
            "cost_types": [
              {
                "include_credit": true,
                "include_discount": true,
                "include_other_subscription": true,
                "include_recurring": true,
                "include_refund": true,
                "include_subscription": true,
                "include_support": true,
                "include_tax": true,
                "include_upfront": true,
                "use_amortized": false,
                "use_blended": false
              }
            ],
            "id": "233442448767:checkguard-monthly-budget",
            "limit_amount": "300.0",
            "limit_unit": "USD",
            "name": "checkguard-monthly-budget",
            "name_prefix": "",
            "notification": [
              {
                "comparison_operator": "GREATER_THAN",
                "notification_type": "ACTUAL",
                "subscriber_email_addresses": [
                  "youssefmehili@gmail.com"
                ],
                "subscriber_sns_topic_arns": [
                  "arn:aws:sns:us-east-2:233442448767:checkguard-billing-alerts"
                ],
                "threshold": 80,
                "threshold_type": "PERCENTAGE"
              },
              {
                "comparison_operator": "GREATER_THAN",
                "notification_type": "FORECASTED",
                "subscriber_email_addresses": [
                  "youssefmehili@gmail.com"
                ],
                "subscriber_sns_topic_arns": [
                  "arn:aws:sns:us-east-2:233442448767:checkguard-billing-alerts"
                ],
                "threshold": 100,
                "threshold_type": "PERCENTAGE"
              }
            ],
            "planned_limit": [],
            "tags": {
              "Environment": "production",
              "Project": "checkguard",
              "Purpose": "MonthlyBudgetLimit"
            },
            "tags_all": {
              "Environment": "production",
              "ManagedBy": "Terraform",
              "Owner": "CheckGuard Team",
              "Project": "checkguard",
              "Purpose": "MonthlyBudgetLimit"
            },
            "time_period_end": "2087-06-15_00:00",
            "time_period_start": "2025-01-01_00:00",
            "time_unit": "MONTHLY"
          },
          "sensitive_attributes": [],
          "private": "bnVsbA==",
          "dependencies": [
            "aws_sns_topic.billing_alerts"
          ]
        }
      ]
    },
    {
      "mode": "managed",
      "type": "aws_cloudwatch_log_group",
      "name": "ecs",
      "provider": "provider[\"registry.terraform.io/hashicorp/aws\"]",
      "instances": [
        {
          "schema_version": 0,
          "attributes": {
            "arn": "arn:aws:logs:us-east-2:233442448767:log-group:/aws/ecs/checkguard",
            "id": "/aws/ecs/checkguard",
            "kms_key_id": "",
            "log_group_class": "STANDARD",
            "name": "/aws/ecs/checkguard",
            "name_prefix": "",
            "region": "us-east-2",
            "retention_in_days": 7,
            "skip_destroy": false,
            "tags": {
              "Environment": "production",
              "Project": "checkguard"
            },
            "tags_all": {
              "Environment": "production",
              "ManagedBy": "Terraform",
              "Owner": "CheckGuard Team",
              "Project": "checkguard"
            }
          },
          "sensitive_attributes": [],
          "private": "bnVsbA=="
        }
      ]
    },
    {
      "mode": "managed",
      "type": "aws_cloudwatch_log_group",
      "name": "elasticache",
      "provider": "provider[\"registry.terraform.io/hashicorp/aws\"]",
      "instances": [
        {
          "schema_version": 0,
          "attributes": {
            "arn": "arn:aws:logs:us-east-2:233442448767:log-group:/aws/elasticache/checkguard",
            "id": "/aws/elasticache/checkguard",
            "kms_key_id": "",
            "log_group_class": "STANDARD",
            "name": "/aws/elasticache/checkguard",
            "name_prefix": "",
            "region": "us-east-2",
            "retention_in_days": 7,
            "skip_destroy": false,
            "tags": {
              "Environment": "production",
              "Name": "checkguard-elasticache-logs"
            },
            "tags_all": {
              "Environment": "production",
              "ManagedBy": "Terraform",
              "Name": "checkguard-elasticache-logs",
              "Owner": "CheckGuard Team",
              "Project": "CheckGuard AI"
            }
          },
          "sensitive_attributes": [],
          "private": "bnVsbA=="
        }
      ]
    },
    {
      "mode": "managed",
      "type": "aws_cloudwatch_metric_alarm",
      "name": "high_billing",
      "provider": "provider[\"registry.terraform.io/hashicorp/aws\"]",
      "instances": [
        {
          "schema_version": 1,
          "attributes": {
            "actions_enabled": true,
            "alarm_actions": [
              "arn:aws:sns:us-east-2:233442448767:checkguard-billing-alerts"
            ],
            "alarm_description": "This metric monitors AWS billing charges",
            "alarm_name": "checkguard-high-billing-alarm",
            "arn": "arn:aws:cloudwatch:us-east-2:233442448767:alarm:checkguard-high-billing-alarm",
            "comparison_operator": "GreaterThanThreshold",
            "datapoints_to_alarm": 0,
            "dimensions": {
              "Currency": "USD"
            },
            "evaluate_low_sample_count_percentiles": "",
            "evaluation_periods": 1,
            "extended_statistic": "",
            "id": "checkguard-high-billing-alarm",
            "insufficient_data_actions": [],
            "metric_name": "EstimatedCharges",
            "metric_query": [],
            "namespace": "AWS/Billing",
            "ok_actions": [],
            "period": 86400,
            "region": "us-east-2",
            "statistic": "Maximum",
            "tags": {
              "Environment": "production",
              "Project": "checkguard",
              "Purpose": "BillingAlarm"
            },
            "tags_all": {
              "Environment": "production",
              "ManagedBy": "Terraform",
              "Owner": "CheckGuard Team",
              "Project": "checkguard",
              "Purpose": "BillingAlarm"
            },
            "threshold": 9,
            "threshold_metric_id": "",
            "treat_missing_data": "notBreaching",
            "unit": ""
          },
          "sensitive_attributes": [],
          "private": "eyJzY2hlbWFfdmVyc2lvbiI6IjEifQ==",
          "dependencies": [
            "aws_sns_topic.billing_alerts"
          ]
        }
      ]
    },
    {
      "mode": "managed",
      "type": "aws_ecr_lifecycle_policy",
      "name": "backend",
      "provider": "provider[\"registry.terraform.io/hashicorp/aws\"]",
      "instances": [
        {
          "schema_version": 0,
          "attributes": {
            "id": "checkguard-backend",
            "policy": "{\"rules\":[{\"action\":{\"type\":\"expire\"},\"description\":\"Keep last 10 production images\",\"rulePriority\":1,\"selection\":{\"countNumber\":10,\"countType\":\"imageCountMoreThan\",\"tagPrefixList\":[\"prod\",\"v\"],\"tagStatus\":\"tagged\"}},{\"action\":{\"type\":\"expire\"},\"description\":\"Keep last 5 development images\",\"rulePriority\":2,\"selection\":{\"countNumber\":5,\"countType\":\"imageCountMoreThan\",\"tagPrefixList\":[\"dev\",\"staging\"],\"tagStatus\":\"tagged\"}},{\"action\":{\"type\":\"expire\"},\"description\":\"Delete untagged images after 1 day\",\"rulePriority\":3,\"selection\":{\"countNumber\":1,\"countType\":\"sinceImagePushed\",\"countUnit\":\"days\",\"tagStatus\":\"untagged\"}}]}",
            "region": "us-east-2",
            "registry_id": "233442448767",
            "repository": "checkguard-backend"
          },
          "sensitive_attributes": [],
          "private": "bnVsbA==",
          "dependencies": [
            "aws_ecr_repository.backend"
          ]
        }
      ]
    },
    {
      "mode": "managed",
      "type": "aws_ecr_lifecycle_policy",
      "name": "frontend",
      "provider": "provider[\"registry.terraform.io/hashicorp/aws\"]",
      "instances": [
        {
          "schema_version": 0,
          "attributes": {
            "id": "checkguard-frontend",
            "policy": "{\"rules\":[{\"action\":{\"type\":\"expire\"},\"description\":\"Keep last 10 production images\",\"rulePriority\":1,\"selection\":{\"countNumber\":10,\"countType\":\"imageCountMoreThan\",\"tagPrefixList\":[\"prod\",\"v\"],\"tagStatus\":\"tagged\"}},{\"action\":{\"type\":\"expire\"},\"description\":\"Keep last 5 development images\",\"rulePriority\":2,\"selection\":{\"countNumber\":5,\"countType\":\"imageCountMoreThan\",\"tagPrefixList\":[\"dev\",\"staging\"],\"tagStatus\":\"tagged\"}},{\"action\":{\"type\":\"expire\"},\"description\":\"Delete untagged images after 1 day\",\"rulePriority\":3,\"selection\":{\"countNumber\":1,\"countType\":\"sinceImagePushed\",\"countUnit\":\"days\",\"tagStatus\":\"untagged\"}}]}",
            "region": "us-east-2",
            "registry_id": "233442448767",
            "repository": "checkguard-frontend"
          },
          "sensitive_attributes": [],
          "private": "bnVsbA==",
          "dependencies": [
            "aws_ecr_repository.frontend"
          ]
        }
      ]
    },
    {
      "mode": "managed",
      "type": "aws_ecr_repository",
      "name": "backend",
      "provider": "provider[\"registry.terraform.io/hashicorp/aws\"]",
      "instances": [
        {
          "schema_version": 0,
          "attributes": {
            "arn": "arn:aws:ecr:us-east-2:233442448767:repository/checkguard-backend",
            "encryption_configuration": [
              {
                "encryption_type": "AES256",
                "kms_key": ""
              }
            ],
            "force_delete": false,
            "id": "checkguard-backend",
            "image_scanning_configuration": [
              {
                "scan_on_push": true
              }
            ],
            "image_tag_mutability": "MUTABLE",
            "name": "checkguard-backend",
            "region": "us-east-2",
            "registry_id": "233442448767",
            "repository_url": "233442448767.dkr.ecr.us-east-2.amazonaws.com/checkguard-backend",
            "tags": {
              "Environment": "production",
              "Name": "checkguard-backend",
              "Service": "backend"
            },
            "tags_all": {
              "Environment": "production",
              "ManagedBy": "Terraform",
              "Name": "checkguard-backend",
              "Owner": "CheckGuard Team",
              "Project": "CheckGuard AI",
              "Service": "backend"
            },
            "timeouts": null
          },
          "sensitive_attributes": [],
          "private": "eyJlMmJmYjczMC1lY2FhLTExZTYtOGY4OC0zNDM2M2JjN2M0YzAiOnsiZGVsZXRlIjoxMjAwMDAwMDAwMDAwfX0="
        }
      ]
    },
    {
      "mode": "managed",
      "type": "aws_ecr_repository",
      "name": "frontend",
      "provider": "provider[\"registry.terraform.io/hashicorp/aws\"]",
      "instances": [
        {
          "schema_version": 0,
          "attributes": {
            "arn": "arn:aws:ecr:us-east-2:233442448767:repository/checkguard-frontend",
            "encryption_configuration": [
              {
                "encryption_type": "AES256",
                "kms_key": ""
              }
            ],
            "force_delete": false,
            "id": "checkguard-frontend",
            "image_scanning_configuration": [
              {
                "scan_on_push": true
              }
            ],
            "image_tag_mutability": "MUTABLE",
            "name": "checkguard-frontend",
            "region": "us-east-2",
            "registry_id": "233442448767",
            "repository_url": "233442448767.dkr.ecr.us-east-2.amazonaws.com/checkguard-frontend",
            "tags": {
              "Environment": "production",
              "Name": "checkguard-frontend",
              "Service": "frontend"
            },
            "tags_all": {
              "Environment": "production",
              "ManagedBy": "Terraform",
              "Name": "checkguard-frontend",
              "Owner": "CheckGuard Team",
              "Project": "CheckGuard AI",
              "Service": "frontend"
            },
            "timeouts": null
          },
          "sensitive_attributes": [],
          "private": "eyJlMmJmYjczMC1lY2FhLTExZTYtOGY4OC0zNDM2M2JjN2M0YzAiOnsiZGVsZXRlIjoxMjAwMDAwMDAwMDAwfX0="
        }
      ]
    },
    {
      "mode": "managed",
      "type": "aws_ecr_repository_policy",
      "name": "backend",
      "provider": "provider[\"registry.terraform.io/hashicorp/aws\"]",
      "instances": [
        {
          "schema_version": 0,
          "attributes": {
            "id": "checkguard-backend",
            "policy": "{\"Statement\":[{\"Action\":[\"ecr:BatchCheckLayerAvailability\",\"ecr:GetDownloadUrlForLayer\",\"ecr:BatchGetImage\",\"ecr:GetAuthorizationToken\",\"ecr:PutImage\",\"ecr:InitiateLayerUpload\",\"ecr:UploadLayerPart\",\"ecr:CompleteLayerUpload\"],\"Effect\":\"Allow\",\"Principal\":{\"AWS\":\"arn:aws:iam::233442448767:role/checkguard-github-actions-role\"},\"Sid\":\"GitHubActionsAccess\"}],\"Version\":\"2012-10-17\"}",
            "region": "us-east-2",
            "registry_id": "233442448767",
            "repository": "checkguard-backend"
          },
          "sensitive_attributes": [],
          "private": "bnVsbA==",
          "dependencies": [
            "aws_ecr_repository.backend",
            "aws_iam_openid_connect_provider.github",
            "aws_iam_role.github_actions"
          ]
        }
      ]
    },
    {
      "mode": "managed",
      "type": "aws_ecr_repository_policy",
      "name": "frontend",
      "provider": "provider[\"registry.terraform.io/hashicorp/aws\"]",
      "instances": [
        {
          "schema_version": 0,
          "attributes": {
            "id": "checkguard-frontend",
            "policy": "{\"Statement\":[{\"Action\":[\"ecr:BatchCheckLayerAvailability\",\"ecr:GetDownloadUrlForLayer\",\"ecr:BatchGetImage\",\"ecr:GetAuthorizationToken\",\"ecr:PutImage\",\"ecr:InitiateLayerUpload\",\"ecr:UploadLayerPart\",\"ecr:CompleteLayerUpload\"],\"Effect\":\"Allow\",\"Principal\":{\"AWS\":\"arn:aws:iam::233442448767:role/checkguard-github-actions-role\"},\"Sid\":\"GitHubActionsAccess\"}],\"Version\":\"2012-10-17\"}",
            "region": "us-east-2",
            "registry_id": "233442448767",
            "repository": "checkguard-frontend"
          },
          "sensitive_attributes": [],
          "private": "bnVsbA==",
          "dependencies": [
            "aws_ecr_repository.frontend",
            "aws_iam_openid_connect_provider.github",
            "aws_iam_role.github_actions"
          ]
        }
      ]
    },
    {
      "mode": "managed",
      "type": "aws_iam_openid_connect_provider",
      "name": "github",
      "provider": "provider[\"registry.terraform.io/hashicorp/aws\"]",
      "instances": [
        {
          "schema_version": 0,
          "attributes": {
            "arn": "arn:aws:iam::233442448767:oidc-provider/token.actions.githubusercontent.com",
            "client_id_list": [
              "sts.amazonaws.com"
            ],
            "id": "arn:aws:iam::233442448767:oidc-provider/token.actions.githubusercontent.com",
            "tags": {
              "Environment": "production",
              "Name": "checkguard-github-oidc-provider"
            },
            "tags_all": {
              "Environment": "production",
              "ManagedBy": "Terraform",
              "Name": "checkguard-github-oidc-provider",
              "Owner": "CheckGuard Team",
              "Project": "CheckGuard AI"
            },
            "thumbprint_list": [
              "6938fd4d98bab03faadb97b34396831e3780aea1",
              "1c58a3a8518e8759bf075b76b750d4f2df264fcd"
            ],
            "url": "token.actions.githubusercontent.com"
          },
          "sensitive_attributes": [],
          "private": "bnVsbA=="
        }
      ]
    },
    {
      "mode": "managed",
      "type": "aws_iam_policy",
      "name": "budget_actions_policy",
      "provider": "provider[\"registry.terraform.io/hashicorp/aws\"]",
      "instances": [
        {
          "schema_version": 0,
          "attributes": {
            "arn": "arn:aws:iam::233442448767:policy/checkguard-budget-actions-policy",
            "attachment_count": 1,
            "description": "Policy to restrict resource creation when budget is exceeded",
            "id": "arn:aws:iam::233442448767:policy/checkguard-budget-actions-policy",
            "name": "checkguard-budget-actions-policy",
            "name_prefix": "",
            "path": "/",
            "policy": "{\"Statement\":[{\"Action\":[\"ec2:RunInstances\",\"ec2:CreateTags\",\"ecs:CreateService\",\"ecs:UpdateService\",\"rds:CreateDBInstance\",\"rds:CreateDBCluster\",\"elasticache:CreateCacheCluster\",\"elasticache:CreateReplicationGroup\",\"s3:CreateBucket\",\"lambda:CreateFunction\",\"elasticloadbalancing:CreateLoadBalancer\",\"cloudfront:CreateDistribution\"],\"Condition\":{\"StringEquals\":{\"aws:RequestedRegion\":\"us-east-2\"}},\"Effect\":\"Deny\",\"Resource\":\"*\"}],\"Version\":\"2012-10-17\"}",
            "policy_id": "ANPATMWSBCV7WYBIVNWLQ",
            "tags": {
              "Environment": "production",
              "Project": "checkguard",
              "Purpose": "BudgetActions"
            },
            "tags_all": {
              "Environment": "production",
              "ManagedBy": "Terraform",
              "Owner": "CheckGuard Team",
              "Project": "checkguard",
              "Purpose": "BudgetActions"
            }
          },
          "sensitive_attributes": [],
          "private": "bnVsbA=="
        }
      ]
    },
    {
      "mode": "managed",
      "type": "aws_iam_role",
      "name": "budget_actions",
      "provider": "provider[\"registry.terraform.io/hashicorp/aws\"]",
      "instances": [
        {
          "schema_version": 0,
          "attributes": {
            "arn": "arn:aws:iam::233442448767:role/checkguard-budget-actions-role",
            "assume_role_policy": "{\"Statement\":[{\"Action\":\"sts:AssumeRole\",\"Effect\":\"Allow\",\"Principal\":{\"Service\":\"budgets.amazonaws.com\"}}],\"Version\":\"2012-10-17\"}",
            "create_date": "2025-08-02T19:26:17Z",
            "description": "",
            "force_detach_policies": false,
            "id": "checkguard-budget-actions-role",
            "inline_policy": [],
            "managed_policy_arns": [
              "arn:aws:iam::233442448767:policy/checkguard-budget-actions-policy"
            ],
            "max_session_duration": 3600,
            "name": "checkguard-budget-actions-role",
            "name_prefix": "",
            "path": "/",
            "permissions_boundary": "",
            "tags": {
              "Environment": "production",
              "Project": "checkguard",
              "Purpose": "BudgetActions"
            },
            "tags_all": {
              "Environment": "production",
              "ManagedBy": "Terraform",
              "Owner": "CheckGuard Team",
              "Project": "checkguard",
              "Purpose": "BudgetActions"
            },
            "unique_id": "AROATMWSBCV7TEOZUHUAK"
          },
          "sensitive_attributes": [],
          "private": "bnVsbA=="
        }
      ]
    },
    {
      "mode": "managed",
      "type": "aws_iam_role",
      "name": "ecs_task",
      "provider": "provider[\"registry.terraform.io/hashicorp/aws\"]",
      "instances": [
        {
          "schema_version": 0,
          "attributes": {
            "arn": "arn:aws:iam::233442448767:role/checkguard-ecs-task-role",
            "assume_role_policy": "{\"Statement\":[{\"Action\":\"sts:AssumeRole\",\"Effect\":\"Allow\",\"Principal\":{\"Service\":\"ecs-tasks.amazonaws.com\"},\"Sid\":\"\"}],\"Version\":\"2012-10-17\"}",
            "create_date": "2025-08-02T15:47:10Z",
            "description": "",
            "force_detach_policies": false,
            "id": "checkguard-ecs-task-role",
            "inline_policy": [
              {
                "name": "checkguard-ecs-task-policy",
                "policy": "{\"Version\":\"2012-10-17\",\"Statement\":[{\"Action\":[\"s3:GetObject\",\"s3:PutObject\",\"s3:DeleteObject\",\"s3:ListBucket\"],\"Effect\":\"Allow\",\"Resource\":[\"arn:aws:s3:::checkguard-uploads-ksfo7dly\",\"arn:aws:s3:::checkguard-uploads-ksfo7dly/*\"]},{\"Action\":[\"secretsmanager:GetSecretValue\"],\"Effect\":\"Allow\",\"Resource\":[\"arn:aws:secretsmanager:us-east-2:233442448767:secret:checkguard/database-37qpTA\",\"arn:aws:secretsmanager:us-east-2:233442448767:secret:checkguard/redis-OvzeDf\",\"arn:aws:secretsmanager:us-east-2:233442448767:secret:checkguard/gemini-MkO8jH\"]},{\"Action\":[\"logs:CreateLogGroup\",\"logs:CreateLogStream\",\"logs:PutLogEvents\"],\"Effect\":\"Allow\",\"Resource\":\"arn:aws:logs:us-east-2:233442448767:*\"},{\"Action\":[\"kms:Decrypt\"],\"Effect\":\"Allow\",\"Resource\":[\"arn:aws:kms:us-east-2:233442448767:key/b59f0359-57dc-4420-a0de-c6210593810c\",\"arn:aws:kms:us-east-2:233442448767:key/42b35bf0-fd05-4a3f-812b-2622f8eec53f\",\"arn:aws:kms:us-east-2:233442448767:key/ca072664-cba5-4559-8945-055266622253\"]}]}"
              }
            ],
            "managed_policy_arns": [],
            "max_session_duration": 3600,
            "name": "checkguard-ecs-task-role",
            "name_prefix": "",
            "path": "/",
            "permissions_boundary": "",
            "tags": {
              "Environment": "production",
              "Name": "checkguard-ecs-task-role"
            },
            "tags_all": {
              "Environment": "production",
              "ManagedBy": "Terraform",
              "Name": "checkguard-ecs-task-role",
              "Owner": "CheckGuard Team",
              "Project": "CheckGuard AI"
            },
            "unique_id": "AROATMWSBCV7VB7DRGA6J"
          },
          "sensitive_attributes": [],
          "private": "bnVsbA==",
          "create_before_destroy": true
        }
      ]
    },
    {
      "mode": "managed",
      "type": "aws_iam_role",
      "name": "ecs_task_execution",
      "provider": "provider[\"registry.terraform.io/hashicorp/aws\"]",
      "instances": [
        {
          "schema_version": 0,
          "attributes": {
            "arn": "arn:aws:iam::233442448767:role/checkguard-ecs-task-execution-role",
            "assume_role_policy": "{\"Statement\":[{\"Action\":\"sts:AssumeRole\",\"Effect\":\"Allow\",\"Principal\":{\"Service\":\"ecs-tasks.amazonaws.com\"},\"Sid\":\"\"}],\"Version\":\"2012-10-17\"}",
            "create_date": "2025-08-02T15:47:10Z",
            "description": "",
            "force_detach_policies": false,
            "id": "checkguard-ecs-task-execution-role",
            "inline_policy": [
              {
                "name": "checkguard-ecs-task-execution-secrets-policy",
                "policy": "{\"Version\":\"2012-10-17\",\"Statement\":[{\"Action\":[\"secretsmanager:GetSecretValue\"],\"Effect\":\"Allow\",\"Resource\":[\"arn:aws:secretsmanager:us-east-2:233442448767:secret:checkguard/database-37qpTA\",\"arn:aws:secretsmanager:us-east-2:233442448767:secret:checkguard/redis-OvzeDf\",\"arn:aws:secretsmanager:us-east-2:233442448767:secret:checkguard/clerk-kiCPWF\",\"arn:aws:secretsmanager:us-east-2:233442448767:secret:checkguard/clerk-publishable-Q7MRjx\",\"arn:aws:secretsmanager:us-east-2:233442448767:secret:checkguard/gemini-MkO8jH\",\"arn:aws:secretsmanager:us-east-2:233442448767:secret:checkguard/app-secret-7xAq5e\"]},{\"Action\":[\"kms:Decrypt\"],\"Effect\":\"Allow\",\"Resource\":[\"arn:aws:kms:us-east-2:233442448767:key/b59f0359-57dc-4420-a0de-c6210593810c\"]}]}"
              }
            ],
            "managed_policy_arns": [
              "arn:aws:iam::aws:policy/service-role/AmazonECSTaskExecutionRolePolicy"
            ],
            "max_session_duration": 3600,
            "name": "checkguard-ecs-task-execution-role",
            "name_prefix": "",
            "path": "/",
            "permissions_boundary": "",
            "tags": {
              "Environment": "production",
              "Name": "checkguard-ecs-task-execution-role"
            },
            "tags_all": {
              "Environment": "production",
              "ManagedBy": "Terraform",
              "Name": "checkguard-ecs-task-execution-role",
              "Owner": "CheckGuard Team",
              "Project": "CheckGuard AI"
            },
            "unique_id": "AROATMWSBCV7YIBWPYT7P"
          },
          "sensitive_attributes": [],
          "private": "bnVsbA==",
          "create_before_destroy": true
        }
      ]
    },
    {
      "mode": "managed",
      "type": "aws_iam_role",
      "name": "github_actions",
      "provider": "provider[\"registry.terraform.io/hashicorp/aws\"]",
      "instances": [
        {
          "schema_version": 0,
          "attributes": {
            "arn": "arn:aws:iam::233442448767:role/checkguard-github-actions-role",
            "assume_role_policy": "{\"Statement\":[{\"Action\":\"sts:AssumeRoleWithWebIdentity\",\"Condition\":{\"StringEquals\":{\"token.actions.githubusercontent.com:aud\":\"sts.amazonaws.com\"},\"StringLike\":{\"token.actions.githubusercontent.com:sub\":\"repo:ymehili/CheckGuard:*\"}},\"Effect\":\"Allow\",\"Principal\":{\"Federated\":\"arn:aws:iam::233442448767:oidc-provider/token.actions.githubusercontent.com\"}}],\"Version\":\"2012-10-17\"}",
            "create_date": "2025-08-02T15:47:11Z",
            "description": "",
            "force_detach_policies": false,
            "id": "checkguard-github-actions-role",
            "inline_policy": [
              {
                "name": "checkguard-github-actions-policy",
                "policy": "{\"Version\":\"2012-10-17\",\"Statement\":[{\"Action\":[\"ecr:GetAuthorizationToken\",\"ecr:BatchCheckLayerAvailability\",\"ecr:GetDownloadUrlForLayer\",\"ecr:BatchGetImage\",\"ecr:PutImage\",\"ecr:InitiateLayerUpload\",\"ecr:UploadLayerPart\",\"ecr:CompleteLayerUpload\"],\"Effect\":\"Allow\",\"Resource\":[\"arn:aws:ecr:us-east-2:233442448767:repository/checkguard-backend\",\"arn:aws:ecr:us-east-2:233442448767:repository/checkguard-frontend\"]},{\"Action\":[\"ecr:GetAuthorizationToken\"],\"Effect\":\"Allow\",\"Resource\":\"*\"},{\"Action\":[\"ecs:UpdateService\",\"ecs:DescribeServices\",\"ecs:DescribeTaskDefinition\",\"ecs:RegisterTaskDefinition\",\"ecs:ListTasks\",\"ecs:DescribeTasks\",\"ecs:RunTask\"],\"Effect\":\"Allow\",\"Resource\":\"*\"},{\"Action\":[\"iam:PassRole\"],\"Effect\":\"Allow\",\"Resource\":[\"arn:aws:iam::233442448767:role/checkguard-ecs-task-execution-role\",\"arn:aws:iam::233442448767:role/checkguard-ecs-task-role\",\"arn:aws:iam::233442448767:role/backend-*\",\"arn:aws:iam::233442448767:role/frontend-*\",\"arn:aws:iam::233442448767:role/celery-worker-*\"]},{\"Action\":[\"logs:CreateLogGroup\",\"logs:CreateLogStream\",\"logs:PutLogEvents\"],\"Effect\":\"Allow\",\"Resource\":\"arn:aws:logs:us-east-2:233442448767:*\"},{\"Action\":[\"ec2:DescribeSubnets\",\"ec2:DescribeSecurityGroups\"],\"Effect\":\"Allow\",\"Resource\":\"*\"}]}"
              }
            ],
            "managed_policy_arns": [],
            "max_session_duration": 3600,
            "name": "checkguard-github-actions-role",
            "name_prefix": "",
            "path": "/",
            "permissions_boundary": "",
            "tags": {
              "Environment": "production",
              "Name": "checkguard-github-actions-role"
            },
            "tags_all": {
              "Environment": "production",
              "ManagedBy": "Terraform",
              "Name": "checkguard-github-actions-role",
              "Owner": "CheckGuard Team",
              "Project": "CheckGuard AI"
            },
            "unique_id": "AROATMWSBCV72EAE55CBI"
          },
          "sensitive_attributes": [],
          "private": "bnVsbA==",
          "dependencies": [
            "aws_iam_openid_connect_provider.github"
          ]
        }
      ]
    },
    {
      "mode": "managed",
      "type": "aws_iam_role_policy",
      "name": "ecs_task_execution_secrets",
      "provider": "provider[\"registry.terraform.io/hashicorp/aws\"]",
      "instances": [
        {
          "schema_version": 0,
          "attributes": {
            "id": "checkguard-ecs-task-execution-role:checkguard-ecs-task-execution-secrets-policy",
            "name": "checkguard-ecs-task-execution-secrets-policy",
            "name_prefix": "",
            "policy": "{\"Version\":\"2012-10-17\",\"Statement\":[{\"Action\":[\"secretsmanager:GetSecretValue\"],\"Effect\":\"Allow\",\"Resource\":[\"arn:aws:secretsmanager:us-east-2:233442448767:secret:checkguard/database-37qpTA\",\"arn:aws:secretsmanager:us-east-2:233442448767:secret:checkguard/redis-OvzeDf\",\"arn:aws:secretsmanager:us-east-2:233442448767:secret:checkguard/clerk-kiCPWF\",\"arn:aws:secretsmanager:us-east-2:233442448767:secret:checkguard/clerk-publishable-Q7MRjx\",\"arn:aws:secretsmanager:us-east-2:233442448767:secret:checkguard/gemini-MkO8jH\",\"arn:aws:secretsmanager:us-east-2:233442448767:secret:checkguard/app-secret-7xAq5e\"]},{\"Action\":[\"kms:Decrypt\"],\"Effect\":\"Allow\",\"Resource\":[\"arn:aws:kms:us-east-2:233442448767:key/b59f0359-57dc-4420-a0de-c6210593810c\"]}]}",
            "role": "checkguard-ecs-task-execution-role"
          },
          "sensitive_attributes": [],
          "private": "bnVsbA==",
          "dependencies": [
            "aws_iam_role.ecs_task",
            "aws_iam_role.ecs_task_execution",
            "aws_kms_key.secrets",
            "aws_secretsmanager_secret.app_secret",
            "aws_secretsmanager_secret.clerk",
            "aws_secretsmanager_secret.clerk_publishable",
            "aws_secretsmanager_secret.database",
            "aws_secretsmanager_secret.gemini",
            "aws_secretsmanager_secret.redis",
            "data.aws_caller_identity.current"
          ]
        }
      ]
    },
    {
      "mode": "managed",
      "type": "aws_iam_role_policy",
      "name": "ecs_task_policy",
      "provider": "provider[\"registry.terraform.io/hashicorp/aws\"]",
      "instances": [
        {
          "schema_version": 0,
          "attributes": {
            "id": "checkguard-ecs-task-role:checkguard-ecs-task-policy",
            "name": "checkguard-ecs-task-policy",
            "name_prefix": "",
            "policy": "{\"Version\":\"2012-10-17\",\"Statement\":[{\"Action\":[\"s3:GetObject\",\"s3:PutObject\",\"s3:DeleteObject\",\"s3:ListBucket\"],\"Effect\":\"Allow\",\"Resource\":[\"arn:aws:s3:::checkguard-uploads-ksfo7dly\",\"arn:aws:s3:::checkguard-uploads-ksfo7dly/*\"]},{\"Action\":[\"secretsmanager:GetSecretValue\"],\"Effect\":\"Allow\",\"Resource\":[\"arn:aws:secretsmanager:us-east-2:233442448767:secret:checkguard/database-37qpTA\",\"arn:aws:secretsmanager:us-east-2:233442448767:secret:checkguard/redis-OvzeDf\",\"arn:aws:secretsmanager:us-east-2:233442448767:secret:checkguard/gemini-MkO8jH\"]},{\"Action\":[\"logs:CreateLogGroup\",\"logs:CreateLogStream\",\"logs:PutLogEvents\"],\"Effect\":\"Allow\",\"Resource\":\"arn:aws:logs:us-east-2:233442448767:*\"},{\"Action\":[\"kms:Decrypt\"],\"Effect\":\"Allow\",\"Resource\":[\"arn:aws:kms:us-east-2:233442448767:key/b59f0359-57dc-4420-a0de-c6210593810c\",\"arn:aws:kms:us-east-2:233442448767:key/42b35bf0-fd05-4a3f-812b-2622f8eec53f\",\"arn:aws:kms:us-east-2:233442448767:key/ca072664-cba5-4559-8945-055266622253\"]}]}",
            "role": "checkguard-ecs-task-role"
          },
          "sensitive_attributes": [],
          "private": "bnVsbA==",
          "dependencies": [
            "aws_iam_role.ecs_task",
            "aws_iam_role.ecs_task_execution",
            "aws_kms_key.elasticache",
            "aws_kms_key.rds",
            "aws_kms_key.secrets",
            "aws_s3_bucket.uploads",
            "aws_secretsmanager_secret.database",
            "aws_secretsmanager_secret.gemini",
            "aws_secretsmanager_secret.redis",
            "data.aws_caller_identity.current",
            "random_string.bucket_suffix"
          ]
        }
      ]
    },
    {
      "mode": "managed",
      "type": "aws_iam_role_policy",
      "name": "github_actions_policy",
      "provider": "provider[\"registry.terraform.io/hashicorp/aws\"]",
      "instances": [
        {
          "schema_version": 0,
          "attributes": {
            "id": "checkguard-github-actions-role:checkguard-github-actions-policy",
            "name": "checkguard-github-actions-policy",
            "name_prefix": "",
            "policy": "{\"Version\":\"2012-10-17\",\"Statement\":[{\"Action\":[\"ecr:GetAuthorizationToken\",\"ecr:BatchCheckLayerAvailability\",\"ecr:GetDownloadUrlForLayer\",\"ecr:BatchGetImage\",\"ecr:PutImage\",\"ecr:InitiateLayerUpload\",\"ecr:UploadLayerPart\",\"ecr:CompleteLayerUpload\"],\"Effect\":\"Allow\",\"Resource\":[\"arn:aws:ecr:us-east-2:233442448767:repository/checkguard-backend\",\"arn:aws:ecr:us-east-2:233442448767:repository/checkguard-frontend\"]},{\"Action\":[\"ecr:GetAuthorizationToken\"],\"Effect\":\"Allow\",\"Resource\":\"*\"},{\"Action\":[\"ecs:UpdateService\",\"ecs:DescribeServices\",\"ecs:DescribeTaskDefinition\",\"ecs:RegisterTaskDefinition\",\"ecs:ListTasks\",\"ecs:DescribeTasks\",\"ecs:RunTask\"],\"Effect\":\"Allow\",\"Resource\":\"*\"},{\"Action\":[\"iam:PassRole\"],\"Effect\":\"Allow\",\"Resource\":[\"arn:aws:iam::233442448767:role/checkguard-ecs-task-execution-role\",\"arn:aws:iam::233442448767:role/checkguard-ecs-task-role\",\"arn:aws:iam::233442448767:role/backend-*\",\"arn:aws:iam::233442448767:role/frontend-*\",\"arn:aws:iam::233442448767:role/celery-worker-*\"]},{\"Action\":[\"logs:CreateLogGroup\",\"logs:CreateLogStream\",\"logs:PutLogEvents\"],\"Effect\":\"Allow\",\"Resource\":\"arn:aws:logs:us-east-2:233442448767:*\"},{\"Action\":[\"ec2:DescribeSubnets\",\"ec2:DescribeSecurityGroups\"],\"Effect\":\"Allow\",\"Resource\":\"*\"}]}",
            "role": "checkguard-github-actions-role"
          },
          "sensitive_attributes": [],
          "private": "bnVsbA==",
          "dependencies": [
            "aws_ecr_repository.backend",
            "aws_ecr_repository.frontend",
            "aws_iam_openid_connect_provider.github",
            "aws_iam_role.ecs_task",
            "aws_iam_role.ecs_task_execution",
            "aws_iam_role.github_actions",
            "data.aws_caller_identity.current"
          ]
        }
      ]
    },
    {
      "mode": "managed",
      "type": "aws_iam_role_policy_attachment",
      "name": "budget_actions",
      "provider": "provider[\"registry.terraform.io/hashicorp/aws\"]",
      "instances": [
        {
          "schema_version": 0,
          "attributes": {
            "id": "checkguard-budget-actions-role/arn:aws:iam::233442448767:policy/checkguard-budget-actions-policy",
            "policy_arn": "arn:aws:iam::233442448767:policy/checkguard-budget-actions-policy",
            "role": "checkguard-budget-actions-role"
          },
          "sensitive_attributes": [],
          "private": "bnVsbA==",
          "dependencies": [
            "aws_iam_policy.budget_actions_policy",
            "aws_iam_role.budget_actions"
          ]
        }
      ]
    },
    {
      "mode": "managed",
      "type": "aws_iam_role_policy_attachment",
      "name": "ecs_task_execution_policy",
      "provider": "provider[\"registry.terraform.io/hashicorp/aws\"]",
      "instances": [
        {
          "schema_version": 0,
          "attributes": {
            "id": "checkguard-ecs-task-execution-role/arn:aws:iam::aws:policy/service-role/AmazonECSTaskExecutionRolePolicy",
            "policy_arn": "arn:aws:iam::aws:policy/service-role/AmazonECSTaskExecutionRolePolicy",
            "role": "checkguard-ecs-task-execution-role"
          },
          "sensitive_attributes": [],
          "private": "bnVsbA==",
          "dependencies": [
            "aws_iam_role.ecs_task_execution"
          ]
        }
      ]
    },
    {
      "mode": "managed",
      "type": "aws_kms_alias",
      "name": "elasticache",
      "provider": "provider[\"registry.terraform.io/hashicorp/aws\"]",
      "instances": [
        {
          "schema_version": 0,
          "attributes": {
            "arn": "arn:aws:kms:us-east-2:233442448767:alias/checkguard-elasticache",
            "id": "alias/checkguard-elasticache",
            "name": "alias/checkguard-elasticache",
            "name_prefix": "",
            "region": "us-east-2",
            "target_key_arn": "arn:aws:kms:us-east-2:233442448767:key/ca072664-cba5-4559-8945-055266622253",
            "target_key_id": "ca072664-cba5-4559-8945-055266622253"
          },
          "sensitive_attributes": [],
          "private": "bnVsbA==",
          "dependencies": [
            "aws_kms_key.elasticache"
          ]
        }
      ]
    },
    {
      "mode": "managed",
      "type": "aws_kms_alias",
      "name": "rds",
      "provider": "provider[\"registry.terraform.io/hashicorp/aws\"]",
      "instances": [
        {
          "schema_version": 0,
          "attributes": {
            "arn": "arn:aws:kms:us-east-2:233442448767:alias/checkguard-rds",
            "id": "alias/checkguard-rds",
            "name": "alias/checkguard-rds",
            "name_prefix": "",
            "region": "us-east-2",
            "target_key_arn": "arn:aws:kms:us-east-2:233442448767:key/42b35bf0-fd05-4a3f-812b-2622f8eec53f",
            "target_key_id": "42b35bf0-fd05-4a3f-812b-2622f8eec53f"
          },
          "sensitive_attributes": [],
          "private": "bnVsbA==",
          "dependencies": [
            "aws_kms_key.rds"
          ]
        }
      ]
    },
    {
      "mode": "managed",
      "type": "aws_kms_alias",
      "name": "secrets",
      "provider": "provider[\"registry.terraform.io/hashicorp/aws\"]",
      "instances": [
        {
          "schema_version": 0,
          "attributes": {
            "arn": "arn:aws:kms:us-east-2:233442448767:alias/checkguard-secrets",
            "id": "alias/checkguard-secrets",
            "name": "alias/checkguard-secrets",
            "name_prefix": "",
            "region": "us-east-2",
            "target_key_arn": "arn:aws:kms:us-east-2:233442448767:key/b59f0359-57dc-4420-a0de-c6210593810c",
            "target_key_id": "b59f0359-57dc-4420-a0de-c6210593810c"
          },
          "sensitive_attributes": [],
          "private": "bnVsbA==",
          "dependencies": [
            "aws_iam_role.ecs_task",
            "aws_iam_role.ecs_task_execution",
            "aws_kms_key.secrets",
            "data.aws_caller_identity.current"
          ]
        }
      ]
    },
    {
      "mode": "managed",
      "type": "aws_kms_key",
      "name": "elasticache",
      "provider": "provider[\"registry.terraform.io/hashicorp/aws\"]",
      "instances": [
        {
          "schema_version": 0,
          "attributes": {
            "arn": "arn:aws:kms:us-east-2:233442448767:key/ca072664-cba5-4559-8945-055266622253",
            "bypass_policy_lockout_safety_check": false,
            "custom_key_store_id": "",
            "customer_master_key_spec": "SYMMETRIC_DEFAULT",
            "deletion_window_in_days": 7,
            "description": "KMS key for checkguard ElastiCache encryption",
            "enable_key_rotation": false,
            "id": "ca072664-cba5-4559-8945-055266622253",
            "is_enabled": true,
            "key_id": "ca072664-cba5-4559-8945-055266622253",
            "key_usage": "ENCRYPT_DECRYPT",
            "multi_region": false,
            "policy": "{\"Id\":\"key-default-1\",\"Statement\":[{\"Action\":\"kms:*\",\"Effect\":\"Allow\",\"Principal\":{\"AWS\":\"arn:aws:iam::233442448767:root\"},\"Resource\":\"*\",\"Sid\":\"Enable IAM User Permissions\"}],\"Version\":\"2012-10-17\"}",
            "region": "us-east-2",
            "rotation_period_in_days": 0,
            "tags": {
              "Environment": "production",
              "Name": "checkguard-elasticache-kms-key"
            },
            "tags_all": {
              "Environment": "production",
              "ManagedBy": "Terraform",
              "Name": "checkguard-elasticache-kms-key",
              "Owner": "CheckGuard Team",
              "Project": "CheckGuard AI"
            },
            "timeouts": null,
            "xks_key_id": ""
          },
          "sensitive_attributes": [],
          "private": "eyJlMmJmYjczMC1lY2FhLTExZTYtOGY4OC0zNDM2M2JjN2M0YzAiOnsiY3JlYXRlIjoxMjAwMDAwMDAwMDB9fQ=="
        }
      ]
    },
    {
      "mode": "managed",
      "type": "aws_kms_key",
      "name": "rds",
      "provider": "provider[\"registry.terraform.io/hashicorp/aws\"]",
      "instances": [
        {
          "schema_version": 0,
          "attributes": {
            "arn": "arn:aws:kms:us-east-2:233442448767:key/42b35bf0-fd05-4a3f-812b-2622f8eec53f",
            "bypass_policy_lockout_safety_check": false,
            "custom_key_store_id": "",
            "customer_master_key_spec": "SYMMETRIC_DEFAULT",
            "deletion_window_in_days": 7,
            "description": "KMS key for checkguard RDS encryption",
            "enable_key_rotation": false,
            "id": "42b35bf0-fd05-4a3f-812b-2622f8eec53f",
            "is_enabled": true,
            "key_id": "42b35bf0-fd05-4a3f-812b-2622f8eec53f",
            "key_usage": "ENCRYPT_DECRYPT",
            "multi_region": false,
            "policy": "{\"Id\":\"key-default-1\",\"Statement\":[{\"Action\":\"kms:*\",\"Effect\":\"Allow\",\"Principal\":{\"AWS\":\"arn:aws:iam::233442448767:root\"},\"Resource\":\"*\",\"Sid\":\"Enable IAM User Permissions\"}],\"Version\":\"2012-10-17\"}",
            "region": "us-east-2",
            "rotation_period_in_days": 0,
            "tags": {
              "Environment": "production",
              "Name": "checkguard-rds-kms-key"
            },
            "tags_all": {
              "Environment": "production",
              "ManagedBy": "Terraform",
              "Name": "checkguard-rds-kms-key",
              "Owner": "CheckGuard Team",
              "Project": "CheckGuard AI"
            },
            "timeouts": null,
            "xks_key_id": ""
          },
          "sensitive_attributes": [],
          "private": "eyJlMmJmYjczMC1lY2FhLTExZTYtOGY4OC0zNDM2M2JjN2M0YzAiOnsiY3JlYXRlIjoxMjAwMDAwMDAwMDB9fQ=="
        }
      ]
    },
    {
      "mode": "managed",
      "type": "aws_kms_key",
      "name": "secrets",
      "provider": "provider[\"registry.terraform.io/hashicorp/aws\"]",
      "instances": [
        {
          "schema_version": 0,
          "attributes": {
            "arn": "arn:aws:kms:us-east-2:233442448767:key/b59f0359-57dc-4420-a0de-c6210593810c",
            "bypass_policy_lockout_safety_check": false,
            "custom_key_store_id": "",
            "customer_master_key_spec": "SYMMETRIC_DEFAULT",
            "deletion_window_in_days": 7,
            "description": "KMS key for checkguard Secrets Manager",
            "enable_key_rotation": false,
            "id": "b59f0359-57dc-4420-a0de-c6210593810c",
            "is_enabled": true,
            "key_id": "b59f0359-57dc-4420-a0de-c6210593810c",
            "key_usage": "ENCRYPT_DECRYPT",
            "multi_region": false,
            "policy": "{\"Statement\":[{\"Action\":\"kms:*\",\"Effect\":\"Allow\",\"Principal\":{\"AWS\":\"arn:aws:iam::233442448767:root\"},\"Resource\":\"*\",\"Sid\":\"Enable IAM User Permissions\"},{\"Action\":[\"kms:Decrypt\",\"kms:DescribeKey\"],\"Effect\":\"Allow\",\"Principal\":{\"AWS\":[\"arn:aws:iam::233442448767:role/checkguard-ecs-task-execution-role\",\"arn:aws:iam::233442448767:role/checkguard-ecs-task-role\"]},\"Resource\":\"*\",\"Sid\":\"Allow ECS to decrypt secrets\"}],\"Version\":\"2012-10-17\"}",
            "region": "us-east-2",
            "rotation_period_in_days": 0,
            "tags": {
              "Environment": "production",
              "Name": "checkguard-secrets-kms-key"
            },
            "tags_all": {
              "Environment": "production",
              "ManagedBy": "Terraform",
              "Name": "checkguard-secrets-kms-key",
              "Owner": "CheckGuard Team",
              "Project": "CheckGuard AI"
            },
            "timeouts": null,
            "xks_key_id": ""
          },
          "sensitive_attributes": [],
          "private": "eyJlMmJmYjczMC1lY2FhLTExZTYtOGY4OC0zNDM2M2JjN2M0YzAiOnsiY3JlYXRlIjoxMjAwMDAwMDAwMDB9fQ==",
          "dependencies": [
            "aws_iam_role.ecs_task",
            "aws_iam_role.ecs_task_execution",
            "data.aws_caller_identity.current"
          ],
          "create_before_destroy": true
        }
      ]
    },
    {
      "mode": "managed",
      "type": "aws_lb",
      "name": "main",
      "provider": "provider[\"registry.terraform.io/hashicorp/aws\"]",
      "instances": [
        {
          "schema_version": 0,
          "attributes": {
            "access_logs": [
              {
                "bucket": "checkguard-alb-logs-ns7sgv5w",
                "enabled": true,
                "prefix": "alb-logs"
              }
            ],
            "arn": "arn:aws:elasticloadbalancing:us-east-2:233442448767:loadbalancer/app/checkguard-alb/e0635a73c66d882c",
            "arn_suffix": "app/checkguard-alb/e0635a73c66d882c",
            "client_keep_alive": 3600,
            "connection_logs": [
              {
                "bucket": "",
                "enabled": false,
                "prefix": ""
              }
            ],
            "customer_owned_ipv4_pool": "",
            "desync_mitigation_mode": "defensive",
            "dns_name": "checkguard-alb-1390527999.us-east-2.elb.amazonaws.com",
            "dns_record_client_routing_policy": null,
            "drop_invalid_header_fields": false,
            "enable_cross_zone_load_balancing": true,
            "enable_deletion_protection": false,
            "enable_http2": true,
            "enable_tls_version_and_cipher_suite_headers": false,
            "enable_waf_fail_open": false,
            "enable_xff_client_port": false,
            "enable_zonal_shift": false,
            "enforce_security_group_inbound_rules_on_private_link_traffic": "",
            "id": "arn:aws:elasticloadbalancing:us-east-2:233442448767:loadbalancer/app/checkguard-alb/e0635a73c66d882c",
            "idle_timeout": 60,
            "internal": false,
            "ip_address_type": "ipv4",
            "ipam_pools": [],
            "load_balancer_type": "application",
            "minimum_load_balancer_capacity": [],
            "name": "checkguard-alb",
            "name_prefix": "",
            "preserve_host_header": false,
            "region": "us-east-2",
            "security_groups": [
              "sg-09829e42fe913a8f5"
            ],
            "subnet_mapping": [
              {
                "allocation_id": "",
                "ipv6_address": "",
                "outpost_id": "",
                "private_ipv4_address": "",
                "subnet_id": "subnet-004602b87fce0795c"
              },
              {
                "allocation_id": "",
                "ipv6_address": "",
                "outpost_id": "",
                "private_ipv4_address": "",
                "subnet_id": "subnet-057bc60bb910aaa55"
              },
              {
                "allocation_id": "",
                "ipv6_address": "",
                "outpost_id": "",
                "private_ipv4_address": "",
                "subnet_id": "subnet-0b6cc211688586f26"
              }
            ],
            "subnets": [
              "subnet-004602b87fce0795c",
              "subnet-057bc60bb910aaa55",
              "subnet-0b6cc211688586f26"
            ],
            "tags": {
              "Environment": "production",
              "Name": "checkguard-alb"
            },
            "tags_all": {
              "Environment": "production",
              "ManagedBy": "Terraform",
              "Name": "checkguard-alb",
              "Owner": "CheckGuard Team",
              "Project": "CheckGuard AI"
            },
            "timeouts": null,
            "vpc_id": "vpc-06a36e4fd06bc2eeb",
            "xff_header_processing_mode": "append",
            "zone_id": "Z3AADJGX6KTTL2"
          },
          "sensitive_attributes": [],
          "private": "eyJlMmJmYjczMC1lY2FhLTExZTYtOGY4OC0zNDM2M2JjN2M0YzAiOnsiY3JlYXRlIjo2MDAwMDAwMDAwMDAsImRlbGV0ZSI6NjAwMDAwMDAwMDAwLCJ1cGRhdGUiOjYwMDAwMDAwMDAwMH19",
          "dependencies": [
            "aws_s3_bucket.alb_logs",
            "aws_security_group.alb",
            "data.aws_availability_zones.available",
            "module.vpc.aws_subnet.public",
            "module.vpc.aws_vpc.this",
            "module.vpc.aws_vpc_ipv4_cidr_block_association.this",
            "random_string.alb_logs_bucket_suffix"
          ],
          "create_before_destroy": true
        }
      ]
    },
    {
      "mode": "managed",
      "type": "aws_lb_listener",
      "name": "frontend",
      "provider": "provider[\"registry.terraform.io/hashicorp/aws\"]",
      "instances": [
        {
          "schema_version": 0,
          "attributes": {
            "alpn_policy": null,
            "arn": "arn:aws:elasticloadbalancing:us-east-2:233442448767:listener/app/checkguard-alb/e0635a73c66d882c/c846a59619a434b9",
            "certificate_arn": null,
            "default_action": [
              {
                "authenticate_cognito": [],
                "authenticate_oidc": [],
                "fixed_response": [],
                "forward": [],
                "order": 1,
                "redirect": [],
                "target_group_arn": "arn:aws:elasticloadbalancing:us-east-2:233442448767:targetgroup/checkguard-frontend-tg/a55a28cb95846ae2",
                "type": "forward"
              }
            ],
            "id": "arn:aws:elasticloadbalancing:us-east-2:233442448767:listener/app/checkguard-alb/e0635a73c66d882c/c846a59619a434b9",
            "load_balancer_arn": "arn:aws:elasticloadbalancing:us-east-2:233442448767:loadbalancer/app/checkguard-alb/e0635a73c66d882c",
            "mutual_authentication": [],
            "port": 80,
            "protocol": "HTTP",
            "region": "us-east-2",
            "routing_http_request_x_amzn_mtls_clientcert_header_name": null,
            "routing_http_request_x_amzn_mtls_clientcert_issuer_header_name": null,
            "routing_http_request_x_amzn_mtls_clientcert_leaf_header_name": null,
            "routing_http_request_x_amzn_mtls_clientcert_serial_number_header_name": null,
            "routing_http_request_x_amzn_mtls_clientcert_subject_header_name": null,
            "routing_http_request_x_amzn_mtls_clientcert_validity_header_name": null,
            "routing_http_request_x_amzn_tls_cipher_suite_header_name": null,
            "routing_http_request_x_amzn_tls_version_header_name": null,
            "routing_http_response_access_control_allow_credentials_header_value": "",
            "routing_http_response_access_control_allow_headers_header_value": "",
            "routing_http_response_access_control_allow_methods_header_value": "",
            "routing_http_response_access_control_allow_origin_header_value": "",
            "routing_http_response_access_control_expose_headers_header_value": "",
            "routing_http_response_access_control_max_age_header_value": "",
            "routing_http_response_content_security_policy_header_value": "",
            "routing_http_response_server_enabled": true,
            "routing_http_response_strict_transport_security_header_value": "",
            "routing_http_response_x_content_type_options_header_value": "",
            "routing_http_response_x_frame_options_header_value": "",
            "ssl_policy": "",
            "tags": {
              "Environment": "production",
              "Name": "checkguard-frontend-listener"
            },
            "tags_all": {
              "Environment": "production",
              "ManagedBy": "Terraform",
              "Name": "checkguard-frontend-listener",
              "Owner": "CheckGuard Team",
              "Project": "CheckGuard AI"
            },
            "tcp_idle_timeout_seconds": null,
            "timeouts": null
          },
          "sensitive_attributes": [],
          "private": "eyJlMmJmYjczMC1lY2FhLTExZTYtOGY4OC0zNDM2M2JjN2M0YzAiOnsiY3JlYXRlIjozMDAwMDAwMDAwMDAsInVwZGF0ZSI6MzAwMDAwMDAwMDAwfX0=",
          "dependencies": [
            "aws_lb.main",
            "aws_lb_target_group.frontend",
            "aws_s3_bucket.alb_logs",
            "aws_security_group.alb",
            "data.aws_availability_zones.available",
            "module.vpc.aws_subnet.public",
            "module.vpc.aws_vpc.this",
            "module.vpc.aws_vpc_ipv4_cidr_block_association.this",
            "random_string.alb_logs_bucket_suffix"
          ]
        }
      ]
    },
    {
      "mode": "managed",
      "type": "aws_lb_listener_rule",
      "name": "backend_api",
      "provider": "provider[\"registry.terraform.io/hashicorp/aws\"]",
      "instances": [
        {
          "schema_version": 0,
          "attributes": {
            "action": [
              {
                "authenticate_cognito": [],
                "authenticate_oidc": [],
                "fixed_response": [],
                "forward": [],
                "order": 1,
                "redirect": [],
                "target_group_arn": "arn:aws:elasticloadbalancing:us-east-2:233442448767:targetgroup/checkguard-backend-tg/059a7165a8deb330",
                "type": "forward"
              }
            ],
            "arn": "arn:aws:elasticloadbalancing:us-east-2:233442448767:listener-rule/app/checkguard-alb/e0635a73c66d882c/c846a59619a434b9/34eabaf9f84be8d0",
            "condition": [
              {
                "host_header": [],
                "http_header": [],
                "http_request_method": [],
                "path_pattern": [
                  {
                    "values": [
                      "/api/*",
                      "/docs",
                      "/health",
                      "/openapi.json",
                      "/redoc"
                    ]
                  }
                ],
                "query_string": [],
                "source_ip": []
              }
            ],
            "id": "arn:aws:elasticloadbalancing:us-east-2:233442448767:listener-rule/app/checkguard-alb/e0635a73c66d882c/c846a59619a434b9/34eabaf9f84be8d0",
            "listener_arn": "arn:aws:elasticloadbalancing:us-east-2:233442448767:listener/app/checkguard-alb/e0635a73c66d882c/c846a59619a434b9",
            "priority": 100,
            "region": "us-east-2",
            "tags": {
              "Environment": "production",
              "Name": "checkguard-backend-rule"
            },
            "tags_all": {
              "Environment": "production",
              "ManagedBy": "Terraform",
              "Name": "checkguard-backend-rule",
              "Owner": "CheckGuard Team",
              "Project": "CheckGuard AI"
            }
          },
          "sensitive_attributes": [],
          "private": "bnVsbA==",
          "dependencies": [
            "aws_lb.main",
            "aws_lb_listener.frontend",
            "aws_lb_target_group.backend",
            "aws_lb_target_group.frontend",
            "aws_s3_bucket.alb_logs",
            "aws_security_group.alb",
            "data.aws_availability_zones.available",
            "module.vpc.aws_subnet.public",
            "module.vpc.aws_vpc.this",
            "module.vpc.aws_vpc_ipv4_cidr_block_association.this",
            "random_string.alb_logs_bucket_suffix"
          ]
        }
      ]
    },
    {
      "mode": "managed",
      "type": "aws_lb_target_group",
      "name": "backend",
      "provider": "provider[\"registry.terraform.io/hashicorp/aws\"]",
      "instances": [
        {
          "schema_version": 0,
          "attributes": {
            "arn": "arn:aws:elasticloadbalancing:us-east-2:233442448767:targetgroup/checkguard-backend-tg/059a7165a8deb330",
            "arn_suffix": "targetgroup/checkguard-backend-tg/059a7165a8deb330",
            "connection_termination": null,
            "deregistration_delay": "30",
            "health_check": [
              {
                "enabled": true,
                "healthy_threshold": 3,
                "interval": 30,
                "matcher": "200",
                "path": "/health",
                "port": "traffic-port",
                "protocol": "HTTP",
                "timeout": 5,
                "unhealthy_threshold": 3
              }
            ],
            "id": "arn:aws:elasticloadbalancing:us-east-2:233442448767:targetgroup/checkguard-backend-tg/059a7165a8deb330",
            "ip_address_type": "ipv4",
            "lambda_multi_value_headers_enabled": false,
            "load_balancer_arns": [
              "arn:aws:elasticloadbalancing:us-east-2:233442448767:loadbalancer/app/checkguard-alb/e0635a73c66d882c"
            ],
            "load_balancing_algorithm_type": "round_robin",
            "load_balancing_anomaly_mitigation": "off",
            "load_balancing_cross_zone_enabled": "use_load_balancer_configuration",
            "name": "checkguard-backend-tg",
            "name_prefix": "",
            "port": 8000,
            "preserve_client_ip": null,
            "protocol": "HTTP",
            "protocol_version": "HTTP1",
            "proxy_protocol_v2": false,
            "region": "us-east-2",
            "slow_start": 0,
            "stickiness": [
              {
                "cookie_duration": 86400,
                "cookie_name": "",
                "enabled": false,
                "type": "lb_cookie"
              }
            ],
            "tags": {
              "Environment": "production",
              "Name": "checkguard-backend-target-group"
            },
            "tags_all": {
              "Environment": "production",
              "ManagedBy": "Terraform",
              "Name": "checkguard-backend-target-group",
              "Owner": "CheckGuard Team",
              "Project": "CheckGuard AI"
            },
            "target_failover": [
              {
                "on_deregistration": null,
                "on_unhealthy": null
              }
            ],
            "target_group_health": [
              {
                "dns_failover": [
                  {
                    "minimum_healthy_targets_count": "1",
                    "minimum_healthy_targets_percentage": "off"
                  }
                ],
                "unhealthy_state_routing": [
                  {
                    "minimum_healthy_targets_count": 1,
                    "minimum_healthy_targets_percentage": "off"
                  }
                ]
              }
            ],
            "target_health_state": [
              {
                "enable_unhealthy_connection_termination": null,
                "unhealthy_draining_interval": null
              }
            ],
            "target_type": "ip",
            "vpc_id": "vpc-06a36e4fd06bc2eeb"
          },
          "sensitive_attributes": [],
          "private": "bnVsbA==",
          "dependencies": [
            "module.vpc.aws_vpc.this"
          ],
          "create_before_destroy": true
        }
      ]
    },
    {
      "mode": "managed",
      "type": "aws_lb_target_group",
      "name": "frontend",
      "provider": "provider[\"registry.terraform.io/hashicorp/aws\"]",
      "instances": [
        {
          "schema_version": 0,
          "attributes": {
            "arn": "arn:aws:elasticloadbalancing:us-east-2:233442448767:targetgroup/checkguard-frontend-tg/a55a28cb95846ae2",
            "arn_suffix": "targetgroup/checkguard-frontend-tg/a55a28cb95846ae2",
            "connection_termination": null,
            "deregistration_delay": "30",
            "health_check": [
              {
                "enabled": true,
                "healthy_threshold": 3,
                "interval": 30,
                "matcher": "200",
                "path": "/",
                "port": "traffic-port",
                "protocol": "HTTP",
                "timeout": 5,
                "unhealthy_threshold": 3
              }
            ],
            "id": "arn:aws:elasticloadbalancing:us-east-2:233442448767:targetgroup/checkguard-frontend-tg/a55a28cb95846ae2",
            "ip_address_type": "ipv4",
            "lambda_multi_value_headers_enabled": false,
            "load_balancer_arns": [
              "arn:aws:elasticloadbalancing:us-east-2:233442448767:loadbalancer/app/checkguard-alb/e0635a73c66d882c"
            ],
            "load_balancing_algorithm_type": "round_robin",
            "load_balancing_anomaly_mitigation": "off",
            "load_balancing_cross_zone_enabled": "use_load_balancer_configuration",
            "name": "checkguard-frontend-tg",
            "name_prefix": "",
            "port": 3000,
            "preserve_client_ip": null,
            "protocol": "HTTP",
            "protocol_version": "HTTP1",
            "proxy_protocol_v2": false,
            "region": "us-east-2",
            "slow_start": 0,
            "stickiness": [
              {
                "cookie_duration": 86400,
                "cookie_name": "",
                "enabled": false,
                "type": "lb_cookie"
              }
            ],
            "tags": {
              "Environment": "production",
              "Name": "checkguard-frontend-target-group"
            },
            "tags_all": {
              "Environment": "production",
              "ManagedBy": "Terraform",
              "Name": "checkguard-frontend-target-group",
              "Owner": "CheckGuard Team",
              "Project": "CheckGuard AI"
            },
            "target_failover": [
              {
                "on_deregistration": null,
                "on_unhealthy": null
              }
            ],
            "target_group_health": [
              {
                "dns_failover": [
                  {
                    "minimum_healthy_targets_count": "1",
                    "minimum_healthy_targets_percentage": "off"
                  }
                ],
                "unhealthy_state_routing": [
                  {
                    "minimum_healthy_targets_count": 1,
                    "minimum_healthy_targets_percentage": "off"
                  }
                ]
              }
            ],
            "target_health_state": [
              {
                "enable_unhealthy_connection_termination": null,
                "unhealthy_draining_interval": null
              }
            ],
            "target_type": "ip",
            "vpc_id": "vpc-06a36e4fd06bc2eeb"
          },
          "sensitive_attributes": [],
          "private": "bnVsbA==",
          "dependencies": [
            "module.vpc.aws_vpc.this"
          ],
          "create_before_destroy": true
        }
      ]
    },
    {
      "mode": "managed",
      "type": "aws_s3_bucket",
      "name": "alb_logs",
      "provider": "provider[\"registry.terraform.io/hashicorp/aws\"]",
      "instances": [
        {
          "schema_version": 0,
          "attributes": {
            "acceleration_status": "",
            "acl": null,
            "arn": "arn:aws:s3:::checkguard-alb-logs-ns7sgv5w",
            "bucket": "checkguard-alb-logs-ns7sgv5w",
            "bucket_domain_name": "checkguard-alb-logs-ns7sgv5w.s3.amazonaws.com",
            "bucket_prefix": "",
            "bucket_region": "us-east-2",
            "bucket_regional_domain_name": "checkguard-alb-logs-ns7sgv5w.s3.us-east-2.amazonaws.com",
            "cors_rule": [],
            "force_destroy": true,
            "grant": [
              {
                "id": "20d708cd5d215e1cbc663faca437bd1accb68ce257c1cc95a8de7332b76901c6",
                "permissions": [
                  "FULL_CONTROL"
                ],
                "type": "CanonicalUser",
                "uri": ""
              }
            ],
            "hosted_zone_id": "Z2O1EMRO9K5GLX",
            "id": "checkguard-alb-logs-ns7sgv5w",
            "lifecycle_rule": [],
            "logging": [],
            "object_lock_configuration": [],
            "object_lock_enabled": false,
            "policy": "{\"Statement\":[{\"Action\":\"s3:PutObject\",\"Effect\":\"Allow\",\"Principal\":{\"AWS\":\"arn:aws:iam::033677994240:root\"},\"Resource\":\"arn:aws:s3:::checkguard-alb-logs-ns7sgv5w/alb-logs/AWSLogs/233442448767/*\"},{\"Action\":\"s3:PutObject\",\"Condition\":{\"StringEquals\":{\"s3:x-amz-acl\":\"bucket-owner-full-control\"}},\"Effect\":\"Allow\",\"Principal\":{\"Service\":\"delivery.logs.amazonaws.com\"},\"Resource\":\"arn:aws:s3:::checkguard-alb-logs-ns7sgv5w/alb-logs/AWSLogs/233442448767/*\"},{\"Action\":\"s3:GetBucketAcl\",\"Effect\":\"Allow\",\"Principal\":{\"Service\":\"delivery.logs.amazonaws.com\"},\"Resource\":\"arn:aws:s3:::checkguard-alb-logs-ns7sgv5w\"}],\"Version\":\"2012-10-17\"}",
            "region": "us-east-2",
            "replication_configuration": [],
            "request_payer": "BucketOwner",
            "server_side_encryption_configuration": [
              {
                "rule": [
                  {
                    "apply_server_side_encryption_by_default": [
                      {
                        "kms_master_key_id": "",
                        "sse_algorithm": "AES256"
                      }
                    ],
                    "bucket_key_enabled": false
                  }
                ]
              }
            ],
            "tags": {
              "Environment": "production",
              "Name": "checkguard-alb-logs"
            },
            "tags_all": {
              "Environment": "production",
              "ManagedBy": "Terraform",
              "Name": "checkguard-alb-logs",
              "Owner": "CheckGuard Team",
              "Project": "CheckGuard AI"
            },
            "timeouts": null,
            "versioning": [
              {
                "enabled": false,
                "mfa_delete": false
              }
            ],
            "website": [],
            "website_domain": null,
            "website_endpoint": null
          },
          "sensitive_attributes": [],
          "private": "eyJlMmJmYjczMC1lY2FhLTExZTYtOGY4OC0zNDM2M2JjN2M0YzAiOnsiY3JlYXRlIjoxMjAwMDAwMDAwMDAwLCJkZWxldGUiOjM2MDAwMDAwMDAwMDAsInJlYWQiOjEyMDAwMDAwMDAwMDAsInVwZGF0ZSI6MTIwMDAwMDAwMDAwMH19",
          "dependencies": [
            "random_string.alb_logs_bucket_suffix"
          ],
          "create_before_destroy": true
        }
      ]
    },
    {
      "mode": "managed",
      "type": "aws_s3_bucket",
      "name": "uploads",
      "provider": "provider[\"registry.terraform.io/hashicorp/aws\"]",
      "instances": [
        {
          "schema_version": 0,
          "attributes": {
            "acceleration_status": "",
            "acl": null,
            "arn": "arn:aws:s3:::checkguard-uploads-ksfo7dly",
            "bucket": "checkguard-uploads-ksfo7dly",
            "bucket_domain_name": "checkguard-uploads-ksfo7dly.s3.amazonaws.com",
            "bucket_prefix": "",
            "bucket_region": "us-east-2",
            "bucket_regional_domain_name": "checkguard-uploads-ksfo7dly.s3.us-east-2.amazonaws.com",
            "cors_rule": [],
            "force_destroy": false,
            "grant": [
              {
                "id": "20d708cd5d215e1cbc663faca437bd1accb68ce257c1cc95a8de7332b76901c6",
                "permissions": [
                  "FULL_CONTROL"
                ],
                "type": "CanonicalUser",
                "uri": ""
              }
            ],
            "hosted_zone_id": "Z2O1EMRO9K5GLX",
            "id": "checkguard-uploads-ksfo7dly",
            "lifecycle_rule": [
              {
                "abort_incomplete_multipart_upload_days": 7,
                "enabled": true,
                "expiration": [],
                "id": "delete_old_versions",
                "noncurrent_version_expiration": [
                  {
                    "days": 30
                  }
                ],
                "noncurrent_version_transition": [],
                "prefix": "",
                "tags": {},
                "transition": []
              }
            ],
            "logging": [],
            "object_lock_configuration": [],
            "object_lock_enabled": false,
            "policy": "",
            "region": "us-east-2",
            "replication_configuration": [],
            "request_payer": "BucketOwner",
            "server_side_encryption_configuration": [
              {
                "rule": [
                  {
                    "apply_server_side_encryption_by_default": [
                      {
                        "kms_master_key_id": "",
                        "sse_algorithm": "AES256"
                      }
                    ],
                    "bucket_key_enabled": false
                  }
                ]
              }
            ],
            "tags": {
              "Environment": "production",
              "Name": "checkguard-uploads"
            },
            "tags_all": {
              "Environment": "production",
              "ManagedBy": "Terraform",
              "Name": "checkguard-uploads",
              "Owner": "CheckGuard Team",
              "Project": "CheckGuard AI"
            },
            "timeouts": null,
            "versioning": [
              {
                "enabled": true,
                "mfa_delete": false
              }
            ],
            "website": [],
            "website_domain": null,
            "website_endpoint": null
          },
          "sensitive_attributes": [],
          "private": "eyJlMmJmYjczMC1lY2FhLTExZTYtOGY4OC0zNDM2M2JjN2M0YzAiOnsiY3JlYXRlIjoxMjAwMDAwMDAwMDAwLCJkZWxldGUiOjM2MDAwMDAwMDAwMDAsInJlYWQiOjEyMDAwMDAwMDAwMDAsInVwZGF0ZSI6MTIwMDAwMDAwMDAwMH19",
          "dependencies": [
            "random_string.bucket_suffix"
          ]
        }
      ]
    },
    {
      "mode": "managed",
      "type": "aws_s3_bucket_lifecycle_configuration",
      "name": "uploads",
      "provider": "provider[\"registry.terraform.io/hashicorp/aws\"]",
      "instances": [
        {
          "schema_version": 1,
          "attributes": {
            "bucket": "checkguard-uploads-ksfo7dly",
            "expected_bucket_owner": "",
            "id": "checkguard-uploads-ksfo7dly",
            "region": "us-east-2",
            "rule": [
              {
                "abort_incomplete_multipart_upload": [
                  {
                    "days_after_initiation": 7
                  }
                ],
                "expiration": [],
                "filter": [
                  {
                    "and": [],
                    "object_size_greater_than": null,
                    "object_size_less_than": null,
                    "prefix": "",
                    "tag": []
                  }
                ],
                "id": "delete_old_versions",
                "noncurrent_version_expiration": [
                  {
                    "newer_noncurrent_versions": null,
                    "noncurrent_days": 30
                  }
                ],
                "noncurrent_version_transition": [],
                "prefix": "",
                "status": "Enabled",
                "transition": []
              }
            ],
            "timeouts": null,
            "transition_default_minimum_object_size": "all_storage_classes_128K"
          },
          "sensitive_attributes": [],
          "dependencies": [
            "aws_s3_bucket.uploads",
            "random_string.bucket_suffix"
          ]
        }
      ]
    },
    {
      "mode": "managed",
      "type": "aws_s3_bucket_policy",
      "name": "alb_logs",
      "provider": "provider[\"registry.terraform.io/hashicorp/aws\"]",
      "instances": [
        {
          "schema_version": 0,
          "attributes": {
            "bucket": "checkguard-alb-logs-ns7sgv5w",
            "id": "checkguard-alb-logs-ns7sgv5w",
            "policy": "{\"Statement\":[{\"Action\":\"s3:PutObject\",\"Effect\":\"Allow\",\"Principal\":{\"AWS\":\"arn:aws:iam::033677994240:root\"},\"Resource\":\"arn:aws:s3:::checkguard-alb-logs-ns7sgv5w/alb-logs/AWSLogs/233442448767/*\"},{\"Action\":\"s3:PutObject\",\"Condition\":{\"StringEquals\":{\"s3:x-amz-acl\":\"bucket-owner-full-control\"}},\"Effect\":\"Allow\",\"Principal\":{\"Service\":\"delivery.logs.amazonaws.com\"},\"Resource\":\"arn:aws:s3:::checkguard-alb-logs-ns7sgv5w/alb-logs/AWSLogs/233442448767/*\"},{\"Action\":\"s3:GetBucketAcl\",\"Effect\":\"Allow\",\"Principal\":{\"Service\":\"delivery.logs.amazonaws.com\"},\"Resource\":\"arn:aws:s3:::checkguard-alb-logs-ns7sgv5w\"}],\"Version\":\"2012-10-17\"}",
            "region": "us-east-2"
          },
          "sensitive_attributes": [],
          "private": "bnVsbA==",
          "dependencies": [
            "aws_s3_bucket.alb_logs",
            "data.aws_caller_identity.current",
            "data.aws_elb_service_account.main",
            "random_string.alb_logs_bucket_suffix"
          ]
        }
      ]
    },
    {
      "mode": "managed",
      "type": "aws_s3_bucket_public_access_block",
      "name": "alb_logs",
      "provider": "provider[\"registry.terraform.io/hashicorp/aws\"]",
      "instances": [
        {
          "schema_version": 0,
          "attributes": {
            "block_public_acls": true,
            "block_public_policy": true,
            "bucket": "checkguard-alb-logs-ns7sgv5w",
            "id": "checkguard-alb-logs-ns7sgv5w",
            "ignore_public_acls": true,
            "region": "us-east-2",
            "restrict_public_buckets": true,
            "skip_destroy": null
          },
          "sensitive_attributes": [],
          "private": "bnVsbA==",
          "dependencies": [
            "aws_s3_bucket.alb_logs",
            "random_string.alb_logs_bucket_suffix"
          ]
        }
      ]
    },
    {
      "mode": "managed",
      "type": "aws_s3_bucket_public_access_block",
      "name": "uploads",
      "provider": "provider[\"registry.terraform.io/hashicorp/aws\"]",
      "instances": [
        {
          "schema_version": 0,
          "attributes": {
            "block_public_acls": true,
            "block_public_policy": true,
            "bucket": "checkguard-uploads-ksfo7dly",
            "id": "checkguard-uploads-ksfo7dly",
            "ignore_public_acls": true,
            "region": "us-east-2",
            "restrict_public_buckets": true,
            "skip_destroy": null
          },
          "sensitive_attributes": [],
          "private": "bnVsbA==",
          "dependencies": [
            "aws_s3_bucket.uploads",
            "random_string.bucket_suffix"
          ]
        }
      ]
    },
    {
      "mode": "managed",
      "type": "aws_s3_bucket_server_side_encryption_configuration",
      "name": "alb_logs",
      "provider": "provider[\"registry.terraform.io/hashicorp/aws\"]",
      "instances": [
        {
          "schema_version": 0,
          "attributes": {
            "bucket": "checkguard-alb-logs-ns7sgv5w",
            "expected_bucket_owner": "",
            "id": "checkguard-alb-logs-ns7sgv5w",
            "region": "us-east-2",
            "rule": [
              {
                "apply_server_side_encryption_by_default": [
                  {
                    "kms_master_key_id": "",
                    "sse_algorithm": "AES256"
                  }
                ],
                "bucket_key_enabled": false
              }
            ]
          },
          "sensitive_attributes": [],
          "private": "bnVsbA==",
          "dependencies": [
            "aws_s3_bucket.alb_logs",
            "random_string.alb_logs_bucket_suffix"
          ]
        }
      ]
    },
    {
      "mode": "managed",
      "type": "aws_s3_bucket_server_side_encryption_configuration",
      "name": "uploads",
      "provider": "provider[\"registry.terraform.io/hashicorp/aws\"]",
      "instances": [
        {
          "schema_version": 0,
          "attributes": {
            "bucket": "checkguard-uploads-ksfo7dly",
            "expected_bucket_owner": "",
            "id": "checkguard-uploads-ksfo7dly",
            "region": "us-east-2",
            "rule": [
              {
                "apply_server_side_encryption_by_default": [
                  {
                    "kms_master_key_id": "",
                    "sse_algorithm": "AES256"
                  }
                ],
                "bucket_key_enabled": false
              }
            ]
          },
          "sensitive_attributes": [],
          "private": "bnVsbA==",
          "dependencies": [
            "aws_s3_bucket.uploads",
            "random_string.bucket_suffix"
          ]
        }
      ]
    },
    {
      "mode": "managed",
      "type": "aws_s3_bucket_versioning",
      "name": "uploads",
      "provider": "provider[\"registry.terraform.io/hashicorp/aws\"]",
      "instances": [
        {
          "schema_version": 0,
          "attributes": {
            "bucket": "checkguard-uploads-ksfo7dly",
            "expected_bucket_owner": "",
            "id": "checkguard-uploads-ksfo7dly",
            "mfa": null,
            "region": "us-east-2",
            "versioning_configuration": [
              {
                "mfa_delete": "",
                "status": "Enabled"
              }
            ]
          },
          "sensitive_attributes": [],
          "private": "bnVsbA==",
          "dependencies": [
            "aws_s3_bucket.uploads",
            "random_string.bucket_suffix"
          ]
        }
      ]
    },
    {
      "mode": "managed",
      "type": "aws_secretsmanager_secret",
      "name": "app_secret",
      "provider": "provider[\"registry.terraform.io/hashicorp/aws\"]",
      "instances": [
        {
          "schema_version": 0,
          "attributes": {
            "arn": "arn:aws:secretsmanager:us-east-2:233442448767:secret:checkguard/app-secret-7xAq5e",
            "description": "Application secret key for checkguard",
            "force_overwrite_replica_secret": false,
            "id": "arn:aws:secretsmanager:us-east-2:233442448767:secret:checkguard/app-secret-7xAq5e",
            "kms_key_id": "arn:aws:kms:us-east-2:233442448767:key/b59f0359-57dc-4420-a0de-c6210593810c",
            "name": "checkguard/app-secret",
            "name_prefix": "",
            "policy": "",
            "recovery_window_in_days": 7,
            "region": "us-east-2",
            "replica": [],
            "tags": {
              "Environment": "production",
              "Name": "checkguard-app-secret"
            },
            "tags_all": {
              "Environment": "production",
              "ManagedBy": "Terraform",
              "Name": "checkguard-app-secret",
              "Owner": "CheckGuard Team",
              "Project": "CheckGuard AI"
            }
          },
          "sensitive_attributes": [],
          "private": "bnVsbA==",
          "dependencies": [
            "aws_iam_role.ecs_task",
            "aws_iam_role.ecs_task_execution",
            "aws_kms_key.secrets",
            "data.aws_caller_identity.current"
          ],
          "create_before_destroy": true
        }
      ]
    },
    {
      "mode": "managed",
      "type": "aws_secretsmanager_secret",
      "name": "clerk",
      "provider": "provider[\"registry.terraform.io/hashicorp/aws\"]",
      "instances": [
        {
          "schema_version": 0,
          "attributes": {
            "arn": "arn:aws:secretsmanager:us-east-2:233442448767:secret:checkguard/clerk-kiCPWF",
            "description": "Clerk authentication secret key for checkguard",
            "force_overwrite_replica_secret": false,
            "id": "arn:aws:secretsmanager:us-east-2:233442448767:secret:checkguard/clerk-kiCPWF",
            "kms_key_id": "arn:aws:kms:us-east-2:233442448767:key/b59f0359-57dc-4420-a0de-c6210593810c",
            "name": "checkguard/clerk",
            "name_prefix": "",
            "policy": "",
            "recovery_window_in_days": 7,
            "region": "us-east-2",
            "replica": [],
            "tags": {
              "Environment": "production",
              "Name": "checkguard-clerk-secret"
            },
            "tags_all": {
              "Environment": "production",
              "ManagedBy": "Terraform",
              "Name": "checkguard-clerk-secret",
              "Owner": "CheckGuard Team",
              "Project": "CheckGuard AI"
            }
          },
          "sensitive_attributes": [],
          "private": "bnVsbA==",
          "dependencies": [
            "aws_iam_role.ecs_task",
            "aws_iam_role.ecs_task_execution",
            "aws_kms_key.secrets",
            "data.aws_caller_identity.current"
          ],
          "create_before_destroy": true
        }
      ]
    },
    {
      "mode": "managed",
      "type": "aws_secretsmanager_secret",
      "name": "clerk_publishable",
      "provider": "provider[\"registry.terraform.io/hashicorp/aws\"]",
      "instances": [
        {
          "schema_version": 0,
          "attributes": {
            "arn": "arn:aws:secretsmanager:us-east-2:233442448767:secret:checkguard/clerk-publishable-Q7MRjx",
            "description": "Clerk publishable key for checkguard",
            "force_overwrite_replica_secret": false,
            "id": "arn:aws:secretsmanager:us-east-2:233442448767:secret:checkguard/clerk-publishable-Q7MRjx",
            "kms_key_id": "arn:aws:kms:us-east-2:233442448767:key/b59f0359-57dc-4420-a0de-c6210593810c",
            "name": "checkguard/clerk-publishable",
            "name_prefix": "",
            "policy": "",
            "recovery_window_in_days": 7,
            "region": "us-east-2",
            "replica": [],
            "tags": {
              "Environment": "production",
              "Name": "checkguard-clerk-publishable-secret"
            },
            "tags_all": {
              "Environment": "production",
              "ManagedBy": "Terraform",
              "Name": "checkguard-clerk-publishable-secret",
              "Owner": "CheckGuard Team",
              "Project": "CheckGuard AI"
            }
          },
          "sensitive_attributes": [],
          "private": "bnVsbA==",
          "dependencies": [
            "aws_iam_role.ecs_task",
            "aws_iam_role.ecs_task_execution",
            "aws_kms_key.secrets",
            "data.aws_caller_identity.current"
          ],
          "create_before_destroy": true
        }
      ]
    },
    {
      "mode": "managed",
      "type": "aws_secretsmanager_secret",
      "name": "database",
      "provider": "provider[\"registry.terraform.io/hashicorp/aws\"]",
      "instances": [
        {
          "schema_version": 0,
          "attributes": {
            "arn": "arn:aws:secretsmanager:us-east-2:233442448767:secret:checkguard/database-37qpTA",
            "description": "Database credentials for checkguard",
            "force_overwrite_replica_secret": false,
            "id": "arn:aws:secretsmanager:us-east-2:233442448767:secret:checkguard/database-37qpTA",
            "kms_key_id": "arn:aws:kms:us-east-2:233442448767:key/b59f0359-57dc-4420-a0de-c6210593810c",
            "name": "checkguard/database",
            "name_prefix": "",
            "policy": "",
            "recovery_window_in_days": 7,
            "region": "us-east-2",
            "replica": [],
            "tags": {
              "Environment": "production",
              "Name": "checkguard-database-secret"
            },
            "tags_all": {
              "Environment": "production",
              "ManagedBy": "Terraform",
              "Name": "checkguard-database-secret",
              "Owner": "CheckGuard Team",
              "Project": "CheckGuard AI"
            }
          },
          "sensitive_attributes": [],
          "private": "bnVsbA==",
          "dependencies": [
            "aws_iam_role.ecs_task",
            "aws_iam_role.ecs_task_execution",
            "aws_kms_key.secrets",
            "data.aws_caller_identity.current"
          ],
          "create_before_destroy": true
        }
      ]
    },
    {
      "mode": "managed",
      "type": "aws_secretsmanager_secret",
      "name": "gemini",
      "provider": "provider[\"registry.terraform.io/hashicorp/aws\"]",
      "instances": [
        {
          "schema_version": 0,
          "attributes": {
            "arn": "arn:aws:secretsmanager:us-east-2:233442448767:secret:checkguard/gemini-MkO8jH",
            "description": "Gemini API key for checkguard",
            "force_overwrite_replica_secret": false,
            "id": "arn:aws:secretsmanager:us-east-2:233442448767:secret:checkguard/gemini-MkO8jH",
            "kms_key_id": "arn:aws:kms:us-east-2:233442448767:key/b59f0359-57dc-4420-a0de-c6210593810c",
            "name": "checkguard/gemini",
            "name_prefix": "",
            "policy": "",
            "recovery_window_in_days": 7,
            "region": "us-east-2",
            "replica": [],
            "tags": {
              "Environment": "production",
              "Name": "checkguard-gemini-secret"
            },
            "tags_all": {
              "Environment": "production",
              "ManagedBy": "Terraform",
              "Name": "checkguard-gemini-secret",
              "Owner": "CheckGuard Team",
              "Project": "CheckGuard AI"
            }
          },
          "sensitive_attributes": [],
          "private": "bnVsbA==",
          "dependencies": [
            "aws_iam_role.ecs_task",
            "aws_iam_role.ecs_task_execution",
            "aws_kms_key.secrets",
            "data.aws_caller_identity.current"
          ],
          "create_before_destroy": true
        }
      ]
    },
    {
      "mode": "managed",
      "type": "aws_secretsmanager_secret",
      "name": "redis",
      "provider": "provider[\"registry.terraform.io/hashicorp/aws\"]",
      "instances": [
        {
          "schema_version": 0,
          "attributes": {
            "arn": "arn:aws:secretsmanager:us-east-2:233442448767:secret:checkguard/redis-OvzeDf",
            "description": "Redis credentials for checkguard",
            "force_overwrite_replica_secret": false,
            "id": "arn:aws:secretsmanager:us-east-2:233442448767:secret:checkguard/redis-OvzeDf",
            "kms_key_id": "arn:aws:kms:us-east-2:233442448767:key/b59f0359-57dc-4420-a0de-c6210593810c",
            "name": "checkguard/redis",
            "name_prefix": "",
            "policy": "",
            "recovery_window_in_days": 7,
            "region": "us-east-2",
            "replica": [],
            "tags": {
              "Environment": "production",
              "Name": "checkguard-redis-secret"
            },
            "tags_all": {
              "Environment": "production",
              "ManagedBy": "Terraform",
              "Name": "checkguard-redis-secret",
              "Owner": "CheckGuard Team",
              "Project": "CheckGuard AI"
            }
          },
          "sensitive_attributes": [],
          "private": "bnVsbA==",
          "dependencies": [
            "aws_iam_role.ecs_task",
            "aws_iam_role.ecs_task_execution",
            "aws_kms_key.secrets",
            "data.aws_caller_identity.current"
          ],
          "create_before_destroy": true
        }
      ]
    },
    {
      "mode": "managed",
      "type": "aws_secretsmanager_secret_version",
      "name": "app_secret",
      "provider": "provider[\"registry.terraform.io/hashicorp/aws\"]",
      "instances": [
        {
          "schema_version": 0,
          "attributes": {
            "arn": "arn:aws:secretsmanager:us-east-2:233442448767:secret:checkguard/app-secret-7xAq5e",
            "has_secret_string_wo": null,
            "id": "arn:aws:secretsmanager:us-east-2:233442448767:secret:checkguard/app-secret-7xAq5e|terraform-20250802154754813500000018",
            "region": "us-east-2",
            "secret_binary": "",
            "secret_id": "arn:aws:secretsmanager:us-east-2:233442448767:secret:checkguard/app-secret-7xAq5e",
            "secret_string": "{\"secret_key\":\"L\\u003e]$W6zb@:nJ0\\u003eIas7GhP\\u003eXDVtA:]LYBmsg[%jmw?%-R}cP:=L2qupT5O1EWpt[0\"}",
            "secret_string_wo": null,
            "secret_string_wo_version": null,
            "version_id": "terraform-20250802154754813500000018",
            "version_stages": [
              "AWSCURRENT"
            ]
          },
          "sensitive_attributes": [
            [
              {
                "type": "get_attr",
                "value": "secret_string"
              }
            ]
          ],
          "private": "bnVsbA==",
          "dependencies": [
            "aws_iam_role.ecs_task",
            "aws_iam_role.ecs_task_execution",
            "aws_kms_key.secrets",
            "aws_secretsmanager_secret.app_secret",
            "data.aws_caller_identity.current",
            "random_password.app_secret_key"
          ]
        }
      ]
    },
    {
      "mode": "managed",
      "type": "aws_secretsmanager_secret_version",
      "name": "clerk",
      "provider": "provider[\"registry.terraform.io/hashicorp/aws\"]",
      "instances": [
        {
          "schema_version": 0,
          "attributes": {
            "arn": "arn:aws:secretsmanager:us-east-2:233442448767:secret:checkguard/clerk-kiCPWF",
            "has_secret_string_wo": null,
            "id": "arn:aws:secretsmanager:us-east-2:233442448767:secret:checkguard/clerk-kiCPWF|terraform-20250802154754559100000017",
            "region": "us-east-2",
            "secret_binary": "",
            "secret_id": "arn:aws:secretsmanager:us-east-2:233442448767:secret:checkguard/clerk-kiCPWF",
            "secret_string": "REDACTED_CLERK_KEY_1",
            "secret_string_wo": null,
            "secret_string_wo_version": null,
            "version_id": "terraform-20250802154754559100000017",
            "version_stages": [
              "AWSCURRENT"
            ]
          },
          "sensitive_attributes": [
            [
              {
                "type": "get_attr",
                "value": "secret_string"
              }
            ]
          ],
          "private": "bnVsbA==",
          "dependencies": [
            "aws_iam_role.ecs_task",
            "aws_iam_role.ecs_task_execution",
            "aws_kms_key.secrets",
            "aws_secretsmanager_secret.clerk",
            "data.aws_caller_identity.current"
          ]
        }
      ]
    },
    {
      "mode": "managed",
      "type": "aws_secretsmanager_secret_version",
      "name": "clerk_publishable",
      "provider": "provider[\"registry.terraform.io/hashicorp/aws\"]",
      "instances": [
        {
          "schema_version": 0,
          "attributes": {
            "arn": "arn:aws:secretsmanager:us-east-2:233442448767:secret:checkguard/clerk-publishable-Q7MRjx",
            "has_secret_string_wo": null,
            "id": "arn:aws:secretsmanager:us-east-2:233442448767:secret:checkguard/clerk-publishable-Q7MRjx|terraform-20250802154755214400000019",
            "region": "us-east-2",
            "secret_binary": "",
            "secret_id": "arn:aws:secretsmanager:us-east-2:233442448767:secret:checkguard/clerk-publishable-Q7MRjx",
            "secret_string": "pk_test_YmlnLWZseS0xNi5jbGVyay5hY2NvdW50cy5kZXYk",
            "secret_string_wo": null,
            "secret_string_wo_version": null,
            "version_id": "terraform-20250802154755214400000019",
            "version_stages": [
              "AWSCURRENT"
            ]
          },
          "sensitive_attributes": [],
          "private": "bnVsbA==",
          "dependencies": [
            "aws_iam_role.ecs_task",
            "aws_iam_role.ecs_task_execution",
            "aws_kms_key.secrets",
            "aws_secretsmanager_secret.clerk_publishable",
            "data.aws_caller_identity.current"
          ]
        }
      ]
    },
    {
      "mode": "managed",
      "type": "aws_secretsmanager_secret_version",
      "name": "database",
      "provider": "provider[\"registry.terraform.io/hashicorp/aws\"]",
      "instances": [
        {
          "schema_version": 0,
          "attributes": {
            "arn": "arn:aws:secretsmanager:us-east-2:233442448767:secret:checkguard/database-37qpTA",
            "has_secret_string_wo": null,
            "id": "arn:aws:secretsmanager:us-east-2:233442448767:secret:checkguard/database-37qpTA|terraform-20250803102149142300000001",
            "region": "us-east-2",
            "secret_binary": "",
            "secret_id": "arn:aws:secretsmanager:us-east-2:233442448767:secret:checkguard/database-37qpTA",
            "secret_string": "{\"dbname\":\"checkguard\",\"engine\":\"postgres\",\"host\":\"checkguard-db.cbow6288en25.us-east-2.rds.amazonaws.com:5432\",\"password\":\"F8w%5yhhT(fVXAxHSEl3jK64D%suRJ\\u003ci\",\"port\":5432,\"url\":\"postgresql+asyncpg://checkguard:F8w%5yhhT(fVXAxHSEl3jK64D%suRJ\\u003ci@checkguard-db.cbow6288en25.us-east-2.rds.amazonaws.com:5432/checkguard\",\"username\":\"checkguard\"}",
            "secret_string_wo": null,
            "secret_string_wo_version": null,
            "version_id": "terraform-20250803102149142300000001",
            "version_stages": [
              "AWSCURRENT"
            ]
          },
          "sensitive_attributes": [
            [
              {
                "type": "get_attr",
                "value": "secret_string"
              }
            ]
          ],
          "private": "bnVsbA==",
          "dependencies": [
            "aws_iam_role.ecs_task",
            "aws_iam_role.ecs_task_execution",
            "aws_kms_key.rds",
            "aws_kms_key.secrets",
            "aws_secretsmanager_secret.database",
            "aws_security_group.alb",
            "aws_security_group.database",
            "aws_security_group.ecs",
            "data.aws_availability_zones.available",
            "data.aws_caller_identity.current",
            "module.rds.module.db_instance.aws_cloudwatch_log_group.this",
            "module.rds.module.db_instance.aws_db_instance.this",
            "module.rds.module.db_instance.aws_iam_role.enhanced_monitoring",
            "module.rds.module.db_instance.data.aws_iam_policy_document.enhanced_monitoring",
            "module.rds.module.db_instance.random_id.snapshot_identifier",
            "module.rds.module.db_option_group.aws_db_option_group.this",
            "module.rds.module.db_parameter_group.aws_db_parameter_group.this",
            "module.rds.module.db_subnet_group.aws_db_subnet_group.this",
            "module.vpc.aws_db_subnet_group.database",
            "module.vpc.aws_subnet.database",
            "module.vpc.aws_vpc.this",
            "module.vpc.aws_vpc_ipv4_cidr_block_association.this",
            "random_password.db_password"
          ]
        }
      ]
    },
    {
      "mode": "managed",
      "type": "aws_secretsmanager_secret_version",
      "name": "gemini",
      "provider": "provider[\"registry.terraform.io/hashicorp/aws\"]",
      "instances": [
        {
          "schema_version": 0,
          "attributes": {
            "arn": "arn:aws:secretsmanager:us-east-2:233442448767:secret:checkguard/gemini-MkO8jH",
            "has_secret_string_wo": null,
            "id": "arn:aws:secretsmanager:us-east-2:233442448767:secret:checkguard/gemini-MkO8jH|terraform-20250802154754325000000016",
            "region": "us-east-2",
            "secret_binary": "",
            "secret_id": "arn:aws:secretsmanager:us-east-2:233442448767:secret:checkguard/gemini-MkO8jH",
            "secret_string": "REDACTED_GEMINI_KEY",
            "secret_string_wo": null,
            "secret_string_wo_version": null,
            "version_id": "terraform-20250802154754325000000016",
            "version_stages": [
              "AWSCURRENT"
            ]
          },
          "sensitive_attributes": [
            [
              {
                "type": "get_attr",
                "value": "secret_string"
              }
            ]
          ],
          "private": "bnVsbA==",
          "dependencies": [
            "aws_iam_role.ecs_task",
            "aws_iam_role.ecs_task_execution",
            "aws_kms_key.secrets",
            "aws_secretsmanager_secret.gemini",
            "data.aws_caller_identity.current"
          ]
        }
      ]
    },
    {
      "mode": "managed",
      "type": "aws_secretsmanager_secret_version",
      "name": "redis",
      "provider": "provider[\"registry.terraform.io/hashicorp/aws\"]",
      "instances": [
        {
          "schema_version": 0,
          "attributes": {
            "arn": "arn:aws:secretsmanager:us-east-2:233442448767:secret:checkguard/redis-OvzeDf",
            "has_secret_string_wo": null,
            "id": "arn:aws:secretsmanager:us-east-2:233442448767:secret:checkguard/redis-OvzeDf|terraform-20250802214920770700000001",
            "region": "us-east-2",
            "secret_binary": "",
            "secret_id": "arn:aws:secretsmanager:us-east-2:233442448767:secret:checkguard/redis-OvzeDf",
            "secret_string": "{\"auth_token\":\"vlpoI4ALAphSup1XLrQHndbxATWvjeZa\",\"broker_url\":\"redis://:vlpoI4ALAphSup1XLrQHndbxATWvjeZa@master.checkguard-redis.yxlanp.use2.cache.amazonaws.com:6379/0\",\"port\":6379,\"primary_endpoint\":\"master.checkguard-redis.yxlanp.use2.cache.amazonaws.com\",\"reader_endpoint\":\"replica.checkguard-redis.yxlanp.use2.cache.amazonaws.com\",\"result_backend\":\"redis://:vlpoI4ALAphSup1XLrQHndbxATWvjeZa@master.checkguard-redis.yxlanp.use2.cache.amazonaws.com:6379/1\",\"url\":\"redis://:vlpoI4ALAphSup1XLrQHndbxATWvjeZa@master.checkguard-redis.yxlanp.use2.cache.amazonaws.com:6379/0\"}",
            "secret_string_wo": null,
            "secret_string_wo_version": null,
            "version_id": "terraform-20250802214920770700000001",
            "version_stages": [
              "AWSCURRENT"
            ]
          },
          "sensitive_attributes": [
            [
              {
                "type": "get_attr",
                "value": "secret_string"
              }
            ]
          ],
          "private": "bnVsbA==",
          "dependencies": [
            "aws_cloudwatch_log_group.elasticache",
            "aws_iam_role.ecs_task",
            "aws_iam_role.ecs_task_execution",
            "aws_kms_key.secrets",
            "aws_secretsmanager_secret.redis",
            "data.aws_availability_zones.available",
            "data.aws_caller_identity.current",
            "module.elasticache.aws_cloudwatch_log_group.this",
            "module.elasticache.aws_elasticache_parameter_group.this",
            "module.elasticache.aws_elasticache_replication_group.global",
            "module.elasticache.aws_elasticache_replication_group.this",
            "module.elasticache.aws_elasticache_subnet_group.this",
            "module.elasticache.aws_security_group.this",
            "module.elasticache.random_id.this",
            "module.vpc.aws_subnet.private",
            "module.vpc.aws_vpc.this",
            "module.vpc.aws_vpc_ipv4_cidr_block_association.this",
            "random_password.redis_auth_token"
          ]
        }
      ]
    },
    {
      "mode": "managed",
      "type": "aws_security_group",
      "name": "alb",
      "provider": "provider[\"registry.terraform.io/hashicorp/aws\"]",
      "instances": [
        {
          "schema_version": 1,
          "attributes": {
            "arn": "arn:aws:ec2:us-east-2:233442448767:security-group/sg-09829e42fe913a8f5",
            "description": "Security group for ALB",
            "egress": [
              {
                "cidr_blocks": [
                  "0.0.0.0/0"
                ],
                "description": "",
                "from_port": 0,
                "ipv6_cidr_blocks": [],
                "prefix_list_ids": [],
                "protocol": "-1",
                "security_groups": [],
                "self": false,
                "to_port": 0
              }
            ],
            "id": "sg-09829e42fe913a8f5",
            "ingress": [
              {
                "cidr_blocks": [
                  "0.0.0.0/0"
                ],
                "description": "HTTP",
                "from_port": 80,
                "ipv6_cidr_blocks": [],
                "prefix_list_ids": [],
                "protocol": "tcp",
                "security_groups": [],
                "self": false,
                "to_port": 80
              },
              {
                "cidr_blocks": [
                  "0.0.0.0/0"
                ],
                "description": "HTTPS",
                "from_port": 443,
                "ipv6_cidr_blocks": [],
                "prefix_list_ids": [],
                "protocol": "tcp",
                "security_groups": [],
                "self": false,
                "to_port": 443
              }
            ],
            "name": "checkguard-alb-sg",
            "name_prefix": "",
            "owner_id": "233442448767",
            "region": "us-east-2",
            "revoke_rules_on_delete": false,
            "tags": {
              "Environment": "production",
              "Name": "checkguard-alb-sg"
            },
            "tags_all": {
              "Environment": "production",
              "ManagedBy": "Terraform",
              "Name": "checkguard-alb-sg",
              "Owner": "CheckGuard Team",
              "Project": "CheckGuard AI"
            },
            "timeouts": null,
            "vpc_id": "vpc-06a36e4fd06bc2eeb"
          },
          "sensitive_attributes": [],
          "private": "eyJlMmJmYjczMC1lY2FhLTExZTYtOGY4OC0zNDM2M2JjN2M0YzAiOnsiY3JlYXRlIjo2MDAwMDAwMDAwMDAsImRlbGV0ZSI6OTAwMDAwMDAwMDAwfSwic2NoZW1hX3ZlcnNpb24iOiIxIn0=",
          "dependencies": [
            "module.vpc.aws_vpc.this"
          ],
          "create_before_destroy": true
        }
      ]
    },
    {
      "mode": "managed",
      "type": "aws_security_group",
      "name": "database",
      "provider": "provider[\"registry.terraform.io/hashicorp/aws\"]",
      "instances": [
        {
          "schema_version": 1,
          "attributes": {
            "arn": "arn:aws:ec2:us-east-2:233442448767:security-group/sg-01a189c1d14102544",
            "description": "Security group for database",
            "egress": [
              {
                "cidr_blocks": [
                  "0.0.0.0/0"
                ],
                "description": "",
                "from_port": 0,
                "ipv6_cidr_blocks": [],
                "prefix_list_ids": [],
                "protocol": "-1",
                "security_groups": [],
                "self": false,
                "to_port": 0
              }
            ],
            "id": "sg-01a189c1d14102544",
            "ingress": [
              {
                "cidr_blocks": [],
                "description": "PostgreSQL from ECS",
                "from_port": 5432,
                "ipv6_cidr_blocks": [],
                "prefix_list_ids": [],
                "protocol": "tcp",
                "security_groups": [
                  "sg-019c1f14f23825100"
                ],
                "self": false,
                "to_port": 5432
              }
            ],
            "name": "checkguard-database-sg",
            "name_prefix": "",
            "owner_id": "233442448767",
            "region": "us-east-2",
            "revoke_rules_on_delete": false,
            "tags": {
              "Environment": "production",
              "Name": "checkguard-database-sg"
            },
            "tags_all": {
              "Environment": "production",
              "ManagedBy": "Terraform",
              "Name": "checkguard-database-sg",
              "Owner": "CheckGuard Team",
              "Project": "CheckGuard AI"
            },
            "timeouts": null,
            "vpc_id": "vpc-06a36e4fd06bc2eeb"
          },
          "sensitive_attributes": [],
          "private": "eyJlMmJmYjczMC1lY2FhLTExZTYtOGY4OC0zNDM2M2JjN2M0YzAiOnsiY3JlYXRlIjo2MDAwMDAwMDAwMDAsImRlbGV0ZSI6OTAwMDAwMDAwMDAwfSwic2NoZW1hX3ZlcnNpb24iOiIxIn0=",
          "dependencies": [
            "aws_security_group.alb",
            "aws_security_group.ecs",
            "module.vpc.aws_vpc.this"
          ]
        }
      ]
    },
    {
      "mode": "managed",
      "type": "aws_security_group",
      "name": "ecs",
      "provider": "provider[\"registry.terraform.io/hashicorp/aws\"]",
      "instances": [
        {
          "schema_version": 1,
          "attributes": {
            "arn": "arn:aws:ec2:us-east-2:233442448767:security-group/sg-019c1f14f23825100",
            "description": "Security group for ECS services",
            "egress": [
              {
                "cidr_blocks": [
                  "0.0.0.0/0"
                ],
                "description": "",
                "from_port": 0,
                "ipv6_cidr_blocks": [],
                "prefix_list_ids": [],
                "protocol": "-1",
                "security_groups": [],
                "self": false,
                "to_port": 0
              }
            ],
            "id": "sg-019c1f14f23825100",
            "ingress": [
              {
                "cidr_blocks": [],
                "description": "Backend API from ALB",
                "from_port": 8000,
                "ipv6_cidr_blocks": [],
                "prefix_list_ids": [],
                "protocol": "tcp",
                "security_groups": [
                  "sg-09829e42fe913a8f5"
                ],
                "self": false,
                "to_port": 8000
              },
              {
                "cidr_blocks": [],
                "description": "HTTP from ALB",
                "from_port": 3000,
                "ipv6_cidr_blocks": [],
                "prefix_list_ids": [],
                "protocol": "tcp",
                "security_groups": [
                  "sg-09829e42fe913a8f5"
                ],
                "self": false,
                "to_port": 3000
              },
              {
                "cidr_blocks": [],
                "description": "Inter-service communication",
                "from_port": 0,
                "ipv6_cidr_blocks": [],
                "prefix_list_ids": [],
                "protocol": "tcp",
                "security_groups": [],
                "self": true,
                "to_port": 65535
              }
            ],
            "name": "checkguard-ecs-sg",
            "name_prefix": "",
            "owner_id": "233442448767",
            "region": "us-east-2",
            "revoke_rules_on_delete": false,
            "tags": {
              "Environment": "production",
              "Name": "checkguard-ecs-sg"
            },
            "tags_all": {
              "Environment": "production",
              "ManagedBy": "Terraform",
              "Name": "checkguard-ecs-sg",
              "Owner": "CheckGuard Team",
              "Project": "CheckGuard AI"
            },
            "timeouts": null,
            "vpc_id": "vpc-06a36e4fd06bc2eeb"
          },
          "sensitive_attributes": [],
          "private": "eyJlMmJmYjczMC1lY2FhLTExZTYtOGY4OC0zNDM2M2JjN2M0YzAiOnsiY3JlYXRlIjo2MDAwMDAwMDAwMDAsImRlbGV0ZSI6OTAwMDAwMDAwMDAwfSwic2NoZW1hX3ZlcnNpb24iOiIxIn0=",
          "dependencies": [
            "aws_security_group.alb",
            "module.vpc.aws_vpc.this"
          ]
        }
      ]
    },
    {
      "mode": "managed",
      "type": "aws_security_group",
      "name": "redis",
      "provider": "provider[\"registry.terraform.io/hashicorp/aws\"]",
      "instances": [
        {
          "schema_version": 1,
          "attributes": {
            "arn": "arn:aws:ec2:us-east-2:233442448767:security-group/sg-0ffc4731061d4619a",
            "description": "Security group for Redis",
            "egress": [
              {
                "cidr_blocks": [
                  "0.0.0.0/0"
                ],
                "description": "",
                "from_port": 0,
                "ipv6_cidr_blocks": [],
                "prefix_list_ids": [],
                "protocol": "-1",
                "security_groups": [],
                "self": false,
                "to_port": 0
              }
            ],
            "id": "sg-0ffc4731061d4619a",
            "ingress": [
              {
                "cidr_blocks": [],
                "description": "Redis from ECS",
                "from_port": 6379,
                "ipv6_cidr_blocks": [],
                "prefix_list_ids": [],
                "protocol": "tcp",
                "security_groups": [
                  "sg-019c1f14f23825100"
                ],
                "self": false,
                "to_port": 6379
              }
            ],
            "name": "checkguard-redis-sg",
            "name_prefix": "",
            "owner_id": "233442448767",
            "region": "us-east-2",
            "revoke_rules_on_delete": false,
            "tags": {
              "Environment": "production",
              "Name": "checkguard-redis-sg"
            },
            "tags_all": {
              "Environment": "production",
              "ManagedBy": "Terraform",
              "Name": "checkguard-redis-sg",
              "Owner": "CheckGuard Team",
              "Project": "CheckGuard AI"
            },
            "timeouts": null,
            "vpc_id": "vpc-06a36e4fd06bc2eeb"
          },
          "sensitive_attributes": [],
          "private": "eyJlMmJmYjczMC1lY2FhLTExZTYtOGY4OC0zNDM2M2JjN2M0YzAiOnsiY3JlYXRlIjo2MDAwMDAwMDAwMDAsImRlbGV0ZSI6OTAwMDAwMDAwMDAwfSwic2NoZW1hX3ZlcnNpb24iOiIxIn0=",
          "dependencies": [
            "aws_security_group.alb",
            "aws_security_group.ecs",
            "module.vpc.aws_vpc.this"
          ]
        }
      ]
    },
    {
      "mode": "managed",
      "type": "aws_security_group",
      "name": "vpc_endpoints",
      "provider": "provider[\"registry.terraform.io/hashicorp/aws\"]",
      "instances": [
        {
          "schema_version": 1,
          "attributes": {
            "arn": "arn:aws:ec2:us-east-2:233442448767:security-group/sg-04fe889e3d41c8cec",
            "description": "Security group for VPC endpoints",
            "egress": [
              {
                "cidr_blocks": [
                  "0.0.0.0/0"
                ],
                "description": "",
                "from_port": 0,
                "ipv6_cidr_blocks": [],
                "prefix_list_ids": [],
                "protocol": "-1",
                "security_groups": [],
                "self": false,
                "to_port": 0
              }
            ],
            "id": "sg-04fe889e3d41c8cec",
            "ingress": [
              {
                "cidr_blocks": [],
                "description": "HTTPS from ECS",
                "from_port": 443,
                "ipv6_cidr_blocks": [],
                "prefix_list_ids": [],
                "protocol": "tcp",
                "security_groups": [
                  "sg-019c1f14f23825100"
                ],
                "self": false,
                "to_port": 443
              }
            ],
            "name": "checkguard-vpc-endpoints-sg",
            "name_prefix": "",
            "owner_id": "233442448767",
            "region": "us-east-2",
            "revoke_rules_on_delete": false,
            "tags": {
              "Environment": "production",
              "Name": "checkguard-vpc-endpoints-sg"
            },
            "tags_all": {
              "Environment": "production",
              "ManagedBy": "Terraform",
              "Name": "checkguard-vpc-endpoints-sg",
              "Owner": "CheckGuard Team",
              "Project": "CheckGuard AI"
            },
            "timeouts": null,
            "vpc_id": "vpc-06a36e4fd06bc2eeb"
          },
          "sensitive_attributes": [],
          "private": "eyJlMmJmYjczMC1lY2FhLTExZTYtOGY4OC0zNDM2M2JjN2M0YzAiOnsiY3JlYXRlIjo2MDAwMDAwMDAwMDAsImRlbGV0ZSI6OTAwMDAwMDAwMDAwfSwic2NoZW1hX3ZlcnNpb24iOiIxIn0=",
          "dependencies": [
            "aws_security_group.alb",
            "aws_security_group.ecs",
            "module.vpc.aws_vpc.this"
          ]
        }
      ]
    },
    {
      "mode": "managed",
      "type": "aws_sns_topic",
      "name": "billing_alerts",
      "provider": "provider[\"registry.terraform.io/hashicorp/aws\"]",
      "instances": [
        {
          "schema_version": 0,
          "attributes": {
            "application_failure_feedback_role_arn": "",
            "application_success_feedback_role_arn": "",
            "application_success_feedback_sample_rate": 0,
            "archive_policy": "",
            "arn": "arn:aws:sns:us-east-2:233442448767:checkguard-billing-alerts",
            "beginning_archive_time": "",
            "content_based_deduplication": false,
            "delivery_policy": "",
            "display_name": "",
            "fifo_throughput_scope": "",
            "fifo_topic": false,
            "firehose_failure_feedback_role_arn": "",
            "firehose_success_feedback_role_arn": "",
            "firehose_success_feedback_sample_rate": 0,
            "http_failure_feedback_role_arn": "",
            "http_success_feedback_role_arn": "",
            "http_success_feedback_sample_rate": 0,
            "id": "arn:aws:sns:us-east-2:233442448767:checkguard-billing-alerts",
            "kms_master_key_id": "",
            "lambda_failure_feedback_role_arn": "",
            "lambda_success_feedback_role_arn": "",
            "lambda_success_feedback_sample_rate": 0,
            "name": "checkguard-billing-alerts",
            "name_prefix": "",
            "owner": "233442448767",
            "policy": "{\"Id\":\"__default_policy_ID\",\"Statement\":[{\"Action\":[\"SNS:GetTopicAttributes\",\"SNS:SetTopicAttributes\",\"SNS:AddPermission\",\"SNS:RemovePermission\",\"SNS:DeleteTopic\",\"SNS:Subscribe\",\"SNS:ListSubscriptionsByTopic\",\"SNS:Publish\"],\"Condition\":{\"StringEquals\":{\"AWS:SourceOwner\":\"233442448767\"}},\"Effect\":\"Allow\",\"Principal\":{\"AWS\":\"*\"},\"Resource\":\"arn:aws:sns:us-east-2:233442448767:checkguard-billing-alerts\",\"Sid\":\"__default_statement_ID\"}],\"Version\":\"2008-10-17\"}",
            "region": "us-east-2",
            "signature_version": 0,
            "sqs_failure_feedback_role_arn": "",
            "sqs_success_feedback_role_arn": "",
            "sqs_success_feedback_sample_rate": 0,
            "tags": {
              "Environment": "production",
              "Project": "checkguard",
              "Purpose": "BillingAlerts"
            },
            "tags_all": {
              "Environment": "production",
              "ManagedBy": "Terraform",
              "Owner": "CheckGuard Team",
              "Project": "checkguard",
              "Purpose": "BillingAlerts"
            },
            "tracing_config": ""
          },
          "sensitive_attributes": [],
          "private": "bnVsbA=="
        }
      ]
    },
    {
      "mode": "managed",
      "type": "aws_sns_topic_subscription",
      "name": "billing_email",
      "provider": "provider[\"registry.terraform.io/hashicorp/aws\"]",
      "instances": [
        {
          "schema_version": 0,
          "attributes": {
            "arn": "arn:aws:sns:us-east-2:233442448767:checkguard-billing-alerts:a4c70e82-9bad-421e-98fb-94e4189802a4",
            "confirmation_timeout_in_minutes": 1,
            "confirmation_was_authenticated": false,
            "delivery_policy": "",
            "endpoint": "youssefmehili@gmail.com",
            "endpoint_auto_confirms": false,
            "filter_policy": "",
            "filter_policy_scope": "",
            "id": "arn:aws:sns:us-east-2:233442448767:checkguard-billing-alerts:a4c70e82-9bad-421e-98fb-94e4189802a4",
            "owner_id": "233442448767",
            "pending_confirmation": false,
            "protocol": "email",
            "raw_message_delivery": false,
            "redrive_policy": "",
            "region": "us-east-2",
            "replay_policy": "",
            "subscription_role_arn": "",
            "topic_arn": "arn:aws:sns:us-east-2:233442448767:checkguard-billing-alerts"
          },
          "sensitive_attributes": [],
          "private": "bnVsbA==",
          "dependencies": [
            "aws_sns_topic.billing_alerts"
          ]
        }
      ]
    },
    {
      "mode": "managed",
      "type": "aws_vpc_endpoint",
      "name": "ecr_api",
      "provider": "provider[\"registry.terraform.io/hashicorp/aws\"]",
      "instances": [
        {
          "schema_version": 0,
          "attributes": {
            "arn": "arn:aws:ec2:us-east-2:233442448767:vpc-endpoint/vpce-0a9e1656639401ecc",
            "auto_accept": null,
            "cidr_blocks": [],
            "dns_entry": [
              {
                "dns_name": "vpce-0a9e1656639401ecc-t5re8xnt.api.ecr.us-east-2.vpce.amazonaws.com",
                "hosted_zone_id": "ZC8PG0KIFKBRI"
              },
              {
                "dns_name": "vpce-0a9e1656639401ecc-t5re8xnt-us-east-2b.api.ecr.us-east-2.vpce.amazonaws.com",
                "hosted_zone_id": "ZC8PG0KIFKBRI"
              },
              {
                "dns_name": "vpce-0a9e1656639401ecc-t5re8xnt-us-east-2c.api.ecr.us-east-2.vpce.amazonaws.com",
                "hosted_zone_id": "ZC8PG0KIFKBRI"
              },
              {
                "dns_name": "vpce-0a9e1656639401ecc-t5re8xnt-us-east-2a.api.ecr.us-east-2.vpce.amazonaws.com",
                "hosted_zone_id": "ZC8PG0KIFKBRI"
              },
              {
                "dns_name": "api.ecr.us-east-2.amazonaws.com",
                "hosted_zone_id": "Z00780933HXXRAWK23A23"
              },
              {
                "dns_name": "ecr.us-east-2.api.aws",
                "hosted_zone_id": "Z0666979X0S1B6UY5HJ7"
              }
            ],
            "dns_options": [
              {
                "dns_record_ip_type": "ipv4",
                "private_dns_only_for_inbound_resolver_endpoint": false
              }
            ],
            "id": "vpce-0a9e1656639401ecc",
            "ip_address_type": "ipv4",
            "network_interface_ids": [
              "eni-0030c2fe819f0d47f",
              "eni-08763f0f6a10ce031",
              "eni-0f96ae713a71cbd10"
            ],
            "owner_id": "233442448767",
            "policy": "{\"Statement\":[{\"Action\":\"*\",\"Effect\":\"Allow\",\"Principal\":\"*\",\"Resource\":\"*\"}]}",
            "prefix_list_id": null,
            "private_dns_enabled": true,
            "region": "us-east-2",
            "requester_managed": false,
            "resource_configuration_arn": "",
            "route_table_ids": [],
            "security_group_ids": [
              "sg-04fe889e3d41c8cec"
            ],
            "service_name": "com.amazonaws.us-east-2.ecr.api",
            "service_network_arn": "",
            "service_region": "us-east-2",
            "state": "available",
            "subnet_configuration": [
              {
                "ipv4": "10.0.1.158",
                "ipv6": "",
                "subnet_id": "subnet-0ff46dd33e34137c0"
              },
              {
                "ipv4": "10.0.2.95",
                "ipv6": "",
                "subnet_id": "subnet-080e767110dd2796f"
              },
              {
                "ipv4": "10.0.3.82",
                "ipv6": "",
                "subnet_id": "subnet-05282f386915eed96"
              }
            ],
            "subnet_ids": [
              "subnet-05282f386915eed96",
              "subnet-080e767110dd2796f",
              "subnet-0ff46dd33e34137c0"
            ],
            "tags": {
              "Environment": "production",
              "Name": "checkguard-ecr-api-endpoint"
            },
            "tags_all": {
              "Environment": "production",
              "ManagedBy": "Terraform",
              "Name": "checkguard-ecr-api-endpoint",
              "Owner": "CheckGuard Team",
              "Project": "CheckGuard AI"
            },
            "timeouts": null,
            "vpc_endpoint_type": "Interface",
            "vpc_id": "vpc-06a36e4fd06bc2eeb"
          },
          "sensitive_attributes": [],
          "private": "eyJlMmJmYjczMC1lY2FhLTExZTYtOGY4OC0zNDM2M2JjN2M0YzAiOnsiY3JlYXRlIjo2MDAwMDAwMDAwMDAsImRlbGV0ZSI6NjAwMDAwMDAwMDAwLCJ1cGRhdGUiOjYwMDAwMDAwMDAwMH19",
          "dependencies": [
            "aws_security_group.alb",
            "aws_security_group.ecs",
            "aws_security_group.vpc_endpoints",
            "data.aws_availability_zones.available",
            "module.vpc.aws_subnet.private",
            "module.vpc.aws_vpc.this",
            "module.vpc.aws_vpc_ipv4_cidr_block_association.this"
          ]
        }
      ]
    },
    {
      "mode": "managed",
      "type": "aws_vpc_endpoint",
      "name": "ecr_dkr",
      "provider": "provider[\"registry.terraform.io/hashicorp/aws\"]",
      "instances": [
        {
          "schema_version": 0,
          "attributes": {
            "arn": "arn:aws:ec2:us-east-2:233442448767:vpc-endpoint/vpce-00c4526bafaef6104",
            "auto_accept": null,
            "cidr_blocks": [],
            "dns_entry": [
              {
                "dns_name": "vpce-00c4526bafaef6104-rr5ns18c.dkr.ecr.us-east-2.vpce.amazonaws.com",
                "hosted_zone_id": "ZC8PG0KIFKBRI"
              },
              {
                "dns_name": "vpce-00c4526bafaef6104-rr5ns18c-us-east-2b.dkr.ecr.us-east-2.vpce.amazonaws.com",
                "hosted_zone_id": "ZC8PG0KIFKBRI"
              },
              {
                "dns_name": "vpce-00c4526bafaef6104-rr5ns18c-us-east-2a.dkr.ecr.us-east-2.vpce.amazonaws.com",
                "hosted_zone_id": "ZC8PG0KIFKBRI"
              },
              {
                "dns_name": "vpce-00c4526bafaef6104-rr5ns18c-us-east-2c.dkr.ecr.us-east-2.vpce.amazonaws.com",
                "hosted_zone_id": "ZC8PG0KIFKBRI"
              },
              {
                "dns_name": "dkr.ecr.us-east-2.amazonaws.com",
                "hosted_zone_id": "Z04212702D0GO059R0WWE"
              },
              {
                "dns_name": "*.dkr.ecr.us-east-2.amazonaws.com",
                "hosted_zone_id": "Z04212702D0GO059R0WWE"
              },
              {
                "dns_name": "dkr-ecr.us-east-2.on.aws",
                "hosted_zone_id": "Z06669836VGGENKNE6I5"
              },
              {
                "dns_name": "*.dkr-ecr.us-east-2.on.aws",
                "hosted_zone_id": "Z06669836VGGENKNE6I5"
              }
            ],
            "dns_options": [
              {
                "dns_record_ip_type": "ipv4",
                "private_dns_only_for_inbound_resolver_endpoint": false
              }
            ],
            "id": "vpce-00c4526bafaef6104",
            "ip_address_type": "ipv4",
            "network_interface_ids": [
              "eni-0204df4a4dbe59721",
              "eni-097789c23a090724e",
              "eni-0f6698fba0fcf1f6a"
            ],
            "owner_id": "233442448767",
            "policy": "{\"Statement\":[{\"Action\":\"*\",\"Effect\":\"Allow\",\"Principal\":\"*\",\"Resource\":\"*\"}]}",
            "prefix_list_id": null,
            "private_dns_enabled": true,
            "region": "us-east-2",
            "requester_managed": false,
            "resource_configuration_arn": "",
            "route_table_ids": [],
            "security_group_ids": [
              "sg-04fe889e3d41c8cec"
            ],
            "service_name": "com.amazonaws.us-east-2.ecr.dkr",
            "service_network_arn": "",
            "service_region": "us-east-2",
            "state": "available",
            "subnet_configuration": [
              {
                "ipv4": "10.0.1.117",
                "ipv6": "",
                "subnet_id": "subnet-0ff46dd33e34137c0"
              },
              {
                "ipv4": "10.0.2.21",
                "ipv6": "",
                "subnet_id": "subnet-080e767110dd2796f"
              },
              {
                "ipv4": "10.0.3.163",
                "ipv6": "",
                "subnet_id": "subnet-05282f386915eed96"
              }
            ],
            "subnet_ids": [
              "subnet-05282f386915eed96",
              "subnet-080e767110dd2796f",
              "subnet-0ff46dd33e34137c0"
            ],
            "tags": {
              "Environment": "production",
              "Name": "checkguard-ecr-dkr-endpoint"
            },
            "tags_all": {
              "Environment": "production",
              "ManagedBy": "Terraform",
              "Name": "checkguard-ecr-dkr-endpoint",
              "Owner": "CheckGuard Team",
              "Project": "CheckGuard AI"
            },
            "timeouts": null,
            "vpc_endpoint_type": "Interface",
            "vpc_id": "vpc-06a36e4fd06bc2eeb"
          },
          "sensitive_attributes": [],
          "private": "eyJlMmJmYjczMC1lY2FhLTExZTYtOGY4OC0zNDM2M2JjN2M0YzAiOnsiY3JlYXRlIjo2MDAwMDAwMDAwMDAsImRlbGV0ZSI6NjAwMDAwMDAwMDAwLCJ1cGRhdGUiOjYwMDAwMDAwMDAwMH19",
          "dependencies": [
            "aws_security_group.alb",
            "aws_security_group.ecs",
            "aws_security_group.vpc_endpoints",
            "data.aws_availability_zones.available",
            "module.vpc.aws_subnet.private",
            "module.vpc.aws_vpc.this",
            "module.vpc.aws_vpc_ipv4_cidr_block_association.this"
          ]
        }
      ]
    },
    {
      "mode": "managed",
      "type": "aws_vpc_endpoint",
      "name": "logs",
      "provider": "provider[\"registry.terraform.io/hashicorp/aws\"]",
      "instances": [
        {
          "schema_version": 0,
          "attributes": {
            "arn": "arn:aws:ec2:us-east-2:233442448767:vpc-endpoint/vpce-016d474c4752f086e",
            "auto_accept": null,
            "cidr_blocks": [],
            "dns_entry": [
              {
                "dns_name": "vpce-016d474c4752f086e-t4g5g088.logs.us-east-2.vpce.amazonaws.com",
                "hosted_zone_id": "ZC8PG0KIFKBRI"
              },
              {
                "dns_name": "vpce-016d474c4752f086e-t4g5g088-us-east-2b.logs.us-east-2.vpce.amazonaws.com",
                "hosted_zone_id": "ZC8PG0KIFKBRI"
              },
              {
                "dns_name": "vpce-016d474c4752f086e-t4g5g088-us-east-2a.logs.us-east-2.vpce.amazonaws.com",
                "hosted_zone_id": "ZC8PG0KIFKBRI"
              },
              {
                "dns_name": "vpce-016d474c4752f086e-t4g5g088-us-east-2c.logs.us-east-2.vpce.amazonaws.com",
                "hosted_zone_id": "ZC8PG0KIFKBRI"
              },
              {
                "dns_name": "logs.us-east-2.amazonaws.com",
                "hosted_zone_id": "Z041868331RNEMJI8XVNF"
              },
              {
                "dns_name": "logs.us-east-2.api.aws",
                "hosted_zone_id": "Z03984702BJINX7W9EHXM"
              },
              {
                "dns_name": "streaming-logs.us-east-2.api.aws",
                "hosted_zone_id": "Z066750593MUY88EMLKX"
              },
              {
                "dns_name": "streaming-logs.us-east-2.amazonaws.com",
                "hosted_zone_id": "Z00780223ZOACGQMUTRO"
              }
            ],
            "dns_options": [
              {
                "dns_record_ip_type": "ipv4",
                "private_dns_only_for_inbound_resolver_endpoint": false
              }
            ],
            "id": "vpce-016d474c4752f086e",
            "ip_address_type": "ipv4",
            "network_interface_ids": [
              "eni-04f9fe319b2ee0084",
              "eni-079767c98ccce29ea",
              "eni-08af8b07695b47104"
            ],
            "owner_id": "233442448767",
            "policy": "{\"Statement\":[{\"Action\":\"*\",\"Effect\":\"Allow\",\"Principal\":\"*\",\"Resource\":\"*\"}]}",
            "prefix_list_id": null,
            "private_dns_enabled": true,
            "region": "us-east-2",
            "requester_managed": false,
            "resource_configuration_arn": "",
            "route_table_ids": [],
            "security_group_ids": [
              "sg-04fe889e3d41c8cec"
            ],
            "service_name": "com.amazonaws.us-east-2.logs",
            "service_network_arn": "",
            "service_region": "us-east-2",
            "state": "available",
            "subnet_configuration": [
              {
                "ipv4": "10.0.1.139",
                "ipv6": "",
                "subnet_id": "subnet-0ff46dd33e34137c0"
              },
              {
                "ipv4": "10.0.2.238",
                "ipv6": "",
                "subnet_id": "subnet-080e767110dd2796f"
              },
              {
                "ipv4": "10.0.3.178",
                "ipv6": "",
                "subnet_id": "subnet-05282f386915eed96"
              }
            ],
            "subnet_ids": [
              "subnet-05282f386915eed96",
              "subnet-080e767110dd2796f",
              "subnet-0ff46dd33e34137c0"
            ],
            "tags": {
              "Environment": "production",
              "Name": "checkguard-logs-endpoint"
            },
            "tags_all": {
              "Environment": "production",
              "ManagedBy": "Terraform",
              "Name": "checkguard-logs-endpoint",
              "Owner": "CheckGuard Team",
              "Project": "CheckGuard AI"
            },
            "timeouts": null,
            "vpc_endpoint_type": "Interface",
            "vpc_id": "vpc-06a36e4fd06bc2eeb"
          },
          "sensitive_attributes": [],
          "private": "eyJlMmJmYjczMC1lY2FhLTExZTYtOGY4OC0zNDM2M2JjN2M0YzAiOnsiY3JlYXRlIjo2MDAwMDAwMDAwMDAsImRlbGV0ZSI6NjAwMDAwMDAwMDAwLCJ1cGRhdGUiOjYwMDAwMDAwMDAwMH19",
          "dependencies": [
            "aws_security_group.alb",
            "aws_security_group.ecs",
            "aws_security_group.vpc_endpoints",
            "data.aws_availability_zones.available",
            "module.vpc.aws_subnet.private",
            "module.vpc.aws_vpc.this",
            "module.vpc.aws_vpc_ipv4_cidr_block_association.this"
          ]
        }
      ]
    },
    {
      "mode": "managed",
      "type": "aws_vpc_endpoint",
      "name": "s3",
      "provider": "provider[\"registry.terraform.io/hashicorp/aws\"]",
      "instances": [
        {
          "schema_version": 0,
          "attributes": {
            "arn": "arn:aws:ec2:us-east-2:233442448767:vpc-endpoint/vpce-0f659ddf2953a0663",
            "auto_accept": null,
            "cidr_blocks": [
              "18.34.252.0/22",
              "52.219.141.0/24",
              "18.34.72.0/21",
              "52.219.96.0/20",
              "52.219.224.0/21",
              "16.12.60.0/22",
              "52.219.232.0/22",
              "52.219.80.0/20",
              "3.5.128.0/22",
              "52.219.142.0/23",
              "3.5.132.0/23",
              "16.12.64.0/22",
              "52.219.212.0/22",
              "52.219.176.0/22"
            ],
            "dns_entry": [],
            "dns_options": [],
            "id": "vpce-0f659ddf2953a0663",
            "ip_address_type": "",
            "network_interface_ids": [],
            "owner_id": "233442448767",
            "policy": "{\"Statement\":[{\"Action\":\"*\",\"Effect\":\"Allow\",\"Principal\":\"*\",\"Resource\":\"*\"}],\"Version\":\"2008-10-17\"}",
            "prefix_list_id": "pl-7ba54012",
            "private_dns_enabled": false,
            "region": "us-east-2",
            "requester_managed": false,
            "resource_configuration_arn": "",
            "route_table_ids": [
              "rtb-0b0b46f5d627c3dce",
              "rtb-0e272b58976836d08",
              "rtb-0f2aadc1788a7055b"
            ],
            "security_group_ids": [],
            "service_name": "com.amazonaws.us-east-2.s3",
            "service_network_arn": "",
            "service_region": "us-east-2",
            "state": "available",
            "subnet_configuration": [],
            "subnet_ids": [],
            "tags": {
              "Environment": "production",
              "Name": "checkguard-s3-endpoint"
            },
            "tags_all": {
              "Environment": "production",
              "ManagedBy": "Terraform",
              "Name": "checkguard-s3-endpoint",
              "Owner": "CheckGuard Team",
              "Project": "CheckGuard AI"
            },
            "timeouts": null,
            "vpc_endpoint_type": "Gateway",
            "vpc_id": "vpc-06a36e4fd06bc2eeb"
          },
          "sensitive_attributes": [],
          "private": "eyJlMmJmYjczMC1lY2FhLTExZTYtOGY4OC0zNDM2M2JjN2M0YzAiOnsiY3JlYXRlIjo2MDAwMDAwMDAwMDAsImRlbGV0ZSI6NjAwMDAwMDAwMDAwLCJ1cGRhdGUiOjYwMDAwMDAwMDAwMH19",
          "dependencies": [
            "data.aws_availability_zones.available",
            "module.vpc.aws_route_table.private",
            "module.vpc.aws_vpc.this",
            "module.vpc.aws_vpc_ipv4_cidr_block_association.this"
          ]
        }
      ]
    },
    {
      "mode": "managed",
      "type": "aws_vpc_endpoint",
      "name": "secretsmanager",
      "provider": "provider[\"registry.terraform.io/hashicorp/aws\"]",
      "instances": [
        {
          "schema_version": 0,
          "attributes": {
            "arn": "arn:aws:ec2:us-east-2:233442448767:vpc-endpoint/vpce-05b846952cb46f8f1",
            "auto_accept": null,
            "cidr_blocks": [],
            "dns_entry": [
              {
                "dns_name": "vpce-05b846952cb46f8f1-ifomajmr.secretsmanager.us-east-2.vpce.amazonaws.com",
                "hosted_zone_id": "ZC8PG0KIFKBRI"
              },
              {
                "dns_name": "vpce-05b846952cb46f8f1-ifomajmr-us-east-2c.secretsmanager.us-east-2.vpce.amazonaws.com",
                "hosted_zone_id": "ZC8PG0KIFKBRI"
              },
              {
                "dns_name": "vpce-05b846952cb46f8f1-ifomajmr-us-east-2b.secretsmanager.us-east-2.vpce.amazonaws.com",
                "hosted_zone_id": "ZC8PG0KIFKBRI"
              },
              {
                "dns_name": "vpce-05b846952cb46f8f1-ifomajmr-us-east-2a.secretsmanager.us-east-2.vpce.amazonaws.com",
                "hosted_zone_id": "ZC8PG0KIFKBRI"
              },
              {
                "dns_name": "secretsmanager.us-east-2.amazonaws.com",
                "hosted_zone_id": "Z07543501OWKHY04UH7S5"
              }
            ],
            "dns_options": [
              {
                "dns_record_ip_type": "ipv4",
                "private_dns_only_for_inbound_resolver_endpoint": false
              }
            ],
            "id": "vpce-05b846952cb46f8f1",
            "ip_address_type": "ipv4",
            "network_interface_ids": [
              "eni-01bd4744dde2ef133",
              "eni-0735786cb7f4bf160",
              "eni-0c733a02f703dfebc"
            ],
            "owner_id": "233442448767",
            "policy": "{\"Statement\":[{\"Action\":\"*\",\"Effect\":\"Allow\",\"Principal\":\"*\",\"Resource\":\"*\"}]}",
            "prefix_list_id": null,
            "private_dns_enabled": true,
            "region": "us-east-2",
            "requester_managed": false,
            "resource_configuration_arn": "",
            "route_table_ids": [],
            "security_group_ids": [
              "sg-04fe889e3d41c8cec"
            ],
            "service_name": "com.amazonaws.us-east-2.secretsmanager",
            "service_network_arn": "",
            "service_region": "us-east-2",
            "state": "available",
            "subnet_configuration": [
              {
                "ipv4": "10.0.1.128",
                "ipv6": "",
                "subnet_id": "subnet-0ff46dd33e34137c0"
              },
              {
                "ipv4": "10.0.2.42",
                "ipv6": "",
                "subnet_id": "subnet-080e767110dd2796f"
              },
              {
                "ipv4": "10.0.3.240",
                "ipv6": "",
                "subnet_id": "subnet-05282f386915eed96"
              }
            ],
            "subnet_ids": [
              "subnet-05282f386915eed96",
              "subnet-080e767110dd2796f",
              "subnet-0ff46dd33e34137c0"
            ],
            "tags": {
              "Environment": "production",
              "Name": "checkguard-secretsmanager-endpoint"
            },
            "tags_all": {
              "Environment": "production",
              "ManagedBy": "Terraform",
              "Name": "checkguard-secretsmanager-endpoint",
              "Owner": "CheckGuard Team",
              "Project": "CheckGuard AI"
            },
            "timeouts": null,
            "vpc_endpoint_type": "Interface",
            "vpc_id": "vpc-06a36e4fd06bc2eeb"
          },
          "sensitive_attributes": [],
          "private": "eyJlMmJmYjczMC1lY2FhLTExZTYtOGY4OC0zNDM2M2JjN2M0YzAiOnsiY3JlYXRlIjo2MDAwMDAwMDAwMDAsImRlbGV0ZSI6NjAwMDAwMDAwMDAwLCJ1cGRhdGUiOjYwMDAwMDAwMDAwMH19",
          "dependencies": [
            "aws_security_group.alb",
            "aws_security_group.ecs",
            "aws_security_group.vpc_endpoints",
            "data.aws_availability_zones.available",
            "module.vpc.aws_subnet.private",
            "module.vpc.aws_vpc.this",
            "module.vpc.aws_vpc_ipv4_cidr_block_association.this"
          ]
        }
      ]
    },
    {
      "mode": "managed",
      "type": "random_password",
      "name": "app_secret_key",
      "provider": "provider[\"registry.terraform.io/hashicorp/random\"]",
      "instances": [
        {
          "schema_version": 3,
          "attributes": {
            "bcrypt_hash": "$2a$10$w5cP1tS88ocMUiH9qtIPme6YnPki0LbyuTt6bw28fxL9/tHAxdl1S",
            "id": "none",
            "keepers": null,
            "length": 64,
            "lower": true,
            "min_lower": 0,
            "min_numeric": 0,
            "min_special": 0,
            "min_upper": 0,
            "number": true,
            "numeric": true,
            "override_special": null,
            "result": "L\u003e]$W6zb@:nJ0\u003eIas7GhP\u003eXDVtA:]LYBmsg[%jmw?%-R}cP:=L2qupT5O1EWpt[0",
            "special": true,
            "upper": true
          },
          "sensitive_attributes": []
        }
      ]
    },
    {
      "mode": "managed",
      "type": "random_password",
      "name": "db_password",
      "provider": "provider[\"registry.terraform.io/hashicorp/random\"]",
      "instances": [
        {
          "schema_version": 3,
          "attributes": {
            "bcrypt_hash": "$2a$10$l6XPStlZWgd4LmYfr4j7kuxhusy0i3SvPxMRyLCxafeA1JzZ9fR6y",
            "id": "none",
            "keepers": null,
            "length": 32,
            "lower": true,
            "min_lower": 0,
            "min_numeric": 0,
            "min_special": 0,
            "min_upper": 0,
            "number": true,
            "numeric": true,
            "override_special": null,
            "result": "F8w%5yhhT(fVXAxHSEl3jK64D%suRJ\u003ci",
            "special": true,
            "upper": true
          },
          "sensitive_attributes": []
        }
      ]
    },
    {
      "mode": "managed",
      "type": "random_password",
      "name": "redis_auth_token",
      "provider": "provider[\"registry.terraform.io/hashicorp/random\"]",
      "instances": [
        {
          "schema_version": 3,
          "attributes": {
            "bcrypt_hash": "$2a$10$GAZWl0pytZxRcVDSj0OX3uk8uxt4Q4yz4B5GmPFdIc0w4rW1Puanq",
            "id": "none",
            "keepers": null,
            "length": 32,
            "lower": true,
            "min_lower": 0,
            "min_numeric": 0,
            "min_special": 0,
            "min_upper": 0,
            "number": true,
            "numeric": true,
            "override_special": null,
            "result": "vlpoI4ALAphSup1XLrQHndbxATWvjeZa",
            "special": false,
            "upper": true
          },
          "sensitive_attributes": []
        }
      ]
    },
    {
      "mode": "managed",
      "type": "random_string",
      "name": "alb_logs_bucket_suffix",
      "provider": "provider[\"registry.terraform.io/hashicorp/random\"]",
      "instances": [
        {
          "schema_version": 2,
          "attributes": {
            "id": "ns7sgv5w",
            "keepers": null,
            "length": 8,
            "lower": true,
            "min_lower": 0,
            "min_numeric": 0,
            "min_special": 0,
            "min_upper": 0,
            "number": true,
            "numeric": true,
            "override_special": null,
            "result": "ns7sgv5w",
            "special": false,
            "upper": false
          },
          "sensitive_attributes": [],
          "create_before_destroy": true
        }
      ]
    },
    {
      "mode": "managed",
      "type": "random_string",
      "name": "bucket_suffix",
      "provider": "provider[\"registry.terraform.io/hashicorp/random\"]",
      "instances": [
        {
          "schema_version": 2,
          "attributes": {
            "id": "ksfo7dly",
            "keepers": null,
            "length": 8,
            "lower": true,
            "min_lower": 0,
            "min_numeric": 0,
            "min_special": 0,
            "min_upper": 0,
            "number": true,
            "numeric": true,
            "override_special": null,
            "result": "ksfo7dly",
            "special": false,
            "upper": false
          },
          "sensitive_attributes": []
        }
      ]
    },
    {
      "module": "module.ecs.module.cluster",
      "mode": "managed",
      "type": "aws_cloudwatch_log_group",
      "name": "this",
      "provider": "provider[\"registry.terraform.io/hashicorp/aws\"]",
      "instances": [
        {
          "index_key": 0,
          "schema_version": 0,
          "attributes": {
            "arn": "arn:aws:logs:us-east-2:233442448767:log-group:/aws/ecs/checkguard-cluster",
            "id": "/aws/ecs/checkguard-cluster",
            "kms_key_id": "",
            "log_group_class": "STANDARD",
            "name": "/aws/ecs/checkguard-cluster",
            "name_prefix": "",
            "region": "us-east-2",
            "retention_in_days": 90,
            "skip_destroy": false,
            "tags": {
              "Environment": "production",
              "Name": "/aws/ecs/checkguard-cluster",
              "Project": "checkguard"
            },
            "tags_all": {
              "Environment": "production",
              "ManagedBy": "Terraform",
              "Name": "/aws/ecs/checkguard-cluster",
              "Owner": "CheckGuard Team",
              "Project": "checkguard"
            }
          },
          "sensitive_attributes": [],
          "private": "bnVsbA=="
        }
      ]
    },
    {
      "module": "module.ecs.module.cluster",
      "mode": "managed",
      "type": "aws_ecs_cluster",
      "name": "this",
      "provider": "provider[\"registry.terraform.io/hashicorp/aws\"]",
      "instances": [
        {
          "index_key": 0,
          "schema_version": 0,
          "attributes": {
            "arn": "arn:aws:ecs:us-east-2:233442448767:cluster/checkguard-cluster",
            "configuration": [
              {
                "execute_command_configuration": [
                  {
                    "kms_key_id": "",
                    "log_configuration": [
                      {
                        "cloud_watch_encryption_enabled": false,
                        "cloud_watch_log_group_name": "/aws/ecs/checkguard-cluster",
                        "s3_bucket_encryption_enabled": false,
                        "s3_bucket_name": "",
                        "s3_key_prefix": ""
                      }
                    ],
                    "logging": "OVERRIDE"
                  }
                ],
                "managed_storage_configuration": []
              }
            ],
            "id": "arn:aws:ecs:us-east-2:233442448767:cluster/checkguard-cluster",
            "name": "checkguard-cluster",
            "region": "us-east-2",
            "service_connect_defaults": [],
            "setting": [
              {
                "name": "containerInsights",
                "value": "enabled"
              }
            ],
            "tags": {
              "Environment": "production",
              "Project": "checkguard"
            },
            "tags_all": {
              "Environment": "production",
              "ManagedBy": "Terraform",
              "Owner": "CheckGuard Team",
              "Project": "checkguard"
            }
          },
          "sensitive_attributes": [],
          "private": "bnVsbA==",
          "dependencies": [
            "module.ecs.module.cluster.aws_cloudwatch_log_group.this"
          ]
        }
      ]
    },
    {
      "module": "module.ecs.module.cluster",
      "mode": "managed",
      "type": "aws_ecs_cluster_capacity_providers",
      "name": "this",
      "provider": "provider[\"registry.terraform.io/hashicorp/aws\"]",
      "instances": [
        {
          "index_key": 0,
          "schema_version": 0,
          "attributes": {
            "capacity_providers": [
              "FARGATE",
              "FARGATE_SPOT"
            ],
            "cluster_name": "checkguard-cluster",
            "default_capacity_provider_strategy": [
              {
                "base": 0,
                "capacity_provider": "FARGATE_SPOT",
                "weight": 30
              },
              {
                "base": 1,
                "capacity_provider": "FARGATE",
                "weight": 70
              }
            ],
            "id": "checkguard-cluster",
            "region": "us-east-2"
          },
          "sensitive_attributes": [],
          "private": "bnVsbA==",
          "dependencies": [
            "module.ecs.module.cluster.aws_cloudwatch_log_group.this",
            "module.ecs.module.cluster.aws_ecs_capacity_provider.this",
            "module.ecs.module.cluster.aws_ecs_cluster.this"
          ]
        }
      ]
    },
    {
      "module": "module.ecs.module.service[\"backend\"]",
      "mode": "data",
      "type": "aws_caller_identity",
      "name": "current",
      "provider": "provider[\"registry.terraform.io/hashicorp/aws\"]",
      "instances": [
        {
          "index_key": 0,
          "schema_version": 0,
          "attributes": {
            "account_id": "233442448767",
            "arn": "arn:aws:iam::233442448767:user/checkguard-deployer",
            "id": "233442448767",
            "user_id": "AIDATMWSBCV7TYMU3PKLM"
          },
          "sensitive_attributes": []
        }
      ]
    },
    {
      "module": "module.ecs.module.service[\"backend\"]",
      "mode": "data",
      "type": "aws_iam_policy_document",
      "name": "task_exec",
      "provider": "provider[\"registry.terraform.io/hashicorp/aws\"]",
      "instances": [
        {
          "index_key": 0,
          "schema_version": 0,
          "attributes": {
            "id": "1734719305",
            "json": "{\n  \"Version\": \"2012-10-17\",\n  \"Statement\": [\n    {\n      \"Sid\": \"Logs\",\n      \"Effect\": \"Allow\",\n      \"Action\": [\n        \"logs:PutLogEvents\",\n        \"logs:CreateLogStream\"\n      ],\n      \"Resource\": \"*\"\n    },\n    {\n      \"Sid\": \"ECR\",\n      \"Effect\": \"Allow\",\n      \"Action\": [\n        \"ecr:GetDownloadUrlForLayer\",\n        \"ecr:GetAuthorizationToken\",\n        \"ecr:BatchGetImage\",\n        \"ecr:BatchCheckLayerAvailability\"\n      ],\n      \"Resource\": \"*\"\n    }\n  ]\n}",
            "minified_json": "{\"Version\":\"2012-10-17\",\"Statement\":[{\"Sid\":\"Logs\",\"Effect\":\"Allow\",\"Action\":[\"logs:PutLogEvents\",\"logs:CreateLogStream\"],\"Resource\":\"*\"},{\"Sid\":\"ECR\",\"Effect\":\"Allow\",\"Action\":[\"ecr:GetDownloadUrlForLayer\",\"ecr:GetAuthorizationToken\",\"ecr:BatchGetImage\",\"ecr:BatchCheckLayerAvailability\"],\"Resource\":\"*\"}]}",
            "override_json": null,
            "override_policy_documents": null,
            "policy_id": null,
            "source_json": null,
            "source_policy_documents": null,
            "statement": [
              {
                "actions": [
                  "logs:CreateLogStream",
                  "logs:PutLogEvents"
                ],
                "condition": [],
                "effect": "Allow",
                "not_actions": [],
                "not_principals": [],
                "not_resources": [],
                "principals": [],
                "resources": [
                  "*"
                ],
                "sid": "Logs"
              },
              {
                "actions": [
                  "ecr:BatchCheckLayerAvailability",
                  "ecr:BatchGetImage",
                  "ecr:GetAuthorizationToken",
                  "ecr:GetDownloadUrlForLayer"
                ],
                "condition": [],
                "effect": "Allow",
                "not_actions": [],
                "not_principals": [],
                "not_resources": [],
                "principals": [],
                "resources": [
                  "*"
                ],
                "sid": "ECR"
              }
            ],
            "version": "2012-10-17"
          },
          "sensitive_attributes": []
        }
      ]
    },
    {
      "module": "module.ecs.module.service[\"backend\"]",
      "mode": "data",
      "type": "aws_iam_policy_document",
      "name": "task_exec_assume",
      "provider": "provider[\"registry.terraform.io/hashicorp/aws\"]",
      "instances": [
        {
          "index_key": 0,
          "schema_version": 0,
          "attributes": {
            "id": "2291109037",
            "json": "{\n  \"Version\": \"2012-10-17\",\n  \"Statement\": [\n    {\n      \"Sid\": \"ECSTaskExecutionAssumeRole\",\n      \"Effect\": \"Allow\",\n      \"Action\": \"sts:AssumeRole\",\n      \"Principal\": {\n        \"Service\": \"ecs-tasks.amazonaws.com\"\n      }\n    }\n  ]\n}",
            "minified_json": "{\"Version\":\"2012-10-17\",\"Statement\":[{\"Sid\":\"ECSTaskExecutionAssumeRole\",\"Effect\":\"Allow\",\"Action\":\"sts:AssumeRole\",\"Principal\":{\"Service\":\"ecs-tasks.amazonaws.com\"}}]}",
            "override_json": null,
            "override_policy_documents": null,
            "policy_id": null,
            "source_json": null,
            "source_policy_documents": null,
            "statement": [
              {
                "actions": [
                  "sts:AssumeRole"
                ],
                "condition": [],
                "effect": "Allow",
                "not_actions": [],
                "not_principals": [],
                "not_resources": [],
                "principals": [
                  {
                    "identifiers": [
                      "ecs-tasks.amazonaws.com"
                    ],
                    "type": "Service"
                  }
                ],
                "resources": [],
                "sid": "ECSTaskExecutionAssumeRole"
              }
            ],
            "version": "2012-10-17"
          },
          "sensitive_attributes": []
        }
      ]
    },
    {
      "module": "module.ecs.module.service[\"backend\"]",
      "mode": "data",
      "type": "aws_iam_policy_document",
      "name": "tasks_assume",
      "provider": "provider[\"registry.terraform.io/hashicorp/aws\"]",
      "instances": [
        {
          "index_key": 0,
          "schema_version": 0,
          "attributes": {
            "id": "637168758",
            "json": "{\n  \"Version\": \"2012-10-17\",\n  \"Statement\": [\n    {\n      \"Sid\": \"ECSTasksAssumeRole\",\n      \"Effect\": \"Allow\",\n      \"Action\": \"sts:AssumeRole\",\n      \"Principal\": {\n        \"Service\": \"ecs-tasks.amazonaws.com\"\n      },\n      \"Condition\": {\n        \"ArnLike\": {\n          \"aws:SourceArn\": \"arn:aws:ecs:us-east-2:233442448767:*\"\n        },\n        \"StringEquals\": {\n          \"aws:SourceAccount\": \"233442448767\"\n        }\n      }\n    }\n  ]\n}",
            "minified_json": "{\"Version\":\"2012-10-17\",\"Statement\":[{\"Sid\":\"ECSTasksAssumeRole\",\"Effect\":\"Allow\",\"Action\":\"sts:AssumeRole\",\"Principal\":{\"Service\":\"ecs-tasks.amazonaws.com\"},\"Condition\":{\"ArnLike\":{\"aws:SourceArn\":\"arn:aws:ecs:us-east-2:233442448767:*\"},\"StringEquals\":{\"aws:SourceAccount\":\"233442448767\"}}}]}",
            "override_json": null,
            "override_policy_documents": null,
            "policy_id": null,
            "source_json": null,
            "source_policy_documents": null,
            "statement": [
              {
                "actions": [
                  "sts:AssumeRole"
                ],
                "condition": [
                  {
                    "test": "ArnLike",
                    "values": [
                      "arn:aws:ecs:us-east-2:233442448767:*"
                    ],
                    "variable": "aws:SourceArn"
                  },
                  {
                    "test": "StringEquals",
                    "values": [
                      "233442448767"
                    ],
                    "variable": "aws:SourceAccount"
                  }
                ],
                "effect": "Allow",
                "not_actions": [],
                "not_principals": [],
                "not_resources": [],
                "principals": [
                  {
                    "identifiers": [
                      "ecs-tasks.amazonaws.com"
                    ],
                    "type": "Service"
                  }
                ],
                "resources": [],
                "sid": "ECSTasksAssumeRole"
              }
            ],
            "version": "2012-10-17"
          },
          "sensitive_attributes": []
        }
      ]
    },
    {
      "module": "module.ecs.module.service[\"backend\"]",
      "mode": "data",
      "type": "aws_partition",
      "name": "current",
      "provider": "provider[\"registry.terraform.io/hashicorp/aws\"]",
      "instances": [
        {
          "index_key": 0,
          "schema_version": 0,
          "attributes": {
            "dns_suffix": "amazonaws.com",
            "id": "aws",
            "partition": "aws",
            "reverse_dns_prefix": "com.amazonaws"
          },
          "sensitive_attributes": []
        }
      ]
    },
    {
      "module": "module.ecs.module.service[\"backend\"]",
      "mode": "data",
      "type": "aws_region",
      "name": "current",
      "provider": "provider[\"registry.terraform.io/hashicorp/aws\"]",
      "instances": [
        {
          "index_key": 0,
          "schema_version": 0,
          "attributes": {
            "description": "US East (Ohio)",
            "endpoint": "ec2.us-east-2.amazonaws.com",
            "id": "us-east-2",
            "name": "us-east-2",
            "region": "us-east-2"
          },
          "sensitive_attributes": []
        }
      ]
    },
    {
      "module": "module.ecs.module.service[\"backend\"]",
      "mode": "data",
      "type": "aws_subnet",
      "name": "this",
      "provider": "provider[\"registry.terraform.io/hashicorp/aws\"]",
      "instances": [
        {
          "index_key": 0,
          "schema_version": 0,
          "attributes": {
            "arn": "arn:aws:ec2:us-east-2:233442448767:subnet/subnet-0ff46dd33e34137c0",
            "assign_ipv6_address_on_creation": false,
            "availability_zone": "us-east-2a",
            "availability_zone_id": "use2-az1",
            "available_ip_address_count": 243,
            "cidr_block": "10.0.1.0/24",
            "customer_owned_ipv4_pool": "",
            "default_for_az": false,
            "enable_dns64": false,
            "enable_lni_at_device_index": 0,
            "enable_resource_name_dns_a_record_on_launch": false,
            "enable_resource_name_dns_aaaa_record_on_launch": false,
            "filter": null,
            "id": "subnet-0ff46dd33e34137c0",
            "ipv6_cidr_block": "",
            "ipv6_cidr_block_association_id": "",
            "ipv6_native": false,
            "map_customer_owned_ip_on_launch": false,
            "map_public_ip_on_launch": false,
            "outpost_arn": "",
            "owner_id": "233442448767",
            "private_dns_hostname_type_on_launch": "ip-name",
            "region": "us-east-2",
            "state": "available",
            "tags": {
              "Environment": "production",
              "ManagedBy": "Terraform",
              "Name": "checkguard-vpc",
              "Owner": "CheckGuard Team",
              "Project": "CheckGuard AI",
              "Tier": "app",
              "Type": "private"
            },
            "timeouts": null,
            "vpc_id": "vpc-06a36e4fd06bc2eeb"
          },
          "sensitive_attributes": []
        }
      ]
    },
    {
      "module": "module.ecs.module.service[\"backend\"]",
      "mode": "managed",
      "type": "aws_appautoscaling_policy",
      "name": "this",
      "provider": "provider[\"registry.terraform.io/hashicorp/aws\"]",
      "instances": [
        {
          "index_key": "cpu",
          "schema_version": 0,
          "attributes": {
            "alarm_arns": [
              "arn:aws:cloudwatch:us-east-2:233442448767:alarm:TargetTracking-service/checkguard-cluster/backend-AlarmHigh-a0fa7e53-9774-4633-83c5-7831b925f682",
              "arn:aws:cloudwatch:us-east-2:233442448767:alarm:TargetTracking-service/checkguard-cluster/backend-AlarmLow-aa2a4f34-adea-4316-b474-5e1ee8d05065"
            ],
            "arn": "arn:aws:autoscaling:us-east-2:233442448767:scalingPolicy:ea710896-fd81-43ae-844c-bf69af8847c4:resource/ecs/service/checkguard-cluster/backend:policyName/cpu",
            "id": "cpu",
            "name": "cpu",
            "policy_type": "TargetTrackingScaling",
            "region": "us-east-2",
            "resource_id": "service/checkguard-cluster/backend",
            "scalable_dimension": "ecs:service:DesiredCount",
            "service_namespace": "ecs",
            "step_scaling_policy_configuration": [],
            "target_tracking_scaling_policy_configuration": [
              {
                "customized_metric_specification": [],
                "disable_scale_in": false,
                "predefined_metric_specification": [
                  {
                    "predefined_metric_type": "ECSServiceAverageCPUUtilization",
                    "resource_label": ""
                  }
                ],
                "scale_in_cooldown": 300,
                "scale_out_cooldown": 60,
                "target_value": 70
              }
            ]
          },
          "sensitive_attributes": [],
          "private": "bnVsbA==",
          "dependencies": [
            "aws_iam_role.ecs_task",
            "aws_iam_role.ecs_task_execution",
            "aws_kms_key.secrets",
            "aws_lb.main",
            "aws_lb_target_group.backend",
            "aws_lb_target_group.frontend",
            "aws_s3_bucket.alb_logs",
            "aws_secretsmanager_secret.app_secret",
            "aws_secretsmanager_secret.clerk",
            "aws_secretsmanager_secret.clerk_publishable",
            "aws_secretsmanager_secret.database",
            "aws_secretsmanager_secret.gemini",
            "aws_secretsmanager_secret.redis",
            "aws_security_group.alb",
            "data.aws_availability_zones.available",
            "data.aws_caller_identity.current",
            "module.ecs.module.cluster.aws_cloudwatch_log_group.this",
            "module.ecs.module.cluster.aws_ecs_cluster.this",
            "module.ecs.module.cluster.aws_iam_role.task_exec",
            "module.ecs.module.cluster.data.aws_iam_policy_document.task_exec_assume",
            "module.ecs.module.service.aws_appautoscaling_target.this",
            "module.ecs.module.service.aws_ecs_service.ignore_task_definition",
            "module.ecs.module.service.aws_ecs_service.this",
            "module.ecs.module.service.aws_ecs_task_definition.this",
            "module.ecs.module.service.aws_iam_policy.service",
            "module.ecs.module.service.aws_iam_policy.task_exec",
            "module.ecs.module.service.aws_iam_role.infrastructure_iam_role",
            "module.ecs.module.service.aws_iam_role.service",
            "module.ecs.module.service.aws_iam_role.task_exec",
            "module.ecs.module.service.aws_iam_role.tasks",
            "module.ecs.module.service.aws_iam_role_policy_attachment.infrastructure_iam_role_ebs_policy",
            "module.ecs.module.service.aws_iam_role_policy_attachment.service",
            "module.ecs.module.service.aws_iam_role_policy_attachment.task_exec",
            "module.ecs.module.service.aws_iam_role_policy_attachment.task_exec_additional",
            "module.ecs.module.service.aws_iam_role_policy_attachment.tasks",
            "module.ecs.module.service.aws_security_group.this",
            "module.ecs.module.service.data.aws_caller_identity.current",
            "module.ecs.module.service.data.aws_iam_policy_document.infrastructure_iam_role",
            "module.ecs.module.service.data.aws_iam_policy_document.service",
            "module.ecs.module.service.data.aws_iam_policy_document.service_assume",
            "module.ecs.module.service.data.aws_iam_policy_document.task_exec",
            "module.ecs.module.service.data.aws_iam_policy_document.task_exec_assume",
            "module.ecs.module.service.data.aws_iam_policy_document.tasks_assume",
            "module.ecs.module.service.data.aws_partition.current",
            "module.ecs.module.service.data.aws_region.current",
            "module.ecs.module.service.data.aws_subnet.this",
            "module.ecs.module.service.module.container_definition.aws_cloudwatch_log_group.this",
            "module.ecs.module.service.module.container_definition.data.aws_region.current",
            "module.vpc.aws_subnet.private",
            "module.vpc.aws_subnet.public",
            "module.vpc.aws_vpc.this",
            "module.vpc.aws_vpc_ipv4_cidr_block_association.this",
            "random_string.alb_logs_bucket_suffix"
          ]
        },
        {
          "index_key": "memory",
          "schema_version": 0,
          "attributes": {
            "alarm_arns": [
              "arn:aws:cloudwatch:us-east-2:233442448767:alarm:TargetTracking-service/checkguard-cluster/backend-AlarmHigh-fbcee4af-0aa5-44c7-8cff-2ead280d4d78",
              "arn:aws:cloudwatch:us-east-2:233442448767:alarm:TargetTracking-service/checkguard-cluster/backend-AlarmLow-7b1a3acf-97c8-4df0-ab86-7da3c363250d"
            ],
            "arn": "arn:aws:autoscaling:us-east-2:233442448767:scalingPolicy:ea710896-fd81-43ae-844c-bf69af8847c4:resource/ecs/service/checkguard-cluster/backend:policyName/memory",
            "id": "memory",
            "name": "memory",
            "policy_type": "TargetTrackingScaling",
            "region": "us-east-2",
            "resource_id": "service/checkguard-cluster/backend",
            "scalable_dimension": "ecs:service:DesiredCount",
            "service_namespace": "ecs",
            "step_scaling_policy_configuration": [],
            "target_tracking_scaling_policy_configuration": [
              {
                "customized_metric_specification": [],
                "disable_scale_in": false,
                "predefined_metric_specification": [
                  {
                    "predefined_metric_type": "ECSServiceAverageMemoryUtilization",
                    "resource_label": ""
                  }
                ],
                "scale_in_cooldown": 300,
                "scale_out_cooldown": 60,
                "target_value": 80
              }
            ]
          },
          "sensitive_attributes": [],
          "private": "bnVsbA==",
          "dependencies": [
            "aws_iam_role.ecs_task",
            "aws_iam_role.ecs_task_execution",
            "aws_kms_key.secrets",
            "aws_lb.main",
            "aws_lb_target_group.backend",
            "aws_lb_target_group.frontend",
            "aws_s3_bucket.alb_logs",
            "aws_secretsmanager_secret.app_secret",
            "aws_secretsmanager_secret.clerk",
            "aws_secretsmanager_secret.clerk_publishable",
            "aws_secretsmanager_secret.database",
            "aws_secretsmanager_secret.gemini",
            "aws_secretsmanager_secret.redis",
            "aws_security_group.alb",
            "data.aws_availability_zones.available",
            "data.aws_caller_identity.current",
            "module.ecs.module.cluster.aws_cloudwatch_log_group.this",
            "module.ecs.module.cluster.aws_ecs_cluster.this",
            "module.ecs.module.cluster.aws_iam_role.task_exec",
            "module.ecs.module.cluster.data.aws_iam_policy_document.task_exec_assume",
            "module.ecs.module.service.aws_appautoscaling_target.this",
            "module.ecs.module.service.aws_ecs_service.ignore_task_definition",
            "module.ecs.module.service.aws_ecs_service.this",
            "module.ecs.module.service.aws_ecs_task_definition.this",
            "module.ecs.module.service.aws_iam_policy.service",
            "module.ecs.module.service.aws_iam_policy.task_exec",
            "module.ecs.module.service.aws_iam_role.infrastructure_iam_role",
            "module.ecs.module.service.aws_iam_role.service",
            "module.ecs.module.service.aws_iam_role.task_exec",
            "module.ecs.module.service.aws_iam_role.tasks",
            "module.ecs.module.service.aws_iam_role_policy_attachment.infrastructure_iam_role_ebs_policy",
            "module.ecs.module.service.aws_iam_role_policy_attachment.service",
            "module.ecs.module.service.aws_iam_role_policy_attachment.task_exec",
            "module.ecs.module.service.aws_iam_role_policy_attachment.task_exec_additional",
            "module.ecs.module.service.aws_iam_role_policy_attachment.tasks",
            "module.ecs.module.service.aws_security_group.this",
            "module.ecs.module.service.data.aws_caller_identity.current",
            "module.ecs.module.service.data.aws_iam_policy_document.infrastructure_iam_role",
            "module.ecs.module.service.data.aws_iam_policy_document.service",
            "module.ecs.module.service.data.aws_iam_policy_document.service_assume",
            "module.ecs.module.service.data.aws_iam_policy_document.task_exec",
            "module.ecs.module.service.data.aws_iam_policy_document.task_exec_assume",
            "module.ecs.module.service.data.aws_iam_policy_document.tasks_assume",
            "module.ecs.module.service.data.aws_partition.current",
            "module.ecs.module.service.data.aws_region.current",
            "module.ecs.module.service.data.aws_subnet.this",
            "module.ecs.module.service.module.container_definition.aws_cloudwatch_log_group.this",
            "module.ecs.module.service.module.container_definition.data.aws_region.current",
            "module.vpc.aws_subnet.private",
            "module.vpc.aws_subnet.public",
            "module.vpc.aws_vpc.this",
            "module.vpc.aws_vpc_ipv4_cidr_block_association.this",
            "random_string.alb_logs_bucket_suffix"
          ]
        }
      ]
    },
    {
      "module": "module.ecs.module.service[\"backend\"]",
      "mode": "managed",
      "type": "aws_appautoscaling_target",
      "name": "this",
      "provider": "provider[\"registry.terraform.io/hashicorp/aws\"]",
      "instances": [
        {
          "index_key": 0,
          "schema_version": 0,
          "attributes": {
            "arn": "arn:aws:application-autoscaling:us-east-2:233442448767:scalable-target/0ec5ea710896fd8143ae844cbf69af8847c4",
            "id": "service/checkguard-cluster/backend",
            "max_capacity": 10,
            "min_capacity": 1,
            "region": "us-east-2",
            "resource_id": "service/checkguard-cluster/backend",
            "role_arn": "arn:aws:iam::233442448767:role/aws-service-role/ecs.application-autoscaling.amazonaws.com/AWSServiceRoleForApplicationAutoScaling_ECSService",
            "scalable_dimension": "ecs:service:DesiredCount",
            "service_namespace": "ecs",
            "suspended_state": [
              {
                "dynamic_scaling_in_suspended": false,
                "dynamic_scaling_out_suspended": false,
                "scheduled_scaling_suspended": false
              }
            ],
            "tags": {
              "Environment": "production",
              "Project": "checkguard"
            },
            "tags_all": {
              "Environment": "production",
              "ManagedBy": "Terraform",
              "Owner": "CheckGuard Team",
              "Project": "checkguard"
            }
          },
          "sensitive_attributes": [],
          "private": "bnVsbA==",
          "dependencies": [
            "aws_iam_role.ecs_task",
            "aws_iam_role.ecs_task_execution",
            "aws_kms_key.secrets",
            "aws_lb.main",
            "aws_lb_target_group.backend",
            "aws_lb_target_group.frontend",
            "aws_s3_bucket.alb_logs",
            "aws_secretsmanager_secret.app_secret",
            "aws_secretsmanager_secret.clerk",
            "aws_secretsmanager_secret.clerk_publishable",
            "aws_secretsmanager_secret.database",
            "aws_secretsmanager_secret.gemini",
            "aws_secretsmanager_secret.redis",
            "aws_security_group.alb",
            "data.aws_availability_zones.available",
            "data.aws_caller_identity.current",
            "module.ecs.module.cluster.aws_cloudwatch_log_group.this",
            "module.ecs.module.cluster.aws_ecs_cluster.this",
            "module.ecs.module.cluster.aws_iam_role.task_exec",
            "module.ecs.module.cluster.data.aws_iam_policy_document.task_exec_assume",
            "module.ecs.module.service.aws_ecs_service.ignore_task_definition",
            "module.ecs.module.service.aws_ecs_service.this",
            "module.ecs.module.service.aws_ecs_task_definition.this",
            "module.ecs.module.service.aws_iam_policy.service",
            "module.ecs.module.service.aws_iam_policy.task_exec",
            "module.ecs.module.service.aws_iam_role.infrastructure_iam_role",
            "module.ecs.module.service.aws_iam_role.service",
            "module.ecs.module.service.aws_iam_role.task_exec",
            "module.ecs.module.service.aws_iam_role.tasks",
            "module.ecs.module.service.aws_iam_role_policy_attachment.infrastructure_iam_role_ebs_policy",
            "module.ecs.module.service.aws_iam_role_policy_attachment.service",
            "module.ecs.module.service.aws_iam_role_policy_attachment.task_exec",
            "module.ecs.module.service.aws_iam_role_policy_attachment.task_exec_additional",
            "module.ecs.module.service.aws_iam_role_policy_attachment.tasks",
            "module.ecs.module.service.aws_security_group.this",
            "module.ecs.module.service.data.aws_caller_identity.current",
            "module.ecs.module.service.data.aws_iam_policy_document.infrastructure_iam_role",
            "module.ecs.module.service.data.aws_iam_policy_document.service",
            "module.ecs.module.service.data.aws_iam_policy_document.service_assume",
            "module.ecs.module.service.data.aws_iam_policy_document.task_exec",
            "module.ecs.module.service.data.aws_iam_policy_document.task_exec_assume",
            "module.ecs.module.service.data.aws_iam_policy_document.tasks_assume",
            "module.ecs.module.service.data.aws_partition.current",
            "module.ecs.module.service.data.aws_region.current",
            "module.ecs.module.service.data.aws_subnet.this",
            "module.ecs.module.service.module.container_definition.aws_cloudwatch_log_group.this",
            "module.ecs.module.service.module.container_definition.data.aws_region.current",
            "module.vpc.aws_subnet.private",
            "module.vpc.aws_subnet.public",
            "module.vpc.aws_vpc.this",
            "module.vpc.aws_vpc_ipv4_cidr_block_association.this",
            "random_string.alb_logs_bucket_suffix"
          ]
        }
      ]
    },
    {
      "module": "module.ecs.module.service[\"backend\"]",
      "mode": "managed",
      "type": "aws_ecs_service",
      "name": "this",
      "provider": "provider[\"registry.terraform.io/hashicorp/aws\"]",
      "instances": [
        {
          "index_key": 0,
          "schema_version": 1,
          "attributes": {
            "alarms": [],
            "arn": "arn:aws:ecs:us-east-2:233442448767:service/checkguard-cluster/backend",
            "availability_zone_rebalancing": "DISABLED",
            "capacity_provider_strategy": [],
            "cluster": "arn:aws:ecs:us-east-2:233442448767:cluster/checkguard-cluster",
            "deployment_circuit_breaker": [
              {
                "enable": false,
                "rollback": false
              }
            ],
            "deployment_configuration": [],
            "deployment_controller": [
              {
                "type": "ECS"
              }
            ],
            "deployment_maximum_percent": 200,
            "deployment_minimum_healthy_percent": 66,
            "desired_count": 1,
            "enable_ecs_managed_tags": true,
            "enable_execute_command": false,
            "force_delete": null,
            "force_new_deployment": true,
            "health_check_grace_period_seconds": 0,
            "iam_role": "/aws-service-role/ecs.amazonaws.com/AWSServiceRoleForECS",
            "id": "arn:aws:ecs:us-east-2:233442448767:service/checkguard-cluster/backend",
            "launch_type": "FARGATE",
            "load_balancer": [
              {
                "advanced_configuration": [],
                "container_name": "backend",
                "container_port": 8000,
                "elb_name": "",
                "target_group_arn": "arn:aws:elasticloadbalancing:us-east-2:233442448767:targetgroup/checkguard-backend-tg/059a7165a8deb330"
              }
            ],
            "name": "backend",
            "network_configuration": [
              {
                "assign_public_ip": false,
                "security_groups": [
                  "sg-037edd2846beff48e"
                ],
                "subnets": [
                  "subnet-05282f386915eed96",
                  "subnet-080e767110dd2796f",
                  "subnet-0ff46dd33e34137c0"
                ]
              }
            ],
            "ordered_placement_strategy": [],
            "placement_constraints": [],
            "platform_version": "LATEST",
            "propagate_tags": "NONE",
            "region": "us-east-2",
            "scheduling_strategy": "REPLICA",
            "service_connect_configuration": [],
            "service_registries": [],
            "tags": {
              "Environment": "production",
              "Project": "checkguard"
            },
            "tags_all": {
              "Environment": "production",
              "ManagedBy": "Terraform",
              "Owner": "CheckGuard Team",
              "Project": "checkguard"
            },
            "task_definition": "arn:aws:ecs:us-east-2:233442448767:task-definition/backend:27",
            "timeouts": null,
            "triggers": {},
            "volume_configuration": [],
            "vpc_lattice_configurations": [],
            "wait_for_steady_state": false
          },
          "sensitive_attributes": [],
          "private": "eyJlMmJmYjczMC1lY2FhLTExZTYtOGY4OC0zNDM2M2JjN2M0YzAiOnsiY3JlYXRlIjoxMjAwMDAwMDAwMDAwLCJkZWxldGUiOjEyMDAwMDAwMDAwMDAsInVwZGF0ZSI6MTIwMDAwMDAwMDAwMH0sInNjaGVtYV92ZXJzaW9uIjoiMSJ9",
          "dependencies": [
            "aws_iam_role.ecs_task",
            "aws_iam_role.ecs_task_execution",
            "aws_lb.main",
            "aws_lb_target_group.backend",
            "aws_lb_target_group.frontend",
            "aws_secretsmanager_secret.app_secret",
            "aws_secretsmanager_secret.clerk",
            "aws_secretsmanager_secret.clerk_publishable",
            "aws_secretsmanager_secret.database",
            "aws_secretsmanager_secret.gemini",
            "aws_secretsmanager_secret.redis",
            "aws_security_group.alb",
            "data.aws_caller_identity.current",
            "module.ecs.module.cluster.aws_ecs_cluster.this",
            "module.ecs.module.cluster.aws_iam_role.task_exec",
            "module.ecs.module.service.aws_ecs_task_definition.this",
            "module.ecs.module.service.aws_iam_role.infrastructure_iam_role",
            "module.ecs.module.service.aws_iam_role.service",
            "module.ecs.module.service.aws_iam_role.task_exec",
            "module.ecs.module.service.aws_iam_role.tasks",
            "module.ecs.module.service.aws_iam_role_policy_attachment.infrastructure_iam_role_ebs_policy",
            "module.ecs.module.service.aws_iam_role_policy_attachment.service",
            "module.ecs.module.service.aws_iam_role_policy_attachment.task_exec",
            "module.ecs.module.service.aws_iam_role_policy_attachment.task_exec_additional",
            "module.ecs.module.service.aws_iam_role_policy_attachment.tasks",
            "module.ecs.module.service.aws_security_group.this",
            "module.ecs.module.service.module.container_definition.aws_cloudwatch_log_group.this",
            "module.ecs.module.service.module.container_definition.data.aws_region.current",
            "module.vpc.aws_subnet.private"
          ]
        }
      ]
    },
    {
      "module": "module.ecs.module.service[\"backend\"]",
      "mode": "managed",
      "type": "aws_ecs_task_definition",
      "name": "this",
      "provider": "provider[\"registry.terraform.io/hashicorp/aws\"]",
      "instances": [
        {
          "index_key": 0,
          "schema_version": 1,
          "attributes": {
            "arn": "arn:aws:ecs:us-east-2:233442448767:task-definition/backend:27",
            "arn_without_revision": "arn:aws:ecs:us-east-2:233442448767:task-definition/backend",
            "container_definitions": "[{\"cpu\":1024,\"environment\":[{\"name\":\"API_V1_STR\",\"value\":\"/api/v1\"},{\"name\":\"NODE_ENV\",\"value\":\"production\"},{\"name\":\"PROJECT_NAME\",\"value\":\"CheckGuard AI\"}],\"essential\":true,\"healthCheck\":{\"command\":[\"CMD-SHELL\",\"curl -f http://localhost:8000/health || exit 1\"],\"interval\":30,\"retries\":3,\"startPeriod\":60,\"timeout\":5},\"image\":\"233442448767.dkr.ecr.us-east-2.amazonaws.com/checkguard-backend:latest\",\"interactive\":false,\"linuxParameters\":{\"initProcessEnabled\":false},\"logConfiguration\":{\"logDriver\":\"awslogs\",\"options\":{\"awslogs-region\":\"us-east-2\",\"awslogs-stream-prefix\":\"ecs\",\"awslogs-group\":\"/aws/ecs/backend/backend-20250802155036857500000027\"}},\"memory\":2048,\"memoryReservation\":1024,\"mountPoints\":[],\"name\":\"backend\",\"portMappings\":[{\"containerPort\":8000,\"hostPort\":8000,\"name\":\"backend\",\"protocol\":\"tcp\"}],\"privileged\":false,\"pseudoTerminal\":false,\"readonlyRootFilesystem\":false,\"restartPolicy\":{\"enabled\":true,\"ignoredExitCodes\":[]},\"secrets\":[{\"name\":\"CLERK_SECRET_KEY\",\"valueFrom\":\"arn:aws:secretsmanager:us-east-2:233442448767:secret:checkguard/clerk-kiCPWF\"},{\"name\":\"DATABASE_URL\",\"valueFrom\":\"arn:aws:secretsmanager:us-east-2:233442448767:secret:checkguard/database-37qpTA:url::\"},{\"name\":\"GEMINI_API_KEY\",\"valueFrom\":\"arn:aws:secretsmanager:us-east-2:233442448767:secret:checkguard/gemini-MkO8jH\"},{\"name\":\"SECRET_KEY\",\"valueFrom\":\"arn:aws:secretsmanager:us-east-2:233442448767:secret:checkguard/app-secret-7xAq5e\"}],\"startTimeout\":30,\"stopTimeout\":120,\"systemControls\":[],\"user\":\"1000\",\"versionConsistency\":\"disabled\",\"volumesFrom\":[]}]",
            "cpu": "1024",
            "enable_fault_injection": false,
            "ephemeral_storage": [],
            "execution_role_arn": "arn:aws:iam::233442448767:role/backend-2025080215503595630000001f",
            "family": "backend",
            "id": "backend",
            "ipc_mode": "",
            "memory": "2048",
            "network_mode": "awsvpc",
            "pid_mode": "",
            "placement_constraints": [],
            "proxy_configuration": [],
            "region": "us-east-2",
            "requires_compatibilities": [
              "FARGATE"
            ],
            "revision": 27,
            "runtime_platform": [
              {
                "cpu_architecture": "X86_64",
                "operating_system_family": "LINUX"
              }
            ],
            "skip_destroy": false,
            "tags": {
              "Environment": "production",
              "Project": "checkguard"
            },
            "tags_all": {
              "Environment": "production",
              "ManagedBy": "Terraform",
              "Owner": "CheckGuard Team",
              "Project": "checkguard"
            },
            "task_role_arn": "arn:aws:iam::233442448767:role/backend-2025080215503528770000001b",
            "track_latest": true,
            "volume": []
          },
          "sensitive_attributes": [],
          "private": "eyJzY2hlbWFfdmVyc2lvbiI6IjEifQ==",
          "dependencies": [
            "aws_iam_role.ecs_task",
            "aws_iam_role.ecs_task_execution",
            "aws_lb.main",
            "aws_lb_target_group.backend",
            "aws_lb_target_group.frontend",
            "aws_secretsmanager_secret.app_secret",
            "aws_secretsmanager_secret.clerk",
            "aws_secretsmanager_secret.clerk_publishable",
            "aws_secretsmanager_secret.database",
            "aws_secretsmanager_secret.gemini",
            "aws_secretsmanager_secret.redis",
            "aws_security_group.alb",
            "data.aws_caller_identity.current",
            "module.ecs.module.cluster.aws_iam_role.task_exec",
            "module.ecs.module.service.aws_iam_role.task_exec",
            "module.ecs.module.service.aws_iam_role.tasks",
            "module.ecs.module.service.aws_iam_role_policy_attachment.task_exec",
            "module.ecs.module.service.aws_iam_role_policy_attachment.task_exec_additional",
            "module.ecs.module.service.aws_iam_role_policy_attachment.tasks",
            "module.ecs.module.service.module.container_definition.aws_cloudwatch_log_group.this",
            "module.ecs.module.service.module.container_definition.data.aws_region.current",
            "module.vpc.aws_subnet.private"
          ],
          "create_before_destroy": true
        }
      ]
    },
    {
      "module": "module.ecs.module.service[\"backend\"]",
      "mode": "managed",
      "type": "aws_iam_policy",
      "name": "task_exec",
      "provider": "provider[\"registry.terraform.io/hashicorp/aws\"]",
      "instances": [
        {
          "index_key": 0,
          "schema_version": 0,
          "attributes": {
            "arn": "arn:aws:iam::233442448767:policy/backend-20250802155036075500000021",
            "attachment_count": 1,
            "description": "Task execution role IAM policy",
            "id": "arn:aws:iam::233442448767:policy/backend-20250802155036075500000021",
            "name": "backend-20250802155036075500000021",
            "name_prefix": "backend-",
            "path": "/",
            "policy": "{\"Statement\":[{\"Action\":[\"logs:PutLogEvents\",\"logs:CreateLogStream\"],\"Effect\":\"Allow\",\"Resource\":\"*\",\"Sid\":\"Logs\"},{\"Action\":[\"ecr:GetDownloadUrlForLayer\",\"ecr:GetAuthorizationToken\",\"ecr:BatchGetImage\",\"ecr:BatchCheckLayerAvailability\"],\"Effect\":\"Allow\",\"Resource\":\"*\",\"Sid\":\"ECR\"}],\"Version\":\"2012-10-17\"}",
            "policy_id": "ANPATMWSBCV74ZSQ7VQSK",
            "tags": {
              "Environment": "production",
              "Project": "checkguard"
            },
            "tags_all": {
              "Environment": "production",
              "ManagedBy": "Terraform",
              "Owner": "CheckGuard Team",
              "Project": "checkguard"
            }
          },
          "sensitive_attributes": [],
          "private": "bnVsbA==",
          "dependencies": [
            "aws_iam_role.ecs_task",
            "aws_iam_role.ecs_task_execution",
            "aws_kms_key.secrets",
            "aws_lb.main",
            "aws_lb_target_group.backend",
            "aws_lb_target_group.frontend",
            "aws_s3_bucket.alb_logs",
            "aws_secretsmanager_secret.app_secret",
            "aws_secretsmanager_secret.clerk",
            "aws_secretsmanager_secret.clerk_publishable",
            "aws_secretsmanager_secret.database",
            "aws_secretsmanager_secret.gemini",
            "aws_secretsmanager_secret.redis",
            "aws_security_group.alb",
            "data.aws_availability_zones.available",
            "data.aws_caller_identity.current",
            "module.ecs.module.service.data.aws_iam_policy_document.task_exec",
            "module.vpc.aws_subnet.private",
            "module.vpc.aws_subnet.public",
            "module.vpc.aws_vpc.this",
            "module.vpc.aws_vpc_ipv4_cidr_block_association.this",
            "random_string.alb_logs_bucket_suffix"
          ],
          "create_before_destroy": true
        }
      ]
    },
    {
      "module": "module.ecs.module.service[\"backend\"]",
      "mode": "managed",
      "type": "aws_iam_role",
      "name": "task_exec",
      "provider": "provider[\"registry.terraform.io/hashicorp/aws\"]",
      "instances": [
        {
          "index_key": 0,
          "schema_version": 0,
          "attributes": {
            "arn": "arn:aws:iam::233442448767:role/backend-2025080215503595630000001f",
            "assume_role_policy": "{\"Statement\":[{\"Action\":\"sts:AssumeRole\",\"Effect\":\"Allow\",\"Principal\":{\"Service\":\"ecs-tasks.amazonaws.com\"},\"Sid\":\"ECSTaskExecutionAssumeRole\"}],\"Version\":\"2012-10-17\"}",
            "create_date": "2025-08-02T15:50:36Z",
            "description": "Task execution role for backend",
            "force_detach_policies": true,
            "id": "backend-2025080215503595630000001f",
            "inline_policy": [],
            "managed_policy_arns": [
              "arn:aws:iam::233442448767:policy/backend-20250802155036075500000021"
            ],
            "max_session_duration": 3600,
            "name": "backend-2025080215503595630000001f",
            "name_prefix": "backend-",
            "path": "/",
            "permissions_boundary": "",
            "tags": {
              "Environment": "production",
              "Project": "checkguard"
            },
            "tags_all": {
              "Environment": "production",
              "ManagedBy": "Terraform",
              "Owner": "CheckGuard Team",
              "Project": "checkguard"
            },
            "unique_id": "AROATMWSBCV757A45K6JT"
          },
          "sensitive_attributes": [],
          "private": "bnVsbA==",
          "dependencies": [
            "aws_iam_role.ecs_task",
            "aws_iam_role.ecs_task_execution",
            "aws_kms_key.secrets",
            "aws_lb.main",
            "aws_lb_target_group.backend",
            "aws_lb_target_group.frontend",
            "aws_s3_bucket.alb_logs",
            "aws_secretsmanager_secret.app_secret",
            "aws_secretsmanager_secret.clerk",
            "aws_secretsmanager_secret.clerk_publishable",
            "aws_secretsmanager_secret.database",
            "aws_secretsmanager_secret.gemini",
            "aws_secretsmanager_secret.redis",
            "aws_security_group.alb",
            "data.aws_availability_zones.available",
            "data.aws_caller_identity.current",
            "module.ecs.module.service.data.aws_iam_policy_document.task_exec_assume",
            "module.vpc.aws_subnet.private",
            "module.vpc.aws_subnet.public",
            "module.vpc.aws_vpc.this",
            "module.vpc.aws_vpc_ipv4_cidr_block_association.this",
            "random_string.alb_logs_bucket_suffix"
          ],
          "create_before_destroy": true
        }
      ]
    },
    {
      "module": "module.ecs.module.service[\"backend\"]",
      "mode": "managed",
      "type": "aws_iam_role",
      "name": "tasks",
      "provider": "provider[\"registry.terraform.io/hashicorp/aws\"]",
      "instances": [
        {
          "index_key": 0,
          "schema_version": 0,
          "attributes": {
            "arn": "arn:aws:iam::233442448767:role/backend-2025080215503528770000001b",
            "assume_role_policy": "{\"Statement\":[{\"Action\":\"sts:AssumeRole\",\"Condition\":{\"ArnLike\":{\"aws:SourceArn\":\"arn:aws:ecs:us-east-2:233442448767:*\"},\"StringEquals\":{\"aws:SourceAccount\":\"233442448767\"}},\"Effect\":\"Allow\",\"Principal\":{\"Service\":\"ecs-tasks.amazonaws.com\"},\"Sid\":\"ECSTasksAssumeRole\"}],\"Version\":\"2012-10-17\"}",
            "create_date": "2025-08-02T15:50:35Z",
            "description": "",
            "force_detach_policies": true,
            "id": "backend-2025080215503528770000001b",
            "inline_policy": [],
            "managed_policy_arns": [],
            "max_session_duration": 3600,
            "name": "backend-2025080215503528770000001b",
            "name_prefix": "backend-",
            "path": "/",
            "permissions_boundary": "",
            "tags": {
              "Environment": "production",
              "Project": "checkguard"
            },
            "tags_all": {
              "Environment": "production",
              "ManagedBy": "Terraform",
              "Owner": "CheckGuard Team",
              "Project": "checkguard"
            },
            "unique_id": "AROATMWSBCV732CPNWT4F"
          },
          "sensitive_attributes": [],
          "private": "bnVsbA==",
          "dependencies": [
            "aws_iam_role.ecs_task",
            "aws_iam_role.ecs_task_execution",
            "aws_kms_key.secrets",
            "aws_lb.main",
            "aws_lb_target_group.backend",
            "aws_lb_target_group.frontend",
            "aws_s3_bucket.alb_logs",
            "aws_secretsmanager_secret.app_secret",
            "aws_secretsmanager_secret.clerk",
            "aws_secretsmanager_secret.clerk_publishable",
            "aws_secretsmanager_secret.database",
            "aws_secretsmanager_secret.gemini",
            "aws_secretsmanager_secret.redis",
            "aws_security_group.alb",
            "data.aws_availability_zones.available",
            "data.aws_caller_identity.current",
            "module.ecs.module.service.data.aws_caller_identity.current",
            "module.ecs.module.service.data.aws_iam_policy_document.tasks_assume",
            "module.ecs.module.service.data.aws_partition.current",
            "module.ecs.module.service.data.aws_region.current",
            "module.vpc.aws_subnet.private",
            "module.vpc.aws_subnet.public",
            "module.vpc.aws_vpc.this",
            "module.vpc.aws_vpc_ipv4_cidr_block_association.this",
            "random_string.alb_logs_bucket_suffix"
          ],
          "create_before_destroy": true
        }
      ]
    },
    {
      "module": "module.ecs.module.service[\"backend\"]",
      "mode": "managed",
      "type": "aws_iam_role_policy_attachment",
      "name": "task_exec",
      "provider": "provider[\"registry.terraform.io/hashicorp/aws\"]",
      "instances": [
        {
          "index_key": 0,
          "schema_version": 0,
          "attributes": {
            "id": "backend-2025080215503595630000001f/arn:aws:iam::233442448767:policy/backend-20250802155036075500000021",
            "policy_arn": "arn:aws:iam::233442448767:policy/backend-20250802155036075500000021",
            "role": "backend-2025080215503595630000001f"
          },
          "sensitive_attributes": [],
          "private": "bnVsbA==",
          "dependencies": [
            "aws_iam_role.ecs_task",
            "aws_iam_role.ecs_task_execution",
            "aws_kms_key.secrets",
            "aws_lb.main",
            "aws_lb_target_group.backend",
            "aws_lb_target_group.frontend",
            "aws_s3_bucket.alb_logs",
            "aws_secretsmanager_secret.app_secret",
            "aws_secretsmanager_secret.clerk",
            "aws_secretsmanager_secret.clerk_publishable",
            "aws_secretsmanager_secret.database",
            "aws_secretsmanager_secret.gemini",
            "aws_secretsmanager_secret.redis",
            "aws_security_group.alb",
            "data.aws_availability_zones.available",
            "data.aws_caller_identity.current",
            "module.ecs.module.service.aws_iam_policy.task_exec",
            "module.ecs.module.service.aws_iam_role.task_exec",
            "module.ecs.module.service.data.aws_iam_policy_document.task_exec",
            "module.ecs.module.service.data.aws_iam_policy_document.task_exec_assume",
            "module.vpc.aws_subnet.private",
            "module.vpc.aws_subnet.public",
            "module.vpc.aws_vpc.this",
            "module.vpc.aws_vpc_ipv4_cidr_block_association.this",
            "random_string.alb_logs_bucket_suffix"
          ],
          "create_before_destroy": true
        }
      ]
    },
    {
      "module": "module.ecs.module.service[\"backend\"]",
      "mode": "managed",
      "type": "aws_security_group",
      "name": "this",
      "provider": "provider[\"registry.terraform.io/hashicorp/aws\"]",
      "instances": [
        {
          "index_key": 0,
          "schema_version": 1,
          "attributes": {
            "arn": "arn:aws:ec2:us-east-2:233442448767:security-group/sg-037edd2846beff48e",
            "description": "Managed by Terraform",
            "egress": [
              {
                "cidr_blocks": [
                  "0.0.0.0/0"
                ],
                "description": "",
                "from_port": 0,
                "ipv6_cidr_blocks": [],
                "prefix_list_ids": [],
                "protocol": "-1",
                "security_groups": [],
                "self": false,
                "to_port": 0
              }
            ],
            "id": "sg-037edd2846beff48e",
            "ingress": [
              {
                "cidr_blocks": [],
                "description": "Backend API port",
                "from_port": 8000,
                "ipv6_cidr_blocks": [],
                "prefix_list_ids": [],
                "protocol": "tcp",
                "security_groups": [
                  "sg-09829e42fe913a8f5"
                ],
                "self": false,
                "to_port": 8000
              }
            ],
            "name": "backend-20250802155036340600000023",
            "name_prefix": "backend-",
            "owner_id": "233442448767",
            "region": "us-east-2",
            "revoke_rules_on_delete": false,
            "tags": {
              "Environment": "production",
              "Name": "backend",
              "Project": "checkguard"
            },
            "tags_all": {
              "Environment": "production",
              "ManagedBy": "Terraform",
              "Name": "backend",
              "Owner": "CheckGuard Team",
              "Project": "checkguard"
            },
            "timeouts": null,
            "vpc_id": "vpc-06a36e4fd06bc2eeb"
          },
          "sensitive_attributes": [],
          "private": "eyJlMmJmYjczMC1lY2FhLTExZTYtOGY4OC0zNDM2M2JjN2M0YzAiOnsiY3JlYXRlIjo2MDAwMDAwMDAwMDAsImRlbGV0ZSI6OTAwMDAwMDAwMDAwfSwic2NoZW1hX3ZlcnNpb24iOiIxIn0=",
          "dependencies": [
            "aws_iam_role.ecs_task",
            "aws_iam_role.ecs_task_execution",
            "aws_kms_key.secrets",
            "aws_lb.main",
            "aws_lb_target_group.backend",
            "aws_lb_target_group.frontend",
            "aws_s3_bucket.alb_logs",
            "aws_secretsmanager_secret.app_secret",
            "aws_secretsmanager_secret.clerk",
            "aws_secretsmanager_secret.clerk_publishable",
            "aws_secretsmanager_secret.database",
            "aws_secretsmanager_secret.gemini",
            "aws_secretsmanager_secret.redis",
            "aws_security_group.alb",
            "data.aws_availability_zones.available",
            "data.aws_caller_identity.current",
            "module.ecs.module.service.data.aws_subnet.this",
            "module.vpc.aws_subnet.private",
            "module.vpc.aws_subnet.public",
            "module.vpc.aws_vpc.this",
            "module.vpc.aws_vpc_ipv4_cidr_block_association.this",
            "random_string.alb_logs_bucket_suffix"
          ],
          "create_before_destroy": true
        }
      ]
    },
    {
      "module": "module.ecs.module.service[\"backend\"]",
      "mode": "managed",
      "type": "aws_vpc_security_group_egress_rule",
      "name": "this",
      "provider": "provider[\"registry.terraform.io/hashicorp/aws\"]",
      "instances": [
        {
          "index_key": "all",
          "schema_version": 0,
          "attributes": {
            "arn": "arn:aws:ec2:us-east-2:233442448767:security-group-rule/sgr-054d994192ebb7907",
            "cidr_ipv4": "0.0.0.0/0",
            "cidr_ipv6": null,
            "description": null,
            "from_port": null,
            "id": "sgr-054d994192ebb7907",
            "ip_protocol": "-1",
            "prefix_list_id": null,
            "referenced_security_group_id": null,
            "region": "us-east-2",
            "security_group_id": "sg-037edd2846beff48e",
            "security_group_rule_id": "sgr-054d994192ebb7907",
            "tags": {
              "Environment": "production",
              "Name": "backend-all",
              "Project": "checkguard"
            },
            "tags_all": {
              "Environment": "production",
              "ManagedBy": "Terraform",
              "Name": "backend-all",
              "Owner": "CheckGuard Team",
              "Project": "checkguard"
            },
            "to_port": null
          },
          "sensitive_attributes": [],
          "dependencies": [
            "aws_iam_role.ecs_task",
            "aws_iam_role.ecs_task_execution",
            "aws_kms_key.secrets",
            "aws_lb.main",
            "aws_lb_target_group.backend",
            "aws_lb_target_group.frontend",
            "aws_s3_bucket.alb_logs",
            "aws_secretsmanager_secret.app_secret",
            "aws_secretsmanager_secret.clerk",
            "aws_secretsmanager_secret.clerk_publishable",
            "aws_secretsmanager_secret.database",
            "aws_secretsmanager_secret.gemini",
            "aws_secretsmanager_secret.redis",
            "aws_security_group.alb",
            "data.aws_availability_zones.available",
            "data.aws_caller_identity.current",
            "module.ecs.module.service.aws_security_group.this",
            "module.ecs.module.service.data.aws_subnet.this",
            "module.vpc.aws_subnet.private",
            "module.vpc.aws_subnet.public",
            "module.vpc.aws_vpc.this",
            "module.vpc.aws_vpc_ipv4_cidr_block_association.this",
            "random_string.alb_logs_bucket_suffix"
          ]
        }
      ]
    },
    {
      "module": "module.ecs.module.service[\"backend\"]",
      "mode": "managed",
      "type": "aws_vpc_security_group_ingress_rule",
      "name": "this",
      "provider": "provider[\"registry.terraform.io/hashicorp/aws\"]",
      "instances": [
        {
          "index_key": "alb_8000",
          "schema_version": 0,
          "attributes": {
            "arn": "arn:aws:ec2:us-east-2:233442448767:security-group-rule/sgr-0476a883b3ea05a89",
            "cidr_ipv4": null,
            "cidr_ipv6": null,
            "description": "Backend API port",
            "from_port": 8000,
            "id": "sgr-0476a883b3ea05a89",
            "ip_protocol": "tcp",
            "prefix_list_id": null,
            "referenced_security_group_id": "sg-09829e42fe913a8f5",
            "region": "us-east-2",
            "security_group_id": "sg-037edd2846beff48e",
            "security_group_rule_id": "sgr-0476a883b3ea05a89",
            "tags": {
              "Environment": "production",
              "Name": "backend-alb_8000",
              "Project": "checkguard"
            },
            "tags_all": {
              "Environment": "production",
              "ManagedBy": "Terraform",
              "Name": "backend-alb_8000",
              "Owner": "CheckGuard Team",
              "Project": "checkguard"
            },
            "to_port": 8000
          },
          "sensitive_attributes": [],
          "dependencies": [
            "aws_iam_role.ecs_task",
            "aws_iam_role.ecs_task_execution",
            "aws_kms_key.secrets",
            "aws_lb.main",
            "aws_lb_target_group.backend",
            "aws_lb_target_group.frontend",
            "aws_s3_bucket.alb_logs",
            "aws_secretsmanager_secret.app_secret",
            "aws_secretsmanager_secret.clerk",
            "aws_secretsmanager_secret.clerk_publishable",
            "aws_secretsmanager_secret.database",
            "aws_secretsmanager_secret.gemini",
            "aws_secretsmanager_secret.redis",
            "aws_security_group.alb",
            "data.aws_availability_zones.available",
            "data.aws_caller_identity.current",
            "module.ecs.module.service.aws_security_group.this",
            "module.ecs.module.service.data.aws_subnet.this",
            "module.vpc.aws_subnet.private",
            "module.vpc.aws_subnet.public",
            "module.vpc.aws_vpc.this",
            "module.vpc.aws_vpc_ipv4_cidr_block_association.this",
            "random_string.alb_logs_bucket_suffix"
          ]
        }
      ]
    },
    {
      "module": "module.ecs.module.service[\"backend\"].module.container_definition[\"backend\"]",
      "mode": "data",
      "type": "aws_region",
      "name": "current",
      "provider": "provider[\"registry.terraform.io/hashicorp/aws\"]",
      "instances": [
        {
          "schema_version": 0,
          "attributes": {
            "description": "US East (Ohio)",
            "endpoint": "ec2.us-east-2.amazonaws.com",
            "id": "us-east-2",
            "name": "us-east-2",
            "region": "us-east-2"
          },
          "sensitive_attributes": []
        }
      ]
    },
    {
      "module": "module.ecs.module.service[\"backend\"].module.container_definition[\"backend\"]",
      "mode": "managed",
      "type": "aws_cloudwatch_log_group",
      "name": "this",
      "provider": "provider[\"registry.terraform.io/hashicorp/aws\"]",
      "instances": [
        {
          "index_key": 0,
          "schema_version": 0,
          "attributes": {
            "arn": "arn:aws:logs:us-east-2:233442448767:log-group:/aws/ecs/backend/backend-20250802155036857500000027",
            "id": "/aws/ecs/backend/backend-20250802155036857500000027",
            "kms_key_id": "",
            "log_group_class": "STANDARD",
            "name": "/aws/ecs/backend/backend-20250802155036857500000027",
            "name_prefix": "/aws/ecs/backend/backend-",
            "region": "us-east-2",
            "retention_in_days": 7,
            "skip_destroy": false,
            "tags": {
              "Environment": "production",
              "Project": "checkguard"
            },
            "tags_all": {
              "Environment": "production",
              "ManagedBy": "Terraform",
              "Owner": "CheckGuard Team",
              "Project": "checkguard"
            }
          },
          "sensitive_attributes": [],
          "private": "bnVsbA==",
          "dependencies": [
            "aws_iam_role.ecs_task",
            "aws_iam_role.ecs_task_execution",
            "aws_kms_key.secrets",
            "aws_lb.main",
            "aws_lb_target_group.backend",
            "aws_lb_target_group.frontend",
            "aws_s3_bucket.alb_logs",
            "aws_secretsmanager_secret.app_secret",
            "aws_secretsmanager_secret.clerk",
            "aws_secretsmanager_secret.clerk_publishable",
            "aws_secretsmanager_secret.database",
            "aws_secretsmanager_secret.gemini",
            "aws_secretsmanager_secret.redis",
            "aws_security_group.alb",
            "data.aws_availability_zones.available",
            "data.aws_caller_identity.current",
            "module.vpc.aws_subnet.private",
            "module.vpc.aws_subnet.public",
            "module.vpc.aws_vpc.this",
            "module.vpc.aws_vpc_ipv4_cidr_block_association.this",
            "random_string.alb_logs_bucket_suffix"
          ],
          "create_before_destroy": true
        }
      ]
    },
    {
      "module": "module.ecs.module.service[\"celery-worker\"]",
      "mode": "data",
      "type": "aws_caller_identity",
      "name": "current",
      "provider": "provider[\"registry.terraform.io/hashicorp/aws\"]",
      "instances": [
        {
          "index_key": 0,
          "schema_version": 0,
          "attributes": {
            "account_id": "233442448767",
            "arn": "arn:aws:iam::233442448767:user/checkguard-deployer",
            "id": "233442448767",
            "user_id": "AIDATMWSBCV7TYMU3PKLM"
          },
          "sensitive_attributes": []
        }
      ]
    },
    {
      "module": "module.ecs.module.service[\"celery-worker\"]",
      "mode": "data",
      "type": "aws_iam_policy_document",
      "name": "task_exec",
      "provider": "provider[\"registry.terraform.io/hashicorp/aws\"]",
      "instances": [
        {
          "index_key": 0,
          "schema_version": 0,
          "attributes": {
            "id": "1734719305",
            "json": "{\n  \"Version\": \"2012-10-17\",\n  \"Statement\": [\n    {\n      \"Sid\": \"Logs\",\n      \"Effect\": \"Allow\",\n      \"Action\": [\n        \"logs:PutLogEvents\",\n        \"logs:CreateLogStream\"\n      ],\n      \"Resource\": \"*\"\n    },\n    {\n      \"Sid\": \"ECR\",\n      \"Effect\": \"Allow\",\n      \"Action\": [\n        \"ecr:GetDownloadUrlForLayer\",\n        \"ecr:GetAuthorizationToken\",\n        \"ecr:BatchGetImage\",\n        \"ecr:BatchCheckLayerAvailability\"\n      ],\n      \"Resource\": \"*\"\n    }\n  ]\n}",
            "minified_json": "{\"Version\":\"2012-10-17\",\"Statement\":[{\"Sid\":\"Logs\",\"Effect\":\"Allow\",\"Action\":[\"logs:PutLogEvents\",\"logs:CreateLogStream\"],\"Resource\":\"*\"},{\"Sid\":\"ECR\",\"Effect\":\"Allow\",\"Action\":[\"ecr:GetDownloadUrlForLayer\",\"ecr:GetAuthorizationToken\",\"ecr:BatchGetImage\",\"ecr:BatchCheckLayerAvailability\"],\"Resource\":\"*\"}]}",
            "override_json": null,
            "override_policy_documents": null,
            "policy_id": null,
            "source_json": null,
            "source_policy_documents": null,
            "statement": [
              {
                "actions": [
                  "logs:CreateLogStream",
                  "logs:PutLogEvents"
                ],
                "condition": [],
                "effect": "Allow",
                "not_actions": [],
                "not_principals": [],
                "not_resources": [],
                "principals": [],
                "resources": [
                  "*"
                ],
                "sid": "Logs"
              },
              {
                "actions": [
                  "ecr:BatchCheckLayerAvailability",
                  "ecr:BatchGetImage",
                  "ecr:GetAuthorizationToken",
                  "ecr:GetDownloadUrlForLayer"
                ],
                "condition": [],
                "effect": "Allow",
                "not_actions": [],
                "not_principals": [],
                "not_resources": [],
                "principals": [],
                "resources": [
                  "*"
                ],
                "sid": "ECR"
              }
            ],
            "version": "2012-10-17"
          },
          "sensitive_attributes": []
        }
      ]
    },
    {
      "module": "module.ecs.module.service[\"celery-worker\"]",
      "mode": "data",
      "type": "aws_iam_policy_document",
      "name": "task_exec_assume",
      "provider": "provider[\"registry.terraform.io/hashicorp/aws\"]",
      "instances": [
        {
          "index_key": 0,
          "schema_version": 0,
          "attributes": {
            "id": "2291109037",
            "json": "{\n  \"Version\": \"2012-10-17\",\n  \"Statement\": [\n    {\n      \"Sid\": \"ECSTaskExecutionAssumeRole\",\n      \"Effect\": \"Allow\",\n      \"Action\": \"sts:AssumeRole\",\n      \"Principal\": {\n        \"Service\": \"ecs-tasks.amazonaws.com\"\n      }\n    }\n  ]\n}",
            "minified_json": "{\"Version\":\"2012-10-17\",\"Statement\":[{\"Sid\":\"ECSTaskExecutionAssumeRole\",\"Effect\":\"Allow\",\"Action\":\"sts:AssumeRole\",\"Principal\":{\"Service\":\"ecs-tasks.amazonaws.com\"}}]}",
            "override_json": null,
            "override_policy_documents": null,
            "policy_id": null,
            "source_json": null,
            "source_policy_documents": null,
            "statement": [
              {
                "actions": [
                  "sts:AssumeRole"
                ],
                "condition": [],
                "effect": "Allow",
                "not_actions": [],
                "not_principals": [],
                "not_resources": [],
                "principals": [
                  {
                    "identifiers": [
                      "ecs-tasks.amazonaws.com"
                    ],
                    "type": "Service"
                  }
                ],
                "resources": [],
                "sid": "ECSTaskExecutionAssumeRole"
              }
            ],
            "version": "2012-10-17"
          },
          "sensitive_attributes": []
        }
      ]
    },
    {
      "module": "module.ecs.module.service[\"celery-worker\"]",
      "mode": "data",
      "type": "aws_iam_policy_document",
      "name": "tasks_assume",
      "provider": "provider[\"registry.terraform.io/hashicorp/aws\"]",
      "instances": [
        {
          "index_key": 0,
          "schema_version": 0,
          "attributes": {
            "id": "637168758",
            "json": "{\n  \"Version\": \"2012-10-17\",\n  \"Statement\": [\n    {\n      \"Sid\": \"ECSTasksAssumeRole\",\n      \"Effect\": \"Allow\",\n      \"Action\": \"sts:AssumeRole\",\n      \"Principal\": {\n        \"Service\": \"ecs-tasks.amazonaws.com\"\n      },\n      \"Condition\": {\n        \"ArnLike\": {\n          \"aws:SourceArn\": \"arn:aws:ecs:us-east-2:233442448767:*\"\n        },\n        \"StringEquals\": {\n          \"aws:SourceAccount\": \"233442448767\"\n        }\n      }\n    }\n  ]\n}",
            "minified_json": "{\"Version\":\"2012-10-17\",\"Statement\":[{\"Sid\":\"ECSTasksAssumeRole\",\"Effect\":\"Allow\",\"Action\":\"sts:AssumeRole\",\"Principal\":{\"Service\":\"ecs-tasks.amazonaws.com\"},\"Condition\":{\"ArnLike\":{\"aws:SourceArn\":\"arn:aws:ecs:us-east-2:233442448767:*\"},\"StringEquals\":{\"aws:SourceAccount\":\"233442448767\"}}}]}",
            "override_json": null,
            "override_policy_documents": null,
            "policy_id": null,
            "source_json": null,
            "source_policy_documents": null,
            "statement": [
              {
                "actions": [
                  "sts:AssumeRole"
                ],
                "condition": [
                  {
                    "test": "ArnLike",
                    "values": [
                      "arn:aws:ecs:us-east-2:233442448767:*"
                    ],
                    "variable": "aws:SourceArn"
                  },
                  {
                    "test": "StringEquals",
                    "values": [
                      "233442448767"
                    ],
                    "variable": "aws:SourceAccount"
                  }
                ],
                "effect": "Allow",
                "not_actions": [],
                "not_principals": [],
                "not_resources": [],
                "principals": [
                  {
                    "identifiers": [
                      "ecs-tasks.amazonaws.com"
                    ],
                    "type": "Service"
                  }
                ],
                "resources": [],
                "sid": "ECSTasksAssumeRole"
              }
            ],
            "version": "2012-10-17"
          },
          "sensitive_attributes": []
        }
      ]
    },
    {
      "module": "module.ecs.module.service[\"celery-worker\"]",
      "mode": "data",
      "type": "aws_partition",
      "name": "current",
      "provider": "provider[\"registry.terraform.io/hashicorp/aws\"]",
      "instances": [
        {
          "index_key": 0,
          "schema_version": 0,
          "attributes": {
            "dns_suffix": "amazonaws.com",
            "id": "aws",
            "partition": "aws",
            "reverse_dns_prefix": "com.amazonaws"
          },
          "sensitive_attributes": []
        }
      ]
    },
    {
      "module": "module.ecs.module.service[\"celery-worker\"]",
      "mode": "data",
      "type": "aws_region",
      "name": "current",
      "provider": "provider[\"registry.terraform.io/hashicorp/aws\"]",
      "instances": [
        {
          "index_key": 0,
          "schema_version": 0,
          "attributes": {
            "description": "US East (Ohio)",
            "endpoint": "ec2.us-east-2.amazonaws.com",
            "id": "us-east-2",
            "name": "us-east-2",
            "region": "us-east-2"
          },
          "sensitive_attributes": []
        }
      ]
    },
    {
      "module": "module.ecs.module.service[\"celery-worker\"]",
      "mode": "data",
      "type": "aws_subnet",
      "name": "this",
      "provider": "provider[\"registry.terraform.io/hashicorp/aws\"]",
      "instances": [
        {
          "index_key": 0,
          "schema_version": 0,
          "attributes": {
            "arn": "arn:aws:ec2:us-east-2:233442448767:subnet/subnet-0ff46dd33e34137c0",
            "assign_ipv6_address_on_creation": false,
            "availability_zone": "us-east-2a",
            "availability_zone_id": "use2-az1",
            "available_ip_address_count": 243,
            "cidr_block": "10.0.1.0/24",
            "customer_owned_ipv4_pool": "",
            "default_for_az": false,
            "enable_dns64": false,
            "enable_lni_at_device_index": 0,
            "enable_resource_name_dns_a_record_on_launch": false,
            "enable_resource_name_dns_aaaa_record_on_launch": false,
            "filter": null,
            "id": "subnet-0ff46dd33e34137c0",
            "ipv6_cidr_block": "",
            "ipv6_cidr_block_association_id": "",
            "ipv6_native": false,
            "map_customer_owned_ip_on_launch": false,
            "map_public_ip_on_launch": false,
            "outpost_arn": "",
            "owner_id": "233442448767",
            "private_dns_hostname_type_on_launch": "ip-name",
            "region": "us-east-2",
            "state": "available",
            "tags": {
              "Environment": "production",
              "ManagedBy": "Terraform",
              "Name": "checkguard-vpc",
              "Owner": "CheckGuard Team",
              "Project": "CheckGuard AI",
              "Tier": "app",
              "Type": "private"
            },
            "timeouts": null,
            "vpc_id": "vpc-06a36e4fd06bc2eeb"
          },
          "sensitive_attributes": []
        }
      ]
    },
    {
      "module": "module.ecs.module.service[\"celery-worker\"]",
      "mode": "managed",
      "type": "aws_appautoscaling_policy",
      "name": "this",
      "provider": "provider[\"registry.terraform.io/hashicorp/aws\"]",
      "instances": [
        {
          "index_key": "cpu",
          "schema_version": 0,
          "attributes": {
            "alarm_arns": [
              "arn:aws:cloudwatch:us-east-2:233442448767:alarm:TargetTracking-service/checkguard-cluster/celery-worker-AlarmHigh-b57b865b-815b-4827-a817-4b0d3fb918b3",
              "arn:aws:cloudwatch:us-east-2:233442448767:alarm:TargetTracking-service/checkguard-cluster/celery-worker-AlarmLow-d5eb3c78-31f5-4fc4-b7a4-f7c452809a49"
            ],
            "arn": "arn:aws:autoscaling:us-east-2:233442448767:scalingPolicy:56d97bcd-4e93-452d-b0a6-0a1dfcc627a5:resource/ecs/service/checkguard-cluster/celery-worker:policyName/cpu",
            "id": "cpu",
            "name": "cpu",
            "policy_type": "TargetTrackingScaling",
            "region": "us-east-2",
            "resource_id": "service/checkguard-cluster/celery-worker",
            "scalable_dimension": "ecs:service:DesiredCount",
            "service_namespace": "ecs",
            "step_scaling_policy_configuration": [],
            "target_tracking_scaling_policy_configuration": [
              {
                "customized_metric_specification": [],
                "disable_scale_in": false,
                "predefined_metric_specification": [
                  {
                    "predefined_metric_type": "ECSServiceAverageCPUUtilization",
                    "resource_label": ""
                  }
                ],
                "scale_in_cooldown": 300,
                "scale_out_cooldown": 60,
                "target_value": 70
              }
            ]
          },
          "sensitive_attributes": [],
          "private": "bnVsbA==",
          "dependencies": [
            "aws_iam_role.ecs_task",
            "aws_iam_role.ecs_task_execution",
            "aws_kms_key.secrets",
            "aws_lb.main",
            "aws_lb_target_group.backend",
            "aws_lb_target_group.frontend",
            "aws_s3_bucket.alb_logs",
            "aws_secretsmanager_secret.app_secret",
            "aws_secretsmanager_secret.clerk",
            "aws_secretsmanager_secret.clerk_publishable",
            "aws_secretsmanager_secret.database",
            "aws_secretsmanager_secret.gemini",
            "aws_secretsmanager_secret.redis",
            "aws_security_group.alb",
            "data.aws_availability_zones.available",
            "data.aws_caller_identity.current",
            "module.ecs.module.cluster.aws_cloudwatch_log_group.this",
            "module.ecs.module.cluster.aws_ecs_cluster.this",
            "module.ecs.module.cluster.aws_iam_role.task_exec",
            "module.ecs.module.cluster.data.aws_iam_policy_document.task_exec_assume",
            "module.ecs.module.service.aws_appautoscaling_target.this",
            "module.ecs.module.service.aws_ecs_service.ignore_task_definition",
            "module.ecs.module.service.aws_ecs_service.this",
            "module.ecs.module.service.aws_ecs_task_definition.this",
            "module.ecs.module.service.aws_iam_policy.service",
            "module.ecs.module.service.aws_iam_policy.task_exec",
            "module.ecs.module.service.aws_iam_role.infrastructure_iam_role",
            "module.ecs.module.service.aws_iam_role.service",
            "module.ecs.module.service.aws_iam_role.task_exec",
            "module.ecs.module.service.aws_iam_role.tasks",
            "module.ecs.module.service.aws_iam_role_policy_attachment.infrastructure_iam_role_ebs_policy",
            "module.ecs.module.service.aws_iam_role_policy_attachment.service",
            "module.ecs.module.service.aws_iam_role_policy_attachment.task_exec",
            "module.ecs.module.service.aws_iam_role_policy_attachment.task_exec_additional",
            "module.ecs.module.service.aws_iam_role_policy_attachment.tasks",
            "module.ecs.module.service.aws_security_group.this",
            "module.ecs.module.service.data.aws_caller_identity.current",
            "module.ecs.module.service.data.aws_iam_policy_document.infrastructure_iam_role",
            "module.ecs.module.service.data.aws_iam_policy_document.service",
            "module.ecs.module.service.data.aws_iam_policy_document.service_assume",
            "module.ecs.module.service.data.aws_iam_policy_document.task_exec",
            "module.ecs.module.service.data.aws_iam_policy_document.task_exec_assume",
            "module.ecs.module.service.data.aws_iam_policy_document.tasks_assume",
            "module.ecs.module.service.data.aws_partition.current",
            "module.ecs.module.service.data.aws_region.current",
            "module.ecs.module.service.data.aws_subnet.this",
            "module.ecs.module.service.module.container_definition.aws_cloudwatch_log_group.this",
            "module.ecs.module.service.module.container_definition.data.aws_region.current",
            "module.vpc.aws_subnet.private",
            "module.vpc.aws_subnet.public",
            "module.vpc.aws_vpc.this",
            "module.vpc.aws_vpc_ipv4_cidr_block_association.this",
            "random_string.alb_logs_bucket_suffix"
          ]
        }
      ]
    },
    {
      "module": "module.ecs.module.service[\"celery-worker\"]",
      "mode": "managed",
      "type": "aws_appautoscaling_target",
      "name": "this",
      "provider": "provider[\"registry.terraform.io/hashicorp/aws\"]",
      "instances": [
        {
          "index_key": 0,
          "schema_version": 0,
          "attributes": {
            "arn": "arn:aws:application-autoscaling:us-east-2:233442448767:scalable-target/0ec556d97bcd4e93452db0a60a1dfcc627a5",
            "id": "service/checkguard-cluster/celery-worker",
            "max_capacity": 5,
            "min_capacity": 1,
            "region": "us-east-2",
            "resource_id": "service/checkguard-cluster/celery-worker",
            "role_arn": "arn:aws:iam::233442448767:role/aws-service-role/ecs.application-autoscaling.amazonaws.com/AWSServiceRoleForApplicationAutoScaling_ECSService",
            "scalable_dimension": "ecs:service:DesiredCount",
            "service_namespace": "ecs",
            "suspended_state": [
              {
                "dynamic_scaling_in_suspended": false,
                "dynamic_scaling_out_suspended": false,
                "scheduled_scaling_suspended": false
              }
            ],
            "tags": {
              "Environment": "production",
              "Project": "checkguard"
            },
            "tags_all": {
              "Environment": "production",
              "ManagedBy": "Terraform",
              "Owner": "CheckGuard Team",
              "Project": "checkguard"
            }
          },
          "sensitive_attributes": [],
          "private": "bnVsbA==",
          "dependencies": [
            "aws_iam_role.ecs_task",
            "aws_iam_role.ecs_task_execution",
            "aws_kms_key.secrets",
            "aws_lb.main",
            "aws_lb_target_group.backend",
            "aws_lb_target_group.frontend",
            "aws_s3_bucket.alb_logs",
            "aws_secretsmanager_secret.app_secret",
            "aws_secretsmanager_secret.clerk",
            "aws_secretsmanager_secret.clerk_publishable",
            "aws_secretsmanager_secret.database",
            "aws_secretsmanager_secret.gemini",
            "aws_secretsmanager_secret.redis",
            "aws_security_group.alb",
            "data.aws_availability_zones.available",
            "data.aws_caller_identity.current",
            "module.ecs.module.cluster.aws_cloudwatch_log_group.this",
            "module.ecs.module.cluster.aws_ecs_cluster.this",
            "module.ecs.module.cluster.aws_iam_role.task_exec",
            "module.ecs.module.cluster.data.aws_iam_policy_document.task_exec_assume",
            "module.ecs.module.service.aws_ecs_service.ignore_task_definition",
            "module.ecs.module.service.aws_ecs_service.this",
            "module.ecs.module.service.aws_ecs_task_definition.this",
            "module.ecs.module.service.aws_iam_policy.service",
            "module.ecs.module.service.aws_iam_policy.task_exec",
            "module.ecs.module.service.aws_iam_role.infrastructure_iam_role",
            "module.ecs.module.service.aws_iam_role.service",
            "module.ecs.module.service.aws_iam_role.task_exec",
            "module.ecs.module.service.aws_iam_role.tasks",
            "module.ecs.module.service.aws_iam_role_policy_attachment.infrastructure_iam_role_ebs_policy",
            "module.ecs.module.service.aws_iam_role_policy_attachment.service",
            "module.ecs.module.service.aws_iam_role_policy_attachment.task_exec",
            "module.ecs.module.service.aws_iam_role_policy_attachment.task_exec_additional",
            "module.ecs.module.service.aws_iam_role_policy_attachment.tasks",
            "module.ecs.module.service.aws_security_group.this",
            "module.ecs.module.service.data.aws_caller_identity.current",
            "module.ecs.module.service.data.aws_iam_policy_document.infrastructure_iam_role",
            "module.ecs.module.service.data.aws_iam_policy_document.service",
            "module.ecs.module.service.data.aws_iam_policy_document.service_assume",
            "module.ecs.module.service.data.aws_iam_policy_document.task_exec",
            "module.ecs.module.service.data.aws_iam_policy_document.task_exec_assume",
            "module.ecs.module.service.data.aws_iam_policy_document.tasks_assume",
            "module.ecs.module.service.data.aws_partition.current",
            "module.ecs.module.service.data.aws_region.current",
            "module.ecs.module.service.data.aws_subnet.this",
            "module.ecs.module.service.module.container_definition.aws_cloudwatch_log_group.this",
            "module.ecs.module.service.module.container_definition.data.aws_region.current",
            "module.vpc.aws_subnet.private",
            "module.vpc.aws_subnet.public",
            "module.vpc.aws_vpc.this",
            "module.vpc.aws_vpc_ipv4_cidr_block_association.this",
            "random_string.alb_logs_bucket_suffix"
          ]
        }
      ]
    },
    {
      "module": "module.ecs.module.service[\"celery-worker\"]",
      "mode": "managed",
      "type": "aws_ecs_service",
      "name": "this",
      "provider": "provider[\"registry.terraform.io/hashicorp/aws\"]",
      "instances": [
        {
          "index_key": 0,
          "schema_version": 1,
          "attributes": {
            "alarms": [],
            "arn": "arn:aws:ecs:us-east-2:233442448767:service/checkguard-cluster/celery-worker",
            "availability_zone_rebalancing": "DISABLED",
            "capacity_provider_strategy": [],
            "cluster": "arn:aws:ecs:us-east-2:233442448767:cluster/checkguard-cluster",
            "deployment_circuit_breaker": [
              {
                "enable": false,
                "rollback": false
              }
            ],
            "deployment_configuration": [],
            "deployment_controller": [
              {
                "type": "ECS"
              }
            ],
            "deployment_maximum_percent": 200,
            "deployment_minimum_healthy_percent": 66,
            "desired_count": 1,
            "enable_ecs_managed_tags": true,
            "enable_execute_command": false,
            "force_delete": null,
            "force_new_deployment": true,
            "health_check_grace_period_seconds": 0,
            "iam_role": "/aws-service-role/ecs.amazonaws.com/AWSServiceRoleForECS",
            "id": "arn:aws:ecs:us-east-2:233442448767:service/checkguard-cluster/celery-worker",
            "launch_type": "FARGATE",
            "load_balancer": [],
            "name": "celery-worker",
            "network_configuration": [
              {
                "assign_public_ip": false,
                "security_groups": [
                  "sg-0b5105213512d0f01"
                ],
                "subnets": [
                  "subnet-05282f386915eed96",
                  "subnet-080e767110dd2796f",
                  "subnet-0ff46dd33e34137c0"
                ]
              }
            ],
            "ordered_placement_strategy": [],
            "placement_constraints": [],
            "platform_version": "LATEST",
            "propagate_tags": "NONE",
            "region": "us-east-2",
            "scheduling_strategy": "REPLICA",
            "service_connect_configuration": [],
            "service_registries": [],
            "tags": {
              "Environment": "production",
              "Project": "checkguard"
            },
            "tags_all": {
              "Environment": "production",
              "ManagedBy": "Terraform",
              "Owner": "CheckGuard Team",
              "Project": "checkguard"
            },
            "task_definition": "arn:aws:ecs:us-east-2:233442448767:task-definition/celery-worker:16",
            "timeouts": null,
            "triggers": {},
            "volume_configuration": [],
            "vpc_lattice_configurations": [],
            "wait_for_steady_state": false
          },
          "sensitive_attributes": [],
          "private": "eyJlMmJmYjczMC1lY2FhLTExZTYtOGY4OC0zNDM2M2JjN2M0YzAiOnsiY3JlYXRlIjoxMjAwMDAwMDAwMDAwLCJkZWxldGUiOjEyMDAwMDAwMDAwMDAsInVwZGF0ZSI6MTIwMDAwMDAwMDAwMH0sInNjaGVtYV92ZXJzaW9uIjoiMSJ9",
          "dependencies": [
            "aws_iam_role.ecs_task",
            "aws_iam_role.ecs_task_execution",
            "aws_lb.main",
            "aws_lb_target_group.backend",
            "aws_lb_target_group.frontend",
            "aws_secretsmanager_secret.app_secret",
            "aws_secretsmanager_secret.clerk",
            "aws_secretsmanager_secret.clerk_publishable",
            "aws_secretsmanager_secret.database",
            "aws_secretsmanager_secret.gemini",
            "aws_secretsmanager_secret.redis",
            "aws_security_group.alb",
            "data.aws_caller_identity.current",
            "module.ecs.module.cluster.aws_ecs_cluster.this",
            "module.ecs.module.cluster.aws_iam_role.task_exec",
            "module.ecs.module.service.aws_ecs_task_definition.this",
            "module.ecs.module.service.aws_iam_role.infrastructure_iam_role",
            "module.ecs.module.service.aws_iam_role.service",
            "module.ecs.module.service.aws_iam_role.task_exec",
            "module.ecs.module.service.aws_iam_role.tasks",
            "module.ecs.module.service.aws_iam_role_policy_attachment.infrastructure_iam_role_ebs_policy",
            "module.ecs.module.service.aws_iam_role_policy_attachment.service",
            "module.ecs.module.service.aws_iam_role_policy_attachment.task_exec",
            "module.ecs.module.service.aws_iam_role_policy_attachment.task_exec_additional",
            "module.ecs.module.service.aws_iam_role_policy_attachment.tasks",
            "module.ecs.module.service.aws_security_group.this",
            "module.ecs.module.service.module.container_definition.aws_cloudwatch_log_group.this",
            "module.ecs.module.service.module.container_definition.data.aws_region.current",
            "module.vpc.aws_subnet.private"
          ]
        }
      ]
    },
    {
      "module": "module.ecs.module.service[\"celery-worker\"]",
      "mode": "managed",
      "type": "aws_ecs_task_definition",
      "name": "this",
      "provider": "provider[\"registry.terraform.io/hashicorp/aws\"]",
      "instances": [
        {
          "index_key": 0,
          "schema_version": 1,
          "attributes": {
            "arn": "arn:aws:ecs:us-east-2:233442448767:task-definition/celery-worker:16",
            "arn_without_revision": "arn:aws:ecs:us-east-2:233442448767:task-definition/celery-worker",
            "container_definitions": "[{\"command\":[\"python\",\"celery_worker.py\"],\"cpu\":1024,\"environment\":[{\"name\":\"NODE_ENV\",\"value\":\"production\"}],\"essential\":true,\"healthCheck\":{\"command\":[\"CMD-SHELL\",\"celery -A app.tasks.celery_app inspect ping || exit 1\"],\"interval\":30,\"retries\":3,\"startPeriod\":60,\"timeout\":10},\"image\":\"233442448767.dkr.ecr.us-east-2.amazonaws.com/checkguard-backend:latest\",\"interactive\":false,\"linuxParameters\":{\"initProcessEnabled\":false},\"logConfiguration\":{\"logDriver\":\"awslogs\",\"options\":{\"awslogs-group\":\"/aws/ecs/celery-worker/worker-20250802155036857500000028\",\"awslogs-region\":\"us-east-2\",\"awslogs-stream-prefix\":\"ecs\"}},\"memory\":2048,\"memoryReservation\":1024,\"mountPoints\":[],\"name\":\"worker\",\"portMappings\":[],\"privileged\":false,\"pseudoTerminal\":false,\"readonlyRootFilesystem\":false,\"restartPolicy\":{\"enabled\":true,\"ignoredExitCodes\":[]},\"secrets\":[{\"name\":\"CELERY_BROKER_URL\",\"valueFrom\":\"arn:aws:secretsmanager:us-east-2:233442448767:secret:checkguard/redis-OvzeDf\"},{\"name\":\"CELERY_RESULT_BACKEND\",\"valueFrom\":\"arn:aws:secretsmanager:us-east-2:233442448767:secret:checkguard/redis-OvzeDf\"},{\"name\":\"DATABASE_URL\",\"valueFrom\":\"arn:aws:secretsmanager:us-east-2:233442448767:secret:checkguard/database-37qpTA:url::\"},{\"name\":\"GEMINI_API_KEY\",\"valueFrom\":\"arn:aws:secretsmanager:us-east-2:233442448767:secret:checkguard/gemini-MkO8jH\"}],\"startTimeout\":30,\"stopTimeout\":120,\"systemControls\":[],\"user\":\"1000\",\"versionConsistency\":\"disabled\",\"volumesFrom\":[]}]",
            "cpu": "1024",
            "enable_fault_injection": false,
            "ephemeral_storage": [],
            "execution_role_arn": "arn:aws:iam::233442448767:role/celery-worker-2025080215503529310000001d",
            "family": "celery-worker",
            "id": "celery-worker",
            "ipc_mode": "",
            "memory": "2048",
            "network_mode": "awsvpc",
            "pid_mode": "",
            "placement_constraints": [],
            "proxy_configuration": [],
            "region": "us-east-2",
            "requires_compatibilities": [
              "FARGATE"
            ],
            "revision": 16,
            "runtime_platform": [
              {
                "cpu_architecture": "X86_64",
                "operating_system_family": "LINUX"
              }
            ],
            "skip_destroy": false,
            "tags": {
              "Environment": "production",
              "Project": "checkguard"
            },
            "tags_all": {
              "Environment": "production",
              "ManagedBy": "Terraform",
              "Owner": "CheckGuard Team",
              "Project": "checkguard"
            },
            "task_role_arn": "arn:aws:iam::233442448767:role/celery-worker-2025080215503528780000001c",
            "track_latest": true,
            "volume": []
          },
          "sensitive_attributes": [],
          "private": "eyJzY2hlbWFfdmVyc2lvbiI6IjEifQ==",
          "dependencies": [
            "aws_iam_role.ecs_task",
            "aws_iam_role.ecs_task_execution",
            "aws_lb.main",
            "aws_lb_target_group.backend",
            "aws_lb_target_group.frontend",
            "aws_secretsmanager_secret.app_secret",
            "aws_secretsmanager_secret.clerk",
            "aws_secretsmanager_secret.clerk_publishable",
            "aws_secretsmanager_secret.database",
            "aws_secretsmanager_secret.gemini",
            "aws_secretsmanager_secret.redis",
            "aws_security_group.alb",
            "data.aws_caller_identity.current",
            "module.ecs.module.cluster.aws_iam_role.task_exec",
            "module.ecs.module.service.aws_iam_role.task_exec",
            "module.ecs.module.service.aws_iam_role.tasks",
            "module.ecs.module.service.aws_iam_role_policy_attachment.task_exec",
            "module.ecs.module.service.aws_iam_role_policy_attachment.task_exec_additional",
            "module.ecs.module.service.aws_iam_role_policy_attachment.tasks",
            "module.ecs.module.service.module.container_definition.aws_cloudwatch_log_group.this",
            "module.ecs.module.service.module.container_definition.data.aws_region.current",
            "module.vpc.aws_subnet.private"
          ],
          "create_before_destroy": true
        }
      ]
    },
    {
      "module": "module.ecs.module.service[\"celery-worker\"]",
      "mode": "managed",
      "type": "aws_iam_policy",
      "name": "task_exec",
      "provider": "provider[\"registry.terraform.io/hashicorp/aws\"]",
      "instances": [
        {
          "index_key": 0,
          "schema_version": 0,
          "attributes": {
            "arn": "arn:aws:iam::233442448767:policy/celery-worker-20250802155035988500000020",
            "attachment_count": 1,
            "description": "Task execution role IAM policy",
            "id": "arn:aws:iam::233442448767:policy/celery-worker-20250802155035988500000020",
            "name": "celery-worker-20250802155035988500000020",
            "name_prefix": "celery-worker-",
            "path": "/",
            "policy": "{\"Statement\":[{\"Action\":[\"logs:PutLogEvents\",\"logs:CreateLogStream\"],\"Effect\":\"Allow\",\"Resource\":\"*\",\"Sid\":\"Logs\"},{\"Action\":[\"ecr:GetDownloadUrlForLayer\",\"ecr:GetAuthorizationToken\",\"ecr:BatchGetImage\",\"ecr:BatchCheckLayerAvailability\"],\"Effect\":\"Allow\",\"Resource\":\"*\",\"Sid\":\"ECR\"}],\"Version\":\"2012-10-17\"}",
            "policy_id": "ANPATMWSBCV7UXVTJL26N",
            "tags": {
              "Environment": "production",
              "Project": "checkguard"
            },
            "tags_all": {
              "Environment": "production",
              "ManagedBy": "Terraform",
              "Owner": "CheckGuard Team",
              "Project": "checkguard"
            }
          },
          "sensitive_attributes": [],
          "private": "bnVsbA==",
          "dependencies": [
            "aws_iam_role.ecs_task",
            "aws_iam_role.ecs_task_execution",
            "aws_kms_key.secrets",
            "aws_lb.main",
            "aws_lb_target_group.backend",
            "aws_lb_target_group.frontend",
            "aws_s3_bucket.alb_logs",
            "aws_secretsmanager_secret.app_secret",
            "aws_secretsmanager_secret.clerk",
            "aws_secretsmanager_secret.clerk_publishable",
            "aws_secretsmanager_secret.database",
            "aws_secretsmanager_secret.gemini",
            "aws_secretsmanager_secret.redis",
            "aws_security_group.alb",
            "data.aws_availability_zones.available",
            "data.aws_caller_identity.current",
            "module.ecs.module.service.data.aws_iam_policy_document.task_exec",
            "module.vpc.aws_subnet.private",
            "module.vpc.aws_subnet.public",
            "module.vpc.aws_vpc.this",
            "module.vpc.aws_vpc_ipv4_cidr_block_association.this",
            "random_string.alb_logs_bucket_suffix"
          ],
          "create_before_destroy": true
        }
      ]
    },
    {
      "module": "module.ecs.module.service[\"celery-worker\"]",
      "mode": "managed",
      "type": "aws_iam_role",
      "name": "task_exec",
      "provider": "provider[\"registry.terraform.io/hashicorp/aws\"]",
      "instances": [
        {
          "index_key": 0,
          "schema_version": 0,
          "attributes": {
            "arn": "arn:aws:iam::233442448767:role/celery-worker-2025080215503529310000001d",
            "assume_role_policy": "{\"Statement\":[{\"Action\":\"sts:AssumeRole\",\"Effect\":\"Allow\",\"Principal\":{\"Service\":\"ecs-tasks.amazonaws.com\"},\"Sid\":\"ECSTaskExecutionAssumeRole\"}],\"Version\":\"2012-10-17\"}",
            "create_date": "2025-08-02T15:50:35Z",
            "description": "Task execution role for celery-worker",
            "force_detach_policies": true,
            "id": "celery-worker-2025080215503529310000001d",
            "inline_policy": [],
            "managed_policy_arns": [
              "arn:aws:iam::233442448767:policy/celery-worker-20250802155035988500000020"
            ],
            "max_session_duration": 3600,
            "name": "celery-worker-2025080215503529310000001d",
            "name_prefix": "celery-worker-",
            "path": "/",
            "permissions_boundary": "",
            "tags": {
              "Environment": "production",
              "Project": "checkguard"
            },
            "tags_all": {
              "Environment": "production",
              "ManagedBy": "Terraform",
              "Owner": "CheckGuard Team",
              "Project": "checkguard"
            },
            "unique_id": "AROATMWSBCV7725OSFLMV"
          },
          "sensitive_attributes": [],
          "private": "bnVsbA==",
          "dependencies": [
            "aws_iam_role.ecs_task",
            "aws_iam_role.ecs_task_execution",
            "aws_kms_key.secrets",
            "aws_lb.main",
            "aws_lb_target_group.backend",
            "aws_lb_target_group.frontend",
            "aws_s3_bucket.alb_logs",
            "aws_secretsmanager_secret.app_secret",
            "aws_secretsmanager_secret.clerk",
            "aws_secretsmanager_secret.clerk_publishable",
            "aws_secretsmanager_secret.database",
            "aws_secretsmanager_secret.gemini",
            "aws_secretsmanager_secret.redis",
            "aws_security_group.alb",
            "data.aws_availability_zones.available",
            "data.aws_caller_identity.current",
            "module.ecs.module.service.data.aws_iam_policy_document.task_exec_assume",
            "module.vpc.aws_subnet.private",
            "module.vpc.aws_subnet.public",
            "module.vpc.aws_vpc.this",
            "module.vpc.aws_vpc_ipv4_cidr_block_association.this",
            "random_string.alb_logs_bucket_suffix"
          ],
          "create_before_destroy": true
        }
      ]
    },
    {
      "module": "module.ecs.module.service[\"celery-worker\"]",
      "mode": "managed",
      "type": "aws_iam_role",
      "name": "tasks",
      "provider": "provider[\"registry.terraform.io/hashicorp/aws\"]",
      "instances": [
        {
          "index_key": 0,
          "schema_version": 0,
          "attributes": {
            "arn": "arn:aws:iam::233442448767:role/celery-worker-2025080215503528780000001c",
            "assume_role_policy": "{\"Statement\":[{\"Action\":\"sts:AssumeRole\",\"Condition\":{\"ArnLike\":{\"aws:SourceArn\":\"arn:aws:ecs:us-east-2:233442448767:*\"},\"StringEquals\":{\"aws:SourceAccount\":\"233442448767\"}},\"Effect\":\"Allow\",\"Principal\":{\"Service\":\"ecs-tasks.amazonaws.com\"},\"Sid\":\"ECSTasksAssumeRole\"}],\"Version\":\"2012-10-17\"}",
            "create_date": "2025-08-02T15:50:35Z",
            "description": "",
            "force_detach_policies": true,
            "id": "celery-worker-2025080215503528780000001c",
            "inline_policy": [],
            "managed_policy_arns": [],
            "max_session_duration": 3600,
            "name": "celery-worker-2025080215503528780000001c",
            "name_prefix": "celery-worker-",
            "path": "/",
            "permissions_boundary": "",
            "tags": {
              "Environment": "production",
              "Project": "checkguard"
            },
            "tags_all": {
              "Environment": "production",
              "ManagedBy": "Terraform",
              "Owner": "CheckGuard Team",
              "Project": "checkguard"
            },
            "unique_id": "AROATMWSBCV73AGKTN67D"
          },
          "sensitive_attributes": [],
          "private": "bnVsbA==",
          "dependencies": [
            "aws_iam_role.ecs_task",
            "aws_iam_role.ecs_task_execution",
            "aws_kms_key.secrets",
            "aws_lb.main",
            "aws_lb_target_group.backend",
            "aws_lb_target_group.frontend",
            "aws_s3_bucket.alb_logs",
            "aws_secretsmanager_secret.app_secret",
            "aws_secretsmanager_secret.clerk",
            "aws_secretsmanager_secret.clerk_publishable",
            "aws_secretsmanager_secret.database",
            "aws_secretsmanager_secret.gemini",
            "aws_secretsmanager_secret.redis",
            "aws_security_group.alb",
            "data.aws_availability_zones.available",
            "data.aws_caller_identity.current",
            "module.ecs.module.service.data.aws_caller_identity.current",
            "module.ecs.module.service.data.aws_iam_policy_document.tasks_assume",
            "module.ecs.module.service.data.aws_partition.current",
            "module.ecs.module.service.data.aws_region.current",
            "module.vpc.aws_subnet.private",
            "module.vpc.aws_subnet.public",
            "module.vpc.aws_vpc.this",
            "module.vpc.aws_vpc_ipv4_cidr_block_association.this",
            "random_string.alb_logs_bucket_suffix"
          ],
          "create_before_destroy": true
        }
      ]
    },
    {
      "module": "module.ecs.module.service[\"celery-worker\"]",
      "mode": "managed",
      "type": "aws_iam_role_policy_attachment",
      "name": "task_exec",
      "provider": "provider[\"registry.terraform.io/hashicorp/aws\"]",
      "instances": [
        {
          "index_key": 0,
          "schema_version": 0,
          "attributes": {
            "id": "celery-worker-2025080215503529310000001d/arn:aws:iam::233442448767:policy/celery-worker-20250802155035988500000020",
            "policy_arn": "arn:aws:iam::233442448767:policy/celery-worker-20250802155035988500000020",
            "role": "celery-worker-2025080215503529310000001d"
          },
          "sensitive_attributes": [],
          "private": "bnVsbA==",
          "dependencies": [
            "aws_iam_role.ecs_task",
            "aws_iam_role.ecs_task_execution",
            "aws_kms_key.secrets",
            "aws_lb.main",
            "aws_lb_target_group.backend",
            "aws_lb_target_group.frontend",
            "aws_s3_bucket.alb_logs",
            "aws_secretsmanager_secret.app_secret",
            "aws_secretsmanager_secret.clerk",
            "aws_secretsmanager_secret.clerk_publishable",
            "aws_secretsmanager_secret.database",
            "aws_secretsmanager_secret.gemini",
            "aws_secretsmanager_secret.redis",
            "aws_security_group.alb",
            "data.aws_availability_zones.available",
            "data.aws_caller_identity.current",
            "module.ecs.module.service.aws_iam_policy.task_exec",
            "module.ecs.module.service.aws_iam_role.task_exec",
            "module.ecs.module.service.data.aws_iam_policy_document.task_exec",
            "module.ecs.module.service.data.aws_iam_policy_document.task_exec_assume",
            "module.vpc.aws_subnet.private",
            "module.vpc.aws_subnet.public",
            "module.vpc.aws_vpc.this",
            "module.vpc.aws_vpc_ipv4_cidr_block_association.this",
            "random_string.alb_logs_bucket_suffix"
          ],
          "create_before_destroy": true
        }
      ]
    },
    {
      "module": "module.ecs.module.service[\"celery-worker\"]",
      "mode": "managed",
      "type": "aws_security_group",
      "name": "this",
      "provider": "provider[\"registry.terraform.io/hashicorp/aws\"]",
      "instances": [
        {
          "index_key": 0,
          "schema_version": 1,
          "attributes": {
            "arn": "arn:aws:ec2:us-east-2:233442448767:security-group/sg-0b5105213512d0f01",
            "description": "Managed by Terraform",
            "egress": [
              {
                "cidr_blocks": [
                  "0.0.0.0/0"
                ],
                "description": "",
                "from_port": 0,
                "ipv6_cidr_blocks": [],
                "prefix_list_ids": [],
                "protocol": "-1",
                "security_groups": [],
                "self": false,
                "to_port": 0
              }
            ],
            "id": "sg-0b5105213512d0f01",
            "ingress": [],
            "name": "celery-worker-20250802155036340600000024",
            "name_prefix": "celery-worker-",
            "owner_id": "233442448767",
            "region": "us-east-2",
            "revoke_rules_on_delete": false,
            "tags": {
              "Environment": "production",
              "Name": "celery-worker",
              "Project": "checkguard"
            },
            "tags_all": {
              "Environment": "production",
              "ManagedBy": "Terraform",
              "Name": "celery-worker",
              "Owner": "CheckGuard Team",
              "Project": "checkguard"
            },
            "timeouts": null,
            "vpc_id": "vpc-06a36e4fd06bc2eeb"
          },
          "sensitive_attributes": [],
          "private": "eyJlMmJmYjczMC1lY2FhLTExZTYtOGY4OC0zNDM2M2JjN2M0YzAiOnsiY3JlYXRlIjo2MDAwMDAwMDAwMDAsImRlbGV0ZSI6OTAwMDAwMDAwMDAwfSwic2NoZW1hX3ZlcnNpb24iOiIxIn0=",
          "dependencies": [
            "aws_iam_role.ecs_task",
            "aws_iam_role.ecs_task_execution",
            "aws_kms_key.secrets",
            "aws_lb.main",
            "aws_lb_target_group.backend",
            "aws_lb_target_group.frontend",
            "aws_s3_bucket.alb_logs",
            "aws_secretsmanager_secret.app_secret",
            "aws_secretsmanager_secret.clerk",
            "aws_secretsmanager_secret.clerk_publishable",
            "aws_secretsmanager_secret.database",
            "aws_secretsmanager_secret.gemini",
            "aws_secretsmanager_secret.redis",
            "aws_security_group.alb",
            "data.aws_availability_zones.available",
            "data.aws_caller_identity.current",
            "module.ecs.module.service.data.aws_subnet.this",
            "module.vpc.aws_subnet.private",
            "module.vpc.aws_subnet.public",
            "module.vpc.aws_vpc.this",
            "module.vpc.aws_vpc_ipv4_cidr_block_association.this",
            "random_string.alb_logs_bucket_suffix"
          ],
          "create_before_destroy": true
        }
      ]
    },
    {
      "module": "module.ecs.module.service[\"celery-worker\"]",
      "mode": "managed",
      "type": "aws_vpc_security_group_egress_rule",
      "name": "this",
      "provider": "provider[\"registry.terraform.io/hashicorp/aws\"]",
      "instances": [
        {
          "index_key": "all",
          "schema_version": 0,
          "attributes": {
            "arn": "arn:aws:ec2:us-east-2:233442448767:security-group-rule/sgr-0be479d65bd1a421b",
            "cidr_ipv4": "0.0.0.0/0",
            "cidr_ipv6": null,
            "description": null,
            "from_port": null,
            "id": "sgr-0be479d65bd1a421b",
            "ip_protocol": "-1",
            "prefix_list_id": null,
            "referenced_security_group_id": null,
            "region": "us-east-2",
            "security_group_id": "sg-0b5105213512d0f01",
            "security_group_rule_id": "sgr-0be479d65bd1a421b",
            "tags": {
              "Environment": "production",
              "Name": "celery-worker-all",
              "Project": "checkguard"
            },
            "tags_all": {
              "Environment": "production",
              "ManagedBy": "Terraform",
              "Name": "celery-worker-all",
              "Owner": "CheckGuard Team",
              "Project": "checkguard"
            },
            "to_port": null
          },
          "sensitive_attributes": [],
          "dependencies": [
            "aws_iam_role.ecs_task",
            "aws_iam_role.ecs_task_execution",
            "aws_kms_key.secrets",
            "aws_lb.main",
            "aws_lb_target_group.backend",
            "aws_lb_target_group.frontend",
            "aws_s3_bucket.alb_logs",
            "aws_secretsmanager_secret.app_secret",
            "aws_secretsmanager_secret.clerk",
            "aws_secretsmanager_secret.clerk_publishable",
            "aws_secretsmanager_secret.database",
            "aws_secretsmanager_secret.gemini",
            "aws_secretsmanager_secret.redis",
            "aws_security_group.alb",
            "data.aws_availability_zones.available",
            "data.aws_caller_identity.current",
            "module.ecs.module.service.aws_security_group.this",
            "module.ecs.module.service.data.aws_subnet.this",
            "module.vpc.aws_subnet.private",
            "module.vpc.aws_subnet.public",
            "module.vpc.aws_vpc.this",
            "module.vpc.aws_vpc_ipv4_cidr_block_association.this",
            "random_string.alb_logs_bucket_suffix"
          ]
        }
      ]
    },
    {
      "module": "module.ecs.module.service[\"celery-worker\"].module.container_definition[\"worker\"]",
      "mode": "data",
      "type": "aws_region",
      "name": "current",
      "provider": "provider[\"registry.terraform.io/hashicorp/aws\"]",
      "instances": [
        {
          "schema_version": 0,
          "attributes": {
            "description": "US East (Ohio)",
            "endpoint": "ec2.us-east-2.amazonaws.com",
            "id": "us-east-2",
            "name": "us-east-2",
            "region": "us-east-2"
          },
          "sensitive_attributes": []
        }
      ]
    },
    {
      "module": "module.ecs.module.service[\"celery-worker\"].module.container_definition[\"worker\"]",
      "mode": "managed",
      "type": "aws_cloudwatch_log_group",
      "name": "this",
      "provider": "provider[\"registry.terraform.io/hashicorp/aws\"]",
      "instances": [
        {
          "index_key": 0,
          "schema_version": 0,
          "attributes": {
            "arn": "arn:aws:logs:us-east-2:233442448767:log-group:/aws/ecs/celery-worker/worker-20250802155036857500000028",
            "id": "/aws/ecs/celery-worker/worker-20250802155036857500000028",
            "kms_key_id": "",
            "log_group_class": "STANDARD",
            "name": "/aws/ecs/celery-worker/worker-20250802155036857500000028",
            "name_prefix": "/aws/ecs/celery-worker/worker-",
            "region": "us-east-2",
            "retention_in_days": 7,
            "skip_destroy": false,
            "tags": {
              "Environment": "production",
              "Project": "checkguard"
            },
            "tags_all": {
              "Environment": "production",
              "ManagedBy": "Terraform",
              "Owner": "CheckGuard Team",
              "Project": "checkguard"
            }
          },
          "sensitive_attributes": [],
          "private": "bnVsbA==",
          "dependencies": [
            "aws_iam_role.ecs_task",
            "aws_iam_role.ecs_task_execution",
            "aws_kms_key.secrets",
            "aws_lb.main",
            "aws_lb_target_group.backend",
            "aws_lb_target_group.frontend",
            "aws_s3_bucket.alb_logs",
            "aws_secretsmanager_secret.app_secret",
            "aws_secretsmanager_secret.clerk",
            "aws_secretsmanager_secret.clerk_publishable",
            "aws_secretsmanager_secret.database",
            "aws_secretsmanager_secret.gemini",
            "aws_secretsmanager_secret.redis",
            "aws_security_group.alb",
            "data.aws_availability_zones.available",
            "data.aws_caller_identity.current",
            "module.vpc.aws_subnet.private",
            "module.vpc.aws_subnet.public",
            "module.vpc.aws_vpc.this",
            "module.vpc.aws_vpc_ipv4_cidr_block_association.this",
            "random_string.alb_logs_bucket_suffix"
          ],
          "create_before_destroy": true
        }
      ]
    },
    {
      "module": "module.ecs.module.service[\"frontend\"]",
      "mode": "data",
      "type": "aws_caller_identity",
      "name": "current",
      "provider": "provider[\"registry.terraform.io/hashicorp/aws\"]",
      "instances": [
        {
          "index_key": 0,
          "schema_version": 0,
          "attributes": {
            "account_id": "233442448767",
            "arn": "arn:aws:iam::233442448767:user/checkguard-deployer",
            "id": "233442448767",
            "user_id": "AIDATMWSBCV7TYMU3PKLM"
          },
          "sensitive_attributes": []
        }
      ]
    },
    {
      "module": "module.ecs.module.service[\"frontend\"]",
      "mode": "data",
      "type": "aws_iam_policy_document",
      "name": "task_exec",
      "provider": "provider[\"registry.terraform.io/hashicorp/aws\"]",
      "instances": [
        {
          "index_key": 0,
          "schema_version": 0,
          "attributes": {
            "id": "1734719305",
            "json": "{\n  \"Version\": \"2012-10-17\",\n  \"Statement\": [\n    {\n      \"Sid\": \"Logs\",\n      \"Effect\": \"Allow\",\n      \"Action\": [\n        \"logs:PutLogEvents\",\n        \"logs:CreateLogStream\"\n      ],\n      \"Resource\": \"*\"\n    },\n    {\n      \"Sid\": \"ECR\",\n      \"Effect\": \"Allow\",\n      \"Action\": [\n        \"ecr:GetDownloadUrlForLayer\",\n        \"ecr:GetAuthorizationToken\",\n        \"ecr:BatchGetImage\",\n        \"ecr:BatchCheckLayerAvailability\"\n      ],\n      \"Resource\": \"*\"\n    }\n  ]\n}",
            "minified_json": "{\"Version\":\"2012-10-17\",\"Statement\":[{\"Sid\":\"Logs\",\"Effect\":\"Allow\",\"Action\":[\"logs:PutLogEvents\",\"logs:CreateLogStream\"],\"Resource\":\"*\"},{\"Sid\":\"ECR\",\"Effect\":\"Allow\",\"Action\":[\"ecr:GetDownloadUrlForLayer\",\"ecr:GetAuthorizationToken\",\"ecr:BatchGetImage\",\"ecr:BatchCheckLayerAvailability\"],\"Resource\":\"*\"}]}",
            "override_json": null,
            "override_policy_documents": null,
            "policy_id": null,
            "source_json": null,
            "source_policy_documents": null,
            "statement": [
              {
                "actions": [
                  "logs:CreateLogStream",
                  "logs:PutLogEvents"
                ],
                "condition": [],
                "effect": "Allow",
                "not_actions": [],
                "not_principals": [],
                "not_resources": [],
                "principals": [],
                "resources": [
                  "*"
                ],
                "sid": "Logs"
              },
              {
                "actions": [
                  "ecr:BatchCheckLayerAvailability",
                  "ecr:BatchGetImage",
                  "ecr:GetAuthorizationToken",
                  "ecr:GetDownloadUrlForLayer"
                ],
                "condition": [],
                "effect": "Allow",
                "not_actions": [],
                "not_principals": [],
                "not_resources": [],
                "principals": [],
                "resources": [
                  "*"
                ],
                "sid": "ECR"
              }
            ],
            "version": "2012-10-17"
          },
          "sensitive_attributes": []
        }
      ]
    },
    {
      "module": "module.ecs.module.service[\"frontend\"]",
      "mode": "data",
      "type": "aws_iam_policy_document",
      "name": "task_exec_assume",
      "provider": "provider[\"registry.terraform.io/hashicorp/aws\"]",
      "instances": [
        {
          "index_key": 0,
          "schema_version": 0,
          "attributes": {
            "id": "2291109037",
            "json": "{\n  \"Version\": \"2012-10-17\",\n  \"Statement\": [\n    {\n      \"Sid\": \"ECSTaskExecutionAssumeRole\",\n      \"Effect\": \"Allow\",\n      \"Action\": \"sts:AssumeRole\",\n      \"Principal\": {\n        \"Service\": \"ecs-tasks.amazonaws.com\"\n      }\n    }\n  ]\n}",
            "minified_json": "{\"Version\":\"2012-10-17\",\"Statement\":[{\"Sid\":\"ECSTaskExecutionAssumeRole\",\"Effect\":\"Allow\",\"Action\":\"sts:AssumeRole\",\"Principal\":{\"Service\":\"ecs-tasks.amazonaws.com\"}}]}",
            "override_json": null,
            "override_policy_documents": null,
            "policy_id": null,
            "source_json": null,
            "source_policy_documents": null,
            "statement": [
              {
                "actions": [
                  "sts:AssumeRole"
                ],
                "condition": [],
                "effect": "Allow",
                "not_actions": [],
                "not_principals": [],
                "not_resources": [],
                "principals": [
                  {
                    "identifiers": [
                      "ecs-tasks.amazonaws.com"
                    ],
                    "type": "Service"
                  }
                ],
                "resources": [],
                "sid": "ECSTaskExecutionAssumeRole"
              }
            ],
            "version": "2012-10-17"
          },
          "sensitive_attributes": []
        }
      ]
    },
    {
      "module": "module.ecs.module.service[\"frontend\"]",
      "mode": "data",
      "type": "aws_iam_policy_document",
      "name": "tasks_assume",
      "provider": "provider[\"registry.terraform.io/hashicorp/aws\"]",
      "instances": [
        {
          "index_key": 0,
          "schema_version": 0,
          "attributes": {
            "id": "637168758",
            "json": "{\n  \"Version\": \"2012-10-17\",\n  \"Statement\": [\n    {\n      \"Sid\": \"ECSTasksAssumeRole\",\n      \"Effect\": \"Allow\",\n      \"Action\": \"sts:AssumeRole\",\n      \"Principal\": {\n        \"Service\": \"ecs-tasks.amazonaws.com\"\n      },\n      \"Condition\": {\n        \"ArnLike\": {\n          \"aws:SourceArn\": \"arn:aws:ecs:us-east-2:233442448767:*\"\n        },\n        \"StringEquals\": {\n          \"aws:SourceAccount\": \"233442448767\"\n        }\n      }\n    }\n  ]\n}",
            "minified_json": "{\"Version\":\"2012-10-17\",\"Statement\":[{\"Sid\":\"ECSTasksAssumeRole\",\"Effect\":\"Allow\",\"Action\":\"sts:AssumeRole\",\"Principal\":{\"Service\":\"ecs-tasks.amazonaws.com\"},\"Condition\":{\"ArnLike\":{\"aws:SourceArn\":\"arn:aws:ecs:us-east-2:233442448767:*\"},\"StringEquals\":{\"aws:SourceAccount\":\"233442448767\"}}}]}",
            "override_json": null,
            "override_policy_documents": null,
            "policy_id": null,
            "source_json": null,
            "source_policy_documents": null,
            "statement": [
              {
                "actions": [
                  "sts:AssumeRole"
                ],
                "condition": [
                  {
                    "test": "ArnLike",
                    "values": [
                      "arn:aws:ecs:us-east-2:233442448767:*"
                    ],
                    "variable": "aws:SourceArn"
                  },
                  {
                    "test": "StringEquals",
                    "values": [
                      "233442448767"
                    ],
                    "variable": "aws:SourceAccount"
                  }
                ],
                "effect": "Allow",
                "not_actions": [],
                "not_principals": [],
                "not_resources": [],
                "principals": [
                  {
                    "identifiers": [
                      "ecs-tasks.amazonaws.com"
                    ],
                    "type": "Service"
                  }
                ],
                "resources": [],
                "sid": "ECSTasksAssumeRole"
              }
            ],
            "version": "2012-10-17"
          },
          "sensitive_attributes": []
        }
      ]
    },
    {
      "module": "module.ecs.module.service[\"frontend\"]",
      "mode": "data",
      "type": "aws_partition",
      "name": "current",
      "provider": "provider[\"registry.terraform.io/hashicorp/aws\"]",
      "instances": [
        {
          "index_key": 0,
          "schema_version": 0,
          "attributes": {
            "dns_suffix": "amazonaws.com",
            "id": "aws",
            "partition": "aws",
            "reverse_dns_prefix": "com.amazonaws"
          },
          "sensitive_attributes": []
        }
      ]
    },
    {
      "module": "module.ecs.module.service[\"frontend\"]",
      "mode": "data",
      "type": "aws_region",
      "name": "current",
      "provider": "provider[\"registry.terraform.io/hashicorp/aws\"]",
      "instances": [
        {
          "index_key": 0,
          "schema_version": 0,
          "attributes": {
            "description": "US East (Ohio)",
            "endpoint": "ec2.us-east-2.amazonaws.com",
            "id": "us-east-2",
            "name": "us-east-2",
            "region": "us-east-2"
          },
          "sensitive_attributes": []
        }
      ]
    },
    {
      "module": "module.ecs.module.service[\"frontend\"]",
      "mode": "data",
      "type": "aws_subnet",
      "name": "this",
      "provider": "provider[\"registry.terraform.io/hashicorp/aws\"]",
      "instances": [
        {
          "index_key": 0,
          "schema_version": 0,
          "attributes": {
            "arn": "arn:aws:ec2:us-east-2:233442448767:subnet/subnet-0ff46dd33e34137c0",
            "assign_ipv6_address_on_creation": false,
            "availability_zone": "us-east-2a",
            "availability_zone_id": "use2-az1",
            "available_ip_address_count": 243,
            "cidr_block": "10.0.1.0/24",
            "customer_owned_ipv4_pool": "",
            "default_for_az": false,
            "enable_dns64": false,
            "enable_lni_at_device_index": 0,
            "enable_resource_name_dns_a_record_on_launch": false,
            "enable_resource_name_dns_aaaa_record_on_launch": false,
            "filter": null,
            "id": "subnet-0ff46dd33e34137c0",
            "ipv6_cidr_block": "",
            "ipv6_cidr_block_association_id": "",
            "ipv6_native": false,
            "map_customer_owned_ip_on_launch": false,
            "map_public_ip_on_launch": false,
            "outpost_arn": "",
            "owner_id": "233442448767",
            "private_dns_hostname_type_on_launch": "ip-name",
            "region": "us-east-2",
            "state": "available",
            "tags": {
              "Environment": "production",
              "ManagedBy": "Terraform",
              "Name": "checkguard-vpc",
              "Owner": "CheckGuard Team",
              "Project": "CheckGuard AI",
              "Tier": "app",
              "Type": "private"
            },
            "timeouts": null,
            "vpc_id": "vpc-06a36e4fd06bc2eeb"
          },
          "sensitive_attributes": []
        }
      ]
    },
    {
      "module": "module.ecs.module.service[\"frontend\"]",
      "mode": "managed",
      "type": "aws_appautoscaling_policy",
      "name": "this",
      "provider": "provider[\"registry.terraform.io/hashicorp/aws\"]",
      "instances": [
        {
          "index_key": "cpu",
          "schema_version": 0,
          "attributes": {
            "alarm_arns": [
              "arn:aws:cloudwatch:us-east-2:233442448767:alarm:TargetTracking-service/checkguard-cluster/frontend-AlarmHigh-94c8b454-52ea-4abd-b6b9-796075b14fa0",
              "arn:aws:cloudwatch:us-east-2:233442448767:alarm:TargetTracking-service/checkguard-cluster/frontend-AlarmLow-1df6443c-6990-44a8-b183-c8f4ee0b7283"
            ],
            "arn": "arn:aws:autoscaling:us-east-2:233442448767:scalingPolicy:0991ef97-7c2b-4832-8904-92a441d00691:resource/ecs/service/checkguard-cluster/frontend:policyName/cpu",
            "id": "cpu",
            "name": "cpu",
            "policy_type": "TargetTrackingScaling",
            "region": "us-east-2",
            "resource_id": "service/checkguard-cluster/frontend",
            "scalable_dimension": "ecs:service:DesiredCount",
            "service_namespace": "ecs",
            "step_scaling_policy_configuration": [],
            "target_tracking_scaling_policy_configuration": [
              {
                "customized_metric_specification": [],
                "disable_scale_in": false,
                "predefined_metric_specification": [
                  {
                    "predefined_metric_type": "ECSServiceAverageCPUUtilization",
                    "resource_label": ""
                  }
                ],
                "scale_in_cooldown": 300,
                "scale_out_cooldown": 60,
                "target_value": 70
              }
            ]
          },
          "sensitive_attributes": [],
          "private": "bnVsbA==",
          "dependencies": [
            "aws_iam_role.ecs_task",
            "aws_iam_role.ecs_task_execution",
            "aws_kms_key.secrets",
            "aws_lb.main",
            "aws_lb_target_group.backend",
            "aws_lb_target_group.frontend",
            "aws_s3_bucket.alb_logs",
            "aws_secretsmanager_secret.app_secret",
            "aws_secretsmanager_secret.clerk",
            "aws_secretsmanager_secret.clerk_publishable",
            "aws_secretsmanager_secret.database",
            "aws_secretsmanager_secret.gemini",
            "aws_secretsmanager_secret.redis",
            "aws_security_group.alb",
            "data.aws_availability_zones.available",
            "data.aws_caller_identity.current",
            "module.ecs.module.cluster.aws_cloudwatch_log_group.this",
            "module.ecs.module.cluster.aws_ecs_cluster.this",
            "module.ecs.module.cluster.aws_iam_role.task_exec",
            "module.ecs.module.cluster.data.aws_iam_policy_document.task_exec_assume",
            "module.ecs.module.service.aws_appautoscaling_target.this",
            "module.ecs.module.service.aws_ecs_service.ignore_task_definition",
            "module.ecs.module.service.aws_ecs_service.this",
            "module.ecs.module.service.aws_ecs_task_definition.this",
            "module.ecs.module.service.aws_iam_policy.service",
            "module.ecs.module.service.aws_iam_policy.task_exec",
            "module.ecs.module.service.aws_iam_role.infrastructure_iam_role",
            "module.ecs.module.service.aws_iam_role.service",
            "module.ecs.module.service.aws_iam_role.task_exec",
            "module.ecs.module.service.aws_iam_role.tasks",
            "module.ecs.module.service.aws_iam_role_policy_attachment.infrastructure_iam_role_ebs_policy",
            "module.ecs.module.service.aws_iam_role_policy_attachment.service",
            "module.ecs.module.service.aws_iam_role_policy_attachment.task_exec",
            "module.ecs.module.service.aws_iam_role_policy_attachment.task_exec_additional",
            "module.ecs.module.service.aws_iam_role_policy_attachment.tasks",
            "module.ecs.module.service.aws_security_group.this",
            "module.ecs.module.service.data.aws_caller_identity.current",
            "module.ecs.module.service.data.aws_iam_policy_document.infrastructure_iam_role",
            "module.ecs.module.service.data.aws_iam_policy_document.service",
            "module.ecs.module.service.data.aws_iam_policy_document.service_assume",
            "module.ecs.module.service.data.aws_iam_policy_document.task_exec",
            "module.ecs.module.service.data.aws_iam_policy_document.task_exec_assume",
            "module.ecs.module.service.data.aws_iam_policy_document.tasks_assume",
            "module.ecs.module.service.data.aws_partition.current",
            "module.ecs.module.service.data.aws_region.current",
            "module.ecs.module.service.data.aws_subnet.this",
            "module.ecs.module.service.module.container_definition.aws_cloudwatch_log_group.this",
            "module.ecs.module.service.module.container_definition.data.aws_region.current",
            "module.vpc.aws_subnet.private",
            "module.vpc.aws_subnet.public",
            "module.vpc.aws_vpc.this",
            "module.vpc.aws_vpc_ipv4_cidr_block_association.this",
            "random_string.alb_logs_bucket_suffix"
          ]
        }
      ]
    },
    {
      "module": "module.ecs.module.service[\"frontend\"]",
      "mode": "managed",
      "type": "aws_appautoscaling_target",
      "name": "this",
      "provider": "provider[\"registry.terraform.io/hashicorp/aws\"]",
      "instances": [
        {
          "index_key": 0,
          "schema_version": 0,
          "attributes": {
            "arn": "arn:aws:application-autoscaling:us-east-2:233442448767:scalable-target/0ec50991ef977c2b4832890492a441d00691",
            "id": "service/checkguard-cluster/frontend",
            "max_capacity": 5,
            "min_capacity": 1,
            "region": "us-east-2",
            "resource_id": "service/checkguard-cluster/frontend",
            "role_arn": "arn:aws:iam::233442448767:role/aws-service-role/ecs.application-autoscaling.amazonaws.com/AWSServiceRoleForApplicationAutoScaling_ECSService",
            "scalable_dimension": "ecs:service:DesiredCount",
            "service_namespace": "ecs",
            "suspended_state": [
              {
                "dynamic_scaling_in_suspended": false,
                "dynamic_scaling_out_suspended": false,
                "scheduled_scaling_suspended": false
              }
            ],
            "tags": {
              "Environment": "production",
              "Project": "checkguard"
            },
            "tags_all": {
              "Environment": "production",
              "ManagedBy": "Terraform",
              "Owner": "CheckGuard Team",
              "Project": "checkguard"
            }
          },
          "sensitive_attributes": [],
          "private": "bnVsbA==",
          "dependencies": [
            "aws_iam_role.ecs_task",
            "aws_iam_role.ecs_task_execution",
            "aws_kms_key.secrets",
            "aws_lb.main",
            "aws_lb_target_group.backend",
            "aws_lb_target_group.frontend",
            "aws_s3_bucket.alb_logs",
            "aws_secretsmanager_secret.app_secret",
            "aws_secretsmanager_secret.clerk",
            "aws_secretsmanager_secret.clerk_publishable",
            "aws_secretsmanager_secret.database",
            "aws_secretsmanager_secret.gemini",
            "aws_secretsmanager_secret.redis",
            "aws_security_group.alb",
            "data.aws_availability_zones.available",
            "data.aws_caller_identity.current",
            "module.ecs.module.cluster.aws_cloudwatch_log_group.this",
            "module.ecs.module.cluster.aws_ecs_cluster.this",
            "module.ecs.module.cluster.aws_iam_role.task_exec",
            "module.ecs.module.cluster.data.aws_iam_policy_document.task_exec_assume",
            "module.ecs.module.service.aws_ecs_service.ignore_task_definition",
            "module.ecs.module.service.aws_ecs_service.this",
            "module.ecs.module.service.aws_ecs_task_definition.this",
            "module.ecs.module.service.aws_iam_policy.service",
            "module.ecs.module.service.aws_iam_policy.task_exec",
            "module.ecs.module.service.aws_iam_role.infrastructure_iam_role",
            "module.ecs.module.service.aws_iam_role.service",
            "module.ecs.module.service.aws_iam_role.task_exec",
            "module.ecs.module.service.aws_iam_role.tasks",
            "module.ecs.module.service.aws_iam_role_policy_attachment.infrastructure_iam_role_ebs_policy",
            "module.ecs.module.service.aws_iam_role_policy_attachment.service",
            "module.ecs.module.service.aws_iam_role_policy_attachment.task_exec",
            "module.ecs.module.service.aws_iam_role_policy_attachment.task_exec_additional",
            "module.ecs.module.service.aws_iam_role_policy_attachment.tasks",
            "module.ecs.module.service.aws_security_group.this",
            "module.ecs.module.service.data.aws_caller_identity.current",
            "module.ecs.module.service.data.aws_iam_policy_document.infrastructure_iam_role",
            "module.ecs.module.service.data.aws_iam_policy_document.service",
            "module.ecs.module.service.data.aws_iam_policy_document.service_assume",
            "module.ecs.module.service.data.aws_iam_policy_document.task_exec",
            "module.ecs.module.service.data.aws_iam_policy_document.task_exec_assume",
            "module.ecs.module.service.data.aws_iam_policy_document.tasks_assume",
            "module.ecs.module.service.data.aws_partition.current",
            "module.ecs.module.service.data.aws_region.current",
            "module.ecs.module.service.data.aws_subnet.this",
            "module.ecs.module.service.module.container_definition.aws_cloudwatch_log_group.this",
            "module.ecs.module.service.module.container_definition.data.aws_region.current",
            "module.vpc.aws_subnet.private",
            "module.vpc.aws_subnet.public",
            "module.vpc.aws_vpc.this",
            "module.vpc.aws_vpc_ipv4_cidr_block_association.this",
            "random_string.alb_logs_bucket_suffix"
          ]
        }
      ]
    },
    {
      "module": "module.ecs.module.service[\"frontend\"]",
      "mode": "managed",
      "type": "aws_ecs_service",
      "name": "this",
      "provider": "provider[\"registry.terraform.io/hashicorp/aws\"]",
      "instances": [
        {
          "index_key": 0,
          "schema_version": 1,
          "attributes": {
            "alarms": [],
            "arn": "arn:aws:ecs:us-east-2:233442448767:service/checkguard-cluster/frontend",
            "availability_zone_rebalancing": "DISABLED",
            "capacity_provider_strategy": [],
            "cluster": "arn:aws:ecs:us-east-2:233442448767:cluster/checkguard-cluster",
            "deployment_circuit_breaker": [
              {
                "enable": false,
                "rollback": false
              }
            ],
            "deployment_configuration": [],
            "deployment_controller": [
              {
                "type": "ECS"
              }
            ],
            "deployment_maximum_percent": 200,
            "deployment_minimum_healthy_percent": 66,
            "desired_count": 1,
            "enable_ecs_managed_tags": true,
            "enable_execute_command": false,
            "force_delete": null,
            "force_new_deployment": true,
            "health_check_grace_period_seconds": 0,
            "iam_role": "/aws-service-role/ecs.amazonaws.com/AWSServiceRoleForECS",
            "id": "arn:aws:ecs:us-east-2:233442448767:service/checkguard-cluster/frontend",
            "launch_type": "FARGATE",
            "load_balancer": [
              {
                "advanced_configuration": [],
                "container_name": "frontend",
                "container_port": 3000,
                "elb_name": "",
                "target_group_arn": "arn:aws:elasticloadbalancing:us-east-2:233442448767:targetgroup/checkguard-frontend-tg/a55a28cb95846ae2"
              }
            ],
            "name": "frontend",
            "network_configuration": [
              {
                "assign_public_ip": false,
                "security_groups": [
                  "sg-00fdc06e44e2ca172"
                ],
                "subnets": [
                  "subnet-05282f386915eed96",
                  "subnet-080e767110dd2796f",
                  "subnet-0ff46dd33e34137c0"
                ]
              }
            ],
            "ordered_placement_strategy": [],
            "placement_constraints": [],
            "platform_version": "LATEST",
            "propagate_tags": "NONE",
            "region": "us-east-2",
            "scheduling_strategy": "REPLICA",
            "service_connect_configuration": [],
            "service_registries": [],
            "tags": {
              "Environment": "production",
              "Project": "checkguard"
            },
            "tags_all": {
              "Environment": "production",
              "ManagedBy": "Terraform",
              "Owner": "CheckGuard Team",
              "Project": "checkguard"
            },
            "task_definition": "arn:aws:ecs:us-east-2:233442448767:task-definition/frontend:16",
            "timeouts": null,
            "triggers": {},
            "volume_configuration": [],
            "vpc_lattice_configurations": [],
            "wait_for_steady_state": false
          },
          "sensitive_attributes": [],
          "private": "eyJlMmJmYjczMC1lY2FhLTExZTYtOGY4OC0zNDM2M2JjN2M0YzAiOnsiY3JlYXRlIjoxMjAwMDAwMDAwMDAwLCJkZWxldGUiOjEyMDAwMDAwMDAwMDAsInVwZGF0ZSI6MTIwMDAwMDAwMDAwMH0sInNjaGVtYV92ZXJzaW9uIjoiMSJ9",
          "dependencies": [
            "aws_iam_role.ecs_task",
            "aws_iam_role.ecs_task_execution",
            "aws_lb.main",
            "aws_lb_target_group.backend",
            "aws_lb_target_group.frontend",
            "aws_secretsmanager_secret.app_secret",
            "aws_secretsmanager_secret.clerk",
            "aws_secretsmanager_secret.clerk_publishable",
            "aws_secretsmanager_secret.database",
            "aws_secretsmanager_secret.gemini",
            "aws_secretsmanager_secret.redis",
            "aws_security_group.alb",
            "data.aws_caller_identity.current",
            "module.ecs.module.cluster.aws_ecs_cluster.this",
            "module.ecs.module.cluster.aws_iam_role.task_exec",
            "module.ecs.module.service.aws_ecs_task_definition.this",
            "module.ecs.module.service.aws_iam_role.infrastructure_iam_role",
            "module.ecs.module.service.aws_iam_role.service",
            "module.ecs.module.service.aws_iam_role.task_exec",
            "module.ecs.module.service.aws_iam_role.tasks",
            "module.ecs.module.service.aws_iam_role_policy_attachment.infrastructure_iam_role_ebs_policy",
            "module.ecs.module.service.aws_iam_role_policy_attachment.service",
            "module.ecs.module.service.aws_iam_role_policy_attachment.task_exec",
            "module.ecs.module.service.aws_iam_role_policy_attachment.task_exec_additional",
            "module.ecs.module.service.aws_iam_role_policy_attachment.tasks",
            "module.ecs.module.service.aws_security_group.this",
            "module.ecs.module.service.module.container_definition.aws_cloudwatch_log_group.this",
            "module.ecs.module.service.module.container_definition.data.aws_region.current",
            "module.vpc.aws_subnet.private"
          ]
        }
      ]
    },
    {
      "module": "module.ecs.module.service[\"frontend\"]",
      "mode": "managed",
      "type": "aws_ecs_task_definition",
      "name": "this",
      "provider": "provider[\"registry.terraform.io/hashicorp/aws\"]",
      "instances": [
        {
          "index_key": 0,
          "schema_version": 1,
          "attributes": {
            "arn": "arn:aws:ecs:us-east-2:233442448767:task-definition/frontend:16",
            "arn_without_revision": "arn:aws:ecs:us-east-2:233442448767:task-definition/frontend",
            "container_definitions": "[{\"cpu\":512,\"environment\":[{\"name\":\"NEXT_PUBLIC_API_BASE_URL\",\"value\":\"https://checkguard-alb-1390527999.us-east-2.elb.amazonaws.com\"},{\"name\":\"NEXT_PUBLIC_API_URL\",\"value\":\"https://checkguard-alb-1390527999.us-east-2.elb.amazonaws.com\"},{\"name\":\"NODE_ENV\",\"value\":\"production\"}],\"essential\":true,\"healthCheck\":{\"command\":[\"CMD-SHELL\",\"wget --no-verbose --tries=1 --spider http://localhost:3000/ || exit 1\"],\"interval\":30,\"retries\":3,\"startPeriod\":60,\"timeout\":5},\"image\":\"233442448767.dkr.ecr.us-east-2.amazonaws.com/checkguard-frontend:latest\",\"interactive\":false,\"linuxParameters\":{\"initProcessEnabled\":false},\"logConfiguration\":{\"logDriver\":\"awslogs\",\"options\":{\"awslogs-group\":\"/aws/ecs/frontend/frontend-20250802155036725800000026\",\"awslogs-region\":\"us-east-2\",\"awslogs-stream-prefix\":\"ecs\"}},\"memory\":1024,\"memoryReservation\":512,\"mountPoints\":[],\"name\":\"frontend\",\"portMappings\":[{\"containerPort\":3000,\"hostPort\":3000,\"name\":\"frontend\",\"protocol\":\"tcp\"}],\"privileged\":false,\"pseudoTerminal\":false,\"readonlyRootFilesystem\":false,\"restartPolicy\":{\"enabled\":true,\"ignoredExitCodes\":[]},\"secrets\":[{\"name\":\"NEXT_PUBLIC_CLERK_PUBLISHABLE_KEY\",\"valueFrom\":\"arn:aws:secretsmanager:us-east-2:233442448767:secret:checkguard/clerk-publishable-Q7MRjx\"}],\"startTimeout\":30,\"stopTimeout\":120,\"systemControls\":[],\"user\":\"1001\",\"versionConsistency\":\"disabled\",\"volumesFrom\":[]}]",
            "cpu": "512",
            "enable_fault_injection": false,
            "ephemeral_storage": [],
            "execution_role_arn": "arn:aws:iam::233442448767:role/frontend-2025080215503595630000001e",
            "family": "frontend",
            "id": "frontend",
            "ipc_mode": "",
            "memory": "1024",
            "network_mode": "awsvpc",
            "pid_mode": "",
            "placement_constraints": [],
            "proxy_configuration": [],
            "region": "us-east-2",
            "requires_compatibilities": [
              "FARGATE"
            ],
            "revision": 16,
            "runtime_platform": [
              {
                "cpu_architecture": "X86_64",
                "operating_system_family": "LINUX"
              }
            ],
            "skip_destroy": false,
            "tags": {
              "Environment": "production",
              "Project": "checkguard"
            },
            "tags_all": {
              "Environment": "production",
              "ManagedBy": "Terraform",
              "Owner": "CheckGuard Team",
              "Project": "checkguard"
            },
            "task_role_arn": "arn:aws:iam::233442448767:role/frontend-2025080215503528770000001a",
            "track_latest": true,
            "volume": []
          },
          "sensitive_attributes": [],
          "private": "eyJzY2hlbWFfdmVyc2lvbiI6IjEifQ==",
          "dependencies": [
            "aws_iam_role.ecs_task",
            "aws_iam_role.ecs_task_execution",
            "aws_lb.main",
            "aws_lb_target_group.backend",
            "aws_lb_target_group.frontend",
            "aws_secretsmanager_secret.app_secret",
            "aws_secretsmanager_secret.clerk",
            "aws_secretsmanager_secret.clerk_publishable",
            "aws_secretsmanager_secret.database",
            "aws_secretsmanager_secret.gemini",
            "aws_secretsmanager_secret.redis",
            "aws_security_group.alb",
            "data.aws_caller_identity.current",
            "module.ecs.module.cluster.aws_iam_role.task_exec",
            "module.ecs.module.service.aws_iam_role.task_exec",
            "module.ecs.module.service.aws_iam_role.tasks",
            "module.ecs.module.service.aws_iam_role_policy_attachment.task_exec",
            "module.ecs.module.service.aws_iam_role_policy_attachment.task_exec_additional",
            "module.ecs.module.service.aws_iam_role_policy_attachment.tasks",
            "module.ecs.module.service.module.container_definition.aws_cloudwatch_log_group.this",
            "module.ecs.module.service.module.container_definition.data.aws_region.current",
            "module.vpc.aws_subnet.private"
          ],
          "create_before_destroy": true
        }
      ]
    },
    {
      "module": "module.ecs.module.service[\"frontend\"]",
      "mode": "managed",
      "type": "aws_iam_policy",
      "name": "task_exec",
      "provider": "provider[\"registry.terraform.io/hashicorp/aws\"]",
      "instances": [
        {
          "index_key": 0,
          "schema_version": 0,
          "attributes": {
            "arn": "arn:aws:iam::233442448767:policy/frontend-20250802155036195800000022",
            "attachment_count": 1,
            "description": "Task execution role IAM policy",
            "id": "arn:aws:iam::233442448767:policy/frontend-20250802155036195800000022",
            "name": "frontend-20250802155036195800000022",
            "name_prefix": "frontend-",
            "path": "/",
            "policy": "{\"Statement\":[{\"Action\":[\"logs:PutLogEvents\",\"logs:CreateLogStream\"],\"Effect\":\"Allow\",\"Resource\":\"*\",\"Sid\":\"Logs\"},{\"Action\":[\"ecr:GetDownloadUrlForLayer\",\"ecr:GetAuthorizationToken\",\"ecr:BatchGetImage\",\"ecr:BatchCheckLayerAvailability\"],\"Effect\":\"Allow\",\"Resource\":\"*\",\"Sid\":\"ECR\"}],\"Version\":\"2012-10-17\"}",
            "policy_id": "ANPATMWSBCV7UTDHWBMN4",
            "tags": {
              "Environment": "production",
              "Project": "checkguard"
            },
            "tags_all": {
              "Environment": "production",
              "ManagedBy": "Terraform",
              "Owner": "CheckGuard Team",
              "Project": "checkguard"
            }
          },
          "sensitive_attributes": [],
          "private": "bnVsbA==",
          "dependencies": [
            "aws_iam_role.ecs_task",
            "aws_iam_role.ecs_task_execution",
            "aws_kms_key.secrets",
            "aws_lb.main",
            "aws_lb_target_group.backend",
            "aws_lb_target_group.frontend",
            "aws_s3_bucket.alb_logs",
            "aws_secretsmanager_secret.app_secret",
            "aws_secretsmanager_secret.clerk",
            "aws_secretsmanager_secret.clerk_publishable",
            "aws_secretsmanager_secret.database",
            "aws_secretsmanager_secret.gemini",
            "aws_secretsmanager_secret.redis",
            "aws_security_group.alb",
            "data.aws_availability_zones.available",
            "data.aws_caller_identity.current",
            "module.ecs.module.service.data.aws_iam_policy_document.task_exec",
            "module.vpc.aws_subnet.private",
            "module.vpc.aws_subnet.public",
            "module.vpc.aws_vpc.this",
            "module.vpc.aws_vpc_ipv4_cidr_block_association.this",
            "random_string.alb_logs_bucket_suffix"
          ],
          "create_before_destroy": true
        }
      ]
    },
    {
      "module": "module.ecs.module.service[\"frontend\"]",
      "mode": "managed",
      "type": "aws_iam_role",
      "name": "task_exec",
      "provider": "provider[\"registry.terraform.io/hashicorp/aws\"]",
      "instances": [
        {
          "index_key": 0,
          "schema_version": 0,
          "attributes": {
            "arn": "arn:aws:iam::233442448767:role/frontend-2025080215503595630000001e",
            "assume_role_policy": "{\"Statement\":[{\"Action\":\"sts:AssumeRole\",\"Effect\":\"Allow\",\"Principal\":{\"Service\":\"ecs-tasks.amazonaws.com\"},\"Sid\":\"ECSTaskExecutionAssumeRole\"}],\"Version\":\"2012-10-17\"}",
            "create_date": "2025-08-02T15:50:36Z",
            "description": "Task execution role for frontend",
            "force_detach_policies": true,
            "id": "frontend-2025080215503595630000001e",
            "inline_policy": [],
            "managed_policy_arns": [
              "arn:aws:iam::233442448767:policy/frontend-20250802155036195800000022"
            ],
            "max_session_duration": 3600,
            "name": "frontend-2025080215503595630000001e",
            "name_prefix": "frontend-",
            "path": "/",
            "permissions_boundary": "",
            "tags": {
              "Environment": "production",
              "Project": "checkguard"
            },
            "tags_all": {
              "Environment": "production",
              "ManagedBy": "Terraform",
              "Owner": "CheckGuard Team",
              "Project": "checkguard"
            },
            "unique_id": "AROATMWSBCV7QYQN5GT2B"
          },
          "sensitive_attributes": [],
          "private": "bnVsbA==",
          "dependencies": [
            "aws_iam_role.ecs_task",
            "aws_iam_role.ecs_task_execution",
            "aws_kms_key.secrets",
            "aws_lb.main",
            "aws_lb_target_group.backend",
            "aws_lb_target_group.frontend",
            "aws_s3_bucket.alb_logs",
            "aws_secretsmanager_secret.app_secret",
            "aws_secretsmanager_secret.clerk",
            "aws_secretsmanager_secret.clerk_publishable",
            "aws_secretsmanager_secret.database",
            "aws_secretsmanager_secret.gemini",
            "aws_secretsmanager_secret.redis",
            "aws_security_group.alb",
            "data.aws_availability_zones.available",
            "data.aws_caller_identity.current",
            "module.ecs.module.service.data.aws_iam_policy_document.task_exec_assume",
            "module.vpc.aws_subnet.private",
            "module.vpc.aws_subnet.public",
            "module.vpc.aws_vpc.this",
            "module.vpc.aws_vpc_ipv4_cidr_block_association.this",
            "random_string.alb_logs_bucket_suffix"
          ],
          "create_before_destroy": true
        }
      ]
    },
    {
      "module": "module.ecs.module.service[\"frontend\"]",
      "mode": "managed",
      "type": "aws_iam_role",
      "name": "tasks",
      "provider": "provider[\"registry.terraform.io/hashicorp/aws\"]",
      "instances": [
        {
          "index_key": 0,
          "schema_version": 0,
          "attributes": {
            "arn": "arn:aws:iam::233442448767:role/frontend-2025080215503528770000001a",
            "assume_role_policy": "{\"Statement\":[{\"Action\":\"sts:AssumeRole\",\"Condition\":{\"ArnLike\":{\"aws:SourceArn\":\"arn:aws:ecs:us-east-2:233442448767:*\"},\"StringEquals\":{\"aws:SourceAccount\":\"233442448767\"}},\"Effect\":\"Allow\",\"Principal\":{\"Service\":\"ecs-tasks.amazonaws.com\"},\"Sid\":\"ECSTasksAssumeRole\"}],\"Version\":\"2012-10-17\"}",
            "create_date": "2025-08-02T15:50:35Z",
            "description": "",
            "force_detach_policies": true,
            "id": "frontend-2025080215503528770000001a",
            "inline_policy": [],
            "managed_policy_arns": [],
            "max_session_duration": 3600,
            "name": "frontend-2025080215503528770000001a",
            "name_prefix": "frontend-",
            "path": "/",
            "permissions_boundary": "",
            "tags": {
              "Environment": "production",
              "Project": "checkguard"
            },
            "tags_all": {
              "Environment": "production",
              "ManagedBy": "Terraform",
              "Owner": "CheckGuard Team",
              "Project": "checkguard"
            },
            "unique_id": "AROATMWSBCV724V46BDJD"
          },
          "sensitive_attributes": [],
          "private": "bnVsbA==",
          "dependencies": [
            "aws_iam_role.ecs_task",
            "aws_iam_role.ecs_task_execution",
            "aws_kms_key.secrets",
            "aws_lb.main",
            "aws_lb_target_group.backend",
            "aws_lb_target_group.frontend",
            "aws_s3_bucket.alb_logs",
            "aws_secretsmanager_secret.app_secret",
            "aws_secretsmanager_secret.clerk",
            "aws_secretsmanager_secret.clerk_publishable",
            "aws_secretsmanager_secret.database",
            "aws_secretsmanager_secret.gemini",
            "aws_secretsmanager_secret.redis",
            "aws_security_group.alb",
            "data.aws_availability_zones.available",
            "data.aws_caller_identity.current",
            "module.ecs.module.service.data.aws_caller_identity.current",
            "module.ecs.module.service.data.aws_iam_policy_document.tasks_assume",
            "module.ecs.module.service.data.aws_partition.current",
            "module.ecs.module.service.data.aws_region.current",
            "module.vpc.aws_subnet.private",
            "module.vpc.aws_subnet.public",
            "module.vpc.aws_vpc.this",
            "module.vpc.aws_vpc_ipv4_cidr_block_association.this",
            "random_string.alb_logs_bucket_suffix"
          ],
          "create_before_destroy": true
        }
      ]
    },
    {
      "module": "module.ecs.module.service[\"frontend\"]",
      "mode": "managed",
      "type": "aws_iam_role_policy_attachment",
      "name": "task_exec",
      "provider": "provider[\"registry.terraform.io/hashicorp/aws\"]",
      "instances": [
        {
          "index_key": 0,
          "schema_version": 0,
          "attributes": {
            "id": "frontend-2025080215503595630000001e/arn:aws:iam::233442448767:policy/frontend-20250802155036195800000022",
            "policy_arn": "arn:aws:iam::233442448767:policy/frontend-20250802155036195800000022",
            "role": "frontend-2025080215503595630000001e"
          },
          "sensitive_attributes": [],
          "private": "bnVsbA==",
          "dependencies": [
            "aws_iam_role.ecs_task",
            "aws_iam_role.ecs_task_execution",
            "aws_kms_key.secrets",
            "aws_lb.main",
            "aws_lb_target_group.backend",
            "aws_lb_target_group.frontend",
            "aws_s3_bucket.alb_logs",
            "aws_secretsmanager_secret.app_secret",
            "aws_secretsmanager_secret.clerk",
            "aws_secretsmanager_secret.clerk_publishable",
            "aws_secretsmanager_secret.database",
            "aws_secretsmanager_secret.gemini",
            "aws_secretsmanager_secret.redis",
            "aws_security_group.alb",
            "data.aws_availability_zones.available",
            "data.aws_caller_identity.current",
            "module.ecs.module.service.aws_iam_policy.task_exec",
            "module.ecs.module.service.aws_iam_role.task_exec",
            "module.ecs.module.service.data.aws_iam_policy_document.task_exec",
            "module.ecs.module.service.data.aws_iam_policy_document.task_exec_assume",
            "module.vpc.aws_subnet.private",
            "module.vpc.aws_subnet.public",
            "module.vpc.aws_vpc.this",
            "module.vpc.aws_vpc_ipv4_cidr_block_association.this",
            "random_string.alb_logs_bucket_suffix"
          ],
          "create_before_destroy": true
        }
      ]
    },
    {
      "module": "module.ecs.module.service[\"frontend\"]",
      "mode": "managed",
      "type": "aws_security_group",
      "name": "this",
      "provider": "provider[\"registry.terraform.io/hashicorp/aws\"]",
      "instances": [
        {
          "index_key": 0,
          "schema_version": 1,
          "attributes": {
            "arn": "arn:aws:ec2:us-east-2:233442448767:security-group/sg-00fdc06e44e2ca172",
            "description": "Managed by Terraform",
            "egress": [
              {
                "cidr_blocks": [
                  "0.0.0.0/0"
                ],
                "description": "",
                "from_port": 0,
                "ipv6_cidr_blocks": [],
                "prefix_list_ids": [],
                "protocol": "-1",
                "security_groups": [],
                "self": false,
                "to_port": 0
              }
            ],
            "id": "sg-00fdc06e44e2ca172",
            "ingress": [
              {
                "cidr_blocks": [],
                "description": "Frontend port",
                "from_port": 3000,
                "ipv6_cidr_blocks": [],
                "prefix_list_ids": [],
                "protocol": "tcp",
                "security_groups": [
                  "sg-09829e42fe913a8f5"
                ],
                "self": false,
                "to_port": 3000
              }
            ],
            "name": "frontend-20250802155036340800000025",
            "name_prefix": "frontend-",
            "owner_id": "233442448767",
            "region": "us-east-2",
            "revoke_rules_on_delete": false,
            "tags": {
              "Environment": "production",
              "Name": "frontend",
              "Project": "checkguard"
            },
            "tags_all": {
              "Environment": "production",
              "ManagedBy": "Terraform",
              "Name": "frontend",
              "Owner": "CheckGuard Team",
              "Project": "checkguard"
            },
            "timeouts": null,
            "vpc_id": "vpc-06a36e4fd06bc2eeb"
          },
          "sensitive_attributes": [],
          "private": "eyJlMmJmYjczMC1lY2FhLTExZTYtOGY4OC0zNDM2M2JjN2M0YzAiOnsiY3JlYXRlIjo2MDAwMDAwMDAwMDAsImRlbGV0ZSI6OTAwMDAwMDAwMDAwfSwic2NoZW1hX3ZlcnNpb24iOiIxIn0=",
          "dependencies": [
            "aws_iam_role.ecs_task",
            "aws_iam_role.ecs_task_execution",
            "aws_kms_key.secrets",
            "aws_lb.main",
            "aws_lb_target_group.backend",
            "aws_lb_target_group.frontend",
            "aws_s3_bucket.alb_logs",
            "aws_secretsmanager_secret.app_secret",
            "aws_secretsmanager_secret.clerk",
            "aws_secretsmanager_secret.clerk_publishable",
            "aws_secretsmanager_secret.database",
            "aws_secretsmanager_secret.gemini",
            "aws_secretsmanager_secret.redis",
            "aws_security_group.alb",
            "data.aws_availability_zones.available",
            "data.aws_caller_identity.current",
            "module.ecs.module.service.data.aws_subnet.this",
            "module.vpc.aws_subnet.private",
            "module.vpc.aws_subnet.public",
            "module.vpc.aws_vpc.this",
            "module.vpc.aws_vpc_ipv4_cidr_block_association.this",
            "random_string.alb_logs_bucket_suffix"
          ],
          "create_before_destroy": true
        }
      ]
    },
    {
      "module": "module.ecs.module.service[\"frontend\"]",
      "mode": "managed",
      "type": "aws_vpc_security_group_egress_rule",
      "name": "this",
      "provider": "provider[\"registry.terraform.io/hashicorp/aws\"]",
      "instances": [
        {
          "index_key": "all",
          "schema_version": 0,
          "attributes": {
            "arn": "arn:aws:ec2:us-east-2:233442448767:security-group-rule/sgr-09024e5e4e0338033",
            "cidr_ipv4": "0.0.0.0/0",
            "cidr_ipv6": null,
            "description": null,
            "from_port": null,
            "id": "sgr-09024e5e4e0338033",
            "ip_protocol": "-1",
            "prefix_list_id": null,
            "referenced_security_group_id": null,
            "region": "us-east-2",
            "security_group_id": "sg-00fdc06e44e2ca172",
            "security_group_rule_id": "sgr-09024e5e4e0338033",
            "tags": {
              "Environment": "production",
              "Name": "frontend-all",
              "Project": "checkguard"
            },
            "tags_all": {
              "Environment": "production",
              "ManagedBy": "Terraform",
              "Name": "frontend-all",
              "Owner": "CheckGuard Team",
              "Project": "checkguard"
            },
            "to_port": null
          },
          "sensitive_attributes": [],
          "dependencies": [
            "aws_iam_role.ecs_task",
            "aws_iam_role.ecs_task_execution",
            "aws_kms_key.secrets",
            "aws_lb.main",
            "aws_lb_target_group.backend",
            "aws_lb_target_group.frontend",
            "aws_s3_bucket.alb_logs",
            "aws_secretsmanager_secret.app_secret",
            "aws_secretsmanager_secret.clerk",
            "aws_secretsmanager_secret.clerk_publishable",
            "aws_secretsmanager_secret.database",
            "aws_secretsmanager_secret.gemini",
            "aws_secretsmanager_secret.redis",
            "aws_security_group.alb",
            "data.aws_availability_zones.available",
            "data.aws_caller_identity.current",
            "module.ecs.module.service.aws_security_group.this",
            "module.ecs.module.service.data.aws_subnet.this",
            "module.vpc.aws_subnet.private",
            "module.vpc.aws_subnet.public",
            "module.vpc.aws_vpc.this",
            "module.vpc.aws_vpc_ipv4_cidr_block_association.this",
            "random_string.alb_logs_bucket_suffix"
          ]
        }
      ]
    },
    {
      "module": "module.ecs.module.service[\"frontend\"]",
      "mode": "managed",
      "type": "aws_vpc_security_group_ingress_rule",
      "name": "this",
      "provider": "provider[\"registry.terraform.io/hashicorp/aws\"]",
      "instances": [
        {
          "index_key": "alb_3000",
          "schema_version": 0,
          "attributes": {
            "arn": "arn:aws:ec2:us-east-2:233442448767:security-group-rule/sgr-050045a9afdaf54d1",
            "cidr_ipv4": null,
            "cidr_ipv6": null,
            "description": "Frontend port",
            "from_port": 3000,
            "id": "sgr-050045a9afdaf54d1",
            "ip_protocol": "tcp",
            "prefix_list_id": null,
            "referenced_security_group_id": "sg-09829e42fe913a8f5",
            "region": "us-east-2",
            "security_group_id": "sg-00fdc06e44e2ca172",
            "security_group_rule_id": "sgr-050045a9afdaf54d1",
            "tags": {
              "Environment": "production",
              "Name": "frontend-alb_3000",
              "Project": "checkguard"
            },
            "tags_all": {
              "Environment": "production",
              "ManagedBy": "Terraform",
              "Name": "frontend-alb_3000",
              "Owner": "CheckGuard Team",
              "Project": "checkguard"
            },
            "to_port": 3000
          },
          "sensitive_attributes": [],
          "dependencies": [
            "aws_iam_role.ecs_task",
            "aws_iam_role.ecs_task_execution",
            "aws_kms_key.secrets",
            "aws_lb.main",
            "aws_lb_target_group.backend",
            "aws_lb_target_group.frontend",
            "aws_s3_bucket.alb_logs",
            "aws_secretsmanager_secret.app_secret",
            "aws_secretsmanager_secret.clerk",
            "aws_secretsmanager_secret.clerk_publishable",
            "aws_secretsmanager_secret.database",
            "aws_secretsmanager_secret.gemini",
            "aws_secretsmanager_secret.redis",
            "aws_security_group.alb",
            "data.aws_availability_zones.available",
            "data.aws_caller_identity.current",
            "module.ecs.module.service.aws_security_group.this",
            "module.ecs.module.service.data.aws_subnet.this",
            "module.vpc.aws_subnet.private",
            "module.vpc.aws_subnet.public",
            "module.vpc.aws_vpc.this",
            "module.vpc.aws_vpc_ipv4_cidr_block_association.this",
            "random_string.alb_logs_bucket_suffix"
          ]
        }
      ]
    },
    {
      "module": "module.ecs.module.service[\"frontend\"].module.container_definition[\"frontend\"]",
      "mode": "data",
      "type": "aws_region",
      "name": "current",
      "provider": "provider[\"registry.terraform.io/hashicorp/aws\"]",
      "instances": [
        {
          "schema_version": 0,
          "attributes": {
            "description": "US East (Ohio)",
            "endpoint": "ec2.us-east-2.amazonaws.com",
            "id": "us-east-2",
            "name": "us-east-2",
            "region": "us-east-2"
          },
          "sensitive_attributes": []
        }
      ]
    },
    {
      "module": "module.ecs.module.service[\"frontend\"].module.container_definition[\"frontend\"]",
      "mode": "managed",
      "type": "aws_cloudwatch_log_group",
      "name": "this",
      "provider": "provider[\"registry.terraform.io/hashicorp/aws\"]",
      "instances": [
        {
          "index_key": 0,
          "schema_version": 0,
          "attributes": {
            "arn": "arn:aws:logs:us-east-2:233442448767:log-group:/aws/ecs/frontend/frontend-20250802155036725800000026",
            "id": "/aws/ecs/frontend/frontend-20250802155036725800000026",
            "kms_key_id": "",
            "log_group_class": "STANDARD",
            "name": "/aws/ecs/frontend/frontend-20250802155036725800000026",
            "name_prefix": "/aws/ecs/frontend/frontend-",
            "region": "us-east-2",
            "retention_in_days": 7,
            "skip_destroy": false,
            "tags": {
              "Environment": "production",
              "Project": "checkguard"
            },
            "tags_all": {
              "Environment": "production",
              "ManagedBy": "Terraform",
              "Owner": "CheckGuard Team",
              "Project": "checkguard"
            }
          },
          "sensitive_attributes": [],
          "private": "bnVsbA==",
          "dependencies": [
            "aws_iam_role.ecs_task",
            "aws_iam_role.ecs_task_execution",
            "aws_kms_key.secrets",
            "aws_lb.main",
            "aws_lb_target_group.backend",
            "aws_lb_target_group.frontend",
            "aws_s3_bucket.alb_logs",
            "aws_secretsmanager_secret.app_secret",
            "aws_secretsmanager_secret.clerk",
            "aws_secretsmanager_secret.clerk_publishable",
            "aws_secretsmanager_secret.database",
            "aws_secretsmanager_secret.gemini",
            "aws_secretsmanager_secret.redis",
            "aws_security_group.alb",
            "data.aws_availability_zones.available",
            "data.aws_caller_identity.current",
            "module.vpc.aws_subnet.private",
            "module.vpc.aws_subnet.public",
            "module.vpc.aws_vpc.this",
            "module.vpc.aws_vpc_ipv4_cidr_block_association.this",
            "random_string.alb_logs_bucket_suffix"
          ],
          "create_before_destroy": true
        }
      ]
    },
    {
      "module": "module.elasticache",
      "mode": "managed",
      "type": "aws_cloudwatch_log_group",
      "name": "this",
      "provider": "provider[\"registry.terraform.io/hashicorp/aws\"]",
      "instances": [
        {
          "index_key": "0",
          "schema_version": 0,
          "attributes": {
            "arn": "arn:aws:logs:us-east-2:233442448767:log-group:/aws/elasticache/checkguard-redis",
            "id": "/aws/elasticache/checkguard-redis",
            "kms_key_id": "",
            "log_group_class": "STANDARD",
            "name": "/aws/elasticache/checkguard-redis",
            "name_prefix": "",
            "region": "us-east-2",
            "retention_in_days": 14,
            "skip_destroy": false,
            "tags": {
              "Environment": "production",
              "Name": "checkguard-redis",
              "Service": "cache",
              "terraform-aws-modules": "elasticache"
            },
            "tags_all": {
              "Environment": "production",
              "ManagedBy": "Terraform",
              "Name": "checkguard-redis",
              "Owner": "CheckGuard Team",
              "Project": "CheckGuard AI",
              "Service": "cache",
              "terraform-aws-modules": "elasticache"
            }
          },
          "sensitive_attributes": [],
          "private": "bnVsbA==",
          "dependencies": [
            "aws_cloudwatch_log_group.elasticache"
          ]
        }
      ]
    },
    {
      "module": "module.elasticache",
      "mode": "managed",
      "type": "aws_elasticache_parameter_group",
      "name": "this",
      "provider": "provider[\"registry.terraform.io/hashicorp/aws\"]",
      "instances": [
        {
          "index_key": 0,
          "schema_version": 0,
          "attributes": {
            "arn": "arn:aws:elasticache:us-east-2:233442448767:parametergroup:checkguard-redis-redis7-70efb77fc18662e0",
            "description": "ElastiCache parameter group",
            "family": "redis7",
            "id": "checkguard-redis-redis7-70efb77fc18662e0",
            "name": "checkguard-redis-redis7-70efb77fc18662e0",
            "parameter": [
              {
                "name": "maxmemory-policy",
                "value": "allkeys-lru"
              },
              {
                "name": "tcp-keepalive",
                "value": "60"
              },
              {
                "name": "timeout",
                "value": "300"
              }
            ],
            "region": "us-east-2",
            "tags": {
              "Environment": "production",
              "Name": "checkguard-redis",
              "Service": "cache",
              "terraform-aws-modules": "elasticache"
            },
            "tags_all": {
              "Environment": "production",
              "ManagedBy": "Terraform",
              "Name": "checkguard-redis",
              "Owner": "CheckGuard Team",
              "Project": "CheckGuard AI",
              "Service": "cache",
              "terraform-aws-modules": "elasticache"
            }
          },
          "sensitive_attributes": [],
          "private": "bnVsbA==",
          "dependencies": [
            "module.elasticache.random_id.this"
          ],
          "create_before_destroy": true
        }
      ]
    },
    {
      "module": "module.elasticache",
      "mode": "managed",
      "type": "aws_elasticache_replication_group",
      "name": "this",
      "provider": "provider[\"registry.terraform.io/hashicorp/aws\"]",
      "instances": [
        {
          "index_key": 0,
          "schema_version": 3,
          "attributes": {
            "apply_immediately": false,
            "arn": "arn:aws:elasticache:us-east-2:233442448767:replicationgroup:checkguard-redis",
            "at_rest_encryption_enabled": "true",
            "auth_token": "vlpoI4ALAphSup1XLrQHndbxATWvjeZa",
            "auth_token_update_strategy": null,
            "auto_minor_version_upgrade": "true",
            "automatic_failover_enabled": true,
            "cluster_enabled": false,
            "cluster_mode": "disabled",
            "configuration_endpoint_address": null,
            "data_tiering_enabled": false,
            "description": "Replication group",
            "engine": "redis",
            "engine_version": "7.0",
            "engine_version_actual": "7.0.7",
            "final_snapshot_identifier": null,
            "global_replication_group_id": null,
            "id": "checkguard-redis",
            "ip_discovery": "ipv4",
            "kms_key_id": "",
            "log_delivery_configuration": [
              {
                "destination": "/aws/elasticache/checkguard-redis",
                "destination_type": "cloudwatch-logs",
                "log_format": "json",
                "log_type": "slow-log"
              }
            ],
            "maintenance_window": "sun:05:00-sun:06:00",
            "member_clusters": [
              "checkguard-redis-001",
              "checkguard-redis-002"
            ],
            "multi_az_enabled": true,
            "network_type": "ipv4",
            "node_type": "cache.t3.micro",
            "notification_topic_arn": null,
            "num_cache_clusters": 2,
            "num_node_groups": 1,
            "parameter_group_name": "checkguard-redis-redis7-70efb77fc18662e0",
            "port": 6379,
            "preferred_cache_cluster_azs": [],
            "primary_endpoint_address": "master.checkguard-redis.yxlanp.use2.cache.amazonaws.com",
            "reader_endpoint_address": "replica.checkguard-redis.yxlanp.use2.cache.amazonaws.com",
            "region": "us-east-2",
            "replicas_per_node_group": 1,
            "replication_group_id": "checkguard-redis",
            "security_group_ids": [
              "sg-0e308446aae2dc29e"
            ],
            "security_group_names": [],
            "snapshot_arns": null,
            "snapshot_name": null,
            "snapshot_retention_limit": 7,
            "snapshot_window": "02:00-03:00",
            "subnet_group_name": "checkguard-redis",
            "tags": {
              "Environment": "production",
              "Name": "checkguard-redis",
              "Service": "cache",
              "terraform-aws-modules": "elasticache"
            },
            "tags_all": {
              "Environment": "production",
              "ManagedBy": "Terraform",
              "Name": "checkguard-redis",
              "Owner": "CheckGuard Team",
              "Project": "CheckGuard AI",
              "Service": "cache",
              "terraform-aws-modules": "elasticache"
            },
            "timeouts": null,
            "transit_encryption_enabled": true,
            "transit_encryption_mode": "required",
            "user_group_ids": []
          },
          "sensitive_attributes": [
            [
              {
                "type": "get_attr",
                "value": "auth_token"
              }
            ]
          ],
          "private": "eyJlMmJmYjczMC1lY2FhLTExZTYtOGY4OC0zNDM2M2JjN2M0YzAiOnsiY3JlYXRlIjozNjAwMDAwMDAwMDAwLCJkZWxldGUiOjI3MDAwMDAwMDAwMDAsInVwZGF0ZSI6MjQwMDAwMDAwMDAwMH0sInNjaGVtYV92ZXJzaW9uIjoiMyJ9",
          "dependencies": [
            "aws_cloudwatch_log_group.elasticache",
            "data.aws_availability_zones.available",
            "module.elasticache.aws_cloudwatch_log_group.this",
            "module.elasticache.aws_elasticache_parameter_group.this",
            "module.elasticache.aws_elasticache_subnet_group.this",
            "module.elasticache.aws_security_group.this",
            "module.elasticache.random_id.this",
            "module.vpc.aws_subnet.private",
            "module.vpc.aws_vpc.this",
            "module.vpc.aws_vpc_ipv4_cidr_block_association.this",
            "random_password.redis_auth_token"
          ]
        }
      ]
    },
    {
      "module": "module.elasticache",
      "mode": "managed",
      "type": "aws_elasticache_subnet_group",
      "name": "this",
      "provider": "provider[\"registry.terraform.io/hashicorp/aws\"]",
      "instances": [
        {
          "index_key": 0,
          "schema_version": 0,
          "attributes": {
            "arn": "arn:aws:elasticache:us-east-2:233442448767:subnetgroup:checkguard-redis",
            "description": "ElastiCache subnet group",
            "id": "checkguard-redis",
            "name": "checkguard-redis",
            "region": "us-east-2",
            "subnet_ids": [
              "subnet-05282f386915eed96",
              "subnet-080e767110dd2796f",
              "subnet-0ff46dd33e34137c0"
            ],
            "tags": {
              "Environment": "production",
              "Name": "checkguard-redis",
              "Service": "cache",
              "terraform-aws-modules": "elasticache"
            },
            "tags_all": {
              "Environment": "production",
              "ManagedBy": "Terraform",
              "Name": "checkguard-redis",
              "Owner": "CheckGuard Team",
              "Project": "CheckGuard AI",
              "Service": "cache",
              "terraform-aws-modules": "elasticache"
            },
            "vpc_id": "vpc-06a36e4fd06bc2eeb"
          },
          "sensitive_attributes": [],
          "private": "bnVsbA==",
          "dependencies": [
            "data.aws_availability_zones.available",
            "module.vpc.aws_subnet.private",
            "module.vpc.aws_vpc.this",
            "module.vpc.aws_vpc_ipv4_cidr_block_association.this"
          ],
          "create_before_destroy": true
        }
      ]
    },
    {
      "module": "module.elasticache",
      "mode": "managed",
      "type": "aws_security_group",
      "name": "this",
      "provider": "provider[\"registry.terraform.io/hashicorp/aws\"]",
      "instances": [
        {
          "index_key": 0,
          "schema_version": 1,
          "attributes": {
            "arn": "arn:aws:ec2:us-east-2:233442448767:security-group/sg-0e308446aae2dc29e",
            "description": "Managed by Terraform",
            "egress": [],
            "id": "sg-0e308446aae2dc29e",
            "ingress": [
              {
                "cidr_blocks": [],
                "description": "Redis from ECS",
                "from_port": 6379,
                "ipv6_cidr_blocks": [],
                "prefix_list_ids": [],
                "protocol": "tcp",
                "security_groups": [
                  "sg-019c1f14f23825100"
                ],
                "self": false,
                "to_port": 6379
              }
            ],
            "name": "checkguard-redis-2025080215472770100000000a",
            "name_prefix": "checkguard-redis-",
            "owner_id": "233442448767",
            "region": "us-east-2",
            "revoke_rules_on_delete": false,
            "tags": {
              "Environment": "production",
              "Name": "checkguard-redis",
              "Service": "cache",
              "terraform-aws-modules": "elasticache"
            },
            "tags_all": {
              "Environment": "production",
              "ManagedBy": "Terraform",
              "Name": "checkguard-redis",
              "Owner": "CheckGuard Team",
              "Project": "CheckGuard AI",
              "Service": "cache",
              "terraform-aws-modules": "elasticache"
            },
            "timeouts": null,
            "vpc_id": "vpc-06a36e4fd06bc2eeb"
          },
          "sensitive_attributes": [],
          "private": "eyJlMmJmYjczMC1lY2FhLTExZTYtOGY4OC0zNDM2M2JjN2M0YzAiOnsiY3JlYXRlIjo2MDAwMDAwMDAwMDAsImRlbGV0ZSI6OTAwMDAwMDAwMDAwfSwic2NoZW1hX3ZlcnNpb24iOiIxIn0=",
          "dependencies": [
            "module.vpc.aws_vpc.this"
          ],
          "create_before_destroy": true
        }
      ]
    },
    {
      "module": "module.elasticache",
      "mode": "managed",
      "type": "aws_vpc_security_group_ingress_rule",
      "name": "this",
      "provider": "provider[\"registry.terraform.io/hashicorp/aws\"]",
      "instances": [
        {
          "index_key": "ingress_ecs",
          "schema_version": 0,
          "attributes": {
            "arn": "arn:aws:ec2:us-east-2:233442448767:security-group-rule/sgr-059ccd92229fee81b",
            "cidr_ipv4": null,
            "cidr_ipv6": null,
            "description": "Redis from ECS",
            "from_port": 6379,
            "id": "sgr-059ccd92229fee81b",
            "ip_protocol": "tcp",
            "prefix_list_id": null,
            "referenced_security_group_id": "sg-019c1f14f23825100",
            "region": "us-east-2",
            "security_group_id": "sg-0e308446aae2dc29e",
            "security_group_rule_id": "sgr-059ccd92229fee81b",
            "tags": {
              "Environment": "production",
              "Name": "checkguard-redis",
              "Service": "cache",
              "terraform-aws-modules": "elasticache"
            },
            "tags_all": {
              "Environment": "production",
              "ManagedBy": "Terraform",
              "Name": "checkguard-redis",
              "Owner": "CheckGuard Team",
              "Project": "CheckGuard AI",
              "Service": "cache",
              "terraform-aws-modules": "elasticache"
            },
            "to_port": 6379
          },
          "sensitive_attributes": [],
          "dependencies": [
            "aws_security_group.alb",
            "aws_security_group.ecs",
            "module.elasticache.aws_security_group.this",
            "module.vpc.aws_vpc.this"
          ]
        }
      ]
    },
    {
      "module": "module.elasticache",
      "mode": "managed",
      "type": "random_id",
      "name": "this",
      "provider": "provider[\"registry.terraform.io/hashicorp/random\"]",
      "instances": [
        {
          "index_key": 0,
          "schema_version": 0,
          "attributes": {
            "b64_std": "cO+3f8GGYuA=",
            "b64_url": "cO-3f8GGYuA",
            "byte_length": 8,
            "dec": "8137924811017315040",
            "hex": "70efb77fc18662e0",
            "id": "cO-3f8GGYuA",
            "keepers": null,
            "prefix": null
          },
          "sensitive_attributes": [],
          "create_before_destroy": true
        }
      ]
    },
    {
      "module": "module.rds.module.db_instance",
      "mode": "data",
      "type": "aws_iam_policy_document",
      "name": "enhanced_monitoring",
      "provider": "provider[\"registry.terraform.io/hashicorp/aws\"]",
      "instances": [
        {
          "schema_version": 0,
          "attributes": {
            "id": "76086537",
            "json": "{\n  \"Version\": \"2012-10-17\",\n  \"Statement\": [\n    {\n      \"Effect\": \"Allow\",\n      \"Action\": \"sts:AssumeRole\",\n      \"Principal\": {\n        \"Service\": \"monitoring.rds.amazonaws.com\"\n      }\n    }\n  ]\n}",
            "minified_json": "{\"Version\":\"2012-10-17\",\"Statement\":[{\"Effect\":\"Allow\",\"Action\":\"sts:AssumeRole\",\"Principal\":{\"Service\":\"monitoring.rds.amazonaws.com\"}}]}",
            "override_json": null,
            "override_policy_documents": null,
            "policy_id": null,
            "source_json": null,
            "source_policy_documents": null,
            "statement": [
              {
                "actions": [
                  "sts:AssumeRole"
                ],
                "condition": [],
                "effect": "Allow",
                "not_actions": [],
                "not_principals": [],
                "not_resources": [],
                "principals": [
                  {
                    "identifiers": [
                      "monitoring.rds.amazonaws.com"
                    ],
                    "type": "Service"
                  }
                ],
                "resources": [],
                "sid": ""
              }
            ],
            "version": "2012-10-17"
          },
          "sensitive_attributes": []
        }
      ]
    },
    {
      "module": "module.rds.module.db_instance",
      "mode": "data",
      "type": "aws_partition",
      "name": "current",
      "provider": "provider[\"registry.terraform.io/hashicorp/aws\"]",
      "instances": [
        {
          "schema_version": 0,
          "attributes": {
            "dns_suffix": "amazonaws.com",
            "id": "aws",
            "partition": "aws",
            "reverse_dns_prefix": "com.amazonaws"
          },
          "sensitive_attributes": []
        }
      ]
    },
    {
      "module": "module.rds.module.db_instance",
      "mode": "managed",
      "type": "aws_cloudwatch_log_group",
      "name": "this",
      "provider": "provider[\"registry.terraform.io/hashicorp/aws\"]",
      "instances": [
        {
          "index_key": "postgresql",
          "schema_version": 0,
          "attributes": {
            "arn": "arn:aws:logs:us-east-2:233442448767:log-group:/aws/rds/instance/checkguard-db/postgresql",
            "id": "/aws/rds/instance/checkguard-db/postgresql",
            "kms_key_id": "",
            "log_group_class": "STANDARD",
            "name": "/aws/rds/instance/checkguard-db/postgresql",
            "name_prefix": "",
            "region": "us-east-2",
            "retention_in_days": 7,
            "skip_destroy": false,
            "tags": {
              "Environment": "production",
              "Name": "checkguard-database",
              "Service": "database"
            },
            "tags_all": {
              "Environment": "production",
              "ManagedBy": "Terraform",
              "Name": "checkguard-database",
              "Owner": "CheckGuard Team",
              "Project": "CheckGuard AI",
              "Service": "database"
            }
          },
          "sensitive_attributes": [],
          "private": "bnVsbA=="
        },
        {
          "index_key": "upgrade",
          "schema_version": 0,
          "attributes": {
            "arn": "arn:aws:logs:us-east-2:233442448767:log-group:/aws/rds/instance/checkguard-db/upgrade",
            "id": "/aws/rds/instance/checkguard-db/upgrade",
            "kms_key_id": "",
            "log_group_class": "STANDARD",
            "name": "/aws/rds/instance/checkguard-db/upgrade",
            "name_prefix": "",
            "region": "us-east-2",
            "retention_in_days": 7,
            "skip_destroy": false,
            "tags": {
              "Environment": "production",
              "Name": "checkguard-database",
              "Service": "database"
            },
            "tags_all": {
              "Environment": "production",
              "ManagedBy": "Terraform",
              "Name": "checkguard-database",
              "Owner": "CheckGuard Team",
              "Project": "CheckGuard AI",
              "Service": "database"
            }
          },
          "sensitive_attributes": [],
          "private": "bnVsbA=="
        }
      ]
    },
    {
      "module": "module.rds.module.db_instance",
      "mode": "managed",
      "type": "aws_db_instance",
      "name": "this",
      "provider": "provider[\"registry.terraform.io/hashicorp/aws\"]",
      "instances": [
        {
          "index_key": 0,
          "schema_version": 2,
          "attributes": {
            "address": "checkguard-db.cbow6288en25.us-east-2.rds.amazonaws.com",
            "allocated_storage": 100,
            "allow_major_version_upgrade": false,
            "apply_immediately": false,
            "arn": "arn:aws:rds:us-east-2:233442448767:db:checkguard-db",
            "auto_minor_version_upgrade": true,
            "availability_zone": "us-east-2a",
            "backup_retention_period": 30,
            "backup_target": "region",
            "backup_window": "03:00-04:00",
            "blue_green_update": [],
            "ca_cert_identifier": "rds-ca-rsa2048-g1",
            "character_set_name": "",
            "copy_tags_to_snapshot": true,
            "custom_iam_instance_profile": "",
            "customer_owned_ip_enabled": false,
            "database_insights_mode": "standard",
            "db_name": "checkguard",
            "db_subnet_group_name": "checkguard-vpc",
            "dedicated_log_volume": false,
            "delete_automated_backups": false,
            "deletion_protection": true,
            "domain": "",
            "domain_auth_secret_arn": "",
            "domain_dns_ips": [],
            "domain_fqdn": "",
            "domain_iam_role_name": "",
            "domain_ou": "",
            "enabled_cloudwatch_logs_exports": [
              "postgresql",
              "upgrade"
            ],
            "endpoint": "checkguard-db.cbow6288en25.us-east-2.rds.amazonaws.com:5432",
            "engine": "postgres",
            "engine_lifecycle_support": "open-source-rds-extended-support",
            "engine_version": "15.7",
            "engine_version_actual": "15.7",
            "final_snapshot_identifier": "checkguard-final-snapshot-checkguard-db-6272706a",
            "hosted_zone_id": "Z2XHWR1WZ565X2",
            "iam_database_authentication_enabled": false,
            "id": "db-6FJ7ZWKL77QIFYLLL5EXQQIRZU",
            "identifier": "checkguard-db",
            "identifier_prefix": "",
            "instance_class": "db.t3.medium",
            "iops": 3000,
            "kms_key_id": "arn:aws:kms:us-east-2:233442448767:key/42b35bf0-fd05-4a3f-812b-2622f8eec53f",
            "latest_restorable_time": "2025-08-03T10:34:33Z",
            "license_model": "postgresql-license",
            "listener_endpoint": [],
            "maintenance_window": "mon:04:00-mon:05:00",
            "manage_master_user_password": null,
            "master_user_secret": [],
            "master_user_secret_kms_key_id": null,
            "max_allocated_storage": 1000,
            "monitoring_interval": 60,
            "monitoring_role_arn": "arn:aws:iam::233442448767:role/checkguard-rds-monitoring-role",
            "multi_az": true,
            "nchar_character_set_name": "",
            "network_type": "IPV4",
            "option_group_name": "default:postgres-15",
            "parameter_group_name": "checkguard-db-20250802154711030400000001",
            "password": "F8w%5yhhT(fVXAxHSEl3jK64D%suRJ\u003ci",
            "password_wo": null,
            "password_wo_version": null,
            "performance_insights_enabled": true,
            "performance_insights_kms_key_id": "arn:aws:kms:us-east-2:233442448767:key/42b35bf0-fd05-4a3f-812b-2622f8eec53f",
            "performance_insights_retention_period": 7,
            "port": 5432,
            "publicly_accessible": false,
            "region": "us-east-2",
            "replica_mode": "",
            "replicas": [],
            "replicate_source_db": "",
            "resource_id": "db-6FJ7ZWKL77QIFYLLL5EXQQIRZU",
            "restore_to_point_in_time": [],
            "s3_import": [],
            "skip_final_snapshot": false,
            "snapshot_identifier": null,
            "status": "available",
            "storage_encrypted": true,
            "storage_throughput": 125,
            "storage_type": "gp3",
            "tags": {
              "Environment": "production",
              "Name": "checkguard-database",
              "Service": "database"
            },
            "tags_all": {
              "Environment": "production",
              "ManagedBy": "Terraform",
              "Name": "checkguard-database",
              "Owner": "CheckGuard Team",
              "Project": "CheckGuard AI",
              "Service": "database"
            },
            "timeouts": {
              "create": null,
              "delete": null,
              "update": null
            },
            "timezone": "",
            "upgrade_storage_config": null,
            "username": "checkguard",
            "vpc_security_group_ids": [
              "sg-01a189c1d14102544"
            ]
          },
          "sensitive_attributes": [
            [
              {
                "type": "get_attr",
                "value": "password"
              }
            ]
          ],
          "private": "eyJlMmJmYjczMC1lY2FhLTExZTYtOGY4OC0zNDM2M2JjN2M0YzAiOnsiY3JlYXRlIjozMDAwMDAwMDAwMDAwLCJkZWxldGUiOjM2MDAwMDAwMDAwMDAsInVwZGF0ZSI6NDgwMDAwMDAwMDAwMH0sInNjaGVtYV92ZXJzaW9uIjoiMiJ9",
          "dependencies": [
            "aws_kms_key.rds",
            "aws_security_group.alb",
            "aws_security_group.database",
            "aws_security_group.ecs",
            "data.aws_availability_zones.available",
            "module.rds.module.db_instance.aws_cloudwatch_log_group.this",
            "module.rds.module.db_instance.aws_iam_role.enhanced_monitoring",
            "module.rds.module.db_instance.data.aws_iam_policy_document.enhanced_monitoring",
            "module.rds.module.db_instance.random_id.snapshot_identifier",
            "module.rds.module.db_option_group.aws_db_option_group.this",
            "module.rds.module.db_parameter_group.aws_db_parameter_group.this",
            "module.rds.module.db_subnet_group.aws_db_subnet_group.this",
            "module.vpc.aws_db_subnet_group.database",
            "module.vpc.aws_subnet.database",
            "module.vpc.aws_vpc.this",
            "module.vpc.aws_vpc_ipv4_cidr_block_association.this",
            "random_password.db_password"
          ]
        }
      ]
    },
    {
      "module": "module.rds.module.db_instance",
      "mode": "managed",
      "type": "aws_iam_role",
      "name": "enhanced_monitoring",
      "provider": "provider[\"registry.terraform.io/hashicorp/aws\"]",
      "instances": [
        {
          "index_key": 0,
          "schema_version": 0,
          "attributes": {
            "arn": "arn:aws:iam::233442448767:role/checkguard-rds-monitoring-role",
            "assume_role_policy": "{\"Statement\":[{\"Action\":\"sts:AssumeRole\",\"Effect\":\"Allow\",\"Principal\":{\"Service\":\"monitoring.rds.amazonaws.com\"}}],\"Version\":\"2012-10-17\"}",
            "create_date": "2025-08-02T15:47:11Z",
            "description": "",
            "force_detach_policies": false,
            "id": "checkguard-rds-monitoring-role",
            "inline_policy": [],
            "managed_policy_arns": [
              "arn:aws:iam::aws:policy/service-role/AmazonRDSEnhancedMonitoringRole"
            ],
            "max_session_duration": 3600,
            "name": "checkguard-rds-monitoring-role",
            "name_prefix": "",
            "path": "/",
            "permissions_boundary": "",
            "tags": {
              "Environment": "production",
              "Name": "checkguard-database",
              "Service": "database"
            },
            "tags_all": {
              "Environment": "production",
              "ManagedBy": "Terraform",
              "Name": "checkguard-database",
              "Owner": "CheckGuard Team",
              "Project": "CheckGuard AI",
              "Service": "database"
            },
            "unique_id": "AROATMWSBCV73YWC325NQ"
          },
          "sensitive_attributes": [],
          "private": "bnVsbA==",
          "dependencies": [
            "module.rds.module.db_instance.data.aws_iam_policy_document.enhanced_monitoring"
          ]
        }
      ]
    },
    {
      "module": "module.rds.module.db_instance",
      "mode": "managed",
      "type": "aws_iam_role_policy_attachment",
      "name": "enhanced_monitoring",
      "provider": "provider[\"registry.terraform.io/hashicorp/aws\"]",
      "instances": [
        {
          "index_key": 0,
          "schema_version": 0,
          "attributes": {
            "id": "checkguard-rds-monitoring-role/arn:aws:iam::aws:policy/service-role/AmazonRDSEnhancedMonitoringRole",
            "policy_arn": "arn:aws:iam::aws:policy/service-role/AmazonRDSEnhancedMonitoringRole",
            "role": "checkguard-rds-monitoring-role"
          },
          "sensitive_attributes": [],
          "private": "bnVsbA==",
          "dependencies": [
            "module.rds.module.db_instance.aws_iam_role.enhanced_monitoring",
            "module.rds.module.db_instance.data.aws_iam_policy_document.enhanced_monitoring",
            "module.rds.module.db_instance.data.aws_partition.current"
          ]
        }
      ]
    },
    {
      "module": "module.rds.module.db_instance",
      "mode": "managed",
      "type": "random_id",
      "name": "snapshot_identifier",
      "provider": "provider[\"registry.terraform.io/hashicorp/random\"]",
      "instances": [
        {
          "index_key": 0,
          "schema_version": 0,
          "attributes": {
            "b64_std": "YnJwag==",
            "b64_url": "YnJwag",
            "byte_length": 4,
            "dec": "1651667050",
            "hex": "6272706a",
            "id": "YnJwag",
            "keepers": {
              "id": "checkguard-db",
              "snapshot_identifier": null
            },
            "prefix": null
          },
          "sensitive_attributes": []
        }
      ]
    },
    {
      "module": "module.rds.module.db_parameter_group",
      "mode": "managed",
      "type": "aws_db_parameter_group",
      "name": "this",
      "provider": "provider[\"registry.terraform.io/hashicorp/aws\"]",
      "instances": [
        {
          "index_key": 0,
          "schema_version": 0,
          "attributes": {
            "arn": "arn:aws:rds:us-east-2:233442448767:pg:checkguard-db-20250802154711030400000001",
            "description": "checkguard-db parameter group",
            "family": "postgres15",
            "id": "checkguard-db-20250802154711030400000001",
            "name": "checkguard-db-20250802154711030400000001",
            "name_prefix": "checkguard-db-",
            "parameter": [
              {
                "apply_method": "immediate",
                "name": "log_connections",
                "value": "1"
              },
              {
                "apply_method": "immediate",
                "name": "log_disconnections",
                "value": "1"
              },
              {
                "apply_method": "immediate",
                "name": "log_min_duration_statement",
                "value": "1000"
              },
              {
                "apply_method": "immediate",
                "name": "log_statement",
                "value": "all"
              },
              {
                "apply_method": "immediate",
                "name": "shared_preload_libraries",
                "value": "pg_stat_statements"
              }
            ],
            "region": "us-east-2",
            "skip_destroy": false,
            "tags": {
              "Environment": "production",
              "Name": "checkguard-db",
              "Service": "database"
            },
            "tags_all": {
              "Environment": "production",
              "ManagedBy": "Terraform",
              "Name": "checkguard-db",
              "Owner": "CheckGuard Team",
              "Project": "CheckGuard AI",
              "Service": "database"
            }
          },
          "sensitive_attributes": [],
          "private": "bnVsbA==",
          "create_before_destroy": true
        }
      ]
    },
    {
      "module": "module.vpc",
      "mode": "data",
      "type": "aws_caller_identity",
      "name": "current",
      "provider": "provider[\"registry.terraform.io/hashicorp/aws\"]",
      "instances": [
        {
          "index_key": 0,
          "schema_version": 0,
          "attributes": {
            "account_id": "233442448767",
            "arn": "arn:aws:iam::233442448767:user/checkguard-deployer",
            "id": "233442448767",
            "user_id": "AIDATMWSBCV7TYMU3PKLM"
          },
          "sensitive_attributes": []
        }
      ]
    },
    {
      "module": "module.vpc",
      "mode": "data",
      "type": "aws_iam_policy_document",
      "name": "flow_log_cloudwatch_assume_role",
      "provider": "provider[\"registry.terraform.io/hashicorp/aws\"]",
      "instances": [
        {
          "index_key": 0,
          "schema_version": 0,
          "attributes": {
            "id": "1021377347",
            "json": "{\n  \"Version\": \"2012-10-17\",\n  \"Statement\": [\n    {\n      \"Sid\": \"AWSVPCFlowLogsAssumeRole\",\n      \"Effect\": \"Allow\",\n      \"Action\": \"sts:AssumeRole\",\n      \"Principal\": {\n        \"Service\": \"vpc-flow-logs.amazonaws.com\"\n      }\n    }\n  ]\n}",
            "minified_json": "{\"Version\":\"2012-10-17\",\"Statement\":[{\"Sid\":\"AWSVPCFlowLogsAssumeRole\",\"Effect\":\"Allow\",\"Action\":\"sts:AssumeRole\",\"Principal\":{\"Service\":\"vpc-flow-logs.amazonaws.com\"}}]}",
            "override_json": null,
            "override_policy_documents": null,
            "policy_id": null,
            "source_json": null,
            "source_policy_documents": null,
            "statement": [
              {
                "actions": [
                  "sts:AssumeRole"
                ],
                "condition": [],
                "effect": "Allow",
                "not_actions": [],
                "not_principals": [],
                "not_resources": [],
                "principals": [
                  {
                    "identifiers": [
                      "vpc-flow-logs.amazonaws.com"
                    ],
                    "type": "Service"
                  }
                ],
                "resources": [],
                "sid": "AWSVPCFlowLogsAssumeRole"
              }
            ],
            "version": "2012-10-17"
          },
          "sensitive_attributes": []
        }
      ]
    },
    {
      "module": "module.vpc",
      "mode": "data",
      "type": "aws_iam_policy_document",
      "name": "vpc_flow_log_cloudwatch",
      "provider": "provider[\"registry.terraform.io/hashicorp/aws\"]",
      "instances": [
        {
          "index_key": 0,
          "schema_version": 0,
          "attributes": {
            "id": "1042608758",
            "json": "{\n  \"Version\": \"2012-10-17\",\n  \"Statement\": [\n    {\n      \"Sid\": \"AWSVPCFlowLogsPushToCloudWatch\",\n      \"Effect\": \"Allow\",\n      \"Action\": [\n        \"logs:PutLogEvents\",\n        \"logs:DescribeLogStreams\",\n        \"logs:DescribeLogGroups\",\n        \"logs:CreateLogStream\"\n      ],\n      \"Resource\": \"arn:aws:logs:us-east-2:233442448767:log-group:/aws/vpc-flow-log/vpc-06a36e4fd06bc2eeb:*\"\n    }\n  ]\n}",
            "minified_json": "{\"Version\":\"2012-10-17\",\"Statement\":[{\"Sid\":\"AWSVPCFlowLogsPushToCloudWatch\",\"Effect\":\"Allow\",\"Action\":[\"logs:PutLogEvents\",\"logs:DescribeLogStreams\",\"logs:DescribeLogGroups\",\"logs:CreateLogStream\"],\"Resource\":\"arn:aws:logs:us-east-2:233442448767:log-group:/aws/vpc-flow-log/vpc-06a36e4fd06bc2eeb:*\"}]}",
            "override_json": null,
            "override_policy_documents": null,
            "policy_id": null,
            "source_json": null,
            "source_policy_documents": null,
            "statement": [
              {
                "actions": [
                  "logs:CreateLogStream",
                  "logs:DescribeLogGroups",
                  "logs:DescribeLogStreams",
                  "logs:PutLogEvents"
                ],
                "condition": [],
                "effect": "Allow",
                "not_actions": [],
                "not_principals": [],
                "not_resources": [],
                "principals": [],
                "resources": [
                  "arn:aws:logs:us-east-2:233442448767:log-group:/aws/vpc-flow-log/vpc-06a36e4fd06bc2eeb:*"
                ],
                "sid": "AWSVPCFlowLogsPushToCloudWatch"
              }
            ],
            "version": "2012-10-17"
          },
          "sensitive_attributes": []
        }
      ]
    },
    {
      "module": "module.vpc",
      "mode": "data",
      "type": "aws_partition",
      "name": "current",
      "provider": "provider[\"registry.terraform.io/hashicorp/aws\"]",
      "instances": [
        {
          "index_key": 0,
          "schema_version": 0,
          "attributes": {
            "dns_suffix": "amazonaws.com",
            "id": "aws",
            "partition": "aws",
            "reverse_dns_prefix": "com.amazonaws"
          },
          "sensitive_attributes": []
        }
      ]
    },
    {
      "module": "module.vpc",
      "mode": "data",
      "type": "aws_region",
      "name": "current",
      "provider": "provider[\"registry.terraform.io/hashicorp/aws\"]",
      "instances": [
        {
          "index_key": 0,
          "schema_version": 0,
          "attributes": {
            "description": "US East (Ohio)",
            "endpoint": "ec2.us-east-2.amazonaws.com",
            "id": "us-east-2",
            "name": "us-east-2",
            "region": "us-east-2"
          },
          "sensitive_attributes": []
        }
      ]
    },
    {
      "module": "module.vpc",
      "mode": "managed",
      "type": "aws_cloudwatch_log_group",
      "name": "flow_log",
      "provider": "provider[\"registry.terraform.io/hashicorp/aws\"]",
      "instances": [
        {
          "index_key": 0,
          "schema_version": 0,
          "attributes": {
            "arn": "arn:aws:logs:us-east-2:233442448767:log-group:/aws/vpc-flow-log/vpc-06a36e4fd06bc2eeb",
            "id": "/aws/vpc-flow-log/vpc-06a36e4fd06bc2eeb",
            "kms_key_id": "",
            "log_group_class": "STANDARD",
            "name": "/aws/vpc-flow-log/vpc-06a36e4fd06bc2eeb",
            "name_prefix": "",
            "region": "us-east-2",
            "retention_in_days": 0,
            "skip_destroy": false,
            "tags": {
              "Environment": "production",
              "Name": "checkguard-vpc"
            },
            "tags_all": {
              "Environment": "production",
              "ManagedBy": "Terraform",
              "Name": "checkguard-vpc",
              "Owner": "CheckGuard Team",
              "Project": "CheckGuard AI"
            }
          },
          "sensitive_attributes": [],
          "private": "bnVsbA==",
          "dependencies": [
            "module.vpc.aws_vpc.this",
            "module.vpc.aws_vpc_ipv4_cidr_block_association.this"
          ]
        }
      ]
    },
    {
      "module": "module.vpc",
      "mode": "managed",
      "type": "aws_db_subnet_group",
      "name": "database",
      "provider": "provider[\"registry.terraform.io/hashicorp/aws\"]",
      "instances": [
        {
          "index_key": 0,
          "schema_version": 0,
          "attributes": {
            "arn": "arn:aws:rds:us-east-2:233442448767:subgrp:checkguard-vpc",
            "description": "Database subnet group for checkguard-vpc",
            "id": "checkguard-vpc",
            "name": "checkguard-vpc",
            "name_prefix": "",
            "region": "us-east-2",
            "subnet_ids": [
              "subnet-003c036cf12f0c335",
              "subnet-0c1a3ee3e730a2b57",
              "subnet-0fd27e04c7d0f4409"
            ],
            "supported_network_types": [
              "IPV4"
            ],
            "tags": {
              "Environment": "production",
              "Name": "checkguard-vpc"
            },
            "tags_all": {
              "Environment": "production",
              "ManagedBy": "Terraform",
              "Name": "checkguard-vpc",
              "Owner": "CheckGuard Team",
              "Project": "CheckGuard AI"
            },
            "vpc_id": "vpc-06a36e4fd06bc2eeb"
          },
          "sensitive_attributes": [],
          "private": "bnVsbA==",
          "dependencies": [
            "data.aws_availability_zones.available",
            "module.vpc.aws_subnet.database",
            "module.vpc.aws_vpc.this",
            "module.vpc.aws_vpc_ipv4_cidr_block_association.this"
          ]
        }
      ]
    },
    {
      "module": "module.vpc",
      "mode": "managed",
      "type": "aws_default_network_acl",
      "name": "this",
      "provider": "provider[\"registry.terraform.io/hashicorp/aws\"]",
      "instances": [
        {
          "index_key": 0,
          "schema_version": 0,
          "attributes": {
            "arn": "arn:aws:ec2:us-east-2:233442448767:network-acl/acl-0abed85771b233001",
            "default_network_acl_id": "acl-0abed85771b233001",
            "egress": [
              {
                "action": "allow",
                "cidr_block": "",
                "from_port": 0,
                "icmp_code": 0,
                "icmp_type": 0,
                "ipv6_cidr_block": "::/0",
                "protocol": "-1",
                "rule_no": 101,
                "to_port": 0
              },
              {
                "action": "allow",
                "cidr_block": "0.0.0.0/0",
                "from_port": 0,
                "icmp_code": 0,
                "icmp_type": 0,
                "ipv6_cidr_block": "",
                "protocol": "-1",
                "rule_no": 100,
                "to_port": 0
              }
            ],
            "id": "acl-0abed85771b233001",
            "ingress": [
              {
                "action": "allow",
                "cidr_block": "",
                "from_port": 0,
                "icmp_code": 0,
                "icmp_type": 0,
                "ipv6_cidr_block": "::/0",
                "protocol": "-1",
                "rule_no": 101,
                "to_port": 0
              },
              {
                "action": "allow",
                "cidr_block": "0.0.0.0/0",
                "from_port": 0,
                "icmp_code": 0,
                "icmp_type": 0,
                "ipv6_cidr_block": "",
                "protocol": "-1",
                "rule_no": 100,
                "to_port": 0
              }
            ],
            "owner_id": "233442448767",
            "region": "us-east-2",
            "subnet_ids": [
              "subnet-003c036cf12f0c335",
              "subnet-004602b87fce0795c",
              "subnet-05282f386915eed96",
              "subnet-057bc60bb910aaa55",
              "subnet-080e767110dd2796f",
              "subnet-0b6cc211688586f26",
              "subnet-0c1a3ee3e730a2b57",
              "subnet-0fd27e04c7d0f4409",
              "subnet-0ff46dd33e34137c0"
            ],
            "tags": {
              "Environment": "production",
              "Name": "checkguard-vpc"
            },
            "tags_all": {
              "Environment": "production",
              "ManagedBy": "Terraform",
              "Name": "checkguard-vpc",
              "Owner": "CheckGuard Team",
              "Project": "CheckGuard AI"
            },
            "vpc_id": "vpc-06a36e4fd06bc2eeb"
          },
          "sensitive_attributes": [],
          "private": "bnVsbA==",
          "dependencies": [
            "module.vpc.aws_vpc.this"
          ]
        }
      ]
    },
    {
      "module": "module.vpc",
      "mode": "managed",
      "type": "aws_default_route_table",
      "name": "default",
      "provider": "provider[\"registry.terraform.io/hashicorp/aws\"]",
      "instances": [
        {
          "index_key": 0,
          "schema_version": 0,
          "attributes": {
            "arn": "arn:aws:ec2:us-east-2:233442448767:route-table/rtb-09f5d02ec1d74d416",
            "default_route_table_id": "rtb-09f5d02ec1d74d416",
            "id": "rtb-09f5d02ec1d74d416",
            "owner_id": "233442448767",
            "propagating_vgws": [],
            "region": "us-east-2",
            "route": [],
            "tags": {
              "Environment": "production",
              "Name": "checkguard-vpc"
            },
            "tags_all": {
              "Environment": "production",
              "ManagedBy": "Terraform",
              "Name": "checkguard-vpc",
              "Owner": "CheckGuard Team",
              "Project": "CheckGuard AI"
            },
            "timeouts": {
              "create": "5m",
              "update": "5m"
            },
            "vpc_id": "vpc-06a36e4fd06bc2eeb"
          },
          "sensitive_attributes": [],
          "private": "eyJlMmJmYjczMC1lY2FhLTExZTYtOGY4OC0zNDM2M2JjN2M0YzAiOnsiY3JlYXRlIjozMDAwMDAwMDAwMDAsInVwZGF0ZSI6MzAwMDAwMDAwMDAwfX0=",
          "dependencies": [
            "module.vpc.aws_vpc.this"
          ]
        }
      ]
    },
    {
      "module": "module.vpc",
      "mode": "managed",
      "type": "aws_default_security_group",
      "name": "this",
      "provider": "provider[\"registry.terraform.io/hashicorp/aws\"]",
      "instances": [
        {
          "index_key": 0,
          "schema_version": 1,
          "attributes": {
            "arn": "arn:aws:ec2:us-east-2:233442448767:security-group/sg-0bb04dbd45a4f8720",
            "description": "default VPC security group",
            "egress": [],
            "id": "sg-0bb04dbd45a4f8720",
            "ingress": [],
            "name": "default",
            "name_prefix": "",
            "owner_id": "233442448767",
            "region": "us-east-2",
            "revoke_rules_on_delete": false,
            "tags": {
              "Environment": "production",
              "Name": "checkguard-vpc"
            },
            "tags_all": {
              "Environment": "production",
              "ManagedBy": "Terraform",
              "Name": "checkguard-vpc",
              "Owner": "CheckGuard Team",
              "Project": "CheckGuard AI"
            },
            "vpc_id": "vpc-06a36e4fd06bc2eeb"
          },
          "sensitive_attributes": [],
          "private": "eyJzY2hlbWFfdmVyc2lvbiI6IjEifQ==",
          "dependencies": [
            "module.vpc.aws_vpc.this"
          ]
        }
      ]
    },
    {
      "module": "module.vpc",
      "mode": "managed",
      "type": "aws_eip",
      "name": "nat",
      "provider": "provider[\"registry.terraform.io/hashicorp/aws\"]",
      "instances": [
        {
          "index_key": 0,
          "schema_version": 0,
          "attributes": {
            "address": null,
            "allocation_id": "eipalloc-0da0e848d7fbf7aa1",
            "arn": "arn:aws:ec2:us-east-2:233442448767:elastic-ip/eipalloc-0da0e848d7fbf7aa1",
            "associate_with_private_ip": null,
            "association_id": "eipassoc-018725e673802a12b",
            "carrier_ip": "",
            "customer_owned_ip": "",
            "customer_owned_ipv4_pool": "",
            "domain": "vpc",
            "id": "eipalloc-0da0e848d7fbf7aa1",
            "instance": "",
            "ipam_pool_id": null,
            "network_border_group": "us-east-2",
            "network_interface": "eni-0dbdedb60722a26e3",
            "private_dns": "ip-10-0-101-77.us-east-2.compute.internal",
            "private_ip": "10.0.101.77",
            "ptr_record": "",
            "public_dns": "ec2-3-148-153-243.us-east-2.compute.amazonaws.com",
            "public_ip": "3.148.153.243",
            "public_ipv4_pool": "amazon",
            "region": "us-east-2",
            "tags": {
              "Environment": "production",
              "Name": "checkguard-vpc"
            },
            "tags_all": {
              "Environment": "production",
              "ManagedBy": "Terraform",
              "Name": "checkguard-vpc",
              "Owner": "CheckGuard Team",
              "Project": "CheckGuard AI"
            },
            "timeouts": null
          },
          "sensitive_attributes": [],
          "private": "eyJlMmJmYjczMC1lY2FhLTExZTYtOGY4OC0zNDM2M2JjN2M0YzAiOnsiZGVsZXRlIjoxODAwMDAwMDAwMDAsInJlYWQiOjkwMDAwMDAwMDAwMCwidXBkYXRlIjozMDAwMDAwMDAwMDB9fQ==",
          "dependencies": [
            "data.aws_availability_zones.available",
            "module.vpc.aws_internet_gateway.this",
            "module.vpc.aws_vpc.this",
            "module.vpc.aws_vpc_ipv4_cidr_block_association.this"
          ]
        },
        {
          "index_key": 1,
          "schema_version": 0,
          "attributes": {
            "address": null,
            "allocation_id": "eipalloc-06988b47afc60167f",
            "arn": "arn:aws:ec2:us-east-2:233442448767:elastic-ip/eipalloc-06988b47afc60167f",
            "associate_with_private_ip": null,
            "association_id": "eipassoc-06be12db198dbcbc1",
            "carrier_ip": "",
            "customer_owned_ip": "",
            "customer_owned_ipv4_pool": "",
            "domain": "vpc",
            "id": "eipalloc-06988b47afc60167f",
            "instance": "",
            "ipam_pool_id": null,
            "network_border_group": "us-east-2",
            "network_interface": "eni-0417e51ff02882dd8",
            "private_dns": "ip-10-0-102-192.us-east-2.compute.internal",
            "private_ip": "10.0.102.192",
            "ptr_record": "",
            "public_dns": "ec2-3-137-111-41.us-east-2.compute.amazonaws.com",
            "public_ip": "3.137.111.41",
            "public_ipv4_pool": "amazon",
            "region": "us-east-2",
            "tags": {
              "Environment": "production",
              "Name": "checkguard-vpc"
            },
            "tags_all": {
              "Environment": "production",
              "ManagedBy": "Terraform",
              "Name": "checkguard-vpc",
              "Owner": "CheckGuard Team",
              "Project": "CheckGuard AI"
            },
            "timeouts": null
          },
          "sensitive_attributes": [],
          "private": "eyJlMmJmYjczMC1lY2FhLTExZTYtOGY4OC0zNDM2M2JjN2M0YzAiOnsiZGVsZXRlIjoxODAwMDAwMDAwMDAsInJlYWQiOjkwMDAwMDAwMDAwMCwidXBkYXRlIjozMDAwMDAwMDAwMDB9fQ==",
          "dependencies": [
            "data.aws_availability_zones.available",
            "module.vpc.aws_internet_gateway.this",
            "module.vpc.aws_vpc.this",
            "module.vpc.aws_vpc_ipv4_cidr_block_association.this"
          ]
        },
        {
          "index_key": 2,
          "schema_version": 0,
          "attributes": {
            "address": null,
            "allocation_id": "eipalloc-0fbd6b539d6ef80ff",
            "arn": "arn:aws:ec2:us-east-2:233442448767:elastic-ip/eipalloc-0fbd6b539d6ef80ff",
            "associate_with_private_ip": null,
            "association_id": "eipassoc-0f0ef1f12bf1f75c5",
            "carrier_ip": "",
            "customer_owned_ip": "",
            "customer_owned_ipv4_pool": "",
            "domain": "vpc",
            "id": "eipalloc-0fbd6b539d6ef80ff",
            "instance": "",
            "ipam_pool_id": null,
            "network_border_group": "us-east-2",
            "network_interface": "eni-0e2d8621091d63f4b",
            "private_dns": "ip-10-0-103-18.us-east-2.compute.internal",
            "private_ip": "10.0.103.18",
            "ptr_record": "",
            "public_dns": "ec2-18-223-59-157.us-east-2.compute.amazonaws.com",
            "public_ip": "18.223.59.157",
            "public_ipv4_pool": "amazon",
            "region": "us-east-2",
            "tags": {
              "Environment": "production",
              "Name": "checkguard-vpc"
            },
            "tags_all": {
              "Environment": "production",
              "ManagedBy": "Terraform",
              "Name": "checkguard-vpc",
              "Owner": "CheckGuard Team",
              "Project": "CheckGuard AI"
            },
            "timeouts": null
          },
          "sensitive_attributes": [],
          "private": "eyJlMmJmYjczMC1lY2FhLTExZTYtOGY4OC0zNDM2M2JjN2M0YzAiOnsiZGVsZXRlIjoxODAwMDAwMDAwMDAsInJlYWQiOjkwMDAwMDAwMDAwMCwidXBkYXRlIjozMDAwMDAwMDAwMDB9fQ==",
          "dependencies": [
            "data.aws_availability_zones.available",
            "module.vpc.aws_internet_gateway.this",
            "module.vpc.aws_vpc.this",
            "module.vpc.aws_vpc_ipv4_cidr_block_association.this"
          ]
        }
      ]
    },
    {
      "module": "module.vpc",
      "mode": "managed",
      "type": "aws_flow_log",
      "name": "this",
      "provider": "provider[\"registry.terraform.io/hashicorp/aws\"]",
      "instances": [
        {
          "index_key": 0,
          "schema_version": 0,
          "attributes": {
            "arn": "arn:aws:ec2:us-east-2:233442448767:vpc-flow-log/fl-04464c19fe67ab6a4",
            "deliver_cross_account_role": "",
            "destination_options": [],
            "eni_id": null,
            "iam_role_arn": "arn:aws:iam::233442448767:role/vpc-flow-log-role-20250802154711648500000002",
            "id": "fl-04464c19fe67ab6a4",
            "log_destination": "arn:aws:logs:us-east-2:233442448767:log-group:/aws/vpc-flow-log/vpc-06a36e4fd06bc2eeb",
            "log_destination_type": "cloud-watch-logs",
            "log_format": "${version} ${account-id} ${interface-id} ${srcaddr} ${dstaddr} ${srcport} ${dstport} ${protocol} ${packets} ${bytes} ${start} ${end} ${action} ${log-status}",
            "max_aggregation_interval": 600,
            "region": "us-east-2",
            "subnet_id": null,
            "tags": {
              "Environment": "production",
              "Name": "checkguard-vpc"
            },
            "tags_all": {
              "Environment": "production",
              "ManagedBy": "Terraform",
              "Name": "checkguard-vpc",
              "Owner": "CheckGuard Team",
              "Project": "CheckGuard AI"
            },
            "traffic_type": "ALL",
            "transit_gateway_attachment_id": null,
            "transit_gateway_id": null,
            "vpc_id": "vpc-06a36e4fd06bc2eeb"
          },
          "sensitive_attributes": [],
          "private": "bnVsbA==",
          "dependencies": [
            "module.vpc.aws_cloudwatch_log_group.flow_log",
            "module.vpc.aws_iam_role.vpc_flow_log_cloudwatch",
            "module.vpc.aws_vpc.this",
            "module.vpc.aws_vpc_ipv4_cidr_block_association.this",
            "module.vpc.data.aws_iam_policy_document.flow_log_cloudwatch_assume_role"
          ]
        }
      ]
    },
    {
      "module": "module.vpc",
      "mode": "managed",
      "type": "aws_iam_policy",
      "name": "vpc_flow_log_cloudwatch",
      "provider": "provider[\"registry.terraform.io/hashicorp/aws\"]",
      "instances": [
        {
          "index_key": 0,
          "schema_version": 0,
          "attributes": {
            "arn": "arn:aws:iam::233442448767:policy/vpc-flow-log-to-cloudwatch-2025080215472995300000000c",
            "attachment_count": 1,
            "description": "",
            "id": "arn:aws:iam::233442448767:policy/vpc-flow-log-to-cloudwatch-2025080215472995300000000c",
            "name": "vpc-flow-log-to-cloudwatch-2025080215472995300000000c",
            "name_prefix": "vpc-flow-log-to-cloudwatch-",
            "path": "/",
            "policy": "{\"Statement\":[{\"Action\":[\"logs:PutLogEvents\",\"logs:DescribeLogStreams\",\"logs:DescribeLogGroups\",\"logs:CreateLogStream\"],\"Effect\":\"Allow\",\"Resource\":\"arn:aws:logs:us-east-2:233442448767:log-group:/aws/vpc-flow-log/vpc-06a36e4fd06bc2eeb:*\",\"Sid\":\"AWSVPCFlowLogsPushToCloudWatch\"}],\"Version\":\"2012-10-17\"}",
            "policy_id": "ANPATMWSBCV7RQFAJJ65Z",
            "tags": {
              "Environment": "production",
              "Name": "checkguard-vpc"
            },
            "tags_all": {
              "Environment": "production",
              "ManagedBy": "Terraform",
              "Name": "checkguard-vpc",
              "Owner": "CheckGuard Team",
              "Project": "CheckGuard AI"
            }
          },
          "sensitive_attributes": [],
          "private": "bnVsbA==",
          "dependencies": [
            "module.vpc.aws_cloudwatch_log_group.flow_log",
            "module.vpc.aws_vpc.this",
            "module.vpc.aws_vpc_ipv4_cidr_block_association.this",
            "module.vpc.data.aws_caller_identity.current",
            "module.vpc.data.aws_iam_policy_document.vpc_flow_log_cloudwatch",
            "module.vpc.data.aws_partition.current",
            "module.vpc.data.aws_region.current"
          ]
        }
      ]
    },
    {
      "module": "module.vpc",
      "mode": "managed",
      "type": "aws_iam_role",
      "name": "vpc_flow_log_cloudwatch",
      "provider": "provider[\"registry.terraform.io/hashicorp/aws\"]",
      "instances": [
        {
          "index_key": 0,
          "schema_version": 0,
          "attributes": {
            "arn": "arn:aws:iam::233442448767:role/vpc-flow-log-role-20250802154711648500000002",
            "assume_role_policy": "{\"Statement\":[{\"Action\":\"sts:AssumeRole\",\"Effect\":\"Allow\",\"Principal\":{\"Service\":\"vpc-flow-logs.amazonaws.com\"},\"Sid\":\"AWSVPCFlowLogsAssumeRole\"}],\"Version\":\"2012-10-17\"}",
            "create_date": "2025-08-02T15:47:11Z",
            "description": "",
            "force_detach_policies": false,
            "id": "vpc-flow-log-role-20250802154711648500000002",
            "inline_policy": [],
            "managed_policy_arns": [
              "arn:aws:iam::233442448767:policy/vpc-flow-log-to-cloudwatch-2025080215472995300000000c"
            ],
            "max_session_duration": 3600,
            "name": "vpc-flow-log-role-20250802154711648500000002",
            "name_prefix": "vpc-flow-log-role-",
            "path": "/",
            "permissions_boundary": "",
            "tags": {
              "Environment": "production",
              "Name": "checkguard-vpc"
            },
            "tags_all": {
              "Environment": "production",
              "ManagedBy": "Terraform",
              "Name": "checkguard-vpc",
              "Owner": "CheckGuard Team",
              "Project": "CheckGuard AI"
            },
            "unique_id": "AROATMWSBCV7VUC7OSBYL"
          },
          "sensitive_attributes": [],
          "private": "bnVsbA==",
          "dependencies": [
            "module.vpc.data.aws_iam_policy_document.flow_log_cloudwatch_assume_role"
          ]
        }
      ]
    },
    {
      "module": "module.vpc",
      "mode": "managed",
      "type": "aws_iam_role_policy_attachment",
      "name": "vpc_flow_log_cloudwatch",
      "provider": "provider[\"registry.terraform.io/hashicorp/aws\"]",
      "instances": [
        {
          "index_key": 0,
          "schema_version": 0,
          "attributes": {
            "id": "vpc-flow-log-role-20250802154711648500000002/arn:aws:iam::233442448767:policy/vpc-flow-log-to-cloudwatch-2025080215472995300000000c",
            "policy_arn": "arn:aws:iam::233442448767:policy/vpc-flow-log-to-cloudwatch-2025080215472995300000000c",
            "role": "vpc-flow-log-role-20250802154711648500000002"
          },
          "sensitive_attributes": [],
          "private": "bnVsbA==",
          "dependencies": [
            "module.vpc.aws_cloudwatch_log_group.flow_log",
            "module.vpc.aws_iam_policy.vpc_flow_log_cloudwatch",
            "module.vpc.aws_iam_role.vpc_flow_log_cloudwatch",
            "module.vpc.aws_vpc.this",
            "module.vpc.aws_vpc_ipv4_cidr_block_association.this",
            "module.vpc.data.aws_caller_identity.current",
            "module.vpc.data.aws_iam_policy_document.flow_log_cloudwatch_assume_role",
            "module.vpc.data.aws_iam_policy_document.vpc_flow_log_cloudwatch",
            "module.vpc.data.aws_partition.current",
            "module.vpc.data.aws_region.current"
          ]
        }
      ]
    },
    {
      "module": "module.vpc",
      "mode": "managed",
      "type": "aws_internet_gateway",
      "name": "this",
      "provider": "provider[\"registry.terraform.io/hashicorp/aws\"]",
      "instances": [
        {
          "index_key": 0,
          "schema_version": 0,
          "attributes": {
            "arn": "arn:aws:ec2:us-east-2:233442448767:internet-gateway/igw-02ce56db711aebe10",
            "id": "igw-02ce56db711aebe10",
            "owner_id": "233442448767",
            "region": "us-east-2",
            "tags": {
              "Environment": "production",
              "Name": "checkguard-vpc"
            },
            "tags_all": {
              "Environment": "production",
              "ManagedBy": "Terraform",
              "Name": "checkguard-vpc",
              "Owner": "CheckGuard Team",
              "Project": "CheckGuard AI"
            },
            "timeouts": null,
            "vpc_id": "vpc-06a36e4fd06bc2eeb"
          },
          "sensitive_attributes": [],
          "private": "eyJlMmJmYjczMC1lY2FhLTExZTYtOGY4OC0zNDM2M2JjN2M0YzAiOnsiY3JlYXRlIjoxMjAwMDAwMDAwMDAwLCJkZWxldGUiOjEyMDAwMDAwMDAwMDAsInVwZGF0ZSI6MTIwMDAwMDAwMDAwMH19",
          "dependencies": [
            "module.vpc.aws_vpc.this",
            "module.vpc.aws_vpc_ipv4_cidr_block_association.this"
          ]
        }
      ]
    },
    {
      "module": "module.vpc",
      "mode": "managed",
      "type": "aws_nat_gateway",
      "name": "this",
      "provider": "provider[\"registry.terraform.io/hashicorp/aws\"]",
      "instances": [
        {
          "index_key": 0,
          "schema_version": 0,
          "attributes": {
            "allocation_id": "eipalloc-0da0e848d7fbf7aa1",
            "association_id": "eipassoc-018725e673802a12b",
            "connectivity_type": "public",
            "id": "nat-0d73e0fcf0b2e2804",
            "network_interface_id": "eni-0dbdedb60722a26e3",
            "private_ip": "10.0.101.77",
            "public_ip": "3.148.153.243",
            "region": "us-east-2",
            "secondary_allocation_ids": [],
            "secondary_private_ip_address_count": 0,
            "secondary_private_ip_addresses": [],
            "subnet_id": "subnet-0b6cc211688586f26",
            "tags": {
              "Environment": "production",
              "Name": "checkguard-vpc"
            },
            "tags_all": {
              "Environment": "production",
              "ManagedBy": "Terraform",
              "Name": "checkguard-vpc",
              "Owner": "CheckGuard Team",
              "Project": "CheckGuard AI"
            },
            "timeouts": null
          },
          "sensitive_attributes": [],
          "private": "eyJlMmJmYjczMC1lY2FhLTExZTYtOGY4OC0zNDM2M2JjN2M0YzAiOnsiY3JlYXRlIjo2MDAwMDAwMDAwMDAsImRlbGV0ZSI6MTgwMDAwMDAwMDAwMCwidXBkYXRlIjo2MDAwMDAwMDAwMDB9fQ==",
          "dependencies": [
            "data.aws_availability_zones.available",
            "module.vpc.aws_eip.nat",
            "module.vpc.aws_internet_gateway.this",
            "module.vpc.aws_subnet.public",
            "module.vpc.aws_vpc.this",
            "module.vpc.aws_vpc_ipv4_cidr_block_association.this"
          ]
        },
        {
          "index_key": 1,
          "schema_version": 0,
          "attributes": {
            "allocation_id": "eipalloc-06988b47afc60167f",
            "association_id": "eipassoc-06be12db198dbcbc1",
            "connectivity_type": "public",
            "id": "nat-059988b1329455ba6",
            "network_interface_id": "eni-0417e51ff02882dd8",
            "private_ip": "10.0.102.192",
            "public_ip": "3.137.111.41",
            "region": "us-east-2",
            "secondary_allocation_ids": [],
            "secondary_private_ip_address_count": 0,
            "secondary_private_ip_addresses": [],
            "subnet_id": "subnet-004602b87fce0795c",
            "tags": {
              "Environment": "production",
              "Name": "checkguard-vpc"
            },
            "tags_all": {
              "Environment": "production",
              "ManagedBy": "Terraform",
              "Name": "checkguard-vpc",
              "Owner": "CheckGuard Team",
              "Project": "CheckGuard AI"
            },
            "timeouts": null
          },
          "sensitive_attributes": [],
          "private": "eyJlMmJmYjczMC1lY2FhLTExZTYtOGY4OC0zNDM2M2JjN2M0YzAiOnsiY3JlYXRlIjo2MDAwMDAwMDAwMDAsImRlbGV0ZSI6MTgwMDAwMDAwMDAwMCwidXBkYXRlIjo2MDAwMDAwMDAwMDB9fQ==",
          "dependencies": [
            "data.aws_availability_zones.available",
            "module.vpc.aws_eip.nat",
            "module.vpc.aws_internet_gateway.this",
            "module.vpc.aws_subnet.public",
            "module.vpc.aws_vpc.this",
            "module.vpc.aws_vpc_ipv4_cidr_block_association.this"
          ]
        },
        {
          "index_key": 2,
          "schema_version": 0,
          "attributes": {
            "allocation_id": "eipalloc-0fbd6b539d6ef80ff",
            "association_id": "eipassoc-0f0ef1f12bf1f75c5",
            "connectivity_type": "public",
            "id": "nat-099113f931fc2e08c",
            "network_interface_id": "eni-0e2d8621091d63f4b",
            "private_ip": "10.0.103.18",
            "public_ip": "18.223.59.157",
            "region": "us-east-2",
            "secondary_allocation_ids": [],
            "secondary_private_ip_address_count": 0,
            "secondary_private_ip_addresses": [],
            "subnet_id": "subnet-057bc60bb910aaa55",
            "tags": {
              "Environment": "production",
              "Name": "checkguard-vpc"
            },
            "tags_all": {
              "Environment": "production",
              "ManagedBy": "Terraform",
              "Name": "checkguard-vpc",
              "Owner": "CheckGuard Team",
              "Project": "CheckGuard AI"
            },
            "timeouts": null
          },
          "sensitive_attributes": [],
          "private": "eyJlMmJmYjczMC1lY2FhLTExZTYtOGY4OC0zNDM2M2JjN2M0YzAiOnsiY3JlYXRlIjo2MDAwMDAwMDAwMDAsImRlbGV0ZSI6MTgwMDAwMDAwMDAwMCwidXBkYXRlIjo2MDAwMDAwMDAwMDB9fQ==",
          "dependencies": [
            "data.aws_availability_zones.available",
            "module.vpc.aws_eip.nat",
            "module.vpc.aws_internet_gateway.this",
            "module.vpc.aws_subnet.public",
            "module.vpc.aws_vpc.this",
            "module.vpc.aws_vpc_ipv4_cidr_block_association.this"
          ]
        }
      ]
    },
    {
      "module": "module.vpc",
      "mode": "managed",
      "type": "aws_route",
      "name": "private_nat_gateway",
      "provider": "provider[\"registry.terraform.io/hashicorp/aws\"]",
      "instances": [
        {
          "index_key": 0,
          "schema_version": 0,
          "attributes": {
            "carrier_gateway_id": "",
            "core_network_arn": "",
            "destination_cidr_block": "0.0.0.0/0",
            "destination_ipv6_cidr_block": "",
            "destination_prefix_list_id": "",
            "egress_only_gateway_id": "",
            "gateway_id": "",
            "id": "r-rtb-0f2aadc1788a7055b1080289494",
            "instance_id": "",
            "instance_owner_id": "",
            "local_gateway_id": "",
            "nat_gateway_id": "nat-0d73e0fcf0b2e2804",
            "network_interface_id": "",
            "origin": "CreateRoute",
            "region": "us-east-2",
            "route_table_id": "rtb-0f2aadc1788a7055b",
            "state": "active",
            "timeouts": {
              "create": "5m",
              "delete": null,
              "update": null
            },
            "transit_gateway_id": "",
            "vpc_endpoint_id": "",
            "vpc_peering_connection_id": ""
          },
          "sensitive_attributes": [],
          "private": "eyJlMmJmYjczMC1lY2FhLTExZTYtOGY4OC0zNDM2M2JjN2M0YzAiOnsiY3JlYXRlIjozMDAwMDAwMDAwMDAsImRlbGV0ZSI6MzAwMDAwMDAwMDAwLCJ1cGRhdGUiOjEyMDAwMDAwMDAwMH19",
          "dependencies": [
            "data.aws_availability_zones.available",
            "module.vpc.aws_eip.nat",
            "module.vpc.aws_internet_gateway.this",
            "module.vpc.aws_nat_gateway.this",
            "module.vpc.aws_route_table.private",
            "module.vpc.aws_subnet.public",
            "module.vpc.aws_vpc.this",
            "module.vpc.aws_vpc_ipv4_cidr_block_association.this"
          ]
        },
        {
          "index_key": 1,
          "schema_version": 0,
          "attributes": {
            "carrier_gateway_id": "",
            "core_network_arn": "",
            "destination_cidr_block": "0.0.0.0/0",
            "destination_ipv6_cidr_block": "",
            "destination_prefix_list_id": "",
            "egress_only_gateway_id": "",
            "gateway_id": "",
            "id": "r-rtb-0e272b58976836d081080289494",
            "instance_id": "",
            "instance_owner_id": "",
            "local_gateway_id": "",
            "nat_gateway_id": "nat-059988b1329455ba6",
            "network_interface_id": "",
            "origin": "CreateRoute",
            "region": "us-east-2",
            "route_table_id": "rtb-0e272b58976836d08",
            "state": "active",
            "timeouts": {
              "create": "5m",
              "delete": null,
              "update": null
            },
            "transit_gateway_id": "",
            "vpc_endpoint_id": "",
            "vpc_peering_connection_id": ""
          },
          "sensitive_attributes": [],
          "private": "eyJlMmJmYjczMC1lY2FhLTExZTYtOGY4OC0zNDM2M2JjN2M0YzAiOnsiY3JlYXRlIjozMDAwMDAwMDAwMDAsImRlbGV0ZSI6MzAwMDAwMDAwMDAwLCJ1cGRhdGUiOjEyMDAwMDAwMDAwMH19",
          "dependencies": [
            "data.aws_availability_zones.available",
            "module.vpc.aws_eip.nat",
            "module.vpc.aws_internet_gateway.this",
            "module.vpc.aws_nat_gateway.this",
            "module.vpc.aws_route_table.private",
            "module.vpc.aws_subnet.public",
            "module.vpc.aws_vpc.this",
            "module.vpc.aws_vpc_ipv4_cidr_block_association.this"
          ]
        },
        {
          "index_key": 2,
          "schema_version": 0,
          "attributes": {
            "carrier_gateway_id": "",
            "core_network_arn": "",
            "destination_cidr_block": "0.0.0.0/0",
            "destination_ipv6_cidr_block": "",
            "destination_prefix_list_id": "",
            "egress_only_gateway_id": "",
            "gateway_id": "",
            "id": "r-rtb-0b0b46f5d627c3dce1080289494",
            "instance_id": "",
            "instance_owner_id": "",
            "local_gateway_id": "",
            "nat_gateway_id": "nat-099113f931fc2e08c",
            "network_interface_id": "",
            "origin": "CreateRoute",
            "region": "us-east-2",
            "route_table_id": "rtb-0b0b46f5d627c3dce",
            "state": "active",
            "timeouts": {
              "create": "5m",
              "delete": null,
              "update": null
            },
            "transit_gateway_id": "",
            "vpc_endpoint_id": "",
            "vpc_peering_connection_id": ""
          },
          "sensitive_attributes": [],
          "private": "eyJlMmJmYjczMC1lY2FhLTExZTYtOGY4OC0zNDM2M2JjN2M0YzAiOnsiY3JlYXRlIjozMDAwMDAwMDAwMDAsImRlbGV0ZSI6MzAwMDAwMDAwMDAwLCJ1cGRhdGUiOjEyMDAwMDAwMDAwMH19",
          "dependencies": [
            "data.aws_availability_zones.available",
            "module.vpc.aws_eip.nat",
            "module.vpc.aws_internet_gateway.this",
            "module.vpc.aws_nat_gateway.this",
            "module.vpc.aws_route_table.private",
            "module.vpc.aws_subnet.public",
            "module.vpc.aws_vpc.this",
            "module.vpc.aws_vpc_ipv4_cidr_block_association.this"
          ]
        }
      ]
    },
    {
      "module": "module.vpc",
      "mode": "managed",
      "type": "aws_route",
      "name": "public_internet_gateway",
      "provider": "provider[\"registry.terraform.io/hashicorp/aws\"]",
      "instances": [
        {
          "index_key": 0,
          "schema_version": 0,
          "attributes": {
            "carrier_gateway_id": "",
            "core_network_arn": "",
            "destination_cidr_block": "0.0.0.0/0",
            "destination_ipv6_cidr_block": "",
            "destination_prefix_list_id": "",
            "egress_only_gateway_id": "",
            "gateway_id": "igw-02ce56db711aebe10",
            "id": "r-rtb-08237a3f209e041041080289494",
            "instance_id": "",
            "instance_owner_id": "",
            "local_gateway_id": "",
            "nat_gateway_id": "",
            "network_interface_id": "",
            "origin": "CreateRoute",
            "region": "us-east-2",
            "route_table_id": "rtb-08237a3f209e04104",
            "state": "active",
            "timeouts": {
              "create": "5m",
              "delete": null,
              "update": null
            },
            "transit_gateway_id": "",
            "vpc_endpoint_id": "",
            "vpc_peering_connection_id": ""
          },
          "sensitive_attributes": [],
          "private": "eyJlMmJmYjczMC1lY2FhLTExZTYtOGY4OC0zNDM2M2JjN2M0YzAiOnsiY3JlYXRlIjozMDAwMDAwMDAwMDAsImRlbGV0ZSI6MzAwMDAwMDAwMDAwLCJ1cGRhdGUiOjEyMDAwMDAwMDAwMH19",
          "dependencies": [
            "data.aws_availability_zones.available",
            "module.vpc.aws_internet_gateway.this",
            "module.vpc.aws_route_table.public",
            "module.vpc.aws_vpc.this",
            "module.vpc.aws_vpc_ipv4_cidr_block_association.this"
          ]
        }
      ]
    },
    {
      "module": "module.vpc",
      "mode": "managed",
      "type": "aws_route_table",
      "name": "database",
      "provider": "provider[\"registry.terraform.io/hashicorp/aws\"]",
      "instances": [
        {
          "index_key": 0,
          "schema_version": 0,
          "attributes": {
            "arn": "arn:aws:ec2:us-east-2:233442448767:route-table/rtb-0ac31ee4e99513c6f",
            "id": "rtb-0ac31ee4e99513c6f",
            "owner_id": "233442448767",
            "propagating_vgws": [],
            "region": "us-east-2",
            "route": [],
            "tags": {
              "Environment": "production",
              "Name": "checkguard-vpc"
            },
            "tags_all": {
              "Environment": "production",
              "ManagedBy": "Terraform",
              "Name": "checkguard-vpc",
              "Owner": "CheckGuard Team",
              "Project": "CheckGuard AI"
            },
            "timeouts": null,
            "vpc_id": "vpc-06a36e4fd06bc2eeb"
          },
          "sensitive_attributes": [],
          "private": "eyJlMmJmYjczMC1lY2FhLTExZTYtOGY4OC0zNDM2M2JjN2M0YzAiOnsiY3JlYXRlIjozMDAwMDAwMDAwMDAsImRlbGV0ZSI6MzAwMDAwMDAwMDAwLCJ1cGRhdGUiOjEyMDAwMDAwMDAwMH19",
          "dependencies": [
            "data.aws_availability_zones.available",
            "module.vpc.aws_vpc.this",
            "module.vpc.aws_vpc_ipv4_cidr_block_association.this"
          ]
        },
        {
          "index_key": 1,
          "schema_version": 0,
          "attributes": {
            "arn": "arn:aws:ec2:us-east-2:233442448767:route-table/rtb-0b98fc046920dcda2",
            "id": "rtb-0b98fc046920dcda2",
            "owner_id": "233442448767",
            "propagating_vgws": [],
            "region": "us-east-2",
            "route": [],
            "tags": {
              "Environment": "production",
              "Name": "checkguard-vpc"
            },
            "tags_all": {
              "Environment": "production",
              "ManagedBy": "Terraform",
              "Name": "checkguard-vpc",
              "Owner": "CheckGuard Team",
              "Project": "CheckGuard AI"
            },
            "timeouts": null,
            "vpc_id": "vpc-06a36e4fd06bc2eeb"
          },
          "sensitive_attributes": [],
          "private": "eyJlMmJmYjczMC1lY2FhLTExZTYtOGY4OC0zNDM2M2JjN2M0YzAiOnsiY3JlYXRlIjozMDAwMDAwMDAwMDAsImRlbGV0ZSI6MzAwMDAwMDAwMDAwLCJ1cGRhdGUiOjEyMDAwMDAwMDAwMH19",
          "dependencies": [
            "data.aws_availability_zones.available",
            "module.vpc.aws_vpc.this",
            "module.vpc.aws_vpc_ipv4_cidr_block_association.this"
          ]
        },
        {
          "index_key": 2,
          "schema_version": 0,
          "attributes": {
            "arn": "arn:aws:ec2:us-east-2:233442448767:route-table/rtb-0bb4d1a9d5bf8505c",
            "id": "rtb-0bb4d1a9d5bf8505c",
            "owner_id": "233442448767",
            "propagating_vgws": [],
            "region": "us-east-2",
            "route": [],
            "tags": {
              "Environment": "production",
              "Name": "checkguard-vpc"
            },
            "tags_all": {
              "Environment": "production",
              "ManagedBy": "Terraform",
              "Name": "checkguard-vpc",
              "Owner": "CheckGuard Team",
              "Project": "CheckGuard AI"
            },
            "timeouts": null,
            "vpc_id": "vpc-06a36e4fd06bc2eeb"
          },
          "sensitive_attributes": [],
          "private": "eyJlMmJmYjczMC1lY2FhLTExZTYtOGY4OC0zNDM2M2JjN2M0YzAiOnsiY3JlYXRlIjozMDAwMDAwMDAwMDAsImRlbGV0ZSI6MzAwMDAwMDAwMDAwLCJ1cGRhdGUiOjEyMDAwMDAwMDAwMH19",
          "dependencies": [
            "data.aws_availability_zones.available",
            "module.vpc.aws_vpc.this",
            "module.vpc.aws_vpc_ipv4_cidr_block_association.this"
          ]
        }
      ]
    },
    {
      "module": "module.vpc",
      "mode": "managed",
      "type": "aws_route_table",
      "name": "private",
      "provider": "provider[\"registry.terraform.io/hashicorp/aws\"]",
      "instances": [
        {
          "index_key": 0,
          "schema_version": 0,
          "attributes": {
            "arn": "arn:aws:ec2:us-east-2:233442448767:route-table/rtb-0f2aadc1788a7055b",
            "id": "rtb-0f2aadc1788a7055b",
            "owner_id": "233442448767",
            "propagating_vgws": [],
            "region": "us-east-2",
            "route": [
              {
                "carrier_gateway_id": "",
                "cidr_block": "0.0.0.0/0",
                "core_network_arn": "",
                "destination_prefix_list_id": "",
                "egress_only_gateway_id": "",
                "gateway_id": "",
                "ipv6_cidr_block": "",
                "local_gateway_id": "",
                "nat_gateway_id": "nat-0d73e0fcf0b2e2804",
                "network_interface_id": "",
                "transit_gateway_id": "",
                "vpc_endpoint_id": "",
                "vpc_peering_connection_id": ""
              }
            ],
            "tags": {
              "Environment": "production",
              "Name": "checkguard-vpc"
            },
            "tags_all": {
              "Environment": "production",
              "ManagedBy": "Terraform",
              "Name": "checkguard-vpc",
              "Owner": "CheckGuard Team",
              "Project": "CheckGuard AI"
            },
            "timeouts": null,
            "vpc_id": "vpc-06a36e4fd06bc2eeb"
          },
          "sensitive_attributes": [],
          "private": "eyJlMmJmYjczMC1lY2FhLTExZTYtOGY4OC0zNDM2M2JjN2M0YzAiOnsiY3JlYXRlIjozMDAwMDAwMDAwMDAsImRlbGV0ZSI6MzAwMDAwMDAwMDAwLCJ1cGRhdGUiOjEyMDAwMDAwMDAwMH19",
          "dependencies": [
            "data.aws_availability_zones.available",
            "module.vpc.aws_vpc.this",
            "module.vpc.aws_vpc_ipv4_cidr_block_association.this"
          ]
        },
        {
          "index_key": 1,
          "schema_version": 0,
          "attributes": {
            "arn": "arn:aws:ec2:us-east-2:233442448767:route-table/rtb-0e272b58976836d08",
            "id": "rtb-0e272b58976836d08",
            "owner_id": "233442448767",
            "propagating_vgws": [],
            "region": "us-east-2",
            "route": [
              {
                "carrier_gateway_id": "",
                "cidr_block": "0.0.0.0/0",
                "core_network_arn": "",
                "destination_prefix_list_id": "",
                "egress_only_gateway_id": "",
                "gateway_id": "",
                "ipv6_cidr_block": "",
                "local_gateway_id": "",
                "nat_gateway_id": "nat-059988b1329455ba6",
                "network_interface_id": "",
                "transit_gateway_id": "",
                "vpc_endpoint_id": "",
                "vpc_peering_connection_id": ""
              }
            ],
            "tags": {
              "Environment": "production",
              "Name": "checkguard-vpc"
            },
            "tags_all": {
              "Environment": "production",
              "ManagedBy": "Terraform",
              "Name": "checkguard-vpc",
              "Owner": "CheckGuard Team",
              "Project": "CheckGuard AI"
            },
            "timeouts": null,
            "vpc_id": "vpc-06a36e4fd06bc2eeb"
          },
          "sensitive_attributes": [],
          "private": "eyJlMmJmYjczMC1lY2FhLTExZTYtOGY4OC0zNDM2M2JjN2M0YzAiOnsiY3JlYXRlIjozMDAwMDAwMDAwMDAsImRlbGV0ZSI6MzAwMDAwMDAwMDAwLCJ1cGRhdGUiOjEyMDAwMDAwMDAwMH19",
          "dependencies": [
            "data.aws_availability_zones.available",
            "module.vpc.aws_vpc.this",
            "module.vpc.aws_vpc_ipv4_cidr_block_association.this"
          ]
        },
        {
          "index_key": 2,
          "schema_version": 0,
          "attributes": {
            "arn": "arn:aws:ec2:us-east-2:233442448767:route-table/rtb-0b0b46f5d627c3dce",
            "id": "rtb-0b0b46f5d627c3dce",
            "owner_id": "233442448767",
            "propagating_vgws": [],
            "region": "us-east-2",
            "route": [
              {
                "carrier_gateway_id": "",
                "cidr_block": "0.0.0.0/0",
                "core_network_arn": "",
                "destination_prefix_list_id": "",
                "egress_only_gateway_id": "",
                "gateway_id": "",
                "ipv6_cidr_block": "",
                "local_gateway_id": "",
                "nat_gateway_id": "nat-099113f931fc2e08c",
                "network_interface_id": "",
                "transit_gateway_id": "",
                "vpc_endpoint_id": "",
                "vpc_peering_connection_id": ""
              }
            ],
            "tags": {
              "Environment": "production",
              "Name": "checkguard-vpc"
            },
            "tags_all": {
              "Environment": "production",
              "ManagedBy": "Terraform",
              "Name": "checkguard-vpc",
              "Owner": "CheckGuard Team",
              "Project": "CheckGuard AI"
            },
            "timeouts": null,
            "vpc_id": "vpc-06a36e4fd06bc2eeb"
          },
          "sensitive_attributes": [],
          "private": "eyJlMmJmYjczMC1lY2FhLTExZTYtOGY4OC0zNDM2M2JjN2M0YzAiOnsiY3JlYXRlIjozMDAwMDAwMDAwMDAsImRlbGV0ZSI6MzAwMDAwMDAwMDAwLCJ1cGRhdGUiOjEyMDAwMDAwMDAwMH19",
          "dependencies": [
            "data.aws_availability_zones.available",
            "module.vpc.aws_vpc.this",
            "module.vpc.aws_vpc_ipv4_cidr_block_association.this"
          ]
        }
      ]
    },
    {
      "module": "module.vpc",
      "mode": "managed",
      "type": "aws_route_table",
      "name": "public",
      "provider": "provider[\"registry.terraform.io/hashicorp/aws\"]",
      "instances": [
        {
          "index_key": 0,
          "schema_version": 0,
          "attributes": {
            "arn": "arn:aws:ec2:us-east-2:233442448767:route-table/rtb-08237a3f209e04104",
            "id": "rtb-08237a3f209e04104",
            "owner_id": "233442448767",
            "propagating_vgws": [],
            "region": "us-east-2",
            "route": [
              {
                "carrier_gateway_id": "",
                "cidr_block": "0.0.0.0/0",
                "core_network_arn": "",
                "destination_prefix_list_id": "",
                "egress_only_gateway_id": "",
                "gateway_id": "igw-02ce56db711aebe10",
                "ipv6_cidr_block": "",
                "local_gateway_id": "",
                "nat_gateway_id": "",
                "network_interface_id": "",
                "transit_gateway_id": "",
                "vpc_endpoint_id": "",
                "vpc_peering_connection_id": ""
              }
            ],
            "tags": {
              "Environment": "production",
              "Name": "checkguard-vpc"
            },
            "tags_all": {
              "Environment": "production",
              "ManagedBy": "Terraform",
              "Name": "checkguard-vpc",
              "Owner": "CheckGuard Team",
              "Project": "CheckGuard AI"
            },
            "timeouts": null,
            "vpc_id": "vpc-06a36e4fd06bc2eeb"
          },
          "sensitive_attributes": [],
          "private": "eyJlMmJmYjczMC1lY2FhLTExZTYtOGY4OC0zNDM2M2JjN2M0YzAiOnsiY3JlYXRlIjozMDAwMDAwMDAwMDAsImRlbGV0ZSI6MzAwMDAwMDAwMDAwLCJ1cGRhdGUiOjEyMDAwMDAwMDAwMH19",
          "dependencies": [
            "data.aws_availability_zones.available",
            "module.vpc.aws_vpc.this",
            "module.vpc.aws_vpc_ipv4_cidr_block_association.this"
          ]
        }
      ]
    },
    {
      "module": "module.vpc",
      "mode": "managed",
      "type": "aws_route_table_association",
      "name": "database",
      "provider": "provider[\"registry.terraform.io/hashicorp/aws\"]",
      "instances": [
        {
          "index_key": 0,
          "schema_version": 0,
          "attributes": {
            "gateway_id": "",
            "id": "rtbassoc-0333ac3a20236eef0",
            "region": "us-east-2",
            "route_table_id": "rtb-0ac31ee4e99513c6f",
            "subnet_id": "subnet-0fd27e04c7d0f4409",
            "timeouts": null
          },
          "sensitive_attributes": [],
          "private": "eyJlMmJmYjczMC1lY2FhLTExZTYtOGY4OC0zNDM2M2JjN2M0YzAiOnsiY3JlYXRlIjozMDAwMDAwMDAwMDAsImRlbGV0ZSI6MzAwMDAwMDAwMDAwLCJ1cGRhdGUiOjEyMDAwMDAwMDAwMH19",
          "dependencies": [
            "data.aws_availability_zones.available",
            "module.vpc.aws_route_table.database",
            "module.vpc.aws_route_table.private",
            "module.vpc.aws_subnet.database",
            "module.vpc.aws_vpc.this",
            "module.vpc.aws_vpc_ipv4_cidr_block_association.this"
          ]
        },
        {
          "index_key": 1,
          "schema_version": 0,
          "attributes": {
            "gateway_id": "",
            "id": "rtbassoc-0f92ada3a8e51fb33",
            "region": "us-east-2",
            "route_table_id": "rtb-0b98fc046920dcda2",
            "subnet_id": "subnet-003c036cf12f0c335",
            "timeouts": null
          },
          "sensitive_attributes": [],
          "private": "eyJlMmJmYjczMC1lY2FhLTExZTYtOGY4OC0zNDM2M2JjN2M0YzAiOnsiY3JlYXRlIjozMDAwMDAwMDAwMDAsImRlbGV0ZSI6MzAwMDAwMDAwMDAwLCJ1cGRhdGUiOjEyMDAwMDAwMDAwMH19",
          "dependencies": [
            "data.aws_availability_zones.available",
            "module.vpc.aws_route_table.database",
            "module.vpc.aws_route_table.private",
            "module.vpc.aws_subnet.database",
            "module.vpc.aws_vpc.this",
            "module.vpc.aws_vpc_ipv4_cidr_block_association.this"
          ]
        },
        {
          "index_key": 2,
          "schema_version": 0,
          "attributes": {
            "gateway_id": "",
            "id": "rtbassoc-008498fb950bb5736",
            "region": "us-east-2",
            "route_table_id": "rtb-0bb4d1a9d5bf8505c",
            "subnet_id": "subnet-0c1a3ee3e730a2b57",
            "timeouts": null
          },
          "sensitive_attributes": [],
          "private": "eyJlMmJmYjczMC1lY2FhLTExZTYtOGY4OC0zNDM2M2JjN2M0YzAiOnsiY3JlYXRlIjozMDAwMDAwMDAwMDAsImRlbGV0ZSI6MzAwMDAwMDAwMDAwLCJ1cGRhdGUiOjEyMDAwMDAwMDAwMH19",
          "dependencies": [
            "data.aws_availability_zones.available",
            "module.vpc.aws_route_table.database",
            "module.vpc.aws_route_table.private",
            "module.vpc.aws_subnet.database",
            "module.vpc.aws_vpc.this",
            "module.vpc.aws_vpc_ipv4_cidr_block_association.this"
          ]
        }
      ]
    },
    {
      "module": "module.vpc",
      "mode": "managed",
      "type": "aws_route_table_association",
      "name": "private",
      "provider": "provider[\"registry.terraform.io/hashicorp/aws\"]",
      "instances": [
        {
          "index_key": 0,
          "schema_version": 0,
          "attributes": {
            "gateway_id": "",
            "id": "rtbassoc-0b0437dd42e54df7c",
            "region": "us-east-2",
            "route_table_id": "rtb-0f2aadc1788a7055b",
            "subnet_id": "subnet-0ff46dd33e34137c0",
            "timeouts": null
          },
          "sensitive_attributes": [],
          "private": "eyJlMmJmYjczMC1lY2FhLTExZTYtOGY4OC0zNDM2M2JjN2M0YzAiOnsiY3JlYXRlIjozMDAwMDAwMDAwMDAsImRlbGV0ZSI6MzAwMDAwMDAwMDAwLCJ1cGRhdGUiOjEyMDAwMDAwMDAwMH19",
          "dependencies": [
            "data.aws_availability_zones.available",
            "module.vpc.aws_route_table.private",
            "module.vpc.aws_subnet.private",
            "module.vpc.aws_vpc.this",
            "module.vpc.aws_vpc_ipv4_cidr_block_association.this"
          ]
        },
        {
          "index_key": 1,
          "schema_version": 0,
          "attributes": {
            "gateway_id": "",
            "id": "rtbassoc-016e1ea9392bf4bae",
            "region": "us-east-2",
            "route_table_id": "rtb-0e272b58976836d08",
            "subnet_id": "subnet-080e767110dd2796f",
            "timeouts": null
          },
          "sensitive_attributes": [],
          "private": "eyJlMmJmYjczMC1lY2FhLTExZTYtOGY4OC0zNDM2M2JjN2M0YzAiOnsiY3JlYXRlIjozMDAwMDAwMDAwMDAsImRlbGV0ZSI6MzAwMDAwMDAwMDAwLCJ1cGRhdGUiOjEyMDAwMDAwMDAwMH19",
          "dependencies": [
            "data.aws_availability_zones.available",
            "module.vpc.aws_route_table.private",
            "module.vpc.aws_subnet.private",
            "module.vpc.aws_vpc.this",
            "module.vpc.aws_vpc_ipv4_cidr_block_association.this"
          ]
        },
        {
          "index_key": 2,
          "schema_version": 0,
          "attributes": {
            "gateway_id": "",
            "id": "rtbassoc-01d25c02fdf886a97",
            "region": "us-east-2",
            "route_table_id": "rtb-0b0b46f5d627c3dce",
            "subnet_id": "subnet-05282f386915eed96",
            "timeouts": null
          },
          "sensitive_attributes": [],
          "private": "eyJlMmJmYjczMC1lY2FhLTExZTYtOGY4OC0zNDM2M2JjN2M0YzAiOnsiY3JlYXRlIjozMDAwMDAwMDAwMDAsImRlbGV0ZSI6MzAwMDAwMDAwMDAwLCJ1cGRhdGUiOjEyMDAwMDAwMDAwMH19",
          "dependencies": [
            "data.aws_availability_zones.available",
            "module.vpc.aws_route_table.private",
            "module.vpc.aws_subnet.private",
            "module.vpc.aws_vpc.this",
            "module.vpc.aws_vpc_ipv4_cidr_block_association.this"
          ]
        }
      ]
    },
    {
      "module": "module.vpc",
      "mode": "managed",
      "type": "aws_route_table_association",
      "name": "public",
      "provider": "provider[\"registry.terraform.io/hashicorp/aws\"]",
      "instances": [
        {
          "index_key": 0,
          "schema_version": 0,
          "attributes": {
            "gateway_id": "",
            "id": "rtbassoc-019b4743a02343c72",
            "region": "us-east-2",
            "route_table_id": "rtb-08237a3f209e04104",
            "subnet_id": "subnet-0b6cc211688586f26",
            "timeouts": null
          },
          "sensitive_attributes": [],
          "private": "eyJlMmJmYjczMC1lY2FhLTExZTYtOGY4OC0zNDM2M2JjN2M0YzAiOnsiY3JlYXRlIjozMDAwMDAwMDAwMDAsImRlbGV0ZSI6MzAwMDAwMDAwMDAwLCJ1cGRhdGUiOjEyMDAwMDAwMDAwMH19",
          "dependencies": [
            "data.aws_availability_zones.available",
            "module.vpc.aws_route_table.public",
            "module.vpc.aws_subnet.public",
            "module.vpc.aws_vpc.this",
            "module.vpc.aws_vpc_ipv4_cidr_block_association.this"
          ]
        },
        {
          "index_key": 1,
          "schema_version": 0,
          "attributes": {
            "gateway_id": "",
            "id": "rtbassoc-09722d189170cbcfe",
            "region": "us-east-2",
            "route_table_id": "rtb-08237a3f209e04104",
            "subnet_id": "subnet-004602b87fce0795c",
            "timeouts": null
          },
          "sensitive_attributes": [],
          "private": "eyJlMmJmYjczMC1lY2FhLTExZTYtOGY4OC0zNDM2M2JjN2M0YzAiOnsiY3JlYXRlIjozMDAwMDAwMDAwMDAsImRlbGV0ZSI6MzAwMDAwMDAwMDAwLCJ1cGRhdGUiOjEyMDAwMDAwMDAwMH19",
          "dependencies": [
            "data.aws_availability_zones.available",
            "module.vpc.aws_route_table.public",
            "module.vpc.aws_subnet.public",
            "module.vpc.aws_vpc.this",
            "module.vpc.aws_vpc_ipv4_cidr_block_association.this"
          ]
        },
        {
          "index_key": 2,
          "schema_version": 0,
          "attributes": {
            "gateway_id": "",
            "id": "rtbassoc-06d8c336305831dcd",
            "region": "us-east-2",
            "route_table_id": "rtb-08237a3f209e04104",
            "subnet_id": "subnet-057bc60bb910aaa55",
            "timeouts": null
          },
          "sensitive_attributes": [],
          "private": "eyJlMmJmYjczMC1lY2FhLTExZTYtOGY4OC0zNDM2M2JjN2M0YzAiOnsiY3JlYXRlIjozMDAwMDAwMDAwMDAsImRlbGV0ZSI6MzAwMDAwMDAwMDAwLCJ1cGRhdGUiOjEyMDAwMDAwMDAwMH19",
          "dependencies": [
            "data.aws_availability_zones.available",
            "module.vpc.aws_route_table.public",
            "module.vpc.aws_subnet.public",
            "module.vpc.aws_vpc.this",
            "module.vpc.aws_vpc_ipv4_cidr_block_association.this"
          ]
        }
      ]
    },
    {
      "module": "module.vpc",
      "mode": "managed",
      "type": "aws_subnet",
      "name": "database",
      "provider": "provider[\"registry.terraform.io/hashicorp/aws\"]",
      "instances": [
        {
          "index_key": 0,
          "schema_version": 1,
          "attributes": {
            "arn": "arn:aws:ec2:us-east-2:233442448767:subnet/subnet-0fd27e04c7d0f4409",
            "assign_ipv6_address_on_creation": false,
            "availability_zone": "us-east-2a",
            "availability_zone_id": "use2-az1",
            "cidr_block": "10.0.201.0/24",
            "customer_owned_ipv4_pool": "",
            "enable_dns64": false,
            "enable_lni_at_device_index": 0,
            "enable_resource_name_dns_a_record_on_launch": false,
            "enable_resource_name_dns_aaaa_record_on_launch": false,
            "id": "subnet-0fd27e04c7d0f4409",
            "ipv6_cidr_block": "",
            "ipv6_cidr_block_association_id": "",
            "ipv6_native": false,
            "map_customer_owned_ip_on_launch": false,
            "map_public_ip_on_launch": false,
            "outpost_arn": "",
            "owner_id": "233442448767",
            "private_dns_hostname_type_on_launch": "ip-name",
            "region": "us-east-2",
            "tags": {
              "Environment": "production",
              "Name": "checkguard-vpc",
              "Tier": "database",
              "Type": "private"
            },
            "tags_all": {
              "Environment": "production",
              "ManagedBy": "Terraform",
              "Name": "checkguard-vpc",
              "Owner": "CheckGuard Team",
              "Project": "CheckGuard AI",
              "Tier": "database",
              "Type": "private"
            },
            "timeouts": null,
            "vpc_id": "vpc-06a36e4fd06bc2eeb"
          },
          "sensitive_attributes": [],
          "private": "eyJlMmJmYjczMC1lY2FhLTExZTYtOGY4OC0zNDM2M2JjN2M0YzAiOnsiY3JlYXRlIjo2MDAwMDAwMDAwMDAsImRlbGV0ZSI6MTIwMDAwMDAwMDAwMH0sInNjaGVtYV92ZXJzaW9uIjoiMSJ9",
          "dependencies": [
            "data.aws_availability_zones.available",
            "module.vpc.aws_vpc.this",
            "module.vpc.aws_vpc_ipv4_cidr_block_association.this"
          ]
        },
        {
          "index_key": 1,
          "schema_version": 1,
          "attributes": {
            "arn": "arn:aws:ec2:us-east-2:233442448767:subnet/subnet-003c036cf12f0c335",
            "assign_ipv6_address_on_creation": false,
            "availability_zone": "us-east-2b",
            "availability_zone_id": "use2-az2",
            "cidr_block": "10.0.202.0/24",
            "customer_owned_ipv4_pool": "",
            "enable_dns64": false,
            "enable_lni_at_device_index": 0,
            "enable_resource_name_dns_a_record_on_launch": false,
            "enable_resource_name_dns_aaaa_record_on_launch": false,
            "id": "subnet-003c036cf12f0c335",
            "ipv6_cidr_block": "",
            "ipv6_cidr_block_association_id": "",
            "ipv6_native": false,
            "map_customer_owned_ip_on_launch": false,
            "map_public_ip_on_launch": false,
            "outpost_arn": "",
            "owner_id": "233442448767",
            "private_dns_hostname_type_on_launch": "ip-name",
            "region": "us-east-2",
            "tags": {
              "Environment": "production",
              "Name": "checkguard-vpc",
              "Tier": "database",
              "Type": "private"
            },
            "tags_all": {
              "Environment": "production",
              "ManagedBy": "Terraform",
              "Name": "checkguard-vpc",
              "Owner": "CheckGuard Team",
              "Project": "CheckGuard AI",
              "Tier": "database",
              "Type": "private"
            },
            "timeouts": null,
            "vpc_id": "vpc-06a36e4fd06bc2eeb"
          },
          "sensitive_attributes": [],
          "private": "eyJlMmJmYjczMC1lY2FhLTExZTYtOGY4OC0zNDM2M2JjN2M0YzAiOnsiY3JlYXRlIjo2MDAwMDAwMDAwMDAsImRlbGV0ZSI6MTIwMDAwMDAwMDAwMH0sInNjaGVtYV92ZXJzaW9uIjoiMSJ9",
          "dependencies": [
            "data.aws_availability_zones.available",
            "module.vpc.aws_vpc.this",
            "module.vpc.aws_vpc_ipv4_cidr_block_association.this"
          ]
        },
        {
          "index_key": 2,
          "schema_version": 1,
          "attributes": {
            "arn": "arn:aws:ec2:us-east-2:233442448767:subnet/subnet-0c1a3ee3e730a2b57",
            "assign_ipv6_address_on_creation": false,
            "availability_zone": "us-east-2c",
            "availability_zone_id": "use2-az3",
            "cidr_block": "10.0.203.0/24",
            "customer_owned_ipv4_pool": "",
            "enable_dns64": false,
            "enable_lni_at_device_index": 0,
            "enable_resource_name_dns_a_record_on_launch": false,
            "enable_resource_name_dns_aaaa_record_on_launch": false,
            "id": "subnet-0c1a3ee3e730a2b57",
            "ipv6_cidr_block": "",
            "ipv6_cidr_block_association_id": "",
            "ipv6_native": false,
            "map_customer_owned_ip_on_launch": false,
            "map_public_ip_on_launch": false,
            "outpost_arn": "",
            "owner_id": "233442448767",
            "private_dns_hostname_type_on_launch": "ip-name",
            "region": "us-east-2",
            "tags": {
              "Environment": "production",
              "Name": "checkguard-vpc",
              "Tier": "database",
              "Type": "private"
            },
            "tags_all": {
              "Environment": "production",
              "ManagedBy": "Terraform",
              "Name": "checkguard-vpc",
              "Owner": "CheckGuard Team",
              "Project": "CheckGuard AI",
              "Tier": "database",
              "Type": "private"
            },
            "timeouts": null,
            "vpc_id": "vpc-06a36e4fd06bc2eeb"
          },
          "sensitive_attributes": [],
          "private": "eyJlMmJmYjczMC1lY2FhLTExZTYtOGY4OC0zNDM2M2JjN2M0YzAiOnsiY3JlYXRlIjo2MDAwMDAwMDAwMDAsImRlbGV0ZSI6MTIwMDAwMDAwMDAwMH0sInNjaGVtYV92ZXJzaW9uIjoiMSJ9",
          "dependencies": [
            "data.aws_availability_zones.available",
            "module.vpc.aws_vpc.this",
            "module.vpc.aws_vpc_ipv4_cidr_block_association.this"
          ]
        }
      ]
    },
    {
      "module": "module.vpc",
      "mode": "managed",
      "type": "aws_subnet",
      "name": "private",
      "provider": "provider[\"registry.terraform.io/hashicorp/aws\"]",
      "instances": [
        {
          "index_key": 0,
          "schema_version": 1,
          "attributes": {
            "arn": "arn:aws:ec2:us-east-2:233442448767:subnet/subnet-0ff46dd33e34137c0",
            "assign_ipv6_address_on_creation": false,
            "availability_zone": "us-east-2a",
            "availability_zone_id": "use2-az1",
            "cidr_block": "10.0.1.0/24",
            "customer_owned_ipv4_pool": "",
            "enable_dns64": false,
            "enable_lni_at_device_index": 0,
            "enable_resource_name_dns_a_record_on_launch": false,
            "enable_resource_name_dns_aaaa_record_on_launch": false,
            "id": "subnet-0ff46dd33e34137c0",
            "ipv6_cidr_block": "",
            "ipv6_cidr_block_association_id": "",
            "ipv6_native": false,
            "map_customer_owned_ip_on_launch": false,
            "map_public_ip_on_launch": false,
            "outpost_arn": "",
            "owner_id": "233442448767",
            "private_dns_hostname_type_on_launch": "ip-name",
            "region": "us-east-2",
            "tags": {
              "Environment": "production",
              "Name": "checkguard-vpc",
              "Tier": "app",
              "Type": "private"
            },
            "tags_all": {
              "Environment": "production",
              "ManagedBy": "Terraform",
              "Name": "checkguard-vpc",
              "Owner": "CheckGuard Team",
              "Project": "CheckGuard AI",
              "Tier": "app",
              "Type": "private"
            },
            "timeouts": null,
            "vpc_id": "vpc-06a36e4fd06bc2eeb"
          },
          "sensitive_attributes": [],
          "private": "eyJlMmJmYjczMC1lY2FhLTExZTYtOGY4OC0zNDM2M2JjN2M0YzAiOnsiY3JlYXRlIjo2MDAwMDAwMDAwMDAsImRlbGV0ZSI6MTIwMDAwMDAwMDAwMH0sInNjaGVtYV92ZXJzaW9uIjoiMSJ9",
          "dependencies": [
            "data.aws_availability_zones.available",
            "module.vpc.aws_vpc.this",
            "module.vpc.aws_vpc_ipv4_cidr_block_association.this"
          ],
          "create_before_destroy": true
        },
        {
          "index_key": 1,
          "schema_version": 1,
          "attributes": {
            "arn": "arn:aws:ec2:us-east-2:233442448767:subnet/subnet-080e767110dd2796f",
            "assign_ipv6_address_on_creation": false,
            "availability_zone": "us-east-2b",
            "availability_zone_id": "use2-az2",
            "cidr_block": "10.0.2.0/24",
            "customer_owned_ipv4_pool": "",
            "enable_dns64": false,
            "enable_lni_at_device_index": 0,
            "enable_resource_name_dns_a_record_on_launch": false,
            "enable_resource_name_dns_aaaa_record_on_launch": false,
            "id": "subnet-080e767110dd2796f",
            "ipv6_cidr_block": "",
            "ipv6_cidr_block_association_id": "",
            "ipv6_native": false,
            "map_customer_owned_ip_on_launch": false,
            "map_public_ip_on_launch": false,
            "outpost_arn": "",
            "owner_id": "233442448767",
            "private_dns_hostname_type_on_launch": "ip-name",
            "region": "us-east-2",
            "tags": {
              "Environment": "production",
              "Name": "checkguard-vpc",
              "Tier": "app",
              "Type": "private"
            },
            "tags_all": {
              "Environment": "production",
              "ManagedBy": "Terraform",
              "Name": "checkguard-vpc",
              "Owner": "CheckGuard Team",
              "Project": "CheckGuard AI",
              "Tier": "app",
              "Type": "private"
            },
            "timeouts": null,
            "vpc_id": "vpc-06a36e4fd06bc2eeb"
          },
          "sensitive_attributes": [],
          "private": "eyJlMmJmYjczMC1lY2FhLTExZTYtOGY4OC0zNDM2M2JjN2M0YzAiOnsiY3JlYXRlIjo2MDAwMDAwMDAwMDAsImRlbGV0ZSI6MTIwMDAwMDAwMDAwMH0sInNjaGVtYV92ZXJzaW9uIjoiMSJ9",
          "dependencies": [
            "data.aws_availability_zones.available",
            "module.vpc.aws_vpc.this",
            "module.vpc.aws_vpc_ipv4_cidr_block_association.this"
          ],
          "create_before_destroy": true
        },
        {
          "index_key": 2,
          "schema_version": 1,
          "attributes": {
            "arn": "arn:aws:ec2:us-east-2:233442448767:subnet/subnet-05282f386915eed96",
            "assign_ipv6_address_on_creation": false,
            "availability_zone": "us-east-2c",
            "availability_zone_id": "use2-az3",
            "cidr_block": "10.0.3.0/24",
            "customer_owned_ipv4_pool": "",
            "enable_dns64": false,
            "enable_lni_at_device_index": 0,
            "enable_resource_name_dns_a_record_on_launch": false,
            "enable_resource_name_dns_aaaa_record_on_launch": false,
            "id": "subnet-05282f386915eed96",
            "ipv6_cidr_block": "",
            "ipv6_cidr_block_association_id": "",
            "ipv6_native": false,
            "map_customer_owned_ip_on_launch": false,
            "map_public_ip_on_launch": false,
            "outpost_arn": "",
            "owner_id": "233442448767",
            "private_dns_hostname_type_on_launch": "ip-name",
            "region": "us-east-2",
            "tags": {
              "Environment": "production",
              "Name": "checkguard-vpc",
              "Tier": "app",
              "Type": "private"
            },
            "tags_all": {
              "Environment": "production",
              "ManagedBy": "Terraform",
              "Name": "checkguard-vpc",
              "Owner": "CheckGuard Team",
              "Project": "CheckGuard AI",
              "Tier": "app",
              "Type": "private"
            },
            "timeouts": null,
            "vpc_id": "vpc-06a36e4fd06bc2eeb"
          },
          "sensitive_attributes": [],
          "private": "eyJlMmJmYjczMC1lY2FhLTExZTYtOGY4OC0zNDM2M2JjN2M0YzAiOnsiY3JlYXRlIjo2MDAwMDAwMDAwMDAsImRlbGV0ZSI6MTIwMDAwMDAwMDAwMH0sInNjaGVtYV92ZXJzaW9uIjoiMSJ9",
          "dependencies": [
            "data.aws_availability_zones.available",
            "module.vpc.aws_vpc.this",
            "module.vpc.aws_vpc_ipv4_cidr_block_association.this"
          ],
          "create_before_destroy": true
        }
      ]
    },
    {
      "module": "module.vpc",
      "mode": "managed",
      "type": "aws_subnet",
      "name": "public",
      "provider": "provider[\"registry.terraform.io/hashicorp/aws\"]",
      "instances": [
        {
          "index_key": 0,
          "schema_version": 1,
          "attributes": {
            "arn": "arn:aws:ec2:us-east-2:233442448767:subnet/subnet-0b6cc211688586f26",
            "assign_ipv6_address_on_creation": false,
            "availability_zone": "us-east-2a",
            "availability_zone_id": "use2-az1",
            "cidr_block": "10.0.101.0/24",
            "customer_owned_ipv4_pool": "",
            "enable_dns64": false,
            "enable_lni_at_device_index": 0,
            "enable_resource_name_dns_a_record_on_launch": false,
            "enable_resource_name_dns_aaaa_record_on_launch": false,
            "id": "subnet-0b6cc211688586f26",
            "ipv6_cidr_block": "",
            "ipv6_cidr_block_association_id": "",
            "ipv6_native": false,
            "map_customer_owned_ip_on_launch": false,
            "map_public_ip_on_launch": false,
            "outpost_arn": "",
            "owner_id": "233442448767",
            "private_dns_hostname_type_on_launch": "ip-name",
            "region": "us-east-2",
            "tags": {
              "Environment": "production",
              "Name": "checkguard-vpc",
              "Tier": "web",
              "Type": "public"
            },
            "tags_all": {
              "Environment": "production",
              "ManagedBy": "Terraform",
              "Name": "checkguard-vpc",
              "Owner": "CheckGuard Team",
              "Project": "CheckGuard AI",
              "Tier": "web",
              "Type": "public"
            },
            "timeouts": null,
            "vpc_id": "vpc-06a36e4fd06bc2eeb"
          },
          "sensitive_attributes": [],
          "private": "eyJlMmJmYjczMC1lY2FhLTExZTYtOGY4OC0zNDM2M2JjN2M0YzAiOnsiY3JlYXRlIjo2MDAwMDAwMDAwMDAsImRlbGV0ZSI6MTIwMDAwMDAwMDAwMH0sInNjaGVtYV92ZXJzaW9uIjoiMSJ9",
          "dependencies": [
            "data.aws_availability_zones.available",
            "module.vpc.aws_vpc.this",
            "module.vpc.aws_vpc_ipv4_cidr_block_association.this"
          ],
          "create_before_destroy": true
        },
        {
          "index_key": 1,
          "schema_version": 1,
          "attributes": {
            "arn": "arn:aws:ec2:us-east-2:233442448767:subnet/subnet-004602b87fce0795c",
            "assign_ipv6_address_on_creation": false,
            "availability_zone": "us-east-2b",
            "availability_zone_id": "use2-az2",
            "cidr_block": "10.0.102.0/24",
            "customer_owned_ipv4_pool": "",
            "enable_dns64": false,
            "enable_lni_at_device_index": 0,
            "enable_resource_name_dns_a_record_on_launch": false,
            "enable_resource_name_dns_aaaa_record_on_launch": false,
            "id": "subnet-004602b87fce0795c",
            "ipv6_cidr_block": "",
            "ipv6_cidr_block_association_id": "",
            "ipv6_native": false,
            "map_customer_owned_ip_on_launch": false,
            "map_public_ip_on_launch": false,
            "outpost_arn": "",
            "owner_id": "233442448767",
            "private_dns_hostname_type_on_launch": "ip-name",
            "region": "us-east-2",
            "tags": {
              "Environment": "production",
              "Name": "checkguard-vpc",
              "Tier": "web",
              "Type": "public"
            },
            "tags_all": {
              "Environment": "production",
              "ManagedBy": "Terraform",
              "Name": "checkguard-vpc",
              "Owner": "CheckGuard Team",
              "Project": "CheckGuard AI",
              "Tier": "web",
              "Type": "public"
            },
            "timeouts": null,
            "vpc_id": "vpc-06a36e4fd06bc2eeb"
          },
          "sensitive_attributes": [],
          "private": "eyJlMmJmYjczMC1lY2FhLTExZTYtOGY4OC0zNDM2M2JjN2M0YzAiOnsiY3JlYXRlIjo2MDAwMDAwMDAwMDAsImRlbGV0ZSI6MTIwMDAwMDAwMDAwMH0sInNjaGVtYV92ZXJzaW9uIjoiMSJ9",
          "dependencies": [
            "data.aws_availability_zones.available",
            "module.vpc.aws_vpc.this",
            "module.vpc.aws_vpc_ipv4_cidr_block_association.this"
          ],
          "create_before_destroy": true
        },
        {
          "index_key": 2,
          "schema_version": 1,
          "attributes": {
            "arn": "arn:aws:ec2:us-east-2:233442448767:subnet/subnet-057bc60bb910aaa55",
            "assign_ipv6_address_on_creation": false,
            "availability_zone": "us-east-2c",
            "availability_zone_id": "use2-az3",
            "cidr_block": "10.0.103.0/24",
            "customer_owned_ipv4_pool": "",
            "enable_dns64": false,
            "enable_lni_at_device_index": 0,
            "enable_resource_name_dns_a_record_on_launch": false,
            "enable_resource_name_dns_aaaa_record_on_launch": false,
            "id": "subnet-057bc60bb910aaa55",
            "ipv6_cidr_block": "",
            "ipv6_cidr_block_association_id": "",
            "ipv6_native": false,
            "map_customer_owned_ip_on_launch": false,
            "map_public_ip_on_launch": false,
            "outpost_arn": "",
            "owner_id": "233442448767",
            "private_dns_hostname_type_on_launch": "ip-name",
            "region": "us-east-2",
            "tags": {
              "Environment": "production",
              "Name": "checkguard-vpc",
              "Tier": "web",
              "Type": "public"
            },
            "tags_all": {
              "Environment": "production",
              "ManagedBy": "Terraform",
              "Name": "checkguard-vpc",
              "Owner": "CheckGuard Team",
              "Project": "CheckGuard AI",
              "Tier": "web",
              "Type": "public"
            },
            "timeouts": null,
            "vpc_id": "vpc-06a36e4fd06bc2eeb"
          },
          "sensitive_attributes": [],
          "private": "eyJlMmJmYjczMC1lY2FhLTExZTYtOGY4OC0zNDM2M2JjN2M0YzAiOnsiY3JlYXRlIjo2MDAwMDAwMDAwMDAsImRlbGV0ZSI6MTIwMDAwMDAwMDAwMH0sInNjaGVtYV92ZXJzaW9uIjoiMSJ9",
          "dependencies": [
            "data.aws_availability_zones.available",
            "module.vpc.aws_vpc.this",
            "module.vpc.aws_vpc_ipv4_cidr_block_association.this"
          ],
          "create_before_destroy": true
        }
      ]
    },
    {
      "module": "module.vpc",
      "mode": "managed",
      "type": "aws_vpc",
      "name": "this",
      "provider": "provider[\"registry.terraform.io/hashicorp/aws\"]",
      "instances": [
        {
          "index_key": 0,
          "schema_version": 1,
          "attributes": {
            "arn": "arn:aws:ec2:us-east-2:233442448767:vpc/vpc-06a36e4fd06bc2eeb",
            "assign_generated_ipv6_cidr_block": false,
            "cidr_block": "10.0.0.0/16",
            "default_network_acl_id": "acl-0abed85771b233001",
            "default_route_table_id": "rtb-09f5d02ec1d74d416",
            "default_security_group_id": "sg-0bb04dbd45a4f8720",
            "dhcp_options_id": "dopt-074c4b3bc285cbc4e",
            "enable_dns_hostnames": true,
            "enable_dns_support": true,
            "enable_network_address_usage_metrics": false,
            "id": "vpc-06a36e4fd06bc2eeb",
            "instance_tenancy": "default",
            "ipv4_ipam_pool_id": null,
            "ipv4_netmask_length": null,
            "ipv6_association_id": "",
            "ipv6_cidr_block": "",
            "ipv6_cidr_block_network_border_group": "",
            "ipv6_ipam_pool_id": "",
            "ipv6_netmask_length": 0,
            "main_route_table_id": "rtb-09f5d02ec1d74d416",
            "owner_id": "233442448767",
            "region": "us-east-2",
            "tags": {
              "Environment": "production",
              "Name": "checkguard-vpc"
            },
            "tags_all": {
              "Environment": "production",
              "ManagedBy": "Terraform",
              "Name": "checkguard-vpc",
              "Owner": "CheckGuard Team",
              "Project": "CheckGuard AI"
            }
          },
          "sensitive_attributes": [],
          "private": "eyJzY2hlbWFfdmVyc2lvbiI6IjEifQ==",
          "create_before_destroy": true
        }
      ]
    }
  ],
  "check_results": null
}
